{"version":4,"terraform_version":"1.11.5","serial":3,"lineage":"8c6fe5fe-3dfb-db28-0117-d13dcce99a9d","outputs":{},"resources":[{"mode":"managed","type":"docker_container","name":"hn_admin_ui","provider":"provider[\"registry.terraform.io/kreuzwerker/docker\"]","instances":[{"schema_version":2,"attributes":{"attach":false,"bridge":"","capabilities":[],"cgroup_parent":null,"cgroupns_mode":null,"command":["nginx","-g","daemon off;"],"container_logs":null,"container_read_refresh_timeout_milliseconds":15000,"cpu_period":null,"cpu_quota":null,"cpu_set":"","cpu_shares":0,"cpus":null,"destroy_grace_seconds":null,"devices":[],"dns":null,"dns_opts":null,"dns_search":null,"domainname":"","entrypoint":["/docker-entrypoint.sh"],"env":[],"exit_code":null,"gpus":null,"group_add":null,"healthcheck":[{"interval":"30s","retries":3,"start_interval":"0s","start_period":"30s","test":["CMD","wget","--spider","http://localhost"],"timeout":"10s"}],"host":[],"hostname":"admin.internal.realtimeplatform.internal","id":"8bb257166420df6b532d6831386b64be76b3273f47bc4c927280c549965893c9","image":"sha256:516475cc129da42866742567714ddc681e5eed7b9ee0b9e9c015e464b4221a00","init":false,"ipc_mode":"private","labels":[{"label":"honeynet.managed","value":"true"},{"label":"honeynet.project","value":"real_time_event_streaming_platform"}],"log_driver":"json-file","log_opts":null,"logs":false,"max_retry_count":0,"memory":0,"memory_swap":0,"mounts":[],"must_run":true,"name":"hn_admin_ui","network_data":[{"gateway":"","global_ipv6_address":"","global_ipv6_prefix_length":0,"ip_address":"172.24.0.12","ip_prefix_length":16,"ipv6_gateway":"","mac_address":"32:1b:7a:75:c4:9b","network_name":"real_time_event_streaming_platform_internal_zone"}],"network_mode":"bridge","networks_advanced":[{"aliases":["admin_ui"],"ipv4_address":"","ipv6_address":"","name":"real_time_event_streaming_platform_internal_zone"}],"pid_mode":"","ports":[],"privileged":false,"publish_all_ports":false,"read_only":false,"remove_volumes":true,"restart":"no","rm":false,"runtime":"runc","security_opts":[],"shm_size":64,"start":true,"stdin_open":false,"stop_signal":"SIGQUIT","stop_timeout":1,"storage_opts":null,"sysctls":null,"tmpfs":null,"tty":false,"ulimit":[],"upload":[],"user":"","userns_mode":"","volumes":[],"wait":false,"wait_timeout":60,"working_dir":""},"sensitive_attributes":[],"private":"eyJzY2hlbWFfdmVyc2lvbiI6IjIifQ==","dependencies":["docker_container.hn_kafka_broker","docker_container.hn_zookeeper","docker_image.hn_admin_ui","docker_image.hn_kafka_broker","docker_image.hn_zookeeper","docker_network.real_time_event_streaming_platform_internal_zone"]}]},{"mode":"managed","type":"docker_container","name":"hn_alerting_service","provider":"provider[\"registry.terraform.io/kreuzwerker/docker\"]","instances":[{"schema_version":2,"attributes":{"attach":false,"bridge":"","capabilities":[],"cgroup_parent":null,"cgroupns_mode":null,"command":["/usr/local/bin/kibana-docker"],"container_logs":null,"container_read_refresh_timeout_milliseconds":15000,"cpu_period":null,"cpu_quota":null,"cpu_set":"","cpu_shares":0,"cpus":null,"destroy_grace_seconds":null,"devices":[],"dns":null,"dns_opts":null,"dns_search":null,"domainname":"","entrypoint":["/bin/tini","--"],"env":[],"exit_code":null,"gpus":null,"group_add":null,"healthcheck":[{"interval":"30s","retries":3,"start_interval":"0s","start_period":"30s","test":["CMD","curl","-f","http://localhost:5601/ || exit 1"],"timeout":"10s"}],"host":[],"hostname":"alerts.internal.realtimeplatform.internal","id":"360ab055860002f3ca4e632ba79ef29ae8d87e6c12f72949a2485e885f8b1d06","image":"sha256:18088be31fc33f8abcbee8b379299710d3e6d06df8a81368c5c35e906b6791a7","init":false,"ipc_mode":"private","labels":[{"label":"honeynet.managed","value":"true"},{"label":"honeynet.project","value":"real_time_event_streaming_platform"}],"log_driver":"json-file","log_opts":null,"logs":false,"max_retry_count":0,"memory":0,"memory_swap":0,"mounts":[],"must_run":true,"name":"hn_alerting_service","network_data":[{"gateway":"","global_ipv6_address":"","global_ipv6_prefix_length":0,"ip_address":"172.24.0.10","ip_prefix_length":16,"ipv6_gateway":"","mac_address":"72:36:a9:b0:91:b6","network_name":"real_time_event_streaming_platform_internal_zone"}],"network_mode":"bridge","networks_advanced":[{"aliases":["alerting_service"],"ipv4_address":"","ipv6_address":"","name":"real_time_event_streaming_platform_internal_zone"}],"pid_mode":"","ports":[],"privileged":false,"publish_all_ports":false,"read_only":false,"remove_volumes":true,"restart":"no","rm":false,"runtime":"runc","security_opts":[],"shm_size":64,"start":true,"stdin_open":false,"stop_signal":"","stop_timeout":1,"storage_opts":null,"sysctls":null,"tmpfs":null,"tty":false,"ulimit":[],"upload":[],"user":"kibana","userns_mode":"","volumes":[],"wait":false,"wait_timeout":60,"working_dir":"/usr/share/kibana"},"sensitive_attributes":[],"private":"eyJzY2hlbWFfdmVyc2lvbiI6IjIifQ==","dependencies":["docker_container.hn_prometheus","docker_image.hn_alerting_service","docker_image.hn_prometheus","docker_network.real_time_event_streaming_platform_internal_zone"]}]},{"mode":"managed","type":"docker_container","name":"hn_analytics_dashboard","provider":"provider[\"registry.terraform.io/kreuzwerker/docker\"]","instances":[{"schema_version":2,"attributes":{"attach":false,"bridge":"","capabilities":[],"cgroup_parent":null,"cgroupns_mode":null,"command":["apache2-foreground"],"container_logs":null,"container_read_refresh_timeout_milliseconds":15000,"cpu_period":null,"cpu_quota":null,"cpu_set":"","cpu_shares":0,"cpus":null,"destroy_grace_seconds":null,"devices":[],"dns":null,"dns_opts":null,"dns_search":null,"domainname":"","entrypoint":["/entrypoint.sh"],"env":[],"exit_code":null,"gpus":null,"group_add":null,"healthcheck":[{"interval":"30s","retries":3,"start_interval":"0s","start_period":"30s","test":["CMD-SHELL","curl -sf http://localhost:80 || wget -qO- http://localhost:80 || true"],"timeout":"10s"}],"host":[],"hostname":"dashboard.api.realtimeplatform.internal","id":"39b9cb82785789c89934b36faa1dfddacbf19b4a386cc5199228d8e3054daded","image":"sha256:788933d1e3eaa1da653ac69d7cdf7815b766f77e70eb7667f06cf955eae349c7","init":false,"ipc_mode":"private","labels":[{"label":"honeynet.managed","value":"true"},{"label":"honeynet.project","value":"real_time_event_streaming_platform"}],"log_driver":"json-file","log_opts":null,"logs":false,"max_retry_count":0,"memory":0,"memory_swap":0,"mounts":[],"must_run":true,"name":"hn_analytics_dashboard","network_data":[{"gateway":"172.27.0.1","global_ipv6_address":"","global_ipv6_prefix_length":0,"ip_address":"172.27.0.4","ip_prefix_length":16,"ipv6_gateway":"","mac_address":"ea:c6:2a:e5:ad:9a","network_name":"real_time_event_streaming_platform_api_zone"},{"gateway":"","global_ipv6_address":"","global_ipv6_prefix_length":0,"ip_address":"172.26.0.8","ip_prefix_length":16,"ipv6_gateway":"","mac_address":"fa:bb:90:cf:df:ec","network_name":"real_time_event_streaming_platform_data_zone"}],"network_mode":"bridge","networks_advanced":[{"aliases":["analytics_dashboard"],"ipv4_address":"","ipv6_address":"","name":"real_time_event_streaming_platform_api_zone"},{"aliases":["analytics_dashboard"],"ipv4_address":"","ipv6_address":"","name":"real_time_event_streaming_platform_data_zone"}],"pid_mode":"","ports":[{"external":1025,"internal":80,"ip":"0.0.0.0","protocol":"tcp"}],"privileged":false,"publish_all_ports":false,"read_only":false,"remove_volumes":true,"restart":"no","rm":false,"runtime":"runc","security_opts":[],"shm_size":64,"start":true,"stdin_open":false,"stop_signal":"SIGWINCH","stop_timeout":1,"storage_opts":null,"sysctls":null,"tmpfs":null,"tty":false,"ulimit":[],"upload":[],"user":"","userns_mode":"","volumes":[],"wait":false,"wait_timeout":60,"working_dir":"/var/www/html"},"sensitive_attributes":[],"private":"eyJzY2hlbWFfdmVyc2lvbiI6IjIifQ==","dependencies":["docker_container.hn_clickhouse","docker_image.hn_analytics_dashboard","docker_image.hn_clickhouse","docker_network.real_time_event_streaming_platform_api_zone","docker_network.real_time_event_streaming_platform_data_zone"]}]},{"mode":"managed","type":"docker_container","name":"hn_api_gateway","provider":"provider[\"registry.terraform.io/kreuzwerker/docker\"]","instances":[{"schema_version":2,"attributes":{"attach":false,"bridge":"","capabilities":[],"cgroup_parent":null,"cgroupns_mode":null,"command":["apache2-foreground"],"container_logs":null,"container_read_refresh_timeout_milliseconds":15000,"cpu_period":null,"cpu_quota":null,"cpu_set":"","cpu_shares":0,"cpus":null,"destroy_grace_seconds":null,"devices":[],"dns":null,"dns_opts":null,"dns_search":null,"domainname":"","entrypoint":["docker-php-entrypoint"],"env":[],"exit_code":null,"gpus":null,"group_add":null,"healthcheck":[{"interval":"30s","retries":3,"start_interval":"0s","start_period":"30s","test":["CMD-SHELL","curl -sf http://localhost:80 || wget -qO- http://localhost:80 || true"],"timeout":"10s"}],"host":[],"hostname":"gateway.api.realtimeplatform.internal","id":"615c89f827479b320e566db0759e8d259a2ad43c55f47eeec6b3f4cacdcbd857","image":"sha256:42b3811155c952269b18766dfdb7f12457a7db21b197fc46fb595d7fc0b1f31d","init":false,"ipc_mode":"private","labels":[{"label":"honeynet.managed","value":"true"},{"label":"honeynet.project","value":"real_time_event_streaming_platform"}],"log_driver":"json-file","log_opts":null,"logs":false,"max_retry_count":0,"memory":0,"memory_swap":0,"mounts":[],"must_run":true,"name":"hn_api_gateway","network_data":[{"gateway":"172.27.0.1","global_ipv6_address":"","global_ipv6_prefix_length":0,"ip_address":"172.27.0.7","ip_prefix_length":16,"ipv6_gateway":"","mac_address":"92:57:a7:fd:30:00","network_name":"real_time_event_streaming_platform_api_zone"}],"network_mode":"bridge","networks_advanced":[{"aliases":["api_gateway"],"ipv4_address":"","ipv6_address":"","name":"real_time_event_streaming_platform_api_zone"}],"pid_mode":"","ports":[{"external":1027,"internal":80,"ip":"0.0.0.0","protocol":"tcp"}],"privileged":false,"publish_all_ports":false,"read_only":false,"remove_volumes":true,"restart":"no","rm":false,"runtime":"runc","security_opts":[],"shm_size":64,"start":true,"stdin_open":false,"stop_signal":"SIGWINCH","stop_timeout":1,"storage_opts":null,"sysctls":null,"tmpfs":null,"tty":false,"ulimit":[],"upload":[],"user":"","userns_mode":"","volumes":[],"wait":false,"wait_timeout":60,"working_dir":"/opt/drupal"},"sensitive_attributes":[],"private":"eyJzY2hlbWFfdmVyc2lvbiI6IjIifQ==","dependencies":["docker_container.hn_clickhouse","docker_container.hn_internal_api","docker_container.hn_kafka_broker","docker_container.hn_reverse_proxy","docker_container.hn_stream_processor","docker_container.hn_zookeeper","docker_image.hn_api_gateway","docker_image.hn_clickhouse","docker_image.hn_internal_api","docker_image.hn_kafka_broker","docker_image.hn_reverse_proxy","docker_image.hn_stream_processor","docker_image.hn_zookeeper","docker_network.real_time_event_streaming_platform_api_zone","docker_network.real_time_event_streaming_platform_data_zone","docker_network.real_time_event_streaming_platform_internal_zone"]}]},{"mode":"managed","type":"docker_container","name":"hn_backup_server","provider":"provider[\"registry.terraform.io/kreuzwerker/docker\"]","instances":[{"schema_version":2,"attributes":{"attach":false,"bridge":"","capabilities":[],"cgroup_parent":null,"cgroupns_mode":null,"command":["postgres"],"container_logs":null,"container_read_refresh_timeout_milliseconds":15000,"cpu_period":null,"cpu_quota":null,"cpu_set":"","cpu_shares":0,"cpus":null,"destroy_grace_seconds":null,"devices":[],"dns":null,"dns_opts":null,"dns_search":null,"domainname":"","entrypoint":["docker-entrypoint.sh"],"env":["POSTGRES_PASSWORD=admin123"],"exit_code":null,"gpus":null,"group_add":null,"healthcheck":[{"interval":"30s","retries":3,"start_interval":"0s","start_period":"30s","test":["CMD","pg_isready","-U","postgres"],"timeout":"10s"}],"host":[],"hostname":"backup.data.realtimeplatform.internal","id":"35078ed4cbbf3b967d6f4739e9312272c4ca7673e364315a5329e78562d26c63","image":"sha256:20edbde7749f822887a1a022ad526fde0a47d6b2be9a8364433605cf65099416","init":false,"ipc_mode":"private","labels":[{"label":"honeynet.managed","value":"true"},{"label":"honeynet.project","value":"real_time_event_streaming_platform"}],"log_driver":"json-file","log_opts":null,"logs":false,"max_retry_count":0,"memory":0,"memory_swap":0,"mounts":[],"must_run":true,"name":"hn_backup_server","network_data":[{"gateway":"","global_ipv6_address":"","global_ipv6_prefix_length":0,"ip_address":"172.26.0.5","ip_prefix_length":16,"ipv6_gateway":"","mac_address":"fe:b4:ce:18:60:67","network_name":"real_time_event_streaming_platform_data_zone"}],"network_mode":"bridge","networks_advanced":[{"aliases":["backup_server"],"ipv4_address":"","ipv6_address":"","name":"real_time_event_streaming_platform_data_zone"}],"pid_mode":"","ports":[],"privileged":false,"publish_all_ports":false,"read_only":false,"remove_volumes":true,"restart":"no","rm":false,"runtime":"runc","security_opts":[],"shm_size":64,"start":true,"stdin_open":false,"stop_signal":"SIGINT","stop_timeout":1,"storage_opts":null,"sysctls":null,"tmpfs":null,"tty":false,"ulimit":[],"upload":[],"user":"","userns_mode":"","volumes":[],"wait":false,"wait_timeout":60,"working_dir":"/"},"sensitive_attributes":[],"private":"eyJzY2hlbWFfdmVyc2lvbiI6IjIifQ==","dependencies":["docker_image.hn_backup_server","docker_network.real_time_event_streaming_platform_data_zone"]}]},{"mode":"managed","type":"docker_container","name":"hn_bait_admin_panel","provider":"provider[\"registry.terraform.io/kreuzwerker/docker\"]","instances":[{"schema_version":2,"attributes":{"attach":false,"bridge":"","capabilities":[],"cgroup_parent":null,"cgroupns_mode":null,"command":["apache2-foreground"],"container_logs":null,"container_read_refresh_timeout_milliseconds":15000,"cpu_period":null,"cpu_quota":null,"cpu_set":"","cpu_shares":0,"cpus":null,"destroy_grace_seconds":null,"devices":[],"dns":null,"dns_opts":null,"dns_search":null,"domainname":"","entrypoint":["docker-entrypoint.sh"],"env":[],"exit_code":null,"gpus":null,"group_add":null,"healthcheck":[{"interval":"30s","retries":3,"start_interval":"0s","start_period":"30s","test":["CMD-SHELL","curl -sf http://localhost:80 || wget -qO- http://localhost:80 || true"],"timeout":"10s"}],"host":[],"hostname":"baitpanel.api.realtimeplatform.internal","id":"1333db3623fb2eeecd2b79efa681cffef235c5439068b0da8eb3ab15d10deadd","image":"sha256:8ae66efb09a2cc4f1ce44414c52b0ce4198c1f8ed338a6f51910bc09cd7d8bbb","init":false,"ipc_mode":"private","labels":[{"label":"honeynet.managed","value":"true"},{"label":"honeynet.project","value":"real_time_event_streaming_platform"}],"log_driver":"json-file","log_opts":null,"logs":false,"max_retry_count":0,"memory":0,"memory_swap":0,"mounts":[],"must_run":true,"name":"hn_bait_admin_panel","network_data":[{"gateway":"172.27.0.1","global_ipv6_address":"","global_ipv6_prefix_length":0,"ip_address":"172.27.0.2","ip_prefix_length":16,"ipv6_gateway":"","mac_address":"ae:33:12:ad:ea:bc","network_name":"real_time_event_streaming_platform_api_zone"}],"network_mode":"bridge","networks_advanced":[{"aliases":["bait_admin_panel"],"ipv4_address":"","ipv6_address":"","name":"real_time_event_streaming_platform_api_zone"}],"pid_mode":"","ports":[{"external":1028,"internal":80,"ip":"0.0.0.0","protocol":"tcp"}],"privileged":false,"publish_all_ports":false,"read_only":false,"remove_volumes":true,"restart":"no","rm":false,"runtime":"runc","security_opts":[],"shm_size":64,"start":true,"stdin_open":false,"stop_signal":"SIGWINCH","stop_timeout":1,"storage_opts":null,"sysctls":null,"tmpfs":null,"tty":false,"ulimit":[],"upload":[],"user":"","userns_mode":"","volumes":[],"wait":false,"wait_timeout":60,"working_dir":"/var/www/html"},"sensitive_attributes":[],"private":"eyJzY2hlbWFfdmVyc2lvbiI6IjIifQ==","dependencies":["docker_image.hn_bait_admin_panel","docker_network.real_time_event_streaming_platform_api_zone"]}]},{"mode":"managed","type":"docker_container","name":"hn_clickhouse","provider":"provider[\"registry.terraform.io/kreuzwerker/docker\"]","instances":[{"schema_version":2,"attributes":{"attach":false,"bridge":"","capabilities":[],"cgroup_parent":null,"cgroupns_mode":null,"command":[],"container_logs":null,"container_read_refresh_timeout_milliseconds":15000,"cpu_period":null,"cpu_quota":null,"cpu_set":"","cpu_shares":0,"cpus":null,"destroy_grace_seconds":null,"devices":[],"dns":null,"dns_opts":null,"dns_search":null,"domainname":"","entrypoint":["/entrypoint.sh"],"env":[],"exit_code":null,"gpus":null,"group_add":null,"healthcheck":[{"interval":"30s","retries":3,"start_interval":"0s","start_period":"30s","test":["CMD","curl","-f","http://localhost:8123/ || exit 1"],"timeout":"10s"}],"host":[],"hostname":"clickhouse01.data.realtimeplatform.internal","id":"1a8edbfa1f70b296395a30bfc9f405f3723882431f866b17023327e01026201d","image":"sha256:5d0802b64c09f6d2c6e28123ec4d37226a254e77503bc8b12943dc11722996a5","init":false,"ipc_mode":"private","labels":[{"label":"honeynet.managed","value":"true"},{"label":"honeynet.project","value":"real_time_event_streaming_platform"}],"log_driver":"json-file","log_opts":null,"logs":false,"max_retry_count":0,"memory":0,"memory_swap":0,"mounts":[],"must_run":true,"name":"hn_clickhouse","network_data":[{"gateway":"","global_ipv6_address":"","global_ipv6_prefix_length":0,"ip_address":"172.26.0.6","ip_prefix_length":16,"ipv6_gateway":"","mac_address":"36:37:94:0a:64:57","network_name":"real_time_event_streaming_platform_data_zone"}],"network_mode":"bridge","networks_advanced":[{"aliases":["clickhouse"],"ipv4_address":"","ipv6_address":"","name":"real_time_event_streaming_platform_data_zone"}],"pid_mode":"","ports":[],"privileged":false,"publish_all_ports":false,"read_only":false,"remove_volumes":true,"restart":"no","rm":false,"runtime":"runc","security_opts":[],"shm_size":64,"start":true,"stdin_open":false,"stop_signal":"","stop_timeout":1,"storage_opts":null,"sysctls":null,"tmpfs":null,"tty":false,"ulimit":[],"upload":[],"user":"","userns_mode":"","volumes":[],"wait":false,"wait_timeout":60,"working_dir":""},"sensitive_attributes":[],"private":"eyJzY2hlbWFfdmVyc2lvbiI6IjIifQ==","dependencies":["docker_image.hn_clickhouse","docker_network.real_time_event_streaming_platform_data_zone"]}]},{"mode":"managed","type":"docker_container","name":"hn_coordination_service","provider":"provider[\"registry.terraform.io/kreuzwerker/docker\"]","instances":[{"schema_version":2,"attributes":{"attach":false,"bridge":"","capabilities":[],"cgroup_parent":null,"cgroupns_mode":null,"command":["--config","nats-server.conf"],"container_logs":null,"container_read_refresh_timeout_milliseconds":15000,"cpu_period":null,"cpu_quota":null,"cpu_set":"","cpu_shares":0,"cpus":null,"destroy_grace_seconds":null,"devices":[],"dns":null,"dns_opts":null,"dns_search":null,"domainname":"","entrypoint":["/nats-server"],"env":[],"exit_code":null,"gpus":null,"group_add":null,"healthcheck":[{"interval":"30s","retries":3,"start_interval":"0s","start_period":"30s","test":["CMD","nats","ping"],"timeout":"10s"}],"host":[],"hostname":"coordination.internal.realtimeplatform.internal","id":"75e3d161e28b0643fe583b11a9c0f56da936b35fbbabe03544bdf61317075c47","image":"sha256:5498ba57b9471840be3d15b033a4eec554d1c02fa6c2cc0ca2d888637f6c6e2f","init":false,"ipc_mode":"private","labels":[{"label":"honeynet.managed","value":"true"},{"label":"honeynet.project","value":"real_time_event_streaming_platform"}],"log_driver":"json-file","log_opts":null,"logs":false,"max_retry_count":0,"memory":0,"memory_swap":0,"mounts":[],"must_run":true,"name":"hn_coordination_service","network_data":[{"gateway":"","global_ipv6_address":"","global_ipv6_prefix_length":0,"ip_address":"172.24.0.5","ip_prefix_length":16,"ipv6_gateway":"","mac_address":"c6:dc:15:8d:b0:12","network_name":"real_time_event_streaming_platform_internal_zone"}],"network_mode":"bridge","networks_advanced":[{"aliases":["coordination_service"],"ipv4_address":"","ipv6_address":"","name":"real_time_event_streaming_platform_internal_zone"}],"pid_mode":"","ports":[],"privileged":false,"publish_all_ports":false,"read_only":false,"remove_volumes":true,"restart":"no","rm":false,"runtime":"runc","security_opts":[],"shm_size":64,"start":true,"stdin_open":false,"stop_signal":"","stop_timeout":1,"storage_opts":null,"sysctls":null,"tmpfs":null,"tty":false,"ulimit":[],"upload":[],"user":"","userns_mode":"","volumes":[],"wait":false,"wait_timeout":60,"working_dir":"/"},"sensitive_attributes":[],"private":"eyJzY2hlbWFfdmVyc2lvbiI6IjIifQ==","dependencies":["docker_image.hn_coordination_service","docker_network.real_time_event_streaming_platform_internal_zone"]}]},{"mode":"managed","type":"docker_container","name":"hn_fake_backup_server","provider":"provider[\"registry.terraform.io/kreuzwerker/docker\"]","instances":[{"schema_version":2,"attributes":{"attach":false,"bridge":"","capabilities":[],"cgroup_parent":null,"cgroupns_mode":null,"command":["mysqld"],"container_logs":null,"container_read_refresh_timeout_milliseconds":15000,"cpu_period":null,"cpu_quota":null,"cpu_set":"","cpu_shares":0,"cpus":null,"destroy_grace_seconds":null,"devices":[],"dns":null,"dns_opts":null,"dns_search":null,"domainname":"","entrypoint":["docker-entrypoint.sh"],"env":["MYSQL_ROOT_PASSWORD=password"],"exit_code":null,"gpus":null,"group_add":null,"healthcheck":[{"interval":"30s","retries":3,"start_interval":"0s","start_period":"30s","test":["CMD","mysqladmin","ping","-h","localhost"],"timeout":"10s"}],"host":[],"hostname":"fakebackup.data.realtimeplatform.internal","id":"f0a1f12dfbf13141745c7fd769bceefed421cb3b8cfbe50cc4fb866e31b87cc9","image":"sha256:64756cc92f707eb504496d774353990bcb0f6999ddf598b6ad188f2da66bd000","init":false,"ipc_mode":"private","labels":[{"label":"honeynet.managed","value":"true"},{"label":"honeynet.project","value":"real_time_event_streaming_platform"}],"log_driver":"json-file","log_opts":null,"logs":false,"max_retry_count":0,"memory":0,"memory_swap":0,"mounts":[],"must_run":true,"name":"hn_fake_backup_server","network_data":[{"gateway":"","global_ipv6_address":"","global_ipv6_prefix_length":0,"ip_address":"172.26.0.4","ip_prefix_length":16,"ipv6_gateway":"","mac_address":"16:66:7f:82:ee:5f","network_name":"real_time_event_streaming_platform_data_zone"}],"network_mode":"bridge","networks_advanced":[{"aliases":["fake_backup_server"],"ipv4_address":"","ipv6_address":"","name":"real_time_event_streaming_platform_data_zone"}],"pid_mode":"","ports":[],"privileged":false,"publish_all_ports":false,"read_only":false,"remove_volumes":true,"restart":"no","rm":false,"runtime":"runc","security_opts":[],"shm_size":64,"start":true,"stdin_open":false,"stop_signal":"","stop_timeout":1,"storage_opts":null,"sysctls":null,"tmpfs":null,"tty":false,"ulimit":[],"upload":[],"user":"","userns_mode":"","volumes":[],"wait":false,"wait_timeout":60,"working_dir":"/"},"sensitive_attributes":[],"private":"eyJzY2hlbWFfdmVyc2lvbiI6IjIifQ==","dependencies":["docker_image.hn_fake_backup_server","docker_network.real_time_event_streaming_platform_data_zone"]}]},{"mode":"managed","type":"docker_container","name":"hn_file_share","provider":"provider[\"registry.terraform.io/kreuzwerker/docker\"]","instances":[{"schema_version":2,"attributes":{"attach":false,"bridge":"","capabilities":[],"cgroup_parent":null,"cgroupns_mode":null,"command":["httpd-foreground"],"container_logs":null,"container_read_refresh_timeout_milliseconds":15000,"cpu_period":null,"cpu_quota":null,"cpu_set":"","cpu_shares":0,"cpus":null,"destroy_grace_seconds":null,"devices":[],"dns":null,"dns_opts":null,"dns_search":null,"domainname":"","entrypoint":[],"env":["HTTPD_PATCHES=none"],"exit_code":null,"gpus":null,"group_add":null,"healthcheck":[{"interval":"30s","retries":3,"start_interval":"0s","start_period":"30s","test":["CMD","curl","-f","http://localhost/ || exit 1"],"timeout":"10s"}],"host":[],"hostname":"fileshare.data.realtimeplatform.internal","id":"4fa0cb43331c14f432857907c2854d455e61c89256a81ada9a798c0fcda5a50b","image":"sha256:331548c5249bdeced0f048bc2fb8c6b6427d2ec6508bed9c1fec6c57d0b27a60","init":false,"ipc_mode":"private","labels":[{"label":"honeynet.managed","value":"true"},{"label":"honeynet.project","value":"real_time_event_streaming_platform"}],"log_driver":"json-file","log_opts":null,"logs":false,"max_retry_count":0,"memory":0,"memory_swap":0,"mounts":[],"must_run":true,"name":"hn_file_share","network_data":[{"gateway":"","global_ipv6_address":"","global_ipv6_prefix_length":0,"ip_address":"172.26.0.3","ip_prefix_length":16,"ipv6_gateway":"","mac_address":"e2:a7:a8:d6:2d:3a","network_name":"real_time_event_streaming_platform_data_zone"}],"network_mode":"bridge","networks_advanced":[{"aliases":["file_share"],"ipv4_address":"","ipv6_address":"","name":"real_time_event_streaming_platform_data_zone"}],"pid_mode":"","ports":[],"privileged":false,"publish_all_ports":false,"read_only":false,"remove_volumes":true,"restart":"no","rm":false,"runtime":"runc","security_opts":[],"shm_size":64,"start":true,"stdin_open":false,"stop_signal":"SIGWINCH","stop_timeout":1,"storage_opts":null,"sysctls":null,"tmpfs":null,"tty":false,"ulimit":[],"upload":[],"user":"","userns_mode":"","volumes":[],"wait":false,"wait_timeout":60,"working_dir":"/usr/local/apache2"},"sensitive_attributes":[],"private":"eyJzY2hlbWFfdmVyc2lvbiI6IjIifQ==","dependencies":["docker_image.hn_file_share","docker_network.real_time_event_streaming_platform_data_zone"]}]},{"mode":"managed","type":"docker_container","name":"hn_filebeat","provider":"provider[\"registry.terraform.io/kreuzwerker/docker\"]","instances":[{"schema_version":2,"attributes":{"attach":false,"bridge":"","capabilities":[],"cgroup_parent":null,"cgroupns_mode":null,"command":["-environment","container"],"container_logs":null,"container_read_refresh_timeout_milliseconds":15000,"cpu_period":null,"cpu_quota":null,"cpu_set":"","cpu_shares":0,"cpus":null,"destroy_grace_seconds":null,"devices":[],"dns":null,"dns_opts":null,"dns_search":null,"domainname":"","entrypoint":["/usr/bin/tini","--","/usr/local/bin/docker-entrypoint"],"env":[],"exit_code":null,"gpus":null,"group_add":null,"healthcheck":[{"interval":"30s","retries":3,"start_interval":"0s","start_period":"30s","test":["CMD-SHELL","true"],"timeout":"10s"}],"host":[],"hostname":"filebeat.internal.realtimeplatform.internal","id":"1391a0574c632d0c77288db204865412683da51c3412088f19dee04dd2204b36","image":"sha256:d98f0d0a01b99e639a2c2bcb3021d87dd0c73f4c0852e9f81b4e7d3d85c1613e","init":false,"ipc_mode":"private","labels":[{"label":"honeynet.managed","value":"true"},{"label":"honeynet.project","value":"real_time_event_streaming_platform"}],"log_driver":"json-file","log_opts":null,"logs":false,"max_retry_count":0,"memory":0,"memory_swap":0,"mounts":[],"must_run":true,"name":"hn_filebeat","network_data":[{"gateway":"","global_ipv6_address":"","global_ipv6_prefix_length":0,"ip_address":"172.24.0.6","ip_prefix_length":16,"ipv6_gateway":"","mac_address":"f2:f8:d4:80:19:ba","network_name":"real_time_event_streaming_platform_internal_zone"}],"network_mode":"bridge","networks_advanced":[{"aliases":["filebeat"],"ipv4_address":"","ipv6_address":"","name":"real_time_event_streaming_platform_internal_zone"}],"pid_mode":"","ports":[],"privileged":false,"publish_all_ports":false,"read_only":false,"remove_volumes":true,"restart":"no","rm":false,"runtime":"runc","security_opts":[],"shm_size":64,"start":true,"stdin_open":false,"stop_signal":"","stop_timeout":1,"storage_opts":null,"sysctls":null,"tmpfs":null,"tty":false,"ulimit":[],"upload":[],"user":"1000","userns_mode":"","volumes":[],"wait":false,"wait_timeout":60,"working_dir":"/usr/share/filebeat"},"sensitive_attributes":[],"private":"eyJzY2hlbWFfdmVyc2lvbiI6IjIifQ==","dependencies":["docker_container.hn_log_collector","docker_image.hn_filebeat","docker_image.hn_log_collector","docker_network.real_time_event_streaming_platform_internal_zone"]}]},{"mode":"managed","type":"docker_container","name":"hn_grafana","provider":"provider[\"registry.terraform.io/kreuzwerker/docker\"]","instances":[{"schema_version":2,"attributes":{"attach":false,"bridge":"","capabilities":[],"cgroup_parent":null,"cgroupns_mode":null,"command":[],"container_logs":null,"container_read_refresh_timeout_milliseconds":15000,"cpu_period":null,"cpu_quota":null,"cpu_set":"","cpu_shares":0,"cpus":null,"destroy_grace_seconds":null,"devices":[],"dns":null,"dns_opts":null,"dns_search":null,"domainname":"","entrypoint":["/run.sh"],"env":[],"exit_code":null,"gpus":null,"group_add":null,"healthcheck":[{"interval":"30s","retries":3,"start_interval":"0s","start_period":"30s","test":["CMD","wget","--spider","http://localhost:3000/api/health"],"timeout":"10s"}],"host":[],"hostname":"grafana.internal.realtimeplatform.internal","id":"a80c71d37206114e3ae92368d58eaf43c5e38cb7bdf15febec532957b408b8a2","image":"sha256:e932bd6ed0e026595b08483cd0141e5103e1ab7ff8604839ff899b8dc54cabcb","init":false,"ipc_mode":"private","labels":[{"label":"honeynet.managed","value":"true"},{"label":"honeynet.project","value":"real_time_event_streaming_platform"}],"log_driver":"json-file","log_opts":null,"logs":false,"max_retry_count":0,"memory":0,"memory_swap":0,"mounts":[],"must_run":true,"name":"hn_grafana","network_data":[{"gateway":"","global_ipv6_address":"","global_ipv6_prefix_length":0,"ip_address":"172.24.0.11","ip_prefix_length":16,"ipv6_gateway":"","mac_address":"a2:ca:7e:77:76:39","network_name":"real_time_event_streaming_platform_internal_zone"}],"network_mode":"bridge","networks_advanced":[{"aliases":["grafana"],"ipv4_address":"","ipv6_address":"","name":"real_time_event_streaming_platform_internal_zone"}],"pid_mode":"","ports":[],"privileged":false,"publish_all_ports":false,"read_only":false,"remove_volumes":true,"restart":"no","rm":false,"runtime":"runc","security_opts":[],"shm_size":64,"start":true,"stdin_open":false,"stop_signal":"","stop_timeout":1,"storage_opts":null,"sysctls":null,"tmpfs":null,"tty":false,"ulimit":[],"upload":[],"user":"472","userns_mode":"","volumes":[],"wait":false,"wait_timeout":60,"working_dir":"/usr/share/grafana"},"sensitive_attributes":[],"private":"eyJzY2hlbWFfdmVyc2lvbiI6IjIifQ==","dependencies":["docker_container.hn_prometheus","docker_image.hn_grafana","docker_image.hn_prometheus","docker_network.real_time_event_streaming_platform_internal_zone"]}]},{"mode":"managed","type":"docker_container","name":"hn_honeypot_service","provider":"provider[\"registry.terraform.io/kreuzwerker/docker\"]","instances":[{"schema_version":2,"attributes":{"attach":false,"bridge":"","capabilities":[],"cgroup_parent":null,"cgroupns_mode":null,"command":["httpd-foreground"],"container_logs":null,"container_read_refresh_timeout_milliseconds":15000,"cpu_period":null,"cpu_quota":null,"cpu_set":"","cpu_shares":0,"cpus":null,"destroy_grace_seconds":null,"devices":[],"dns":null,"dns_opts":null,"dns_search":null,"domainname":"","entrypoint":[],"env":["HTTPD_PATCHES=default"],"exit_code":null,"gpus":null,"group_add":null,"healthcheck":[{"interval":"30s","retries":3,"start_interval":"0s","start_period":"30s","test":["CMD-SHELL","curl -sf http://localhost:80 || wget -qO- http://localhost:80 || true"],"timeout":"10s"}],"host":[],"hostname":"honeypot.api.realtimeplatform.internal","id":"5591acb197cb53e54bfbe3877ad8e774fc9c71d2145f6ca709a0ed49cff97a60","image":"sha256:331548c5249bdeced0f048bc2fb8c6b6427d2ec6508bed9c1fec6c57d0b27a60","init":false,"ipc_mode":"private","labels":[{"label":"honeynet.managed","value":"true"},{"label":"honeynet.project","value":"real_time_event_streaming_platform"}],"log_driver":"json-file","log_opts":null,"logs":false,"max_retry_count":0,"memory":0,"memory_swap":0,"mounts":[],"must_run":true,"name":"hn_honeypot_service","network_data":[{"gateway":"172.27.0.1","global_ipv6_address":"","global_ipv6_prefix_length":0,"ip_address":"172.27.0.3","ip_prefix_length":16,"ipv6_gateway":"","mac_address":"d6:e9:66:30:9a:15","network_name":"real_time_event_streaming_platform_api_zone"}],"network_mode":"bridge","networks_advanced":[{"aliases":["honeypot_service"],"ipv4_address":"","ipv6_address":"","name":"real_time_event_streaming_platform_api_zone"}],"pid_mode":"","ports":[{"external":1029,"internal":80,"ip":"0.0.0.0","protocol":"tcp"}],"privileged":false,"publish_all_ports":false,"read_only":false,"remove_volumes":true,"restart":"no","rm":false,"runtime":"runc","security_opts":[],"shm_size":64,"start":true,"stdin_open":false,"stop_signal":"SIGWINCH","stop_timeout":1,"storage_opts":null,"sysctls":null,"tmpfs":null,"tty":false,"ulimit":[],"upload":[],"user":"","userns_mode":"","volumes":[],"wait":false,"wait_timeout":60,"working_dir":"/usr/local/apache2"},"sensitive_attributes":[],"private":"eyJzY2hlbWFfdmVyc2lvbiI6IjIifQ==","dependencies":["docker_image.hn_honeypot_service","docker_network.real_time_event_streaming_platform_api_zone"]}]},{"mode":"managed","type":"docker_container","name":"hn_internal_api","provider":"provider[\"registry.terraform.io/kreuzwerker/docker\"]","instances":[{"schema_version":2,"attributes":{"attach":false,"bridge":"","capabilities":[],"cgroup_parent":null,"cgroupns_mode":null,"command":["nginx","-g","daemon off;"],"container_logs":null,"container_read_refresh_timeout_milliseconds":15000,"cpu_period":null,"cpu_quota":null,"cpu_set":"","cpu_shares":0,"cpus":null,"destroy_grace_seconds":null,"devices":[],"dns":null,"dns_opts":null,"dns_search":null,"domainname":"","entrypoint":["/docker-entrypoint.sh"],"env":[],"exit_code":null,"gpus":null,"group_add":null,"healthcheck":[{"interval":"30s","retries":3,"start_interval":"0s","start_period":"30s","test":["CMD-SHELL","nc -z localhost 80 || (echo \u003e /dev/tcp/localhost/80) 2\u003e/dev/null || true"],"timeout":"10s"}],"host":[],"hostname":"api.internal.realtimeplatform.internal","id":"ba821009a39f04e23316beafac97092a48d6d2edc07749ad22a96813d13a9a7a","image":"sha256:516475cc129da42866742567714ddc681e5eed7b9ee0b9e9c015e464b4221a00","init":false,"ipc_mode":"private","labels":[{"label":"honeynet.managed","value":"true"},{"label":"honeynet.project","value":"real_time_event_streaming_platform"}],"log_driver":"json-file","log_opts":null,"logs":false,"max_retry_count":0,"memory":0,"memory_swap":0,"mounts":[],"must_run":true,"name":"hn_internal_api","network_data":[{"gateway":"172.27.0.1","global_ipv6_address":"","global_ipv6_prefix_length":0,"ip_address":"172.27.0.5","ip_prefix_length":16,"ipv6_gateway":"","mac_address":"e2:49:cd:19:29:cf","network_name":"real_time_event_streaming_platform_api_zone"},{"gateway":"","global_ipv6_address":"","global_ipv6_prefix_length":0,"ip_address":"172.24.0.14","ip_prefix_length":16,"ipv6_gateway":"","mac_address":"1a:4e:77:58:b9:10","network_name":"real_time_event_streaming_platform_internal_zone"}],"network_mode":"bridge","networks_advanced":[{"aliases":["internal_api"],"ipv4_address":"","ipv6_address":"","name":"real_time_event_streaming_platform_api_zone"},{"aliases":["internal_api"],"ipv4_address":"","ipv6_address":"","name":"real_time_event_streaming_platform_internal_zone"}],"pid_mode":"","ports":[{"external":1024,"internal":80,"ip":"0.0.0.0","protocol":"tcp"}],"privileged":false,"publish_all_ports":false,"read_only":false,"remove_volumes":true,"restart":"no","rm":false,"runtime":"runc","security_opts":[],"shm_size":64,"start":true,"stdin_open":false,"stop_signal":"SIGQUIT","stop_timeout":1,"storage_opts":null,"sysctls":null,"tmpfs":null,"tty":false,"ulimit":[],"upload":[],"user":"","userns_mode":"","volumes":[],"wait":false,"wait_timeout":60,"working_dir":""},"sensitive_attributes":[],"private":"eyJzY2hlbWFfdmVyc2lvbiI6IjIifQ==","dependencies":["docker_container.hn_clickhouse","docker_container.hn_kafka_broker","docker_container.hn_stream_processor","docker_container.hn_zookeeper","docker_image.hn_clickhouse","docker_image.hn_internal_api","docker_image.hn_kafka_broker","docker_image.hn_stream_processor","docker_image.hn_zookeeper","docker_network.real_time_event_streaming_platform_api_zone","docker_network.real_time_event_streaming_platform_data_zone","docker_network.real_time_event_streaming_platform_internal_zone"]}]},{"mode":"managed","type":"docker_container","name":"hn_kafka_broker","provider":"provider[\"registry.terraform.io/kreuzwerker/docker\"]","instances":[{"schema_version":2,"attributes":{"attach":false,"bridge":"","capabilities":[],"cgroup_parent":null,"cgroupns_mode":null,"command":["/etc/kafka/docker/run"],"container_logs":null,"container_read_refresh_timeout_milliseconds":15000,"cpu_period":null,"cpu_quota":null,"cpu_set":"","cpu_shares":0,"cpus":null,"destroy_grace_seconds":null,"devices":[],"dns":null,"dns_opts":null,"dns_search":null,"domainname":"","entrypoint":["/__cacert_entrypoint.sh"],"env":[],"exit_code":null,"gpus":null,"group_add":null,"healthcheck":[{"interval":"30s","retries":3,"start_interval":"0s","start_period":"30s","test":["CMD","kafka-broker-api-versions","--bootstrap-server","localhost:9092"],"timeout":"10s"}],"host":[],"hostname":"kafka01.internal.realtimeplatform.internal","id":"88483843438c3e2d69747e757b52e673aeea6e99d38f7643d2473e0a107110d4","image":"sha256:41c20d65b0a2180b9deca056d47540771752e69fe9225d5748dd65a25a9675d7","init":false,"ipc_mode":"private","labels":[{"label":"honeynet.managed","value":"true"},{"label":"honeynet.project","value":"real_time_event_streaming_platform"}],"log_driver":"json-file","log_opts":null,"logs":false,"max_retry_count":0,"memory":0,"memory_swap":0,"mounts":[],"must_run":true,"name":"hn_kafka_broker","network_data":[{"gateway":"","global_ipv6_address":"","global_ipv6_prefix_length":0,"ip_address":"172.24.0.9","ip_prefix_length":16,"ipv6_gateway":"","mac_address":"36:f1:89:7d:da:ba","network_name":"real_time_event_streaming_platform_internal_zone"}],"network_mode":"bridge","networks_advanced":[{"aliases":["kafka_broker"],"ipv4_address":"","ipv6_address":"","name":"real_time_event_streaming_platform_internal_zone"}],"pid_mode":"","ports":[],"privileged":false,"publish_all_ports":false,"read_only":false,"remove_volumes":true,"restart":"no","rm":false,"runtime":"runc","security_opts":[],"shm_size":64,"start":true,"stdin_open":false,"stop_signal":"","stop_timeout":1,"storage_opts":null,"sysctls":null,"tmpfs":null,"tty":false,"ulimit":[],"upload":[],"user":"appuser","userns_mode":"","volumes":[],"wait":false,"wait_timeout":60,"working_dir":""},"sensitive_attributes":[],"private":"eyJzY2hlbWFfdmVyc2lvbiI6IjIifQ==","dependencies":["docker_container.hn_zookeeper","docker_image.hn_kafka_broker","docker_image.hn_zookeeper","docker_network.real_time_event_streaming_platform_internal_zone"]}]},{"mode":"managed","type":"docker_container","name":"hn_log_collector","provider":"provider[\"registry.terraform.io/kreuzwerker/docker\"]","instances":[{"schema_version":2,"attributes":{"attach":false,"bridge":"","capabilities":[],"cgroup_parent":null,"cgroupns_mode":null,"command":["fluentd"],"container_logs":null,"container_read_refresh_timeout_milliseconds":15000,"cpu_period":null,"cpu_quota":null,"cpu_set":"","cpu_shares":0,"cpus":null,"destroy_grace_seconds":null,"devices":[],"dns":null,"dns_opts":null,"dns_search":null,"domainname":"","entrypoint":["tini","--","/bin/entrypoint.sh"],"env":["LD_PRELOAD=default"],"exit_code":null,"gpus":null,"group_add":null,"healthcheck":[{"interval":"30s","retries":3,"start_interval":"0s","start_period":"30s","test":["CMD-SHELL","nc -z localhost 24224 || (echo \u003e /dev/tcp/localhost/24224) 2\u003e/dev/null || true"],"timeout":"10s"}],"host":[],"hostname":"logs.internal.realtimeplatform.internal","id":"7d3d81e90c1c19de0fdd6d43bdd53d7fc5862709f418aa413bb094a5de1d7a19","image":"sha256:3b7d8d4b4064cbed7e7f90e63c1b769fe90a34a975508d79991c54a6b8ea22d4","init":false,"ipc_mode":"private","labels":[{"label":"honeynet.managed","value":"true"},{"label":"honeynet.project","value":"real_time_event_streaming_platform"}],"log_driver":"json-file","log_opts":null,"logs":false,"max_retry_count":0,"memory":0,"memory_swap":0,"mounts":[],"must_run":true,"name":"hn_log_collector","network_data":[{"gateway":"","global_ipv6_address":"","global_ipv6_prefix_length":0,"ip_address":"172.24.0.2","ip_prefix_length":16,"ipv6_gateway":"","mac_address":"66:7d:3b:9a:d6:75","network_name":"real_time_event_streaming_platform_internal_zone"}],"network_mode":"bridge","networks_advanced":[{"aliases":["log_collector"],"ipv4_address":"","ipv6_address":"","name":"real_time_event_streaming_platform_internal_zone"}],"pid_mode":"","ports":[],"privileged":false,"publish_all_ports":false,"read_only":false,"remove_volumes":true,"restart":"no","rm":false,"runtime":"runc","security_opts":[],"shm_size":64,"start":true,"stdin_open":false,"stop_signal":"","stop_timeout":1,"storage_opts":null,"sysctls":null,"tmpfs":null,"tty":false,"ulimit":[],"upload":[],"user":"fluent","userns_mode":"","volumes":[],"wait":false,"wait_timeout":60,"working_dir":""},"sensitive_attributes":[],"private":"eyJzY2hlbWFfdmVyc2lvbiI6IjIifQ==","dependencies":["docker_image.hn_log_collector","docker_network.real_time_event_streaming_platform_internal_zone"]}]},{"mode":"managed","type":"docker_container","name":"hn_metrics_collector","provider":"provider[\"registry.terraform.io/kreuzwerker/docker\"]","instances":[{"schema_version":2,"attributes":{"attach":false,"bridge":"","capabilities":[],"cgroup_parent":null,"cgroupns_mode":null,"command":["/etc/kafka/docker/run"],"container_logs":null,"container_read_refresh_timeout_milliseconds":15000,"cpu_period":null,"cpu_quota":null,"cpu_set":"","cpu_shares":0,"cpus":null,"destroy_grace_seconds":null,"devices":[],"dns":null,"dns_opts":null,"dns_search":null,"domainname":"","entrypoint":["/__cacert_entrypoint.sh"],"env":[],"exit_code":null,"gpus":null,"group_add":null,"healthcheck":[{"interval":"30s","retries":3,"start_interval":"0s","start_period":"30s","test":["CMD","nc","-z","localhost","9092"],"timeout":"10s"}],"host":[],"hostname":"metrics.internal.realtimeplatform.internal","id":"1822e5e0163aa80c859aac6df0b1f8ff40fae6ab058d686543b7ec29a9e1eda2","image":"sha256:41c20d65b0a2180b9deca056d47540771752e69fe9225d5748dd65a25a9675d7","init":false,"ipc_mode":"private","labels":[{"label":"honeynet.managed","value":"true"},{"label":"honeynet.project","value":"real_time_event_streaming_platform"}],"log_driver":"json-file","log_opts":null,"logs":false,"max_retry_count":0,"memory":0,"memory_swap":0,"mounts":[],"must_run":true,"name":"hn_metrics_collector","network_data":[{"gateway":"","global_ipv6_address":"","global_ipv6_prefix_length":0,"ip_address":"172.24.0.3","ip_prefix_length":16,"ipv6_gateway":"","mac_address":"16:30:09:04:82:96","network_name":"real_time_event_streaming_platform_internal_zone"}],"network_mode":"bridge","networks_advanced":[{"aliases":["metrics_collector"],"ipv4_address":"","ipv6_address":"","name":"real_time_event_streaming_platform_internal_zone"}],"pid_mode":"","ports":[],"privileged":false,"publish_all_ports":false,"read_only":false,"remove_volumes":true,"restart":"no","rm":false,"runtime":"runc","security_opts":[],"shm_size":64,"start":true,"stdin_open":false,"stop_signal":"","stop_timeout":1,"storage_opts":null,"sysctls":null,"tmpfs":null,"tty":false,"ulimit":[],"upload":[],"user":"appuser","userns_mode":"","volumes":[],"wait":false,"wait_timeout":60,"working_dir":""},"sensitive_attributes":[],"private":"eyJzY2hlbWFfdmVyc2lvbiI6IjIifQ==","dependencies":["docker_image.hn_metrics_collector","docker_network.real_time_event_streaming_platform_internal_zone"]}]},{"mode":"managed","type":"docker_container","name":"hn_pgadmin","provider":"provider[\"registry.terraform.io/kreuzwerker/docker\"]","instances":[{"schema_version":2,"attributes":{"attach":false,"bridge":"","capabilities":[],"cgroup_parent":null,"cgroupns_mode":null,"command":[],"container_logs":null,"container_read_refresh_timeout_milliseconds":15000,"cpu_period":null,"cpu_quota":null,"cpu_set":"","cpu_shares":0,"cpus":null,"destroy_grace_seconds":null,"devices":[],"dns":null,"dns_opts":null,"dns_search":null,"domainname":"","entrypoint":["/entrypoint.sh"],"env":["PGADMIN_DEFAULT_EMAIL=admin@realtimeplatform.internal","PGADMIN_DEFAULT_PASSWORD=admin"],"exit_code":null,"gpus":null,"group_add":null,"healthcheck":[{"interval":"30s","retries":3,"start_interval":"0s","start_period":"30s","test":["CMD-SHELL","curl -sf http://localhost/ || wget -qO- http://localhost/ || true"],"timeout":"10s"}],"host":[],"hostname":"pgadmin.data.realtimeplatform.internal","id":"ddbd544bcdd27a2bf725f7dfd4f2524914b978e8cc4792549d30a005132aea56","image":"sha256:d243a4bcc02d2ee6b447c601692813531d2d0fbca18b583d9f7f9658da835d81","init":false,"ipc_mode":"private","labels":[{"label":"honeynet.managed","value":"true"},{"label":"honeynet.project","value":"real_time_event_streaming_platform"}],"log_driver":"json-file","log_opts":null,"logs":false,"max_retry_count":0,"memory":0,"memory_swap":0,"mounts":[],"must_run":true,"name":"hn_pgadmin","network_data":[{"gateway":"","global_ipv6_address":"","global_ipv6_prefix_length":0,"ip_address":"172.26.0.7","ip_prefix_length":16,"ipv6_gateway":"","mac_address":"8e:84:8a:85:47:06","network_name":"real_time_event_streaming_platform_data_zone"}],"network_mode":"bridge","networks_advanced":[{"aliases":["pgadmin"],"ipv4_address":"","ipv6_address":"","name":"real_time_event_streaming_platform_data_zone"}],"pid_mode":"","ports":[],"privileged":false,"publish_all_ports":false,"read_only":false,"remove_volumes":true,"restart":"no","rm":false,"runtime":"runc","security_opts":[],"shm_size":64,"start":true,"stdin_open":false,"stop_signal":"","stop_timeout":1,"storage_opts":null,"sysctls":null,"tmpfs":null,"tty":false,"ulimit":[],"upload":[],"user":"5050","userns_mode":"","volumes":[],"wait":false,"wait_timeout":60,"working_dir":"/pgadmin4"},"sensitive_attributes":[],"private":"eyJzY2hlbWFfdmVyc2lvbiI6IjIifQ==","dependencies":["docker_container.hn_clickhouse","docker_image.hn_clickhouse","docker_image.hn_pgadmin","docker_network.real_time_event_streaming_platform_data_zone"]}]},{"mode":"managed","type":"docker_container","name":"hn_prometheus","provider":"provider[\"registry.terraform.io/kreuzwerker/docker\"]","instances":[{"schema_version":2,"attributes":{"attach":false,"bridge":"","capabilities":[],"cgroup_parent":null,"cgroupns_mode":null,"command":["--config.file=/etc/prometheus/prometheus.yml","--storage.tsdb.path=/prometheus"],"container_logs":null,"container_read_refresh_timeout_milliseconds":15000,"cpu_period":null,"cpu_quota":null,"cpu_set":"","cpu_shares":0,"cpus":null,"destroy_grace_seconds":null,"devices":[],"dns":null,"dns_opts":null,"dns_search":null,"domainname":"","entrypoint":["/bin/prometheus"],"env":[],"exit_code":null,"gpus":null,"group_add":null,"healthcheck":[{"interval":"30s","retries":3,"start_interval":"0s","start_period":"30s","test":["CMD","wget","--spider","http://localhost:9090/-/healthy"],"timeout":"10s"}],"host":[],"hostname":"prometheus.internal.realtimeplatform.internal","id":"2da8b8c3b26783ec139f0a370c8316d1e92edbd7aa62318a6b39aac738413f79","image":"sha256:4a61322ac1103a0e3aea2a61ef1718422a48fa046441f299d71e660a3bc71ae9","init":false,"ipc_mode":"private","labels":[{"label":"honeynet.managed","value":"true"},{"label":"honeynet.project","value":"real_time_event_streaming_platform"}],"log_driver":"json-file","log_opts":null,"logs":false,"max_retry_count":0,"memory":0,"memory_swap":0,"mounts":[],"must_run":true,"name":"hn_prometheus","network_data":[{"gateway":"","global_ipv6_address":"","global_ipv6_prefix_length":0,"ip_address":"172.24.0.7","ip_prefix_length":16,"ipv6_gateway":"","mac_address":"76:67:17:51:c4:c3","network_name":"real_time_event_streaming_platform_internal_zone"}],"network_mode":"bridge","networks_advanced":[{"aliases":["prometheus"],"ipv4_address":"","ipv6_address":"","name":"real_time_event_streaming_platform_internal_zone"}],"pid_mode":"","ports":[],"privileged":false,"publish_all_ports":false,"read_only":false,"remove_volumes":true,"restart":"no","rm":false,"runtime":"runc","security_opts":[],"shm_size":64,"start":true,"stdin_open":false,"stop_signal":"","stop_timeout":1,"storage_opts":null,"sysctls":null,"tmpfs":null,"tty":false,"ulimit":[],"upload":[],"user":"nobody","userns_mode":"","volumes":[],"wait":false,"wait_timeout":60,"working_dir":"/prometheus"},"sensitive_attributes":[],"private":"eyJzY2hlbWFfdmVyc2lvbiI6IjIifQ==","dependencies":["docker_image.hn_prometheus","docker_network.real_time_event_streaming_platform_internal_zone"]}]},{"mode":"managed","type":"docker_container","name":"hn_reverse_proxy","provider":"provider[\"registry.terraform.io/kreuzwerker/docker\"]","instances":[{"schema_version":2,"attributes":{"attach":false,"bridge":"","capabilities":[],"cgroup_parent":null,"cgroupns_mode":null,"command":["traefik"],"container_logs":null,"container_read_refresh_timeout_milliseconds":15000,"cpu_period":null,"cpu_quota":null,"cpu_set":"","cpu_shares":0,"cpus":null,"destroy_grace_seconds":null,"devices":[],"dns":null,"dns_opts":null,"dns_search":null,"domainname":"","entrypoint":["/entrypoint.sh"],"env":[],"exit_code":null,"gpus":null,"group_add":null,"healthcheck":[{"interval":"30s","retries":3,"start_interval":"0s","start_period":"30s","test":["CMD-SHELL","nc -z localhost 80 || (echo \u003e /dev/tcp/localhost/80) 2\u003e/dev/null || true"],"timeout":"10s"}],"host":[],"hostname":"proxy.api.realtimeplatform.internal","id":"bfe10dcbfcec351af574497c068d89b36fe571359906691f74816f45df62af0a","image":"sha256:6341b98aec5ec8969b99e9730f4c5b22cca3103d42b6bbe4b7a3c910758fe565","init":false,"ipc_mode":"private","labels":[{"label":"honeynet.managed","value":"true"},{"label":"honeynet.project","value":"real_time_event_streaming_platform"}],"log_driver":"json-file","log_opts":null,"logs":false,"max_retry_count":0,"memory":0,"memory_swap":0,"mounts":[],"must_run":true,"name":"hn_reverse_proxy","network_data":[{"gateway":"172.27.0.1","global_ipv6_address":"","global_ipv6_prefix_length":0,"ip_address":"172.27.0.6","ip_prefix_length":16,"ipv6_gateway":"","mac_address":"a6:a6:65:5e:6f:be","network_name":"real_time_event_streaming_platform_api_zone"}],"network_mode":"bridge","networks_advanced":[{"aliases":["reverse_proxy"],"ipv4_address":"","ipv6_address":"","name":"real_time_event_streaming_platform_api_zone"}],"pid_mode":"","ports":[{"external":1026,"internal":80,"ip":"0.0.0.0","protocol":"tcp"}],"privileged":false,"publish_all_ports":false,"read_only":false,"remove_volumes":true,"restart":"no","rm":false,"runtime":"runc","security_opts":[],"shm_size":64,"start":true,"stdin_open":false,"stop_signal":"","stop_timeout":1,"storage_opts":null,"sysctls":null,"tmpfs":null,"tty":false,"ulimit":[],"upload":[],"user":"","userns_mode":"","volumes":[],"wait":false,"wait_timeout":60,"working_dir":""},"sensitive_attributes":[],"private":"eyJzY2hlbWFfdmVyc2lvbiI6IjIifQ==","dependencies":["docker_container.hn_clickhouse","docker_container.hn_internal_api","docker_container.hn_kafka_broker","docker_container.hn_stream_processor","docker_container.hn_zookeeper","docker_image.hn_clickhouse","docker_image.hn_internal_api","docker_image.hn_kafka_broker","docker_image.hn_reverse_proxy","docker_image.hn_stream_processor","docker_image.hn_zookeeper","docker_network.real_time_event_streaming_platform_api_zone","docker_network.real_time_event_streaming_platform_data_zone","docker_network.real_time_event_streaming_platform_internal_zone"]}]},{"mode":"managed","type":"docker_container","name":"hn_service_discovery","provider":"provider[\"registry.terraform.io/kreuzwerker/docker\"]","instances":[{"schema_version":2,"attributes":{"attach":false,"bridge":"","capabilities":[],"cgroup_parent":null,"cgroupns_mode":null,"command":["agent","-dev","-client","0.0.0.0"],"container_logs":null,"container_read_refresh_timeout_milliseconds":15000,"cpu_period":null,"cpu_quota":null,"cpu_set":"","cpu_shares":0,"cpus":null,"destroy_grace_seconds":null,"devices":[],"dns":null,"dns_opts":null,"dns_search":null,"domainname":"","entrypoint":["docker-entrypoint.sh"],"env":[],"exit_code":null,"gpus":null,"group_add":null,"healthcheck":[{"interval":"30s","retries":3,"start_interval":"0s","start_period":"30s","test":["CMD","consul","members"],"timeout":"10s"}],"host":[],"hostname":"discovery.internal.realtimeplatform.internal","id":"c32840632c29d81bcdf50fdba1934dcdfa5cdc27cc81ef24791275bbae61b07a","image":"sha256:da6a5b7d071a84b3b150ce5a452e59e859e7d7c9d8ac141b80e65a2cb8f479c9","init":false,"ipc_mode":"private","labels":[{"label":"honeynet.managed","value":"true"},{"label":"honeynet.project","value":"real_time_event_streaming_platform"}],"log_driver":"json-file","log_opts":null,"logs":false,"max_retry_count":0,"memory":0,"memory_swap":0,"mounts":[],"must_run":true,"name":"hn_service_discovery","network_data":[{"gateway":"","global_ipv6_address":"","global_ipv6_prefix_length":0,"ip_address":"172.24.0.8","ip_prefix_length":16,"ipv6_gateway":"","mac_address":"8e:88:b2:8e:25:be","network_name":"real_time_event_streaming_platform_internal_zone"}],"network_mode":"bridge","networks_advanced":[{"aliases":["service_discovery"],"ipv4_address":"","ipv6_address":"","name":"real_time_event_streaming_platform_internal_zone"}],"pid_mode":"","ports":[],"privileged":false,"publish_all_ports":false,"read_only":false,"remove_volumes":true,"restart":"no","rm":false,"runtime":"runc","security_opts":[],"shm_size":64,"start":true,"stdin_open":false,"stop_signal":"","stop_timeout":1,"storage_opts":null,"sysctls":null,"tmpfs":null,"tty":false,"ulimit":[],"upload":[],"user":"","userns_mode":"","volumes":[],"wait":false,"wait_timeout":60,"working_dir":""},"sensitive_attributes":[],"private":"eyJzY2hlbWFfdmVyc2lvbiI6IjIifQ==","dependencies":["docker_image.hn_service_discovery","docker_network.real_time_event_streaming_platform_internal_zone"]}]},{"mode":"managed","type":"docker_container","name":"hn_stream_processor","provider":"provider[\"registry.terraform.io/kreuzwerker/docker\"]","instances":[{"schema_version":2,"attributes":{"attach":false,"bridge":"","capabilities":[],"cgroup_parent":null,"cgroupns_mode":null,"command":[],"container_logs":null,"container_read_refresh_timeout_milliseconds":15000,"cpu_period":null,"cpu_quota":null,"cpu_set":"","cpu_shares":0,"cpus":null,"destroy_grace_seconds":null,"devices":[],"dns":null,"dns_opts":null,"dns_search":null,"domainname":"","entrypoint":["/entrypoint.sh"],"env":[],"exit_code":null,"gpus":null,"group_add":null,"healthcheck":[{"interval":"30s","retries":3,"start_interval":"0s","start_period":"30s","test":["CMD","clickhouse-client","--query","SELECT 1"],"timeout":"10s"}],"host":[],"hostname":"streamproc01.internal.realtimeplatform.internal","id":"bac9efdd615d070d368183c4dc172c1e94eb134f64eed3021a74149fdbb2d05f","image":"sha256:5d0802b64c09f6d2c6e28123ec4d37226a254e77503bc8b12943dc11722996a5","init":false,"ipc_mode":"private","labels":[{"label":"honeynet.managed","value":"true"},{"label":"honeynet.project","value":"real_time_event_streaming_platform"}],"log_driver":"json-file","log_opts":null,"logs":false,"max_retry_count":0,"memory":0,"memory_swap":0,"mounts":[],"must_run":true,"name":"hn_stream_processor","network_data":[{"gateway":"","global_ipv6_address":"","global_ipv6_prefix_length":0,"ip_address":"172.26.0.9","ip_prefix_length":16,"ipv6_gateway":"","mac_address":"02:21:0d:eb:39:e9","network_name":"real_time_event_streaming_platform_data_zone"},{"gateway":"","global_ipv6_address":"","global_ipv6_prefix_length":0,"ip_address":"172.24.0.13","ip_prefix_length":16,"ipv6_gateway":"","mac_address":"3a:5f:c9:30:12:bb","network_name":"real_time_event_streaming_platform_internal_zone"}],"network_mode":"bridge","networks_advanced":[{"aliases":["stream_processor"],"ipv4_address":"","ipv6_address":"","name":"real_time_event_streaming_platform_data_zone"},{"aliases":["stream_processor"],"ipv4_address":"","ipv6_address":"","name":"real_time_event_streaming_platform_internal_zone"}],"pid_mode":"","ports":[],"privileged":false,"publish_all_ports":false,"read_only":false,"remove_volumes":true,"restart":"no","rm":false,"runtime":"runc","security_opts":[],"shm_size":64,"start":true,"stdin_open":false,"stop_signal":"","stop_timeout":1,"storage_opts":null,"sysctls":null,"tmpfs":null,"tty":false,"ulimit":[],"upload":[],"user":"","userns_mode":"","volumes":[],"wait":false,"wait_timeout":60,"working_dir":""},"sensitive_attributes":[],"private":"eyJzY2hlbWFfdmVyc2lvbiI6IjIifQ==","dependencies":["docker_container.hn_clickhouse","docker_container.hn_kafka_broker","docker_container.hn_zookeeper","docker_image.hn_clickhouse","docker_image.hn_kafka_broker","docker_image.hn_stream_processor","docker_image.hn_zookeeper","docker_network.real_time_event_streaming_platform_data_zone","docker_network.real_time_event_streaming_platform_internal_zone"]}]},{"mode":"managed","type":"docker_container","name":"hn_weak_credential_db","provider":"provider[\"registry.terraform.io/kreuzwerker/docker\"]","instances":[{"schema_version":2,"attributes":{"attach":false,"bridge":"","capabilities":[],"cgroup_parent":null,"cgroupns_mode":null,"command":["mysqld"],"container_logs":null,"container_read_refresh_timeout_milliseconds":15000,"cpu_period":null,"cpu_quota":null,"cpu_set":"","cpu_shares":0,"cpus":null,"destroy_grace_seconds":null,"devices":[],"dns":null,"dns_opts":null,"dns_search":null,"domainname":"","entrypoint":["docker-entrypoint.sh"],"env":["MYSQL_ROOT_PASSWORD=admin123"],"exit_code":null,"gpus":null,"group_add":null,"healthcheck":[{"interval":"30s","retries":3,"start_interval":"0s","start_period":"30s","test":["CMD","mysqladmin","ping","-h","localhost"],"timeout":"10s"}],"host":[],"hostname":"weakcreds.data.realtimeplatform.internal","id":"7de3ab6555f47f5685f7eccc0c335e07ed28112bc5ca6e9f7b2705813baacb84","image":"sha256:64756cc92f707eb504496d774353990bcb0f6999ddf598b6ad188f2da66bd000","init":false,"ipc_mode":"private","labels":[{"label":"honeynet.managed","value":"true"},{"label":"honeynet.project","value":"real_time_event_streaming_platform"}],"log_driver":"json-file","log_opts":null,"logs":false,"max_retry_count":0,"memory":0,"memory_swap":0,"mounts":[],"must_run":true,"name":"hn_weak_credential_db","network_data":[{"gateway":"","global_ipv6_address":"","global_ipv6_prefix_length":0,"ip_address":"172.26.0.2","ip_prefix_length":16,"ipv6_gateway":"","mac_address":"6e:0e:bb:eb:ca:51","network_name":"real_time_event_streaming_platform_data_zone"}],"network_mode":"bridge","networks_advanced":[{"aliases":["weak_credential_db"],"ipv4_address":"","ipv6_address":"","name":"real_time_event_streaming_platform_data_zone"}],"pid_mode":"","ports":[],"privileged":false,"publish_all_ports":false,"read_only":false,"remove_volumes":true,"restart":"no","rm":false,"runtime":"runc","security_opts":[],"shm_size":64,"start":true,"stdin_open":false,"stop_signal":"","stop_timeout":1,"storage_opts":null,"sysctls":null,"tmpfs":null,"tty":false,"ulimit":[],"upload":[],"user":"","userns_mode":"","volumes":[],"wait":false,"wait_timeout":60,"working_dir":"/"},"sensitive_attributes":[],"private":"eyJzY2hlbWFfdmVyc2lvbiI6IjIifQ==","dependencies":["docker_image.hn_weak_credential_db","docker_network.real_time_event_streaming_platform_data_zone"]}]},{"mode":"managed","type":"docker_container","name":"hn_zookeeper","provider":"provider[\"registry.terraform.io/kreuzwerker/docker\"]","instances":[{"schema_version":2,"attributes":{"attach":false,"bridge":"","capabilities":[],"cgroup_parent":null,"cgroupns_mode":null,"command":["zkServer.sh","start-foreground"],"container_logs":null,"container_read_refresh_timeout_milliseconds":15000,"cpu_period":null,"cpu_quota":null,"cpu_set":"","cpu_shares":0,"cpus":null,"destroy_grace_seconds":null,"devices":[],"dns":null,"dns_opts":null,"dns_search":null,"domainname":"","entrypoint":["/docker-entrypoint.sh"],"env":[],"exit_code":null,"gpus":null,"group_add":null,"healthcheck":[{"interval":"30s","retries":3,"start_interval":"0s","start_period":"30s","test":["CMD-SHELL","nc -z localhost 2181 || (echo \u003e /dev/tcp/localhost/2181) 2\u003e/dev/null || true"],"timeout":"10s"}],"host":[],"hostname":"zookeeper01.internal.realtimeplatform.internal","id":"e09f78a681b61235cb11049f5176b16888fcecb529a8ee9fee3d07c513e6291d","image":"sha256:1e748974c86de0d11d94309303a1e0b1fab529a35814137f71d22bb4b197b671","init":false,"ipc_mode":"private","labels":[{"label":"honeynet.managed","value":"true"},{"label":"honeynet.project","value":"real_time_event_streaming_platform"}],"log_driver":"json-file","log_opts":null,"logs":false,"max_retry_count":0,"memory":0,"memory_swap":0,"mounts":[],"must_run":true,"name":"hn_zookeeper","network_data":[{"gateway":"","global_ipv6_address":"","global_ipv6_prefix_length":0,"ip_address":"172.24.0.4","ip_prefix_length":16,"ipv6_gateway":"","mac_address":"4a:4c:8b:2c:76:ae","network_name":"real_time_event_streaming_platform_internal_zone"}],"network_mode":"bridge","networks_advanced":[{"aliases":["zookeeper"],"ipv4_address":"","ipv6_address":"","name":"real_time_event_streaming_platform_internal_zone"}],"pid_mode":"","ports":[],"privileged":false,"publish_all_ports":false,"read_only":false,"remove_volumes":true,"restart":"no","rm":false,"runtime":"runc","security_opts":[],"shm_size":64,"start":true,"stdin_open":false,"stop_signal":"","stop_timeout":1,"storage_opts":null,"sysctls":null,"tmpfs":null,"tty":false,"ulimit":[],"upload":[],"user":"","userns_mode":"","volumes":[],"wait":false,"wait_timeout":60,"working_dir":"/apache-zookeeper-3.8.6-bin"},"sensitive_attributes":[],"private":"eyJzY2hlbWFfdmVyc2lvbiI6IjIifQ==","dependencies":["docker_image.hn_zookeeper","docker_network.real_time_event_streaming_platform_internal_zone"]}]},{"mode":"managed","type":"docker_image","name":"hn_admin_ui","provider":"provider[\"registry.terraform.io/kreuzwerker/docker\"]","instances":[{"schema_version":0,"attributes":{"build":[],"force_remove":null,"id":"sha256:516475cc129da42866742567714ddc681e5eed7b9ee0b9e9c015e464b4221a00nginx@sha256:516475cc129da42866742567714ddc681e5eed7b9ee0b9e9c015e464b4221a00","image_id":"sha256:516475cc129da42866742567714ddc681e5eed7b9ee0b9e9c015e464b4221a00","keep_locally":true,"name":"nginx@sha256:516475cc129da42866742567714ddc681e5eed7b9ee0b9e9c015e464b4221a00","platform":null,"pull_triggers":null,"repo_digest":"nginx@sha256:516475cc129da42866742567714ddc681e5eed7b9ee0b9e9c015e464b4221a00","timeouts":null,"triggers":null},"sensitive_attributes":[],"private":"eyJlMmJmYjczMC1lY2FhLTExZTYtOGY4OC0zNDM2M2JjN2M0YzAiOnsiY3JlYXRlIjoxMjAwMDAwMDAwMDAwLCJkZWxldGUiOjEyMDAwMDAwMDAwMDAsInVwZGF0ZSI6MTIwMDAwMDAwMDAwMH19"}]},{"mode":"managed","type":"docker_image","name":"hn_alerting_service","provider":"provider[\"registry.terraform.io/kreuzwerker/docker\"]","instances":[{"schema_version":0,"attributes":{"build":[],"force_remove":null,"id":"sha256:18088be31fc33f8abcbee8b379299710d3e6d06df8a81368c5c35e906b6791a7kibana@sha256:18088be31fc33f8abcbee8b379299710d3e6d06df8a81368c5c35e906b6791a7","image_id":"sha256:18088be31fc33f8abcbee8b379299710d3e6d06df8a81368c5c35e906b6791a7","keep_locally":true,"name":"kibana@sha256:18088be31fc33f8abcbee8b379299710d3e6d06df8a81368c5c35e906b6791a7","platform":null,"pull_triggers":null,"repo_digest":"kibana@sha256:18088be31fc33f8abcbee8b379299710d3e6d06df8a81368c5c35e906b6791a7","timeouts":null,"triggers":null},"sensitive_attributes":[],"private":"eyJlMmJmYjczMC1lY2FhLTExZTYtOGY4OC0zNDM2M2JjN2M0YzAiOnsiY3JlYXRlIjoxMjAwMDAwMDAwMDAwLCJkZWxldGUiOjEyMDAwMDAwMDAwMDAsInVwZGF0ZSI6MTIwMDAwMDAwMDAwMH19"}]},{"mode":"managed","type":"docker_image","name":"hn_analytics_dashboard","provider":"provider[\"registry.terraform.io/kreuzwerker/docker\"]","instances":[{"schema_version":0,"attributes":{"build":[],"force_remove":null,"id":"sha256:788933d1e3eaa1da653ac69d7cdf7815b766f77e70eb7667f06cf955eae349c7matomo@sha256:788933d1e3eaa1da653ac69d7cdf7815b766f77e70eb7667f06cf955eae349c7","image_id":"sha256:788933d1e3eaa1da653ac69d7cdf7815b766f77e70eb7667f06cf955eae349c7","keep_locally":true,"name":"matomo@sha256:788933d1e3eaa1da653ac69d7cdf7815b766f77e70eb7667f06cf955eae349c7","platform":null,"pull_triggers":null,"repo_digest":"matomo@sha256:788933d1e3eaa1da653ac69d7cdf7815b766f77e70eb7667f06cf955eae349c7","timeouts":null,"triggers":null},"sensitive_attributes":[],"private":"eyJlMmJmYjczMC1lY2FhLTExZTYtOGY4OC0zNDM2M2JjN2M0YzAiOnsiY3JlYXRlIjoxMjAwMDAwMDAwMDAwLCJkZWxldGUiOjEyMDAwMDAwMDAwMDAsInVwZGF0ZSI6MTIwMDAwMDAwMDAwMH19"}]},{"mode":"managed","type":"docker_image","name":"hn_api_gateway","provider":"provider[\"registry.terraform.io/kreuzwerker/docker\"]","instances":[{"schema_version":0,"attributes":{"build":[],"force_remove":null,"id":"sha256:42b3811155c952269b18766dfdb7f12457a7db21b197fc46fb595d7fc0b1f31ddrupal@sha256:42b3811155c952269b18766dfdb7f12457a7db21b197fc46fb595d7fc0b1f31d","image_id":"sha256:42b3811155c952269b18766dfdb7f12457a7db21b197fc46fb595d7fc0b1f31d","keep_locally":true,"name":"drupal@sha256:42b3811155c952269b18766dfdb7f12457a7db21b197fc46fb595d7fc0b1f31d","platform":null,"pull_triggers":null,"repo_digest":"drupal@sha256:42b3811155c952269b18766dfdb7f12457a7db21b197fc46fb595d7fc0b1f31d","timeouts":null,"triggers":null},"sensitive_attributes":[],"private":"eyJlMmJmYjczMC1lY2FhLTExZTYtOGY4OC0zNDM2M2JjN2M0YzAiOnsiY3JlYXRlIjoxMjAwMDAwMDAwMDAwLCJkZWxldGUiOjEyMDAwMDAwMDAwMDAsInVwZGF0ZSI6MTIwMDAwMDAwMDAwMH19"}]},{"mode":"managed","type":"docker_image","name":"hn_backup_server","provider":"provider[\"registry.terraform.io/kreuzwerker/docker\"]","instances":[{"schema_version":0,"attributes":{"build":[],"force_remove":null,"id":"sha256:20edbde7749f822887a1a022ad526fde0a47d6b2be9a8364433605cf65099416postgres@sha256:20edbde7749f822887a1a022ad526fde0a47d6b2be9a8364433605cf65099416","image_id":"sha256:20edbde7749f822887a1a022ad526fde0a47d6b2be9a8364433605cf65099416","keep_locally":true,"name":"postgres@sha256:20edbde7749f822887a1a022ad526fde0a47d6b2be9a8364433605cf65099416","platform":null,"pull_triggers":null,"repo_digest":"postgres@sha256:20edbde7749f822887a1a022ad526fde0a47d6b2be9a8364433605cf65099416","timeouts":null,"triggers":null},"sensitive_attributes":[],"private":"eyJlMmJmYjczMC1lY2FhLTExZTYtOGY4OC0zNDM2M2JjN2M0YzAiOnsiY3JlYXRlIjoxMjAwMDAwMDAwMDAwLCJkZWxldGUiOjEyMDAwMDAwMDAwMDAsInVwZGF0ZSI6MTIwMDAwMDAwMDAwMH19"}]},{"mode":"managed","type":"docker_image","name":"hn_bait_admin_panel","provider":"provider[\"registry.terraform.io/kreuzwerker/docker\"]","instances":[{"schema_version":0,"attributes":{"build":[],"force_remove":null,"id":"sha256:8ae66efb09a2cc4f1ce44414c52b0ce4198c1f8ed338a6f51910bc09cd7d8bbbwordpress@sha256:8ae66efb09a2cc4f1ce44414c52b0ce4198c1f8ed338a6f51910bc09cd7d8bbb","image_id":"sha256:8ae66efb09a2cc4f1ce44414c52b0ce4198c1f8ed338a6f51910bc09cd7d8bbb","keep_locally":true,"name":"wordpress@sha256:8ae66efb09a2cc4f1ce44414c52b0ce4198c1f8ed338a6f51910bc09cd7d8bbb","platform":null,"pull_triggers":null,"repo_digest":"wordpress@sha256:8ae66efb09a2cc4f1ce44414c52b0ce4198c1f8ed338a6f51910bc09cd7d8bbb","timeouts":null,"triggers":null},"sensitive_attributes":[],"private":"eyJlMmJmYjczMC1lY2FhLTExZTYtOGY4OC0zNDM2M2JjN2M0YzAiOnsiY3JlYXRlIjoxMjAwMDAwMDAwMDAwLCJkZWxldGUiOjEyMDAwMDAwMDAwMDAsInVwZGF0ZSI6MTIwMDAwMDAwMDAwMH19"}]},{"mode":"managed","type":"docker_image","name":"hn_clickhouse","provider":"provider[\"registry.terraform.io/kreuzwerker/docker\"]","instances":[{"schema_version":0,"attributes":{"build":[],"force_remove":null,"id":"sha256:5d0802b64c09f6d2c6e28123ec4d37226a254e77503bc8b12943dc11722996a5clickhouse/clickhouse-server@sha256:5d0802b64c09f6d2c6e28123ec4d37226a254e77503bc8b12943dc11722996a5","image_id":"sha256:5d0802b64c09f6d2c6e28123ec4d37226a254e77503bc8b12943dc11722996a5","keep_locally":true,"name":"clickhouse/clickhouse-server@sha256:5d0802b64c09f6d2c6e28123ec4d37226a254e77503bc8b12943dc11722996a5","platform":null,"pull_triggers":null,"repo_digest":"clickhouse/clickhouse-server@sha256:5d0802b64c09f6d2c6e28123ec4d37226a254e77503bc8b12943dc11722996a5","timeouts":null,"triggers":null},"sensitive_attributes":[],"private":"eyJlMmJmYjczMC1lY2FhLTExZTYtOGY4OC0zNDM2M2JjN2M0YzAiOnsiY3JlYXRlIjoxMjAwMDAwMDAwMDAwLCJkZWxldGUiOjEyMDAwMDAwMDAwMDAsInVwZGF0ZSI6MTIwMDAwMDAwMDAwMH19"}]},{"mode":"managed","type":"docker_image","name":"hn_coordination_service","provider":"provider[\"registry.terraform.io/kreuzwerker/docker\"]","instances":[{"schema_version":0,"attributes":{"build":[],"force_remove":null,"id":"sha256:5498ba57b9471840be3d15b033a4eec554d1c02fa6c2cc0ca2d888637f6c6e2fnats@sha256:5498ba57b9471840be3d15b033a4eec554d1c02fa6c2cc0ca2d888637f6c6e2f","image_id":"sha256:5498ba57b9471840be3d15b033a4eec554d1c02fa6c2cc0ca2d888637f6c6e2f","keep_locally":true,"name":"nats@sha256:5498ba57b9471840be3d15b033a4eec554d1c02fa6c2cc0ca2d888637f6c6e2f","platform":null,"pull_triggers":null,"repo_digest":"nats@sha256:5498ba57b9471840be3d15b033a4eec554d1c02fa6c2cc0ca2d888637f6c6e2f","timeouts":null,"triggers":null},"sensitive_attributes":[],"private":"eyJlMmJmYjczMC1lY2FhLTExZTYtOGY4OC0zNDM2M2JjN2M0YzAiOnsiY3JlYXRlIjoxMjAwMDAwMDAwMDAwLCJkZWxldGUiOjEyMDAwMDAwMDAwMDAsInVwZGF0ZSI6MTIwMDAwMDAwMDAwMH19"}]},{"mode":"managed","type":"docker_image","name":"hn_fake_backup_server","provider":"provider[\"registry.terraform.io/kreuzwerker/docker\"]","instances":[{"schema_version":0,"attributes":{"build":[],"force_remove":null,"id":"sha256:64756cc92f707eb504496d774353990bcb0f6999ddf598b6ad188f2da66bd000mysql@sha256:64756cc92f707eb504496d774353990bcb0f6999ddf598b6ad188f2da66bd000","image_id":"sha256:64756cc92f707eb504496d774353990bcb0f6999ddf598b6ad188f2da66bd000","keep_locally":true,"name":"mysql@sha256:64756cc92f707eb504496d774353990bcb0f6999ddf598b6ad188f2da66bd000","platform":null,"pull_triggers":null,"repo_digest":"mysql@sha256:64756cc92f707eb504496d774353990bcb0f6999ddf598b6ad188f2da66bd000","timeouts":null,"triggers":null},"sensitive_attributes":[],"private":"eyJlMmJmYjczMC1lY2FhLTExZTYtOGY4OC0zNDM2M2JjN2M0YzAiOnsiY3JlYXRlIjoxMjAwMDAwMDAwMDAwLCJkZWxldGUiOjEyMDAwMDAwMDAwMDAsInVwZGF0ZSI6MTIwMDAwMDAwMDAwMH19"}]},{"mode":"managed","type":"docker_image","name":"hn_file_share","provider":"provider[\"registry.terraform.io/kreuzwerker/docker\"]","instances":[{"schema_version":0,"attributes":{"build":[],"force_remove":null,"id":"sha256:331548c5249bdeced0f048bc2fb8c6b6427d2ec6508bed9c1fec6c57d0b27a60httpd@sha256:331548c5249bdeced0f048bc2fb8c6b6427d2ec6508bed9c1fec6c57d0b27a60","image_id":"sha256:331548c5249bdeced0f048bc2fb8c6b6427d2ec6508bed9c1fec6c57d0b27a60","keep_locally":true,"name":"httpd@sha256:331548c5249bdeced0f048bc2fb8c6b6427d2ec6508bed9c1fec6c57d0b27a60","platform":null,"pull_triggers":null,"repo_digest":"httpd@sha256:331548c5249bdeced0f048bc2fb8c6b6427d2ec6508bed9c1fec6c57d0b27a60","timeouts":null,"triggers":null},"sensitive_attributes":[],"private":"eyJlMmJmYjczMC1lY2FhLTExZTYtOGY4OC0zNDM2M2JjN2M0YzAiOnsiY3JlYXRlIjoxMjAwMDAwMDAwMDAwLCJkZWxldGUiOjEyMDAwMDAwMDAwMDAsInVwZGF0ZSI6MTIwMDAwMDAwMDAwMH19"}]},{"mode":"managed","type":"docker_image","name":"hn_filebeat","provider":"provider[\"registry.terraform.io/kreuzwerker/docker\"]","instances":[{"schema_version":0,"attributes":{"build":[],"force_remove":null,"id":"sha256:d98f0d0a01b99e639a2c2bcb3021d87dd0c73f4c0852e9f81b4e7d3d85c1613edocker.elastic.co/beats/filebeat@sha256:d98f0d0a01b99e639a2c2bcb3021d87dd0c73f4c0852e9f81b4e7d3d85c1613e","image_id":"sha256:d98f0d0a01b99e639a2c2bcb3021d87dd0c73f4c0852e9f81b4e7d3d85c1613e","keep_locally":true,"name":"docker.elastic.co/beats/filebeat@sha256:d98f0d0a01b99e639a2c2bcb3021d87dd0c73f4c0852e9f81b4e7d3d85c1613e","platform":null,"pull_triggers":null,"repo_digest":"elastic/filebeat@sha256:d98f0d0a01b99e639a2c2bcb3021d87dd0c73f4c0852e9f81b4e7d3d85c1613e","timeouts":null,"triggers":null},"sensitive_attributes":[],"private":"eyJlMmJmYjczMC1lY2FhLTExZTYtOGY4OC0zNDM2M2JjN2M0YzAiOnsiY3JlYXRlIjoxMjAwMDAwMDAwMDAwLCJkZWxldGUiOjEyMDAwMDAwMDAwMDAsInVwZGF0ZSI6MTIwMDAwMDAwMDAwMH19"}]},{"mode":"managed","type":"docker_image","name":"hn_grafana","provider":"provider[\"registry.terraform.io/kreuzwerker/docker\"]","instances":[{"schema_version":0,"attributes":{"build":[],"force_remove":null,"id":"sha256:e932bd6ed0e026595b08483cd0141e5103e1ab7ff8604839ff899b8dc54cabcbgrafana/grafana@sha256:e932bd6ed0e026595b08483cd0141e5103e1ab7ff8604839ff899b8dc54cabcb","image_id":"sha256:e932bd6ed0e026595b08483cd0141e5103e1ab7ff8604839ff899b8dc54cabcb","keep_locally":true,"name":"grafana/grafana@sha256:e932bd6ed0e026595b08483cd0141e5103e1ab7ff8604839ff899b8dc54cabcb","platform":null,"pull_triggers":null,"repo_digest":"grafana/grafana@sha256:e932bd6ed0e026595b08483cd0141e5103e1ab7ff8604839ff899b8dc54cabcb","timeouts":null,"triggers":null},"sensitive_attributes":[],"private":"eyJlMmJmYjczMC1lY2FhLTExZTYtOGY4OC0zNDM2M2JjN2M0YzAiOnsiY3JlYXRlIjoxMjAwMDAwMDAwMDAwLCJkZWxldGUiOjEyMDAwMDAwMDAwMDAsInVwZGF0ZSI6MTIwMDAwMDAwMDAwMH19"}]},{"mode":"managed","type":"docker_image","name":"hn_honeypot_service","provider":"provider[\"registry.terraform.io/kreuzwerker/docker\"]","instances":[{"schema_version":0,"attributes":{"build":[],"force_remove":null,"id":"sha256:331548c5249bdeced0f048bc2fb8c6b6427d2ec6508bed9c1fec6c57d0b27a60httpd@sha256:331548c5249bdeced0f048bc2fb8c6b6427d2ec6508bed9c1fec6c57d0b27a60","image_id":"sha256:331548c5249bdeced0f048bc2fb8c6b6427d2ec6508bed9c1fec6c57d0b27a60","keep_locally":true,"name":"httpd@sha256:331548c5249bdeced0f048bc2fb8c6b6427d2ec6508bed9c1fec6c57d0b27a60","platform":null,"pull_triggers":null,"repo_digest":"httpd@sha256:331548c5249bdeced0f048bc2fb8c6b6427d2ec6508bed9c1fec6c57d0b27a60","timeouts":null,"triggers":null},"sensitive_attributes":[],"private":"eyJlMmJmYjczMC1lY2FhLTExZTYtOGY4OC0zNDM2M2JjN2M0YzAiOnsiY3JlYXRlIjoxMjAwMDAwMDAwMDAwLCJkZWxldGUiOjEyMDAwMDAwMDAwMDAsInVwZGF0ZSI6MTIwMDAwMDAwMDAwMH19"}]},{"mode":"managed","type":"docker_image","name":"hn_internal_api","provider":"provider[\"registry.terraform.io/kreuzwerker/docker\"]","instances":[{"schema_version":0,"attributes":{"build":[],"force_remove":null,"id":"sha256:516475cc129da42866742567714ddc681e5eed7b9ee0b9e9c015e464b4221a00nginx@sha256:516475cc129da42866742567714ddc681e5eed7b9ee0b9e9c015e464b4221a00","image_id":"sha256:516475cc129da42866742567714ddc681e5eed7b9ee0b9e9c015e464b4221a00","keep_locally":true,"name":"nginx@sha256:516475cc129da42866742567714ddc681e5eed7b9ee0b9e9c015e464b4221a00","platform":null,"pull_triggers":null,"repo_digest":"nginx@sha256:516475cc129da42866742567714ddc681e5eed7b9ee0b9e9c015e464b4221a00","timeouts":null,"triggers":null},"sensitive_attributes":[],"private":"eyJlMmJmYjczMC1lY2FhLTExZTYtOGY4OC0zNDM2M2JjN2M0YzAiOnsiY3JlYXRlIjoxMjAwMDAwMDAwMDAwLCJkZWxldGUiOjEyMDAwMDAwMDAwMDAsInVwZGF0ZSI6MTIwMDAwMDAwMDAwMH19"}]},{"mode":"managed","type":"docker_image","name":"hn_kafka_broker","provider":"provider[\"registry.terraform.io/kreuzwerker/docker\"]","instances":[{"schema_version":0,"attributes":{"build":[],"force_remove":null,"id":"sha256:41c20d65b0a2180b9deca056d47540771752e69fe9225d5748dd65a25a9675d7apache/kafka@sha256:41c20d65b0a2180b9deca056d47540771752e69fe9225d5748dd65a25a9675d7","image_id":"sha256:41c20d65b0a2180b9deca056d47540771752e69fe9225d5748dd65a25a9675d7","keep_locally":true,"name":"apache/kafka@sha256:41c20d65b0a2180b9deca056d47540771752e69fe9225d5748dd65a25a9675d7","platform":null,"pull_triggers":null,"repo_digest":"apache/kafka@sha256:41c20d65b0a2180b9deca056d47540771752e69fe9225d5748dd65a25a9675d7","timeouts":null,"triggers":null},"sensitive_attributes":[],"private":"eyJlMmJmYjczMC1lY2FhLTExZTYtOGY4OC0zNDM2M2JjN2M0YzAiOnsiY3JlYXRlIjoxMjAwMDAwMDAwMDAwLCJkZWxldGUiOjEyMDAwMDAwMDAwMDAsInVwZGF0ZSI6MTIwMDAwMDAwMDAwMH19"}]},{"mode":"managed","type":"docker_image","name":"hn_log_collector","provider":"provider[\"registry.terraform.io/kreuzwerker/docker\"]","instances":[{"schema_version":0,"attributes":{"build":[],"force_remove":null,"id":"sha256:3b7d8d4b4064cbed7e7f90e63c1b769fe90a34a975508d79991c54a6b8ea22d4fluent/fluentd@sha256:3b7d8d4b4064cbed7e7f90e63c1b769fe90a34a975508d79991c54a6b8ea22d4","image_id":"sha256:3b7d8d4b4064cbed7e7f90e63c1b769fe90a34a975508d79991c54a6b8ea22d4","keep_locally":true,"name":"fluent/fluentd@sha256:3b7d8d4b4064cbed7e7f90e63c1b769fe90a34a975508d79991c54a6b8ea22d4","platform":null,"pull_triggers":null,"repo_digest":"fluent/fluentd@sha256:3b7d8d4b4064cbed7e7f90e63c1b769fe90a34a975508d79991c54a6b8ea22d4","timeouts":null,"triggers":null},"sensitive_attributes":[],"private":"eyJlMmJmYjczMC1lY2FhLTExZTYtOGY4OC0zNDM2M2JjN2M0YzAiOnsiY3JlYXRlIjoxMjAwMDAwMDAwMDAwLCJkZWxldGUiOjEyMDAwMDAwMDAwMDAsInVwZGF0ZSI6MTIwMDAwMDAwMDAwMH19"}]},{"mode":"managed","type":"docker_image","name":"hn_metrics_collector","provider":"provider[\"registry.terraform.io/kreuzwerker/docker\"]","instances":[{"schema_version":0,"attributes":{"build":[],"force_remove":null,"id":"sha256:41c20d65b0a2180b9deca056d47540771752e69fe9225d5748dd65a25a9675d7apache/kafka@sha256:41c20d65b0a2180b9deca056d47540771752e69fe9225d5748dd65a25a9675d7","image_id":"sha256:41c20d65b0a2180b9deca056d47540771752e69fe9225d5748dd65a25a9675d7","keep_locally":true,"name":"apache/kafka@sha256:41c20d65b0a2180b9deca056d47540771752e69fe9225d5748dd65a25a9675d7","platform":null,"pull_triggers":null,"repo_digest":"apache/kafka@sha256:41c20d65b0a2180b9deca056d47540771752e69fe9225d5748dd65a25a9675d7","timeouts":null,"triggers":null},"sensitive_attributes":[],"private":"eyJlMmJmYjczMC1lY2FhLTExZTYtOGY4OC0zNDM2M2JjN2M0YzAiOnsiY3JlYXRlIjoxMjAwMDAwMDAwMDAwLCJkZWxldGUiOjEyMDAwMDAwMDAwMDAsInVwZGF0ZSI6MTIwMDAwMDAwMDAwMH19"}]},{"mode":"managed","type":"docker_image","name":"hn_pgadmin","provider":"provider[\"registry.terraform.io/kreuzwerker/docker\"]","instances":[{"schema_version":0,"attributes":{"build":[],"force_remove":null,"id":"sha256:d243a4bcc02d2ee6b447c601692813531d2d0fbca18b583d9f7f9658da835d81dpage/pgadmin4@sha256:d243a4bcc02d2ee6b447c601692813531d2d0fbca18b583d9f7f9658da835d81","image_id":"sha256:d243a4bcc02d2ee6b447c601692813531d2d0fbca18b583d9f7f9658da835d81","keep_locally":true,"name":"dpage/pgadmin4@sha256:d243a4bcc02d2ee6b447c601692813531d2d0fbca18b583d9f7f9658da835d81","platform":null,"pull_triggers":null,"repo_digest":"dpage/pgadmin4@sha256:d243a4bcc02d2ee6b447c601692813531d2d0fbca18b583d9f7f9658da835d81","timeouts":null,"triggers":null},"sensitive_attributes":[],"private":"eyJlMmJmYjczMC1lY2FhLTExZTYtOGY4OC0zNDM2M2JjN2M0YzAiOnsiY3JlYXRlIjoxMjAwMDAwMDAwMDAwLCJkZWxldGUiOjEyMDAwMDAwMDAwMDAsInVwZGF0ZSI6MTIwMDAwMDAwMDAwMH19"}]},{"mode":"managed","type":"docker_image","name":"hn_prometheus","provider":"provider[\"registry.terraform.io/kreuzwerker/docker\"]","instances":[{"schema_version":0,"attributes":{"build":[],"force_remove":null,"id":"sha256:4a61322ac1103a0e3aea2a61ef1718422a48fa046441f299d71e660a3bc71ae9prom/prometheus@sha256:4a61322ac1103a0e3aea2a61ef1718422a48fa046441f299d71e660a3bc71ae9","image_id":"sha256:4a61322ac1103a0e3aea2a61ef1718422a48fa046441f299d71e660a3bc71ae9","keep_locally":true,"name":"prom/prometheus@sha256:4a61322ac1103a0e3aea2a61ef1718422a48fa046441f299d71e660a3bc71ae9","platform":null,"pull_triggers":null,"repo_digest":"prom/prometheus@sha256:4a61322ac1103a0e3aea2a61ef1718422a48fa046441f299d71e660a3bc71ae9","timeouts":null,"triggers":null},"sensitive_attributes":[],"private":"eyJlMmJmYjczMC1lY2FhLTExZTYtOGY4OC0zNDM2M2JjN2M0YzAiOnsiY3JlYXRlIjoxMjAwMDAwMDAwMDAwLCJkZWxldGUiOjEyMDAwMDAwMDAwMDAsInVwZGF0ZSI6MTIwMDAwMDAwMDAwMH19"}]},{"mode":"managed","type":"docker_image","name":"hn_reverse_proxy","provider":"provider[\"registry.terraform.io/kreuzwerker/docker\"]","instances":[{"schema_version":0,"attributes":{"build":[],"force_remove":null,"id":"sha256:6341b98aec5ec8969b99e9730f4c5b22cca3103d42b6bbe4b7a3c910758fe565traefik@sha256:6341b98aec5ec8969b99e9730f4c5b22cca3103d42b6bbe4b7a3c910758fe565","image_id":"sha256:6341b98aec5ec8969b99e9730f4c5b22cca3103d42b6bbe4b7a3c910758fe565","keep_locally":true,"name":"traefik@sha256:6341b98aec5ec8969b99e9730f4c5b22cca3103d42b6bbe4b7a3c910758fe565","platform":null,"pull_triggers":null,"repo_digest":"traefik@sha256:6341b98aec5ec8969b99e9730f4c5b22cca3103d42b6bbe4b7a3c910758fe565","timeouts":null,"triggers":null},"sensitive_attributes":[],"private":"eyJlMmJmYjczMC1lY2FhLTExZTYtOGY4OC0zNDM2M2JjN2M0YzAiOnsiY3JlYXRlIjoxMjAwMDAwMDAwMDAwLCJkZWxldGUiOjEyMDAwMDAwMDAwMDAsInVwZGF0ZSI6MTIwMDAwMDAwMDAwMH19"}]},{"mode":"managed","type":"docker_image","name":"hn_service_discovery","provider":"provider[\"registry.terraform.io/kreuzwerker/docker\"]","instances":[{"schema_version":0,"attributes":{"build":[],"force_remove":null,"id":"sha256:da6a5b7d071a84b3b150ce5a452e59e859e7d7c9d8ac141b80e65a2cb8f479c9consul@sha256:da6a5b7d071a84b3b150ce5a452e59e859e7d7c9d8ac141b80e65a2cb8f479c9","image_id":"sha256:da6a5b7d071a84b3b150ce5a452e59e859e7d7c9d8ac141b80e65a2cb8f479c9","keep_locally":true,"name":"consul@sha256:da6a5b7d071a84b3b150ce5a452e59e859e7d7c9d8ac141b80e65a2cb8f479c9","platform":null,"pull_triggers":null,"repo_digest":"consul@sha256:da6a5b7d071a84b3b150ce5a452e59e859e7d7c9d8ac141b80e65a2cb8f479c9","timeouts":null,"triggers":null},"sensitive_attributes":[],"private":"eyJlMmJmYjczMC1lY2FhLTExZTYtOGY4OC0zNDM2M2JjN2M0YzAiOnsiY3JlYXRlIjoxMjAwMDAwMDAwMDAwLCJkZWxldGUiOjEyMDAwMDAwMDAwMDAsInVwZGF0ZSI6MTIwMDAwMDAwMDAwMH19"}]},{"mode":"managed","type":"docker_image","name":"hn_stream_processor","provider":"provider[\"registry.terraform.io/kreuzwerker/docker\"]","instances":[{"schema_version":0,"attributes":{"build":[],"force_remove":null,"id":"sha256:5d0802b64c09f6d2c6e28123ec4d37226a254e77503bc8b12943dc11722996a5clickhouse/clickhouse-server@sha256:5d0802b64c09f6d2c6e28123ec4d37226a254e77503bc8b12943dc11722996a5","image_id":"sha256:5d0802b64c09f6d2c6e28123ec4d37226a254e77503bc8b12943dc11722996a5","keep_locally":true,"name":"clickhouse/clickhouse-server@sha256:5d0802b64c09f6d2c6e28123ec4d37226a254e77503bc8b12943dc11722996a5","platform":null,"pull_triggers":null,"repo_digest":"clickhouse/clickhouse-server@sha256:5d0802b64c09f6d2c6e28123ec4d37226a254e77503bc8b12943dc11722996a5","timeouts":null,"triggers":null},"sensitive_attributes":[],"private":"eyJlMmJmYjczMC1lY2FhLTExZTYtOGY4OC0zNDM2M2JjN2M0YzAiOnsiY3JlYXRlIjoxMjAwMDAwMDAwMDAwLCJkZWxldGUiOjEyMDAwMDAwMDAwMDAsInVwZGF0ZSI6MTIwMDAwMDAwMDAwMH19"}]},{"mode":"managed","type":"docker_image","name":"hn_weak_credential_db","provider":"provider[\"registry.terraform.io/kreuzwerker/docker\"]","instances":[{"schema_version":0,"attributes":{"build":[],"force_remove":null,"id":"sha256:64756cc92f707eb504496d774353990bcb0f6999ddf598b6ad188f2da66bd000mysql@sha256:64756cc92f707eb504496d774353990bcb0f6999ddf598b6ad188f2da66bd000","image_id":"sha256:64756cc92f707eb504496d774353990bcb0f6999ddf598b6ad188f2da66bd000","keep_locally":true,"name":"mysql@sha256:64756cc92f707eb504496d774353990bcb0f6999ddf598b6ad188f2da66bd000","platform":null,"pull_triggers":null,"repo_digest":"mysql@sha256:64756cc92f707eb504496d774353990bcb0f6999ddf598b6ad188f2da66bd000","timeouts":null,"triggers":null},"sensitive_attributes":[],"private":"eyJlMmJmYjczMC1lY2FhLTExZTYtOGY4OC0zNDM2M2JjN2M0YzAiOnsiY3JlYXRlIjoxMjAwMDAwMDAwMDAwLCJkZWxldGUiOjEyMDAwMDAwMDAwMDAsInVwZGF0ZSI6MTIwMDAwMDAwMDAwMH19"}]},{"mode":"managed","type":"docker_image","name":"hn_zookeeper","provider":"provider[\"registry.terraform.io/kreuzwerker/docker\"]","instances":[{"schema_version":0,"attributes":{"build":[],"force_remove":null,"id":"sha256:1e748974c86de0d11d94309303a1e0b1fab529a35814137f71d22bb4b197b671zookeeper@sha256:1e748974c86de0d11d94309303a1e0b1fab529a35814137f71d22bb4b197b671","image_id":"sha256:1e748974c86de0d11d94309303a1e0b1fab529a35814137f71d22bb4b197b671","keep_locally":true,"name":"zookeeper@sha256:1e748974c86de0d11d94309303a1e0b1fab529a35814137f71d22bb4b197b671","platform":null,"pull_triggers":null,"repo_digest":"zookeeper@sha256:1e748974c86de0d11d94309303a1e0b1fab529a35814137f71d22bb4b197b671","timeouts":null,"triggers":null},"sensitive_attributes":[],"private":"eyJlMmJmYjczMC1lY2FhLTExZTYtOGY4OC0zNDM2M2JjN2M0YzAiOnsiY3JlYXRlIjoxMjAwMDAwMDAwMDAwLCJkZWxldGUiOjEyMDAwMDAwMDAwMDAsInVwZGF0ZSI6MTIwMDAwMDAwMDAwMH19"}]},{"mode":"managed","type":"docker_network","name":"real_time_event_streaming_platform_api_zone","provider":"provider[\"registry.terraform.io/kreuzwerker/docker\"]","instances":[{"schema_version":1,"attributes":{"attachable":false,"check_duplicate":null,"driver":"bridge","id":"2dc5d44821e8fcf6e8119582dcef241b04e11c7284ddeb70626a9cf55b8353e1","ingress":false,"internal":false,"ipam_config":[{"aux_address":{},"gateway":"172.27.0.1","ip_range":"","subnet":"172.27.0.0/16"}],"ipam_driver":"default","ipam_options":null,"ipv6":false,"labels":[],"name":"real_time_event_streaming_platform_api_zone","options":{"com.docker.network.enable_ipv4":"true","com.docker.network.enable_ipv6":"false"},"scope":"local"},"sensitive_attributes":[],"private":"eyJzY2hlbWFfdmVyc2lvbiI6IjEifQ=="}]},{"mode":"managed","type":"docker_network","name":"real_time_event_streaming_platform_data_zone","provider":"provider[\"registry.terraform.io/kreuzwerker/docker\"]","instances":[{"schema_version":1,"attributes":{"attachable":false,"check_duplicate":null,"driver":"bridge","id":"928e34e21d50ea9dfcca2d89bfb2724fcb5c6554769993f49f4aee5d907b416d","ingress":false,"internal":true,"ipam_config":[{"aux_address":{},"gateway":"172.26.0.1","ip_range":"","subnet":"172.26.0.0/16"}],"ipam_driver":"default","ipam_options":null,"ipv6":false,"labels":[],"name":"real_time_event_streaming_platform_data_zone","options":{"com.docker.network.enable_ipv4":"true","com.docker.network.enable_ipv6":"false"},"scope":"local"},"sensitive_attributes":[],"private":"eyJzY2hlbWFfdmVyc2lvbiI6IjEifQ=="}]},{"mode":"managed","type":"docker_network","name":"real_time_event_streaming_platform_honeynet_backbone","provider":"provider[\"registry.terraform.io/kreuzwerker/docker\"]","instances":[{"schema_version":1,"attributes":{"attachable":false,"check_duplicate":null,"driver":"bridge","id":"40f393b2b5f1bab6d7a81a3cf5bbddc739f080a165409c799a3556d7979dd0f3","ingress":false,"internal":false,"ipam_config":[{"aux_address":{},"gateway":"172.25.0.1","ip_range":"","subnet":"172.25.0.0/16"}],"ipam_driver":"default","ipam_options":null,"ipv6":false,"labels":[],"name":"real_time_event_streaming_platform_honeynet_backbone","options":{"com.docker.network.enable_ipv4":"true","com.docker.network.enable_ipv6":"false"},"scope":"local"},"sensitive_attributes":[],"private":"eyJzY2hlbWFfdmVyc2lvbiI6IjEifQ=="}]},{"mode":"managed","type":"docker_network","name":"real_time_event_streaming_platform_internal_zone","provider":"provider[\"registry.terraform.io/kreuzwerker/docker\"]","instances":[{"schema_version":1,"attributes":{"attachable":false,"check_duplicate":null,"driver":"bridge","id":"4ff6f14e1227457719816677d7d1bea2e27d6dda90959d740e960c776e666af7","ingress":false,"internal":true,"ipam_config":[{"aux_address":{},"gateway":"172.24.0.1","ip_range":"","subnet":"172.24.0.0/16"}],"ipam_driver":"default","ipam_options":null,"ipv6":false,"labels":[],"name":"real_time_event_streaming_platform_internal_zone","options":{"com.docker.network.enable_ipv4":"true","com.docker.network.enable_ipv6":"false"},"scope":"local"},"sensitive_attributes":[],"private":"eyJzY2hlbWFfdmVyc2lvbiI6IjEifQ=="}]}],"check_results":null}
