{"version":4,"terraform_version":"1.11.5","serial":8,"lineage":"9bb8167e-bfe7-dc1a-5785-99ffac2f3b19","outputs":{},"resources":[{"mode":"managed","type":"docker_container","name":"hn_admin_panel","provider":"provider[\"registry.terraform.io/kreuzwerker/docker\"]","instances":[{"schema_version":2,"attributes":{"attach":false,"bridge":"","capabilities":[],"cgroup_parent":null,"cgroupns_mode":null,"command":["apache2-foreground"],"container_logs":null,"container_read_refresh_timeout_milliseconds":15000,"cpu_period":null,"cpu_quota":null,"cpu_set":"","cpu_shares":0,"cpus":null,"destroy_grace_seconds":null,"devices":[],"dns":null,"dns_opts":null,"dns_search":null,"domainname":"","entrypoint":["/docker-entrypoint.sh"],"env":[],"exit_code":null,"gpus":null,"group_add":null,"healthcheck":[{"interval":"30s","retries":3,"start_interval":"0s","start_period":"30s","test":["CMD-SHELL","curl -sf http://localhost/ || wget -qO- http://localhost/ || true"],"timeout":"10s"}],"host":[],"hostname":"admin.ops.satellite_ground_station.internal","id":"7d9c7daca5f11b6d4540eeeec44a2472a1cd8f81611092fa3356285b2c487032","image":"sha256:f3a5bfe8dbe509a2c9706c03c0ab9f82a74b0f2cb855f4b45a67f644d5368d5a","init":false,"ipc_mode":"private","labels":[{"label":"honeynet.managed","value":"true"},{"label":"honeynet.project","value":"satellite_ground_station"}],"log_driver":"json-file","log_opts":null,"logs":false,"max_retry_count":0,"memory":0,"memory_swap":0,"mounts":[],"must_run":true,"name":"hn_admin_panel","network_data":[{"gateway":"172.29.0.1","global_ipv6_address":"","global_ipv6_prefix_length":0,"ip_address":"172.29.0.4","ip_prefix_length":16,"ipv6_gateway":"","mac_address":"e6:f7:64:31:9a:68","network_name":"satellite_ground_station_ops_zone"}],"network_mode":"bridge","networks_advanced":[{"aliases":["admin_panel"],"ipv4_address":"","ipv6_address":"","name":"satellite_ground_station_ops_zone"}],"pid_mode":"","ports":[{"external":1025,"internal":80,"ip":"0.0.0.0","protocol":"tcp"}],"privileged":false,"publish_all_ports":false,"read_only":false,"remove_volumes":true,"restart":"no","rm":false,"runtime":"runc","security_opts":[],"shm_size":64,"start":true,"stdin_open":false,"stop_signal":"SIGWINCH","stop_timeout":1,"storage_opts":null,"sysctls":null,"tmpfs":null,"tty":false,"ulimit":[],"upload":[],"user":"root","userns_mode":"","volumes":[],"wait":false,"wait_timeout":60,"working_dir":"/var/www/html"},"sensitive_attributes":[],"private":"eyJzY2hlbWFfdmVyc2lvbiI6IjIifQ==","dependencies":["docker_image.hn_admin_panel","docker_network.satellite_ground_station_ops_zone"]}]},{"mode":"managed","type":"docker_container","name":"hn_fluentd","provider":"provider[\"registry.terraform.io/kreuzwerker/docker\"]","instances":[{"schema_version":2,"attributes":{"attach":false,"bridge":"","capabilities":[],"cgroup_parent":null,"cgroupns_mode":null,"command":["fluentd"],"container_logs":null,"container_read_refresh_timeout_milliseconds":15000,"cpu_period":null,"cpu_quota":null,"cpu_set":"","cpu_shares":0,"cpus":null,"destroy_grace_seconds":null,"devices":[],"dns":null,"dns_opts":null,"dns_search":null,"domainname":"","entrypoint":["tini","--","/bin/entrypoint.sh"],"env":["FLUENTD_CONF=fluent.conf","LD_PRELOAD=default"],"exit_code":null,"gpus":null,"group_add":null,"healthcheck":[{"interval":"30s","retries":3,"start_interval":"0s","start_period":"30s","test":["CMD-SHELL","true"],"timeout":"10s"}],"host":[],"hostname":"fluentd.security.satellite_ground_station.internal","id":"f97c69a2939911a9e8f3d53644608a3a7454c3502ce2fb0fac59902392c57f12","image":"sha256:3e0bd37d74c95cff04a5a70ca4bb7470c6f807075cb914c1267c89f5801e1333","init":false,"ipc_mode":"private","labels":[{"label":"honeynet.managed","value":"true"},{"label":"honeynet.project","value":"satellite_ground_station"}],"log_driver":"json-file","log_opts":null,"logs":false,"max_retry_count":0,"memory":0,"memory_swap":0,"mounts":[],"must_run":true,"name":"hn_fluentd","network_data":[{"gateway":"","global_ipv6_address":"","global_ipv6_prefix_length":0,"ip_address":"172.27.0.3","ip_prefix_length":16,"ipv6_gateway":"","mac_address":"fa:bc:fd:ee:16:5f","network_name":"satellite_ground_station_security_zone"},{"gateway":"","global_ipv6_address":"","global_ipv6_prefix_length":0,"ip_address":"172.25.0.5","ip_prefix_length":16,"ipv6_gateway":"","mac_address":"22:99:85:ac:94:d7","network_name":"satellite_ground_station_telemetry_zone"}],"network_mode":"bridge","networks_advanced":[{"aliases":["fluentd"],"ipv4_address":"","ipv6_address":"","name":"satellite_ground_station_security_zone"},{"aliases":["fluentd"],"ipv4_address":"","ipv6_address":"","name":"satellite_ground_station_telemetry_zone"}],"pid_mode":"","ports":[],"privileged":false,"publish_all_ports":false,"read_only":false,"remove_volumes":true,"restart":"no","rm":false,"runtime":"runc","security_opts":[],"shm_size":64,"start":true,"stdin_open":false,"stop_signal":"","stop_timeout":1,"storage_opts":null,"sysctls":null,"tmpfs":null,"tty":false,"ulimit":[],"upload":[],"user":"fluent","userns_mode":"","volumes":[],"wait":false,"wait_timeout":60,"working_dir":""},"sensitive_attributes":[],"private":"eyJzY2hlbWFfdmVyc2lvbiI6IjIifQ==","dependencies":["docker_container.hn_log_collector","docker_image.hn_fluentd","docker_image.hn_log_collector","docker_network.satellite_ground_station_security_zone","docker_network.satellite_ground_station_telemetry_zone"]}]},{"mode":"managed","type":"docker_container","name":"hn_grafana_dashboard","provider":"provider[\"registry.terraform.io/kreuzwerker/docker\"]","instances":[{"schema_version":2,"attributes":{"attach":false,"bridge":"","capabilities":[],"cgroup_parent":null,"cgroupns_mode":null,"command":[],"container_logs":null,"container_read_refresh_timeout_milliseconds":15000,"cpu_period":null,"cpu_quota":null,"cpu_set":"","cpu_shares":0,"cpus":null,"destroy_grace_seconds":null,"devices":[],"dns":null,"dns_opts":null,"dns_search":null,"domainname":"","entrypoint":["/run.sh"],"env":[],"exit_code":null,"gpus":null,"group_add":null,"healthcheck":[{"interval":"30s","retries":3,"start_interval":"0s","start_period":"30s","test":["CMD-SHELL","curl -sf http://localhost:3000/ || wget -qO- http://localhost:3000/ || true"],"timeout":"10s"}],"host":[],"hostname":"grafana.security.satellite_ground_station.internal","id":"ba667415f63c7c596d67b914078b9018d474c8acfba011fe07055a4903d7a39b","image":"sha256:1ee0c54286b8ca09a3dd1419ff8653e7780a148a006ac088544203bb0affe550","init":false,"ipc_mode":"private","labels":[{"label":"honeynet.managed","value":"true"},{"label":"honeynet.project","value":"satellite_ground_station"}],"log_driver":"json-file","log_opts":null,"logs":false,"max_retry_count":0,"memory":0,"memory_swap":0,"mounts":[],"must_run":true,"name":"hn_grafana_dashboard","network_data":[{"gateway":"","global_ipv6_address":"","global_ipv6_prefix_length":0,"ip_address":"172.27.0.2","ip_prefix_length":16,"ipv6_gateway":"","mac_address":"0e:3d:16:cc:e7:8d","network_name":"satellite_ground_station_security_zone"}],"network_mode":"bridge","networks_advanced":[{"aliases":["grafana_dashboard"],"ipv4_address":"","ipv6_address":"","name":"satellite_ground_station_security_zone"}],"pid_mode":"","ports":[],"privileged":false,"publish_all_ports":false,"read_only":false,"remove_volumes":true,"restart":"no","rm":false,"runtime":"runc","security_opts":[],"shm_size":64,"start":true,"stdin_open":false,"stop_signal":"","stop_timeout":1,"storage_opts":null,"sysctls":null,"tmpfs":null,"tty":false,"ulimit":[],"upload":[],"user":"472","userns_mode":"","volumes":[],"wait":false,"wait_timeout":60,"working_dir":"/usr/share/grafana"},"sensitive_attributes":[],"private":"eyJzY2hlbWFfdmVyc2lvbiI6IjIifQ==","dependencies":["docker_image.hn_grafana_dashboard","docker_network.satellite_ground_station_security_zone"]}]},{"mode":"managed","type":"docker_container","name":"hn_log_collector","provider":"provider[\"registry.terraform.io/kreuzwerker/docker\"]","instances":[{"schema_version":2,"attributes":{"attach":false,"bridge":"","capabilities":[],"cgroup_parent":null,"cgroupns_mode":null,"command":["-config.file=/etc/loki/local-config.yaml"],"container_logs":null,"container_read_refresh_timeout_milliseconds":15000,"cpu_period":null,"cpu_quota":null,"cpu_set":"","cpu_shares":0,"cpus":null,"destroy_grace_seconds":null,"devices":[],"dns":null,"dns_opts":null,"dns_search":null,"domainname":"","entrypoint":["/usr/bin/loki"],"env":[],"exit_code":null,"gpus":null,"group_add":null,"healthcheck":[{"interval":"30s","retries":3,"start_interval":"0s","start_period":"30s","test":["CMD-SHELL","nc -z localhost 3100 || (echo \u003e /dev/tcp/localhost/3100) 2\u003e/dev/null || true"],"timeout":"10s"}],"host":[],"hostname":"loki.telemetry.satellite_ground_station.internal","id":"1750eaa8a191c36a6acc9f8b61b0b6f59fbc4541e5d9298f8cb8d3c7e96bb63d","image":"sha256:eb92f1a439171542fd718f929fad38c917b3cad15ec830ba4742e2ba5ab03313","init":false,"ipc_mode":"private","labels":[{"label":"honeynet.managed","value":"true"},{"label":"honeynet.project","value":"satellite_ground_station"}],"log_driver":"json-file","log_opts":null,"logs":false,"max_retry_count":0,"memory":0,"memory_swap":0,"mounts":[],"must_run":true,"name":"hn_log_collector","network_data":[{"gateway":"","global_ipv6_address":"","global_ipv6_prefix_length":0,"ip_address":"172.25.0.2","ip_prefix_length":16,"ipv6_gateway":"","mac_address":"3a:97:62:de:32:10","network_name":"satellite_ground_station_telemetry_zone"}],"network_mode":"bridge","networks_advanced":[{"aliases":["log_collector"],"ipv4_address":"","ipv6_address":"","name":"satellite_ground_station_telemetry_zone"}],"pid_mode":"","ports":[],"privileged":false,"publish_all_ports":false,"read_only":false,"remove_volumes":true,"restart":"no","rm":false,"runtime":"runc","security_opts":[],"shm_size":64,"start":true,"stdin_open":false,"stop_signal":"","stop_timeout":1,"storage_opts":null,"sysctls":null,"tmpfs":null,"tty":false,"ulimit":[],"upload":[],"user":"10001","userns_mode":"","volumes":[],"wait":false,"wait_timeout":60,"working_dir":""},"sensitive_attributes":[],"private":"eyJzY2hlbWFfdmVyc2lvbiI6IjIifQ==","dependencies":["docker_image.hn_log_collector","docker_network.satellite_ground_station_telemetry_zone"]}]},{"mode":"managed","type":"docker_container","name":"hn_mission_control_dashboard","provider":"provider[\"registry.terraform.io/kreuzwerker/docker\"]","instances":[{"schema_version":2,"attributes":{"attach":false,"bridge":"","capabilities":[],"cgroup_parent":null,"cgroupns_mode":null,"command":[],"container_logs":null,"container_read_refresh_timeout_milliseconds":15000,"cpu_period":null,"cpu_quota":null,"cpu_set":"","cpu_shares":0,"cpus":null,"destroy_grace_seconds":null,"devices":[],"dns":null,"dns_opts":null,"dns_search":null,"domainname":"","entrypoint":["/run.sh"],"env":[],"exit_code":null,"gpus":null,"group_add":null,"healthcheck":[{"interval":"30s","retries":3,"start_interval":"0s","start_period":"30s","test":["CMD","wget","--spider","http://localhost:3000/api/health"],"timeout":"10s"}],"host":[],"hostname":"dashboard.ops.satellite_ground_station.internal","id":"b36c02804e9c10aa49da13000796fdedc323baf667eba72a4deef89ddfdfb3ff","image":"sha256:1ee0c54286b8ca09a3dd1419ff8653e7780a148a006ac088544203bb0affe550","init":false,"ipc_mode":"private","labels":[{"label":"honeynet.managed","value":"true"},{"label":"honeynet.project","value":"satellite_ground_station"}],"log_driver":"json-file","log_opts":null,"logs":false,"max_retry_count":0,"memory":0,"memory_swap":0,"mounts":[],"must_run":true,"name":"hn_mission_control_dashboard","network_data":[{"gateway":"172.29.0.1","global_ipv6_address":"","global_ipv6_prefix_length":0,"ip_address":"172.29.0.2","ip_prefix_length":16,"ipv6_gateway":"","mac_address":"42:cc:f5:2e:1d:c6","network_name":"satellite_ground_station_ops_zone"}],"network_mode":"bridge","networks_advanced":[{"aliases":["mission_control_dashboard"],"ipv4_address":"","ipv6_address":"","name":"satellite_ground_station_ops_zone"}],"pid_mode":"","ports":[{"external":3002,"internal":3000,"ip":"0.0.0.0","protocol":"tcp"}],"privileged":false,"publish_all_ports":false,"read_only":false,"remove_volumes":true,"restart":"no","rm":false,"runtime":"runc","security_opts":[],"shm_size":64,"start":true,"stdin_open":false,"stop_signal":"","stop_timeout":1,"storage_opts":null,"sysctls":null,"tmpfs":null,"tty":false,"ulimit":[],"upload":[],"user":"472","userns_mode":"","volumes":[],"wait":false,"wait_timeout":60,"working_dir":"/usr/share/grafana"},"sensitive_attributes":[],"private":"eyJzY2hlbWFfdmVyc2lvbiI6IjIifQ==","dependencies":["docker_image.hn_mission_control_dashboard","docker_network.satellite_ground_station_ops_zone"]}]},{"mode":"managed","type":"docker_container","name":"hn_monitoring_agent","provider":"provider[\"registry.terraform.io/kreuzwerker/docker\"]","instances":[{"schema_version":2,"attributes":{"attach":false,"bridge":"","capabilities":[],"cgroup_parent":null,"cgroupns_mode":null,"command":["--config.file=/etc/prometheus/prometheus.yml","--storage.tsdb.path=/prometheus","--web.console.libraries=/usr/share/prometheus/console_libraries","--web.console.templates=/usr/share/prometheus/consoles"],"container_logs":null,"container_read_refresh_timeout_milliseconds":15000,"cpu_period":null,"cpu_quota":null,"cpu_set":"","cpu_shares":0,"cpus":null,"destroy_grace_seconds":null,"devices":[],"dns":null,"dns_opts":null,"dns_search":null,"domainname":"","entrypoint":["/bin/prometheus"],"env":[],"exit_code":null,"gpus":null,"group_add":null,"healthcheck":[{"interval":"30s","retries":3,"start_interval":"0s","start_period":"30s","test":["CMD","wget","--spider","http://localhost:9090/-/healthy"],"timeout":"10s"}],"host":[],"hostname":"agent.telemetry.satellite_ground_station.internal","id":"c94ce2946deffae7f462782c827228d49cebbcd5159ffe18514b8f7196541d0d","image":"sha256:b440bc0e8aa5bab44a782952c09516b6a50f9d7b2325c1ffafac7bc833298e2e","init":false,"ipc_mode":"private","labels":[{"label":"honeynet.managed","value":"true"},{"label":"honeynet.project","value":"satellite_ground_station"}],"log_driver":"json-file","log_opts":null,"logs":false,"max_retry_count":0,"memory":0,"memory_swap":0,"mounts":[],"must_run":true,"name":"hn_monitoring_agent","network_data":[{"gateway":"","global_ipv6_address":"","global_ipv6_prefix_length":0,"ip_address":"172.25.0.3","ip_prefix_length":16,"ipv6_gateway":"","mac_address":"e2:72:6d:13:db:52","network_name":"satellite_ground_station_telemetry_zone"}],"network_mode":"bridge","networks_advanced":[{"aliases":["monitoring_agent"],"ipv4_address":"","ipv6_address":"","name":"satellite_ground_station_telemetry_zone"}],"pid_mode":"","ports":[],"privileged":false,"publish_all_ports":false,"read_only":false,"remove_volumes":true,"restart":"no","rm":false,"runtime":"runc","security_opts":[],"shm_size":64,"start":true,"stdin_open":false,"stop_signal":"","stop_timeout":1,"storage_opts":null,"sysctls":null,"tmpfs":null,"tty":false,"ulimit":[],"upload":[],"user":"nobody","userns_mode":"","volumes":[],"wait":false,"wait_timeout":60,"working_dir":"/prometheus"},"sensitive_attributes":[],"private":"eyJzY2hlbWFfdmVyc2lvbiI6IjIifQ==","dependencies":["docker_image.hn_monitoring_agent","docker_network.satellite_ground_station_telemetry_zone"]}]},{"mode":"managed","type":"docker_container","name":"hn_service_discovery","provider":"provider[\"registry.terraform.io/kreuzwerker/docker\"]","instances":[{"schema_version":2,"attributes":{"attach":false,"bridge":"","capabilities":[],"cgroup_parent":null,"cgroupns_mode":null,"command":["agent","-dev","-client","0.0.0.0"],"container_logs":null,"container_read_refresh_timeout_milliseconds":15000,"cpu_period":null,"cpu_quota":null,"cpu_set":"","cpu_shares":0,"cpus":null,"destroy_grace_seconds":null,"devices":[],"dns":null,"dns_opts":null,"dns_search":null,"domainname":"","entrypoint":["docker-entrypoint.sh"],"env":[],"exit_code":null,"gpus":null,"group_add":null,"healthcheck":[{"interval":"30s","retries":3,"start_interval":"0s","start_period":"30s","test":["CMD-SHELL","consul members | grep -q alive"],"timeout":"10s"}],"host":[],"hostname":"discovery.telemetry.satellite_ground_station.internal","id":"fe12a1cafd99082fdbf2b3495352fd477f3e3ca711fb2b9d32bec2f049f874c0","image":"sha256:fa5020e2307bc941e4317207de1ab55f2c7a8cd6b02c0592cce1cd20ec8a7f87","init":false,"ipc_mode":"private","labels":[{"label":"honeynet.managed","value":"true"},{"label":"honeynet.project","value":"satellite_ground_station"}],"log_driver":"json-file","log_opts":null,"logs":false,"max_retry_count":0,"memory":0,"memory_swap":0,"mounts":[],"must_run":true,"name":"hn_service_discovery","network_data":[{"gateway":"","global_ipv6_address":"","global_ipv6_prefix_length":0,"ip_address":"172.25.0.4","ip_prefix_length":16,"ipv6_gateway":"","mac_address":"52:6e:0e:80:2f:8a","network_name":"satellite_ground_station_telemetry_zone"}],"network_mode":"bridge","networks_advanced":[{"aliases":["service_discovery"],"ipv4_address":"","ipv6_address":"","name":"satellite_ground_station_telemetry_zone"}],"pid_mode":"","ports":[],"privileged":false,"publish_all_ports":false,"read_only":false,"remove_volumes":true,"restart":"no","rm":false,"runtime":"runc","security_opts":[],"shm_size":64,"start":true,"stdin_open":false,"stop_signal":"","stop_timeout":1,"storage_opts":null,"sysctls":null,"tmpfs":null,"tty":false,"ulimit":[],"upload":[],"user":"","userns_mode":"","volumes":[],"wait":false,"wait_timeout":60,"working_dir":""},"sensitive_attributes":[],"private":"eyJzY2hlbWFfdmVyc2lvbiI6IjIifQ==","dependencies":["docker_image.hn_service_discovery","docker_network.satellite_ground_station_telemetry_zone"]}]},{"mode":"managed","type":"docker_container","name":"hn_telemetry_dashboard","provider":"provider[\"registry.terraform.io/kreuzwerker/docker\"]","instances":[{"schema_version":2,"attributes":{"attach":false,"bridge":"","capabilities":[],"cgroup_parent":null,"cgroupns_mode":null,"command":[],"container_logs":null,"container_read_refresh_timeout_milliseconds":15000,"cpu_period":null,"cpu_quota":null,"cpu_set":"","cpu_shares":0,"cpus":null,"destroy_grace_seconds":null,"devices":[],"dns":null,"dns_opts":null,"dns_search":null,"domainname":"","entrypoint":["/run.sh"],"env":[],"exit_code":null,"gpus":null,"group_add":null,"healthcheck":[{"interval":"30s","retries":3,"start_interval":"0s","start_period":"30s","test":["CMD-SHELL","curl -sf http://localhost:3000/ || wget -qO- http://localhost:3000/ || true"],"timeout":"10s"}],"host":[],"hostname":"telemetry-dashboard.ops.satellite_ground_station.internal","id":"f8981715844a59c931eede9b6124950a305cf5e78a014041d22359949a1c4869","image":"sha256:1ee0c54286b8ca09a3dd1419ff8653e7780a148a006ac088544203bb0affe550","init":false,"ipc_mode":"private","labels":[{"label":"honeynet.managed","value":"true"},{"label":"honeynet.project","value":"satellite_ground_station"}],"log_driver":"json-file","log_opts":null,"logs":false,"max_retry_count":0,"memory":0,"memory_swap":0,"mounts":[],"must_run":true,"name":"hn_telemetry_dashboard","network_data":[{"gateway":"172.29.0.1","global_ipv6_address":"","global_ipv6_prefix_length":0,"ip_address":"172.29.0.3","ip_prefix_length":16,"ipv6_gateway":"","mac_address":"a2:f1:89:89:72:b9","network_name":"satellite_ground_station_ops_zone"}],"network_mode":"bridge","networks_advanced":[{"aliases":["telemetry_dashboard"],"ipv4_address":"","ipv6_address":"","name":"satellite_ground_station_ops_zone"}],"pid_mode":"","ports":[{"external":3003,"internal":3000,"ip":"0.0.0.0","protocol":"tcp"}],"privileged":false,"publish_all_ports":false,"read_only":false,"remove_volumes":true,"restart":"no","rm":false,"runtime":"runc","security_opts":[],"shm_size":64,"start":true,"stdin_open":false,"stop_signal":"","stop_timeout":1,"storage_opts":null,"sysctls":null,"tmpfs":null,"tty":false,"ulimit":[],"upload":[],"user":"472","userns_mode":"","volumes":[],"wait":false,"wait_timeout":60,"working_dir":"/usr/share/grafana"},"sensitive_attributes":[],"private":"eyJzY2hlbWFfdmVyc2lvbiI6IjIifQ==","dependencies":["docker_image.hn_telemetry_dashboard","docker_network.satellite_ground_station_ops_zone"]}]},{"mode":"managed","type":"docker_image","name":"hn_admin_panel","provider":"provider[\"registry.terraform.io/kreuzwerker/docker\"]","instances":[{"schema_version":0,"attributes":{"build":[],"force_remove":null,"id":"sha256:f3a5bfe8dbe509a2c9706c03c0ab9f82a74b0f2cb855f4b45a67f644d5368d5aphpmyadmin@sha256:f3a5bfe8dbe509a2c9706c03c0ab9f82a74b0f2cb855f4b45a67f644d5368d5a","image_id":"sha256:f3a5bfe8dbe509a2c9706c03c0ab9f82a74b0f2cb855f4b45a67f644d5368d5a","keep_locally":true,"name":"phpmyadmin@sha256:f3a5bfe8dbe509a2c9706c03c0ab9f82a74b0f2cb855f4b45a67f644d5368d5a","platform":null,"pull_triggers":null,"repo_digest":"phpmyadmin@sha256:f3a5bfe8dbe509a2c9706c03c0ab9f82a74b0f2cb855f4b45a67f644d5368d5a","timeouts":null,"triggers":null},"sensitive_attributes":[],"private":"eyJlMmJmYjczMC1lY2FhLTExZTYtOGY4OC0zNDM2M2JjN2M0YzAiOnsiY3JlYXRlIjoxMjAwMDAwMDAwMDAwLCJkZWxldGUiOjEyMDAwMDAwMDAwMDAsInVwZGF0ZSI6MTIwMDAwMDAwMDAwMH19"}]},{"mode":"managed","type":"docker_image","name":"hn_fluentd","provider":"provider[\"registry.terraform.io/kreuzwerker/docker\"]","instances":[{"schema_version":0,"attributes":{"build":[],"force_remove":null,"id":"sha256:3e0bd37d74c95cff04a5a70ca4bb7470c6f807075cb914c1267c89f5801e1333fluent/fluentd@sha256:3e0bd37d74c95cff04a5a70ca4bb7470c6f807075cb914c1267c89f5801e1333","image_id":"sha256:3e0bd37d74c95cff04a5a70ca4bb7470c6f807075cb914c1267c89f5801e1333","keep_locally":true,"name":"fluent/fluentd@sha256:3e0bd37d74c95cff04a5a70ca4bb7470c6f807075cb914c1267c89f5801e1333","platform":null,"pull_triggers":null,"repo_digest":"fluent/fluentd@sha256:3e0bd37d74c95cff04a5a70ca4bb7470c6f807075cb914c1267c89f5801e1333","timeouts":null,"triggers":null},"sensitive_attributes":[],"private":"eyJlMmJmYjczMC1lY2FhLTExZTYtOGY4OC0zNDM2M2JjN2M0YzAiOnsiY3JlYXRlIjoxMjAwMDAwMDAwMDAwLCJkZWxldGUiOjEyMDAwMDAwMDAwMDAsInVwZGF0ZSI6MTIwMDAwMDAwMDAwMH19"}]},{"mode":"managed","type":"docker_image","name":"hn_grafana_dashboard","provider":"provider[\"registry.terraform.io/kreuzwerker/docker\"]","instances":[{"schema_version":0,"attributes":{"build":[],"force_remove":null,"id":"sha256:1ee0c54286b8ca09a3dd1419ff8653e7780a148a006ac088544203bb0affe550grafana/grafana@sha256:1ee0c54286b8ca09a3dd1419ff8653e7780a148a006ac088544203bb0affe550","image_id":"sha256:1ee0c54286b8ca09a3dd1419ff8653e7780a148a006ac088544203bb0affe550","keep_locally":true,"name":"grafana/grafana@sha256:1ee0c54286b8ca09a3dd1419ff8653e7780a148a006ac088544203bb0affe550","platform":null,"pull_triggers":null,"repo_digest":"grafana/grafana@sha256:1ee0c54286b8ca09a3dd1419ff8653e7780a148a006ac088544203bb0affe550","timeouts":null,"triggers":null},"sensitive_attributes":[],"private":"eyJlMmJmYjczMC1lY2FhLTExZTYtOGY4OC0zNDM2M2JjN2M0YzAiOnsiY3JlYXRlIjoxMjAwMDAwMDAwMDAwLCJkZWxldGUiOjEyMDAwMDAwMDAwMDAsInVwZGF0ZSI6MTIwMDAwMDAwMDAwMH19"}]},{"mode":"managed","type":"docker_image","name":"hn_log_collector","provider":"provider[\"registry.terraform.io/kreuzwerker/docker\"]","instances":[{"schema_version":0,"attributes":{"build":[],"force_remove":null,"id":"sha256:eb92f1a439171542fd718f929fad38c917b3cad15ec830ba4742e2ba5ab03313grafana/loki@sha256:eb92f1a439171542fd718f929fad38c917b3cad15ec830ba4742e2ba5ab03313","image_id":"sha256:eb92f1a439171542fd718f929fad38c917b3cad15ec830ba4742e2ba5ab03313","keep_locally":true,"name":"grafana/loki@sha256:eb92f1a439171542fd718f929fad38c917b3cad15ec830ba4742e2ba5ab03313","platform":null,"pull_triggers":null,"repo_digest":"grafana/loki@sha256:eb92f1a439171542fd718f929fad38c917b3cad15ec830ba4742e2ba5ab03313","timeouts":null,"triggers":null},"sensitive_attributes":[],"private":"eyJlMmJmYjczMC1lY2FhLTExZTYtOGY4OC0zNDM2M2JjN2M0YzAiOnsiY3JlYXRlIjoxMjAwMDAwMDAwMDAwLCJkZWxldGUiOjEyMDAwMDAwMDAwMDAsInVwZGF0ZSI6MTIwMDAwMDAwMDAwMH19"}]},{"mode":"managed","type":"docker_image","name":"hn_mission_control_dashboard","provider":"provider[\"registry.terraform.io/kreuzwerker/docker\"]","instances":[{"schema_version":0,"attributes":{"build":[],"force_remove":null,"id":"sha256:1ee0c54286b8ca09a3dd1419ff8653e7780a148a006ac088544203bb0affe550grafana/grafana@sha256:1ee0c54286b8ca09a3dd1419ff8653e7780a148a006ac088544203bb0affe550","image_id":"sha256:1ee0c54286b8ca09a3dd1419ff8653e7780a148a006ac088544203bb0affe550","keep_locally":true,"name":"grafana/grafana@sha256:1ee0c54286b8ca09a3dd1419ff8653e7780a148a006ac088544203bb0affe550","platform":null,"pull_triggers":null,"repo_digest":"grafana/grafana@sha256:1ee0c54286b8ca09a3dd1419ff8653e7780a148a006ac088544203bb0affe550","timeouts":null,"triggers":null},"sensitive_attributes":[],"private":"eyJlMmJmYjczMC1lY2FhLTExZTYtOGY4OC0zNDM2M2JjN2M0YzAiOnsiY3JlYXRlIjoxMjAwMDAwMDAwMDAwLCJkZWxldGUiOjEyMDAwMDAwMDAwMDAsInVwZGF0ZSI6MTIwMDAwMDAwMDAwMH19"}]},{"mode":"managed","type":"docker_image","name":"hn_monitoring_agent","provider":"provider[\"registry.terraform.io/kreuzwerker/docker\"]","instances":[{"schema_version":0,"attributes":{"build":[],"force_remove":null,"id":"sha256:b440bc0e8aa5bab44a782952c09516b6a50f9d7b2325c1ffafac7bc833298e2eprom/prometheus@sha256:b440bc0e8aa5bab44a782952c09516b6a50f9d7b2325c1ffafac7bc833298e2e","image_id":"sha256:b440bc0e8aa5bab44a782952c09516b6a50f9d7b2325c1ffafac7bc833298e2e","keep_locally":true,"name":"prom/prometheus@sha256:b440bc0e8aa5bab44a782952c09516b6a50f9d7b2325c1ffafac7bc833298e2e","platform":null,"pull_triggers":null,"repo_digest":"prom/prometheus@sha256:b440bc0e8aa5bab44a782952c09516b6a50f9d7b2325c1ffafac7bc833298e2e","timeouts":null,"triggers":null},"sensitive_attributes":[],"private":"eyJlMmJmYjczMC1lY2FhLTExZTYtOGY4OC0zNDM2M2JjN2M0YzAiOnsiY3JlYXRlIjoxMjAwMDAwMDAwMDAwLCJkZWxldGUiOjEyMDAwMDAwMDAwMDAsInVwZGF0ZSI6MTIwMDAwMDAwMDAwMH19"}]},{"mode":"managed","type":"docker_image","name":"hn_service_discovery","provider":"provider[\"registry.terraform.io/kreuzwerker/docker\"]","instances":[{"schema_version":0,"attributes":{"build":[],"force_remove":null,"id":"sha256:fa5020e2307bc941e4317207de1ab55f2c7a8cd6b02c0592cce1cd20ec8a7f87hashicorp/consul@sha256:fa5020e2307bc941e4317207de1ab55f2c7a8cd6b02c0592cce1cd20ec8a7f87","image_id":"sha256:fa5020e2307bc941e4317207de1ab55f2c7a8cd6b02c0592cce1cd20ec8a7f87","keep_locally":true,"name":"hashicorp/consul@sha256:fa5020e2307bc941e4317207de1ab55f2c7a8cd6b02c0592cce1cd20ec8a7f87","platform":null,"pull_triggers":null,"repo_digest":"hashicorp/consul@sha256:fa5020e2307bc941e4317207de1ab55f2c7a8cd6b02c0592cce1cd20ec8a7f87","timeouts":null,"triggers":null},"sensitive_attributes":[],"private":"eyJlMmJmYjczMC1lY2FhLTExZTYtOGY4OC0zNDM2M2JjN2M0YzAiOnsiY3JlYXRlIjoxMjAwMDAwMDAwMDAwLCJkZWxldGUiOjEyMDAwMDAwMDAwMDAsInVwZGF0ZSI6MTIwMDAwMDAwMDAwMH19"}]},{"mode":"managed","type":"docker_image","name":"hn_telemetry_dashboard","provider":"provider[\"registry.terraform.io/kreuzwerker/docker\"]","instances":[{"schema_version":0,"attributes":{"build":[],"force_remove":null,"id":"sha256:1ee0c54286b8ca09a3dd1419ff8653e7780a148a006ac088544203bb0affe550grafana/grafana@sha256:1ee0c54286b8ca09a3dd1419ff8653e7780a148a006ac088544203bb0affe550","image_id":"sha256:1ee0c54286b8ca09a3dd1419ff8653e7780a148a006ac088544203bb0affe550","keep_locally":true,"name":"grafana/grafana@sha256:1ee0c54286b8ca09a3dd1419ff8653e7780a148a006ac088544203bb0affe550","platform":null,"pull_triggers":null,"repo_digest":"grafana/grafana@sha256:1ee0c54286b8ca09a3dd1419ff8653e7780a148a006ac088544203bb0affe550","timeouts":null,"triggers":null},"sensitive_attributes":[],"private":"eyJlMmJmYjczMC1lY2FhLTExZTYtOGY4OC0zNDM2M2JjN2M0YzAiOnsiY3JlYXRlIjoxMjAwMDAwMDAwMDAwLCJkZWxldGUiOjEyMDAwMDAwMDAwMDAsInVwZGF0ZSI6MTIwMDAwMDAwMDAwMH19"}]},{"mode":"managed","type":"docker_network","name":"satellite_ground_station_command_zone","provider":"provider[\"registry.terraform.io/kreuzwerker/docker\"]","instances":[{"schema_version":1,"attributes":{"attachable":false,"check_duplicate":null,"driver":"bridge","id":"196feb7b47f103e42b9b74a9bd7cbdff32e11e531fedb0d53b04438f7cbfe3e2","ingress":false,"internal":true,"ipam_config":[{"aux_address":{},"gateway":"172.24.0.1","ip_range":"","subnet":"172.24.0.0/16"}],"ipam_driver":"default","ipam_options":null,"ipv6":false,"labels":[],"name":"satellite_ground_station_command_zone","options":{"com.docker.network.enable_ipv4":"true","com.docker.network.enable_ipv6":"false"},"scope":"local"},"sensitive_attributes":[],"private":"eyJzY2hlbWFfdmVyc2lvbiI6IjEifQ=="}]},{"mode":"managed","type":"docker_network","name":"satellite_ground_station_data_zone","provider":"provider[\"registry.terraform.io/kreuzwerker/docker\"]","instances":[{"schema_version":1,"attributes":{"attachable":false,"check_duplicate":null,"driver":"bridge","id":"7a978a16983f3dcac4a556f73035a6c9ea77de08b60d75043df335f7ac7f1766","ingress":false,"internal":true,"ipam_config":[{"aux_address":{},"gateway":"172.26.0.1","ip_range":"","subnet":"172.26.0.0/16"}],"ipam_driver":"default","ipam_options":null,"ipv6":false,"labels":[],"name":"satellite_ground_station_data_zone","options":{"com.docker.network.enable_ipv4":"true","com.docker.network.enable_ipv6":"false"},"scope":"local"},"sensitive_attributes":[],"private":"eyJzY2hlbWFfdmVyc2lvbiI6IjEifQ=="}]},{"mode":"managed","type":"docker_network","name":"satellite_ground_station_honeynet_backbone","provider":"provider[\"registry.terraform.io/kreuzwerker/docker\"]","instances":[{"schema_version":1,"attributes":{"attachable":false,"check_duplicate":null,"driver":"bridge","id":"f8d073024f4e7d9d465a0f001a2691f2e321aed3f081e423314083f6824168a9","ingress":false,"internal":false,"ipam_config":[{"aux_address":{},"gateway":"172.28.0.1","ip_range":"","subnet":"172.28.0.0/16"}],"ipam_driver":"default","ipam_options":null,"ipv6":false,"labels":[],"name":"satellite_ground_station_honeynet_backbone","options":{"com.docker.network.enable_ipv4":"true","com.docker.network.enable_ipv6":"false"},"scope":"local"},"sensitive_attributes":[],"private":"eyJzY2hlbWFfdmVyc2lvbiI6IjEifQ=="}]},{"mode":"managed","type":"docker_network","name":"satellite_ground_station_ops_zone","provider":"provider[\"registry.terraform.io/kreuzwerker/docker\"]","instances":[{"schema_version":1,"attributes":{"attachable":false,"check_duplicate":null,"driver":"bridge","id":"7f580a428befb10eef0b09c5549ab3526e4ff6e2bb12d71dcb6bf736018d59e5","ingress":false,"internal":false,"ipam_config":[{"aux_address":{},"gateway":"172.29.0.1","ip_range":"","subnet":"172.29.0.0/16"}],"ipam_driver":"default","ipam_options":null,"ipv6":false,"labels":[],"name":"satellite_ground_station_ops_zone","options":{"com.docker.network.enable_ipv4":"true","com.docker.network.enable_ipv6":"false"},"scope":"local"},"sensitive_attributes":[],"private":"eyJzY2hlbWFfdmVyc2lvbiI6IjEifQ=="}]},{"mode":"managed","type":"docker_network","name":"satellite_ground_station_security_zone","provider":"provider[\"registry.terraform.io/kreuzwerker/docker\"]","instances":[{"schema_version":1,"attributes":{"attachable":false,"check_duplicate":null,"driver":"bridge","id":"bfc01036b4359f724347103497f8965248c34d3f60ed6edcc43e5f0fac794eb6","ingress":false,"internal":true,"ipam_config":[{"aux_address":{},"gateway":"172.27.0.1","ip_range":"","subnet":"172.27.0.0/16"}],"ipam_driver":"default","ipam_options":null,"ipv6":false,"labels":[],"name":"satellite_ground_station_security_zone","options":{"com.docker.network.enable_ipv4":"true","com.docker.network.enable_ipv6":"false"},"scope":"local"},"sensitive_attributes":[],"private":"eyJzY2hlbWFfdmVyc2lvbiI6IjEifQ=="}]},{"mode":"managed","type":"docker_network","name":"satellite_ground_station_telemetry_zone","provider":"provider[\"registry.terraform.io/kreuzwerker/docker\"]","instances":[{"schema_version":1,"attributes":{"attachable":false,"check_duplicate":null,"driver":"bridge","id":"bd3c5bb6a47cf5448418200c2a254e0eff39777813ffaab686e77b573c037b85","ingress":false,"internal":true,"ipam_config":[{"aux_address":{},"gateway":"172.25.0.1","ip_range":"","subnet":"172.25.0.0/16"}],"ipam_driver":"default","ipam_options":null,"ipv6":false,"labels":[],"name":"satellite_ground_station_telemetry_zone","options":{"com.docker.network.enable_ipv4":"true","com.docker.network.enable_ipv6":"false"},"scope":"local"},"sensitive_attributes":[],"private":"eyJzY2hlbWFfdmVyc2lvbiI6IjEifQ=="}]}],"check_results":null}
