{"version":4,"terraform_version":"1.11.5","serial":3,"lineage":"b9d90770-d31a-748a-2d40-f0b8dd7d60d7","outputs":{},"resources":[{"mode":"managed","type":"docker_container","name":"hn_admin_panel","provider":"provider[\"registry.terraform.io/kreuzwerker/docker\"]","instances":[{"schema_version":2,"attributes":{"attach":false,"bridge":"","capabilities":[],"cgroup_parent":null,"cgroupns_mode":null,"command":["nginx","-g","daemon off;"],"container_logs":null,"container_read_refresh_timeout_milliseconds":15000,"cpu_period":null,"cpu_quota":null,"cpu_set":"","cpu_shares":0,"cpus":null,"destroy_grace_seconds":null,"devices":[],"dns":null,"dns_opts":null,"dns_search":null,"domainname":"","entrypoint":["/docker-entrypoint.sh"],"env":[],"exit_code":null,"gpus":null,"group_add":null,"healthcheck":[{"interval":"30s","retries":3,"start_interval":"0s","start_period":"30s","test":["CMD-SHELL","curl -sf http://localhost/ || wget -qO- http://localhost/ || true"],"timeout":"10s"}],"host":[],"hostname":"admin-panel.exchange.cryptoplatform.internal","id":"24807a869df80a9f711182f61c6e8e915b0f4fd98820df730894cf6147772455","image":"sha256:516475cc129da42866742567714ddc681e5eed7b9ee0b9e9c015e464b4221a00","init":false,"ipc_mode":"private","labels":[{"label":"honeynet.managed","value":"true"},{"label":"honeynet.project","value":"cryptocurrency_exchange_platform"}],"log_driver":"json-file","log_opts":null,"logs":false,"max_retry_count":0,"memory":0,"memory_swap":0,"mounts":[],"must_run":true,"name":"hn_admin_panel","network_data":[{"gateway":"172.28.0.1","global_ipv6_address":"","global_ipv6_prefix_length":0,"ip_address":"172.28.0.4","ip_prefix_length":16,"ipv6_gateway":"","mac_address":"ea:86:95:9f:37:c7","network_name":"cryptocurrency_exchange_platform_public_zone"}],"network_mode":"bridge","networks_advanced":[{"aliases":["admin_panel"],"ipv4_address":"","ipv6_address":"","name":"cryptocurrency_exchange_platform_public_zone"}],"pid_mode":"","ports":[{"external":1026,"internal":80,"ip":"0.0.0.0","protocol":"tcp"}],"privileged":false,"publish_all_ports":false,"read_only":false,"remove_volumes":true,"restart":"no","rm":false,"runtime":"runc","security_opts":[],"shm_size":64,"start":true,"stdin_open":false,"stop_signal":"SIGQUIT","stop_timeout":1,"storage_opts":null,"sysctls":null,"tmpfs":null,"tty":false,"ulimit":[],"upload":[],"user":"","userns_mode":"","volumes":[],"wait":false,"wait_timeout":60,"working_dir":""},"sensitive_attributes":[],"private":"eyJzY2hlbWFfdmVyc2lvbiI6IjIifQ==","dependencies":["docker_image.hn_admin_panel","docker_network.cryptocurrency_exchange_platform_public_zone"]}]},{"mode":"managed","type":"docker_container","name":"hn_alert_manager","provider":"provider[\"registry.terraform.io/kreuzwerker/docker\"]","instances":[{"schema_version":2,"attributes":{"attach":false,"bridge":"","capabilities":[],"cgroup_parent":null,"cgroupns_mode":null,"command":["--config.file=/etc/alertmanager/alertmanager.yml","--storage.path=/alertmanager"],"container_logs":null,"container_read_refresh_timeout_milliseconds":15000,"cpu_period":null,"cpu_quota":null,"cpu_set":"","cpu_shares":0,"cpus":null,"destroy_grace_seconds":null,"devices":[],"dns":null,"dns_opts":null,"dns_search":null,"domainname":"","entrypoint":["/bin/alertmanager"],"env":[],"exit_code":null,"gpus":null,"group_add":null,"healthcheck":[{"interval":"30s","retries":3,"start_interval":"0s","start_period":"30s","test":["CMD-SHELL","nc -z localhost 9093 || (echo \u003e /dev/tcp/localhost/9093) 2\u003e/dev/null || true"],"timeout":"10s"}],"host":[],"hostname":"alert-manager.monitoring.cryptoplatform.internal","id":"cd4ee270f4326e7ecce5a9f3413f17a2522de657faad4eff34987349f776ba83","image":"sha256:361db356b33041437517f1cd298462055580585f26555c317df1a3caf2868552","init":false,"ipc_mode":"private","labels":[{"label":"honeynet.managed","value":"true"},{"label":"honeynet.project","value":"cryptocurrency_exchange_platform"}],"log_driver":"json-file","log_opts":null,"logs":false,"max_retry_count":0,"memory":0,"memory_swap":0,"mounts":[],"must_run":true,"name":"hn_alert_manager","network_data":[{"gateway":"","global_ipv6_address":"","global_ipv6_prefix_length":0,"ip_address":"172.25.0.6","ip_prefix_length":16,"ipv6_gateway":"","mac_address":"ca:45:60:25:68:17","network_name":"cryptocurrency_exchange_platform_monitoring_zone"}],"network_mode":"bridge","networks_advanced":[{"aliases":["alert_manager"],"ipv4_address":"","ipv6_address":"","name":"cryptocurrency_exchange_platform_monitoring_zone"}],"pid_mode":"","ports":[],"privileged":false,"publish_all_ports":false,"read_only":false,"remove_volumes":true,"restart":"no","rm":false,"runtime":"runc","security_opts":[],"shm_size":64,"start":true,"stdin_open":false,"stop_signal":"","stop_timeout":1,"storage_opts":null,"sysctls":null,"tmpfs":null,"tty":false,"ulimit":[],"upload":[],"user":"nobody","userns_mode":"","volumes":[],"wait":false,"wait_timeout":60,"working_dir":"/alertmanager"},"sensitive_attributes":[],"private":"eyJzY2hlbWFfdmVyc2lvbiI6IjIifQ==","dependencies":["docker_container.hn_prometheus","docker_image.hn_alert_manager","docker_image.hn_prometheus","docker_network.cryptocurrency_exchange_platform_monitoring_zone"]}]},{"mode":"managed","type":"docker_container","name":"hn_api_documentation","provider":"provider[\"registry.terraform.io/kreuzwerker/docker\"]","instances":[{"schema_version":2,"attributes":{"attach":false,"bridge":"","capabilities":[],"cgroup_parent":null,"cgroupns_mode":null,"command":["httpd-foreground"],"container_logs":null,"container_read_refresh_timeout_milliseconds":15000,"cpu_period":null,"cpu_quota":null,"cpu_set":"","cpu_shares":0,"cpus":null,"destroy_grace_seconds":null,"devices":[],"dns":null,"dns_opts":null,"dns_search":null,"domainname":"","entrypoint":[],"env":["HTTPD_PATCHES=none"],"exit_code":null,"gpus":null,"group_add":null,"healthcheck":[{"interval":"30s","retries":3,"start_interval":"0s","start_period":"30s","test":["CMD-SHELL","curl -sf http://localhost/ || wget -qO- http://localhost/ || true"],"timeout":"10s"}],"host":[],"hostname":"api-docs.exchange.cryptoplatform.internal","id":"d2a98ddfa5157ba97c7f10593eaa28246ce3b3188584ff9a3392dbc36ade977c","image":"sha256:331548c5249bdeced0f048bc2fb8c6b6427d2ec6508bed9c1fec6c57d0b27a60","init":false,"ipc_mode":"private","labels":[{"label":"honeynet.managed","value":"true"},{"label":"honeynet.project","value":"cryptocurrency_exchange_platform"}],"log_driver":"json-file","log_opts":null,"logs":false,"max_retry_count":0,"memory":0,"memory_swap":0,"mounts":[],"must_run":true,"name":"hn_api_documentation","network_data":[{"gateway":"172.28.0.1","global_ipv6_address":"","global_ipv6_prefix_length":0,"ip_address":"172.28.0.2","ip_prefix_length":16,"ipv6_gateway":"","mac_address":"82:0a:f5:cb:95:60","network_name":"cryptocurrency_exchange_platform_public_zone"}],"network_mode":"bridge","networks_advanced":[{"aliases":["api_documentation"],"ipv4_address":"","ipv6_address":"","name":"cryptocurrency_exchange_platform_public_zone"}],"pid_mode":"","ports":[{"external":1028,"internal":80,"ip":"0.0.0.0","protocol":"tcp"}],"privileged":false,"publish_all_ports":false,"read_only":false,"remove_volumes":true,"restart":"no","rm":false,"runtime":"runc","security_opts":[],"shm_size":64,"start":true,"stdin_open":false,"stop_signal":"SIGWINCH","stop_timeout":1,"storage_opts":null,"sysctls":null,"tmpfs":null,"tty":false,"ulimit":[],"upload":[],"user":"","userns_mode":"","volumes":[],"wait":false,"wait_timeout":60,"working_dir":"/usr/local/apache2"},"sensitive_attributes":[],"private":"eyJzY2hlbWFfdmVyc2lvbiI6IjIifQ==","dependencies":["docker_image.hn_api_documentation","docker_network.cryptocurrency_exchange_platform_public_zone"]}]},{"mode":"managed","type":"docker_container","name":"hn_api_gateway","provider":"provider[\"registry.terraform.io/kreuzwerker/docker\"]","instances":[{"schema_version":2,"attributes":{"attach":false,"bridge":"","capabilities":[],"cgroup_parent":null,"cgroupns_mode":null,"command":["nginx","-g","daemon off;"],"container_logs":null,"container_read_refresh_timeout_milliseconds":15000,"cpu_period":null,"cpu_quota":null,"cpu_set":"","cpu_shares":0,"cpus":null,"destroy_grace_seconds":null,"devices":[],"dns":null,"dns_opts":null,"dns_search":null,"domainname":"","entrypoint":["/docker-entrypoint.sh"],"env":[],"exit_code":null,"gpus":null,"group_add":null,"healthcheck":[{"interval":"30s","retries":3,"start_interval":"0s","start_period":"30s","test":["CMD-SHELL","curl -sf http://localhost/ || wget -qO- http://localhost/ || true"],"timeout":"10s"}],"host":[],"hostname":"api-gateway.exchange.cryptoplatform.internal","id":"e9d5af455e49b672d1e982f256b2418b89715e97661db2cf11daf6d07493a7ab","image":"sha256:516475cc129da42866742567714ddc681e5eed7b9ee0b9e9c015e464b4221a00","init":false,"ipc_mode":"private","labels":[{"label":"honeynet.managed","value":"true"},{"label":"honeynet.project","value":"cryptocurrency_exchange_platform"}],"log_driver":"json-file","log_opts":null,"logs":false,"max_retry_count":0,"memory":0,"memory_swap":0,"mounts":[],"must_run":true,"name":"hn_api_gateway","network_data":[{"gateway":"172.28.0.1","global_ipv6_address":"","global_ipv6_prefix_length":0,"ip_address":"172.28.0.5","ip_prefix_length":16,"ipv6_gateway":"","mac_address":"6a:45:4a:5b:59:01","network_name":"cryptocurrency_exchange_platform_public_zone"}],"network_mode":"bridge","networks_advanced":[{"aliases":["api_gateway"],"ipv4_address":"","ipv6_address":"","name":"cryptocurrency_exchange_platform_public_zone"}],"pid_mode":"","ports":[{"external":1024,"internal":80,"ip":"0.0.0.0","protocol":"tcp"}],"privileged":false,"publish_all_ports":false,"read_only":false,"remove_volumes":true,"restart":"no","rm":false,"runtime":"runc","security_opts":[],"shm_size":64,"start":true,"stdin_open":false,"stop_signal":"SIGQUIT","stop_timeout":1,"storage_opts":null,"sysctls":null,"tmpfs":null,"tty":false,"ulimit":[],"upload":[],"user":"","userns_mode":"","volumes":[],"wait":false,"wait_timeout":60,"working_dir":""},"sensitive_attributes":[],"private":"eyJzY2hlbWFfdmVyc2lvbiI6IjIifQ==","dependencies":["docker_image.hn_api_gateway","docker_network.cryptocurrency_exchange_platform_public_zone"]}]},{"mode":"managed","type":"docker_container","name":"hn_backup_server","provider":"provider[\"registry.terraform.io/kreuzwerker/docker\"]","instances":[{"schema_version":2,"attributes":{"attach":false,"bridge":"","capabilities":[],"cgroup_parent":null,"cgroupns_mode":null,"command":["minio","server","/data"],"container_logs":null,"container_read_refresh_timeout_milliseconds":15000,"cpu_period":null,"cpu_quota":null,"cpu_set":"","cpu_shares":0,"cpus":null,"destroy_grace_seconds":null,"devices":[],"dns":null,"dns_opts":null,"dns_search":null,"domainname":"","entrypoint":["/usr/bin/docker-entrypoint.sh"],"env":["MINIO_ACCESS_KEY=admin","MINIO_SECRET_KEY=admin123"],"exit_code":null,"gpus":null,"group_add":null,"healthcheck":[{"interval":"30s","retries":3,"start_interval":"0s","start_period":"30s","test":["CMD","curl","-f","http://localhost:9000/minio/health/live"],"timeout":"10s"}],"host":[],"hostname":"backup-server.vault.cryptoplatform.internal","id":"a0c93d5c787b81a94b341d2f1264880725c2dcce8ee8e28533fea4605d156ac5","image":"sha256:14cea493d9a34af32f524e538b8346cf79f3321eff8e708c1e2960462bd8936e","init":false,"ipc_mode":"private","labels":[{"label":"honeynet.managed","value":"true"},{"label":"honeynet.project","value":"cryptocurrency_exchange_platform"}],"log_driver":"json-file","log_opts":null,"logs":false,"max_retry_count":0,"memory":0,"memory_swap":0,"mounts":[],"must_run":true,"name":"hn_backup_server","network_data":[{"gateway":"","global_ipv6_address":"","global_ipv6_prefix_length":0,"ip_address":"172.26.0.6","ip_prefix_length":16,"ipv6_gateway":"","mac_address":"8a:30:b0:42:52:4e","network_name":"cryptocurrency_exchange_platform_vault_zone"}],"network_mode":"bridge","networks_advanced":[{"aliases":["backup_server"],"ipv4_address":"","ipv6_address":"","name":"cryptocurrency_exchange_platform_vault_zone"}],"pid_mode":"","ports":[],"privileged":false,"publish_all_ports":false,"read_only":false,"remove_volumes":true,"restart":"no","rm":false,"runtime":"runc","security_opts":[],"shm_size":64,"start":true,"stdin_open":false,"stop_signal":"","stop_timeout":1,"storage_opts":null,"sysctls":null,"tmpfs":null,"tty":false,"ulimit":[],"upload":[],"user":"","userns_mode":"","volumes":[],"wait":false,"wait_timeout":60,"working_dir":"/"},"sensitive_attributes":[],"private":"eyJzY2hlbWFfdmVyc2lvbiI6IjIifQ==","dependencies":["docker_image.hn_backup_server","docker_network.cryptocurrency_exchange_platform_vault_zone"]}]},{"mode":"managed","type":"docker_container","name":"hn_fake_backup_server","provider":"provider[\"registry.terraform.io/kreuzwerker/docker\"]","instances":[{"schema_version":2,"attributes":{"attach":false,"bridge":"","capabilities":[],"cgroup_parent":null,"cgroupns_mode":null,"command":["minio","server","/data"],"container_logs":null,"container_read_refresh_timeout_milliseconds":15000,"cpu_period":null,"cpu_quota":null,"cpu_set":"","cpu_shares":0,"cpus":null,"destroy_grace_seconds":null,"devices":[],"dns":null,"dns_opts":null,"dns_search":null,"domainname":"","entrypoint":["/usr/bin/docker-entrypoint.sh"],"env":[],"exit_code":null,"gpus":null,"group_add":null,"healthcheck":[{"interval":"30s","retries":3,"start_interval":"0s","start_period":"30s","test":["CMD-SHELL","nc -z localhost 9000 || (echo \u003e /dev/tcp/localhost/9000) 2\u003e/dev/null || true"],"timeout":"10s"}],"host":[],"hostname":"fake-backup.vault.cryptoplatform.internal","id":"84b6644cdcf27dd594e002ddf6356d6e243ea864e92f022df28da7f57c4293b1","image":"sha256:14cea493d9a34af32f524e538b8346cf79f3321eff8e708c1e2960462bd8936e","init":false,"ipc_mode":"private","labels":[{"label":"honeynet.managed","value":"true"},{"label":"honeynet.project","value":"cryptocurrency_exchange_platform"}],"log_driver":"json-file","log_opts":null,"logs":false,"max_retry_count":0,"memory":0,"memory_swap":0,"mounts":[],"must_run":true,"name":"hn_fake_backup_server","network_data":[{"gateway":"","global_ipv6_address":"","global_ipv6_prefix_length":0,"ip_address":"172.26.0.2","ip_prefix_length":16,"ipv6_gateway":"","mac_address":"26:32:4d:3b:08:c2","network_name":"cryptocurrency_exchange_platform_vault_zone"}],"network_mode":"bridge","networks_advanced":[{"aliases":["fake_backup_server"],"ipv4_address":"","ipv6_address":"","name":"cryptocurrency_exchange_platform_vault_zone"}],"pid_mode":"","ports":[],"privileged":false,"publish_all_ports":false,"read_only":false,"remove_volumes":true,"restart":"no","rm":false,"runtime":"runc","security_opts":[],"shm_size":64,"start":true,"stdin_open":false,"stop_signal":"","stop_timeout":1,"storage_opts":null,"sysctls":null,"tmpfs":null,"tty":false,"ulimit":[],"upload":[],"user":"","userns_mode":"","volumes":[],"wait":false,"wait_timeout":60,"working_dir":"/"},"sensitive_attributes":[],"private":"eyJzY2hlbWFfdmVyc2lvbiI6IjIifQ==","dependencies":["docker_image.hn_fake_backup_server","docker_network.cryptocurrency_exchange_platform_vault_zone"]}]},{"mode":"managed","type":"docker_container","name":"hn_fake_file_share","provider":"provider[\"registry.terraform.io/kreuzwerker/docker\"]","instances":[{"schema_version":2,"attributes":{"attach":false,"bridge":"","capabilities":[],"cgroup_parent":null,"cgroupns_mode":null,"command":["minio","server","/data"],"container_logs":null,"container_read_refresh_timeout_milliseconds":15000,"cpu_period":null,"cpu_quota":null,"cpu_set":"","cpu_shares":0,"cpus":null,"destroy_grace_seconds":null,"devices":[],"dns":null,"dns_opts":null,"dns_search":null,"domainname":"","entrypoint":["/usr/bin/docker-entrypoint.sh"],"env":[],"exit_code":null,"gpus":null,"group_add":null,"healthcheck":[{"interval":"30s","retries":3,"start_interval":"0s","start_period":"30s","test":["CMD-SHELL","nc -z localhost 9000 || (echo \u003e /dev/tcp/localhost/9000) 2\u003e/dev/null || true"],"timeout":"10s"}],"host":[],"hostname":"fake-file-share.vault.cryptoplatform.internal","id":"b1bdddc79cf78455b175a37e4b2cfe1bb76b2fbc870783658798b9d17231cba9","image":"sha256:14cea493d9a34af32f524e538b8346cf79f3321eff8e708c1e2960462bd8936e","init":false,"ipc_mode":"private","labels":[{"label":"honeynet.managed","value":"true"},{"label":"honeynet.project","value":"cryptocurrency_exchange_platform"}],"log_driver":"json-file","log_opts":null,"logs":false,"max_retry_count":0,"memory":0,"memory_swap":0,"mounts":[],"must_run":true,"name":"hn_fake_file_share","network_data":[{"gateway":"","global_ipv6_address":"","global_ipv6_prefix_length":0,"ip_address":"172.26.0.4","ip_prefix_length":16,"ipv6_gateway":"","mac_address":"ea:e8:b7:0d:c0:d3","network_name":"cryptocurrency_exchange_platform_vault_zone"}],"network_mode":"bridge","networks_advanced":[{"aliases":["fake_file_share"],"ipv4_address":"","ipv6_address":"","name":"cryptocurrency_exchange_platform_vault_zone"}],"pid_mode":"","ports":[],"privileged":false,"publish_all_ports":false,"read_only":false,"remove_volumes":true,"restart":"no","rm":false,"runtime":"runc","security_opts":[],"shm_size":64,"start":true,"stdin_open":false,"stop_signal":"","stop_timeout":1,"storage_opts":null,"sysctls":null,"tmpfs":null,"tty":false,"ulimit":[],"upload":[],"user":"","userns_mode":"","volumes":[],"wait":false,"wait_timeout":60,"working_dir":"/"},"sensitive_attributes":[],"private":"eyJzY2hlbWFfdmVyc2lvbiI6IjIifQ==","dependencies":["docker_image.hn_fake_file_share","docker_network.cryptocurrency_exchange_platform_vault_zone"]}]},{"mode":"managed","type":"docker_container","name":"hn_file_share","provider":"provider[\"registry.terraform.io/kreuzwerker/docker\"]","instances":[{"schema_version":2,"attributes":{"attach":false,"bridge":"","capabilities":[],"cgroup_parent":null,"cgroupns_mode":null,"command":["minio","server","/data"],"container_logs":null,"container_read_refresh_timeout_milliseconds":15000,"cpu_period":null,"cpu_quota":null,"cpu_set":"","cpu_shares":0,"cpus":null,"destroy_grace_seconds":null,"devices":[],"dns":null,"dns_opts":null,"dns_search":null,"domainname":"","entrypoint":["/usr/bin/docker-entrypoint.sh"],"env":[],"exit_code":null,"gpus":null,"group_add":null,"healthcheck":[{"interval":"30s","retries":3,"start_interval":"0s","start_period":"30s","test":["CMD-SHELL","nc -z localhost 9000 || (echo \u003e /dev/tcp/localhost/9000) 2\u003e/dev/null || true"],"timeout":"10s"}],"host":[],"hostname":"file-share.vault.cryptoplatform.internal","id":"2638dafca97a31c459d3237be7cb8209f323f5202fd6d5a9f0f8673947669c53","image":"sha256:14cea493d9a34af32f524e538b8346cf79f3321eff8e708c1e2960462bd8936e","init":false,"ipc_mode":"private","labels":[{"label":"honeynet.managed","value":"true"},{"label":"honeynet.project","value":"cryptocurrency_exchange_platform"}],"log_driver":"json-file","log_opts":null,"logs":false,"max_retry_count":0,"memory":0,"memory_swap":0,"mounts":[],"must_run":true,"name":"hn_file_share","network_data":[{"gateway":"","global_ipv6_address":"","global_ipv6_prefix_length":0,"ip_address":"172.26.0.5","ip_prefix_length":16,"ipv6_gateway":"","mac_address":"7e:e9:60:c8:c7:a1","network_name":"cryptocurrency_exchange_platform_vault_zone"}],"network_mode":"bridge","networks_advanced":[{"aliases":["file_share"],"ipv4_address":"","ipv6_address":"","name":"cryptocurrency_exchange_platform_vault_zone"}],"pid_mode":"","ports":[],"privileged":false,"publish_all_ports":false,"read_only":false,"remove_volumes":true,"restart":"no","rm":false,"runtime":"runc","security_opts":[],"shm_size":64,"start":true,"stdin_open":false,"stop_signal":"","stop_timeout":1,"storage_opts":null,"sysctls":null,"tmpfs":null,"tty":false,"ulimit":[],"upload":[],"user":"","userns_mode":"","volumes":[],"wait":false,"wait_timeout":60,"working_dir":"/"},"sensitive_attributes":[],"private":"eyJzY2hlbWFfdmVyc2lvbiI6IjIifQ==","dependencies":["docker_image.hn_file_share","docker_network.cryptocurrency_exchange_platform_vault_zone"]}]},{"mode":"managed","type":"docker_container","name":"hn_grafana","provider":"provider[\"registry.terraform.io/kreuzwerker/docker\"]","instances":[{"schema_version":2,"attributes":{"attach":false,"bridge":"","capabilities":[],"cgroup_parent":null,"cgroupns_mode":null,"command":[],"container_logs":null,"container_read_refresh_timeout_milliseconds":15000,"cpu_period":null,"cpu_quota":null,"cpu_set":"","cpu_shares":0,"cpus":null,"destroy_grace_seconds":null,"devices":[],"dns":null,"dns_opts":null,"dns_search":null,"domainname":"","entrypoint":["/run.sh"],"env":[],"exit_code":null,"gpus":null,"group_add":null,"healthcheck":[{"interval":"30s","retries":3,"start_interval":"0s","start_period":"30s","test":["CMD-SHELL","curl -sf http://localhost:3000/ || wget -qO- http://localhost:3000/ || true"],"timeout":"10s"}],"host":[],"hostname":"grafana.monitoring.cryptoplatform.internal","id":"01c8ffdac33092a79100090820b76cea82bd3a740897765b2533d2941b3abcba","image":"sha256:1ee0c54286b8ca09a3dd1419ff8653e7780a148a006ac088544203bb0affe550","init":false,"ipc_mode":"private","labels":[{"label":"honeynet.managed","value":"true"},{"label":"honeynet.project","value":"cryptocurrency_exchange_platform"}],"log_driver":"json-file","log_opts":null,"logs":false,"max_retry_count":0,"memory":0,"memory_swap":0,"mounts":[],"must_run":true,"name":"hn_grafana","network_data":[{"gateway":"","global_ipv6_address":"","global_ipv6_prefix_length":0,"ip_address":"172.25.0.5","ip_prefix_length":16,"ipv6_gateway":"","mac_address":"9e:41:0e:68:63:97","network_name":"cryptocurrency_exchange_platform_monitoring_zone"}],"network_mode":"bridge","networks_advanced":[{"aliases":["grafana"],"ipv4_address":"","ipv6_address":"","name":"cryptocurrency_exchange_platform_monitoring_zone"}],"pid_mode":"","ports":[],"privileged":false,"publish_all_ports":false,"read_only":false,"remove_volumes":true,"restart":"no","rm":false,"runtime":"runc","security_opts":[],"shm_size":64,"start":true,"stdin_open":false,"stop_signal":"","stop_timeout":1,"storage_opts":null,"sysctls":null,"tmpfs":null,"tty":false,"ulimit":[],"upload":[],"user":"472","userns_mode":"","volumes":[],"wait":false,"wait_timeout":60,"working_dir":"/usr/share/grafana"},"sensitive_attributes":[],"private":"eyJzY2hlbWFfdmVyc2lvbiI6IjIifQ==","dependencies":["docker_container.hn_prometheus","docker_image.hn_grafana","docker_image.hn_prometheus","docker_network.cryptocurrency_exchange_platform_monitoring_zone"]}]},{"mode":"managed","type":"docker_container","name":"hn_honeypot_admin_panel","provider":"provider[\"registry.terraform.io/kreuzwerker/docker\"]","instances":[{"schema_version":2,"attributes":{"attach":false,"bridge":"","capabilities":[],"cgroup_parent":null,"cgroupns_mode":null,"command":["httpd-foreground"],"container_logs":null,"container_read_refresh_timeout_milliseconds":15000,"cpu_period":null,"cpu_quota":null,"cpu_set":"","cpu_shares":0,"cpus":null,"destroy_grace_seconds":null,"devices":[],"dns":null,"dns_opts":null,"dns_search":null,"domainname":"","entrypoint":[],"env":["HTTPD_PATCHES=none"],"exit_code":null,"gpus":null,"group_add":null,"healthcheck":[{"interval":"30s","retries":3,"start_interval":"0s","start_period":"30s","test":["CMD-SHELL","curl -sf http://localhost/ || wget -qO- http://localhost/ || true"],"timeout":"10s"}],"host":[],"hostname":"honeypot-admin.exchange.cryptoplatform.internal","id":"823a099eb06d5ed77e83faff170cd9378308a65e3c7624092f02c79d7f8fb8e4","image":"sha256:331548c5249bdeced0f048bc2fb8c6b6427d2ec6508bed9c1fec6c57d0b27a60","init":false,"ipc_mode":"private","labels":[{"label":"honeynet.managed","value":"true"},{"label":"honeynet.project","value":"cryptocurrency_exchange_platform"}],"log_driver":"json-file","log_opts":null,"logs":false,"max_retry_count":0,"memory":0,"memory_swap":0,"mounts":[],"must_run":true,"name":"hn_honeypot_admin_panel","network_data":[{"gateway":"172.28.0.1","global_ipv6_address":"","global_ipv6_prefix_length":0,"ip_address":"172.28.0.3","ip_prefix_length":16,"ipv6_gateway":"","mac_address":"e2:cd:44:88:3a:74","network_name":"cryptocurrency_exchange_platform_public_zone"}],"network_mode":"bridge","networks_advanced":[{"aliases":["honeypot_admin_panel"],"ipv4_address":"","ipv6_address":"","name":"cryptocurrency_exchange_platform_public_zone"}],"pid_mode":"","ports":[{"external":1029,"internal":80,"ip":"0.0.0.0","protocol":"tcp"}],"privileged":false,"publish_all_ports":false,"read_only":false,"remove_volumes":true,"restart":"no","rm":false,"runtime":"runc","security_opts":[],"shm_size":64,"start":true,"stdin_open":false,"stop_signal":"SIGWINCH","stop_timeout":1,"storage_opts":null,"sysctls":null,"tmpfs":null,"tty":false,"ulimit":[],"upload":[],"user":"","userns_mode":"","volumes":[],"wait":false,"wait_timeout":60,"working_dir":"/usr/local/apache2"},"sensitive_attributes":[],"private":"eyJzY2hlbWFfdmVyc2lvbiI6IjIifQ==","dependencies":["docker_image.hn_honeypot_admin_panel","docker_network.cryptocurrency_exchange_platform_public_zone"]}]},{"mode":"managed","type":"docker_container","name":"hn_identity_ui","provider":"provider[\"registry.terraform.io/kreuzwerker/docker\"]","instances":[{"schema_version":2,"attributes":{"attach":false,"bridge":"","capabilities":[],"cgroup_parent":null,"cgroupns_mode":null,"command":["nginx","-g","daemon off;"],"container_logs":null,"container_read_refresh_timeout_milliseconds":15000,"cpu_period":null,"cpu_quota":null,"cpu_set":"","cpu_shares":0,"cpus":null,"destroy_grace_seconds":null,"devices":[],"dns":null,"dns_opts":null,"dns_search":null,"domainname":"","entrypoint":["/docker-entrypoint.sh"],"env":[],"exit_code":null,"gpus":null,"group_add":null,"healthcheck":[{"interval":"30s","retries":3,"start_interval":"0s","start_period":"30s","test":["CMD-SHELL","curl -sf http://localhost/ || wget -qO- http://localhost/ || true"],"timeout":"10s"}],"host":[],"hostname":"identity-ui.trading.cryptoplatform.internal","id":"ff112a5069ff891888f4278765ddbe6c016289442559db716ee97c2fc62732a0","image":"sha256:516475cc129da42866742567714ddc681e5eed7b9ee0b9e9c015e464b4221a00","init":false,"ipc_mode":"private","labels":[{"label":"honeynet.managed","value":"true"},{"label":"honeynet.project","value":"cryptocurrency_exchange_platform"}],"log_driver":"json-file","log_opts":null,"logs":false,"max_retry_count":0,"memory":0,"memory_swap":0,"mounts":[],"must_run":true,"name":"hn_identity_ui","network_data":[{"gateway":"","global_ipv6_address":"","global_ipv6_prefix_length":0,"ip_address":"172.27.0.3","ip_prefix_length":16,"ipv6_gateway":"","mac_address":"be:69:a9:2b:bb:83","network_name":"cryptocurrency_exchange_platform_trading_zone"}],"network_mode":"bridge","networks_advanced":[{"aliases":["identity_ui"],"ipv4_address":"","ipv6_address":"","name":"cryptocurrency_exchange_platform_trading_zone"}],"pid_mode":"","ports":[],"privileged":false,"publish_all_ports":false,"read_only":false,"remove_volumes":true,"restart":"no","rm":false,"runtime":"runc","security_opts":[],"shm_size":64,"start":true,"stdin_open":false,"stop_signal":"SIGQUIT","stop_timeout":1,"storage_opts":null,"sysctls":null,"tmpfs":null,"tty":false,"ulimit":[],"upload":[],"user":"","userns_mode":"","volumes":[],"wait":false,"wait_timeout":60,"working_dir":""},"sensitive_attributes":[],"private":"eyJzY2hlbWFfdmVyc2lvbiI6IjIifQ==","dependencies":["docker_image.hn_identity_ui","docker_network.cryptocurrency_exchange_platform_trading_zone"]}]},{"mode":"managed","type":"docker_container","name":"hn_ledger_db","provider":"provider[\"registry.terraform.io/kreuzwerker/docker\"]","instances":[{"schema_version":2,"attributes":{"attach":false,"bridge":"","capabilities":[],"cgroup_parent":null,"cgroupns_mode":null,"command":["postgres"],"container_logs":null,"container_read_refresh_timeout_milliseconds":15000,"cpu_period":null,"cpu_quota":null,"cpu_set":"","cpu_shares":0,"cpus":null,"destroy_grace_seconds":null,"devices":[],"dns":null,"dns_opts":null,"dns_search":null,"domainname":"","entrypoint":["docker-entrypoint.sh"],"env":["POSTGRES_PASSWORD=admin123"],"exit_code":null,"gpus":null,"group_add":null,"healthcheck":[{"interval":"30s","retries":3,"start_interval":"0s","start_period":"30s","test":["CMD","pg_isready","-U","postgres"],"timeout":"10s"}],"host":[],"hostname":"ledger-db.vault.cryptoplatform.internal","id":"a1e4550a2b2d59e2fd7a5376d5284da43271560668a76d3498db7b2673a6ef5b","image":"sha256:20edbde7749f822887a1a022ad526fde0a47d6b2be9a8364433605cf65099416","init":false,"ipc_mode":"private","labels":[{"label":"honeynet.managed","value":"true"},{"label":"honeynet.project","value":"cryptocurrency_exchange_platform"}],"log_driver":"json-file","log_opts":null,"logs":false,"max_retry_count":0,"memory":0,"memory_swap":0,"mounts":[],"must_run":true,"name":"hn_ledger_db","network_data":[{"gateway":"","global_ipv6_address":"","global_ipv6_prefix_length":0,"ip_address":"172.26.0.3","ip_prefix_length":16,"ipv6_gateway":"","mac_address":"3e:49:43:dc:80:ab","network_name":"cryptocurrency_exchange_platform_vault_zone"}],"network_mode":"bridge","networks_advanced":[{"aliases":["ledger_db"],"ipv4_address":"","ipv6_address":"","name":"cryptocurrency_exchange_platform_vault_zone"}],"pid_mode":"","ports":[],"privileged":false,"publish_all_ports":false,"read_only":false,"remove_volumes":true,"restart":"no","rm":false,"runtime":"runc","security_opts":[],"shm_size":64,"start":true,"stdin_open":false,"stop_signal":"SIGINT","stop_timeout":1,"storage_opts":null,"sysctls":null,"tmpfs":null,"tty":false,"ulimit":[],"upload":[],"user":"","userns_mode":"","volumes":[],"wait":false,"wait_timeout":60,"working_dir":"/"},"sensitive_attributes":[],"private":"eyJzY2hlbWFfdmVyc2lvbiI6IjIifQ==","dependencies":["docker_image.hn_ledger_db","docker_network.cryptocurrency_exchange_platform_vault_zone"]}]},{"mode":"managed","type":"docker_container","name":"hn_load_balancer","provider":"provider[\"registry.terraform.io/kreuzwerker/docker\"]","instances":[{"schema_version":2,"attributes":{"attach":false,"bridge":"","capabilities":[],"cgroup_parent":null,"cgroupns_mode":null,"command":["traefik"],"container_logs":null,"container_read_refresh_timeout_milliseconds":15000,"cpu_period":null,"cpu_quota":null,"cpu_set":"","cpu_shares":0,"cpus":null,"destroy_grace_seconds":null,"devices":[],"dns":null,"dns_opts":null,"dns_search":null,"domainname":"","entrypoint":["/entrypoint.sh"],"env":[],"exit_code":null,"gpus":null,"group_add":null,"healthcheck":[{"interval":"30s","retries":3,"start_interval":"0s","start_period":"30s","test":["CMD-SHELL","nc -z localhost 80 || (echo \u003e /dev/tcp/localhost/80) 2\u003e/dev/null || true"],"timeout":"10s"}],"host":[],"hostname":"load-balancer.exchange.cryptoplatform.internal","id":"cd71049d976a6fcea97b45f21428e70e0c58bfce5966a19e4089e170ccc7decd","image":"sha256:6341b98aec5ec8969b99e9730f4c5b22cca3103d42b6bbe4b7a3c910758fe565","init":false,"ipc_mode":"private","labels":[{"label":"honeynet.managed","value":"true"},{"label":"honeynet.project","value":"cryptocurrency_exchange_platform"}],"log_driver":"json-file","log_opts":null,"logs":false,"max_retry_count":0,"memory":0,"memory_swap":0,"mounts":[],"must_run":true,"name":"hn_load_balancer","network_data":[{"gateway":"172.28.0.1","global_ipv6_address":"","global_ipv6_prefix_length":0,"ip_address":"172.28.0.7","ip_prefix_length":16,"ipv6_gateway":"","mac_address":"be:08:2d:11:a2:cd","network_name":"cryptocurrency_exchange_platform_public_zone"}],"network_mode":"bridge","networks_advanced":[{"aliases":["load_balancer"],"ipv4_address":"","ipv6_address":"","name":"cryptocurrency_exchange_platform_public_zone"}],"pid_mode":"","ports":[{"external":1027,"internal":80,"ip":"0.0.0.0","protocol":"tcp"}],"privileged":false,"publish_all_ports":false,"read_only":false,"remove_volumes":true,"restart":"no","rm":false,"runtime":"runc","security_opts":[],"shm_size":64,"start":true,"stdin_open":false,"stop_signal":"","stop_timeout":1,"storage_opts":null,"sysctls":null,"tmpfs":null,"tty":false,"ulimit":[],"upload":[],"user":"","userns_mode":"","volumes":[],"wait":false,"wait_timeout":60,"working_dir":""},"sensitive_attributes":[],"private":"eyJzY2hlbWFfdmVyc2lvbiI6IjIifQ==","dependencies":["docker_container.hn_api_gateway","docker_container.hn_reverse_proxy","docker_image.hn_api_gateway","docker_image.hn_load_balancer","docker_image.hn_reverse_proxy","docker_network.cryptocurrency_exchange_platform_public_zone"]}]},{"mode":"managed","type":"docker_container","name":"hn_log_collector","provider":"provider[\"registry.terraform.io/kreuzwerker/docker\"]","instances":[{"schema_version":2,"attributes":{"attach":false,"bridge":"","capabilities":[],"cgroup_parent":null,"cgroupns_mode":null,"command":[],"container_logs":null,"container_read_refresh_timeout_milliseconds":15000,"cpu_period":null,"cpu_quota":null,"cpu_set":"","cpu_shares":0,"cpus":null,"destroy_grace_seconds":null,"devices":[],"dns":null,"dns_opts":null,"dns_search":null,"domainname":"","entrypoint":["/container/tool/run"],"env":[],"exit_code":null,"gpus":null,"group_add":null,"healthcheck":[{"interval":"30s","retries":3,"start_interval":"0s","start_period":"30s","test":["CMD-SHELL","nc -z localhost 389 || (echo \u003e /dev/tcp/localhost/389) 2\u003e/dev/null || true"],"timeout":"10s"}],"host":[],"hostname":"log-collector.monitoring.cryptoplatform.internal","id":"e0f98bbcc1acfff4a6628bd10c90905f1e0ede42fcc6a833d77627f31bb8be35","image":"sha256:18742e9c449c9c1afe129d3f2f3ee15fb34cc43e5f940a20f3399728f41d7c28","init":false,"ipc_mode":"private","labels":[{"label":"honeynet.managed","value":"true"},{"label":"honeynet.project","value":"cryptocurrency_exchange_platform"}],"log_driver":"json-file","log_opts":null,"logs":false,"max_retry_count":0,"memory":0,"memory_swap":0,"mounts":[],"must_run":true,"name":"hn_log_collector","network_data":[{"gateway":"","global_ipv6_address":"","global_ipv6_prefix_length":0,"ip_address":"172.25.0.2","ip_prefix_length":16,"ipv6_gateway":"","mac_address":"86:20:d4:3e:68:5a","network_name":"cryptocurrency_exchange_platform_monitoring_zone"}],"network_mode":"bridge","networks_advanced":[{"aliases":["log_collector"],"ipv4_address":"","ipv6_address":"","name":"cryptocurrency_exchange_platform_monitoring_zone"}],"pid_mode":"","ports":[],"privileged":false,"publish_all_ports":false,"read_only":false,"remove_volumes":true,"restart":"no","rm":false,"runtime":"runc","security_opts":[],"shm_size":64,"start":true,"stdin_open":false,"stop_signal":"","stop_timeout":1,"storage_opts":null,"sysctls":null,"tmpfs":null,"tty":false,"ulimit":[],"upload":[],"user":"","userns_mode":"","volumes":[],"wait":false,"wait_timeout":60,"working_dir":""},"sensitive_attributes":[],"private":"eyJzY2hlbWFfdmVyc2lvbiI6IjIifQ==","dependencies":["docker_image.hn_log_collector","docker_network.cryptocurrency_exchange_platform_monitoring_zone"]}]},{"mode":"managed","type":"docker_container","name":"hn_monitoring_agent","provider":"provider[\"registry.terraform.io/kreuzwerker/docker\"]","instances":[{"schema_version":2,"attributes":{"attach":false,"bridge":"","capabilities":[],"cgroup_parent":null,"cgroupns_mode":null,"command":["--config.file=/etc/prometheus/prometheus.yml","--storage.tsdb.path=/prometheus","--web.console.libraries=/usr/share/prometheus/console_libraries","--web.console.templates=/usr/share/prometheus/consoles"],"container_logs":null,"container_read_refresh_timeout_milliseconds":15000,"cpu_period":null,"cpu_quota":null,"cpu_set":"","cpu_shares":0,"cpus":null,"destroy_grace_seconds":null,"devices":[],"dns":null,"dns_opts":null,"dns_search":null,"domainname":"","entrypoint":["/bin/prometheus"],"env":[],"exit_code":null,"gpus":null,"group_add":null,"healthcheck":[{"interval":"30s","retries":3,"start_interval":"0s","start_period":"30s","test":["CMD-SHELL","curl -sf http://localhost:9090/ || wget -qO- http://localhost:9090/ || true"],"timeout":"10s"}],"host":[],"hostname":"monitoring-agent.monitoring.cryptoplatform.internal","id":"fc81cf1a137a32f96eec8f5d0eda7f16954e319eaba5cc337f7f19e9f233ae20","image":"sha256:b440bc0e8aa5bab44a782952c09516b6a50f9d7b2325c1ffafac7bc833298e2e","init":false,"ipc_mode":"private","labels":[{"label":"honeynet.managed","value":"true"},{"label":"honeynet.project","value":"cryptocurrency_exchange_platform"}],"log_driver":"json-file","log_opts":null,"logs":false,"max_retry_count":0,"memory":0,"memory_swap":0,"mounts":[],"must_run":true,"name":"hn_monitoring_agent","network_data":[{"gateway":"","global_ipv6_address":"","global_ipv6_prefix_length":0,"ip_address":"172.25.0.4","ip_prefix_length":16,"ipv6_gateway":"","mac_address":"22:f3:4d:07:61:50","network_name":"cryptocurrency_exchange_platform_monitoring_zone"}],"network_mode":"bridge","networks_advanced":[{"aliases":["monitoring_agent"],"ipv4_address":"","ipv6_address":"","name":"cryptocurrency_exchange_platform_monitoring_zone"}],"pid_mode":"","ports":[],"privileged":false,"publish_all_ports":false,"read_only":false,"remove_volumes":true,"restart":"no","rm":false,"runtime":"runc","security_opts":[],"shm_size":64,"start":true,"stdin_open":false,"stop_signal":"","stop_timeout":1,"storage_opts":null,"sysctls":null,"tmpfs":null,"tty":false,"ulimit":[],"upload":[],"user":"nobody","userns_mode":"","volumes":[],"wait":false,"wait_timeout":60,"working_dir":"/prometheus"},"sensitive_attributes":[],"private":"eyJzY2hlbWFfdmVyc2lvbiI6IjIifQ==","dependencies":["docker_image.hn_monitoring_agent","docker_network.cryptocurrency_exchange_platform_monitoring_zone"]}]},{"mode":"managed","type":"docker_container","name":"hn_order_book","provider":"provider[\"registry.terraform.io/kreuzwerker/docker\"]","instances":[{"schema_version":2,"attributes":{"attach":false,"bridge":"","capabilities":[],"cgroup_parent":null,"cgroupns_mode":null,"command":["postgres"],"container_logs":null,"container_read_refresh_timeout_milliseconds":15000,"cpu_period":null,"cpu_quota":null,"cpu_set":"","cpu_shares":0,"cpus":null,"destroy_grace_seconds":null,"devices":[],"dns":null,"dns_opts":null,"dns_search":null,"domainname":"","entrypoint":["docker-entrypoint.sh"],"env":["POSTGRES_PASSWORD=admin123"],"exit_code":null,"gpus":null,"group_add":null,"healthcheck":[{"interval":"30s","retries":3,"start_interval":"0s","start_period":"30s","test":["CMD","pg_isready","-U","postgres"],"timeout":"10s"}],"host":[],"hostname":"order-book.trading.cryptoplatform.internal","id":"5b622fa97a248a97a293b872b2f9d2a9d69a45d4873b02a499d4f17a2b9d92b6","image":"sha256:20edbde7749f822887a1a022ad526fde0a47d6b2be9a8364433605cf65099416","init":false,"ipc_mode":"private","labels":[{"label":"honeynet.managed","value":"true"},{"label":"honeynet.project","value":"cryptocurrency_exchange_platform"}],"log_driver":"json-file","log_opts":null,"logs":false,"max_retry_count":0,"memory":0,"memory_swap":0,"mounts":[],"must_run":true,"name":"hn_order_book","network_data":[{"gateway":"","global_ipv6_address":"","global_ipv6_prefix_length":0,"ip_address":"172.27.0.6","ip_prefix_length":16,"ipv6_gateway":"","mac_address":"7e:9d:63:5d:94:18","network_name":"cryptocurrency_exchange_platform_trading_zone"}],"network_mode":"bridge","networks_advanced":[{"aliases":["order_book"],"ipv4_address":"","ipv6_address":"","name":"cryptocurrency_exchange_platform_trading_zone"}],"pid_mode":"","ports":[],"privileged":false,"publish_all_ports":false,"read_only":false,"remove_volumes":true,"restart":"no","rm":false,"runtime":"runc","security_opts":[],"shm_size":64,"start":true,"stdin_open":false,"stop_signal":"SIGINT","stop_timeout":1,"storage_opts":null,"sysctls":null,"tmpfs":null,"tty":false,"ulimit":[],"upload":[],"user":"","userns_mode":"","volumes":[],"wait":false,"wait_timeout":60,"working_dir":"/"},"sensitive_attributes":[],"private":"eyJzY2hlbWFfdmVyc2lvbiI6IjIifQ==","dependencies":["docker_container.hn_redis","docker_image.hn_order_book","docker_image.hn_redis","docker_network.cryptocurrency_exchange_platform_trading_zone"]}]},{"mode":"managed","type":"docker_container","name":"hn_pgadmin","provider":"provider[\"registry.terraform.io/kreuzwerker/docker\"]","instances":[{"schema_version":2,"attributes":{"attach":false,"bridge":"","capabilities":[],"cgroup_parent":null,"cgroupns_mode":null,"command":[],"container_logs":null,"container_read_refresh_timeout_milliseconds":15000,"cpu_period":null,"cpu_quota":null,"cpu_set":"","cpu_shares":0,"cpus":null,"destroy_grace_seconds":null,"devices":[],"dns":null,"dns_opts":null,"dns_search":null,"domainname":"","entrypoint":["/entrypoint.sh"],"env":["PGADMIN_DEFAULT_EMAIL=admin@cryptoplatform.internal","PGADMIN_DEFAULT_PASSWORD=admin123"],"exit_code":null,"gpus":null,"group_add":null,"healthcheck":[{"interval":"30s","retries":3,"start_interval":"0s","start_period":"30s","test":["CMD-SHELL","curl -sf http://localhost/ || wget -qO- http://localhost/ || true"],"timeout":"10s"}],"host":[],"hostname":"pgadmin.vault.cryptoplatform.internal","id":"d67ce64521402285f7b5a38799de3230d35769d5572111eaddd2bee2e693a159","image":"sha256:d243a4bcc02d2ee6b447c601692813531d2d0fbca18b583d9f7f9658da835d81","init":false,"ipc_mode":"private","labels":[{"label":"honeynet.managed","value":"true"},{"label":"honeynet.project","value":"cryptocurrency_exchange_platform"}],"log_driver":"json-file","log_opts":null,"logs":false,"max_retry_count":0,"memory":0,"memory_swap":0,"mounts":[],"must_run":true,"name":"hn_pgadmin","network_data":[{"gateway":"","global_ipv6_address":"","global_ipv6_prefix_length":0,"ip_address":"172.26.0.8","ip_prefix_length":16,"ipv6_gateway":"","mac_address":"1e:aa:d5:42:1e:0e","network_name":"cryptocurrency_exchange_platform_vault_zone"}],"network_mode":"bridge","networks_advanced":[{"aliases":["pgadmin"],"ipv4_address":"","ipv6_address":"","name":"cryptocurrency_exchange_platform_vault_zone"}],"pid_mode":"","ports":[],"privileged":false,"publish_all_ports":false,"read_only":false,"remove_volumes":true,"restart":"no","rm":false,"runtime":"runc","security_opts":[],"shm_size":64,"start":true,"stdin_open":false,"stop_signal":"","stop_timeout":1,"storage_opts":null,"sysctls":null,"tmpfs":null,"tty":false,"ulimit":[],"upload":[],"user":"5050","userns_mode":"","volumes":[],"wait":false,"wait_timeout":60,"working_dir":"/pgadmin4"},"sensitive_attributes":[],"private":"eyJzY2hlbWFfdmVyc2lvbiI6IjIifQ==","dependencies":["docker_container.hn_ledger_db","docker_image.hn_ledger_db","docker_image.hn_pgadmin","docker_network.cryptocurrency_exchange_platform_vault_zone"]}]},{"mode":"managed","type":"docker_container","name":"hn_postgres_admin_ui","provider":"provider[\"registry.terraform.io/kreuzwerker/docker\"]","instances":[{"schema_version":2,"attributes":{"attach":false,"bridge":"","capabilities":[],"cgroup_parent":null,"cgroupns_mode":null,"command":["nginx","-g","daemon off;"],"container_logs":null,"container_read_refresh_timeout_milliseconds":15000,"cpu_period":null,"cpu_quota":null,"cpu_set":"","cpu_shares":0,"cpus":null,"destroy_grace_seconds":null,"devices":[],"dns":null,"dns_opts":null,"dns_search":null,"domainname":"","entrypoint":["/docker-entrypoint.sh"],"env":[],"exit_code":null,"gpus":null,"group_add":null,"healthcheck":[{"interval":"30s","retries":3,"start_interval":"0s","start_period":"30s","test":["CMD-SHELL","curl -sf http://localhost/ || wget -qO- http://localhost/ || true"],"timeout":"10s"}],"host":[],"hostname":"postgres-admin-ui.vault.cryptoplatform.internal","id":"6b9e7bde918675df1ca9e149924c6fefe11112abaf69a5da50210f5d5b384f60","image":"sha256:516475cc129da42866742567714ddc681e5eed7b9ee0b9e9c015e464b4221a00","init":false,"ipc_mode":"private","labels":[{"label":"honeynet.managed","value":"true"},{"label":"honeynet.project","value":"cryptocurrency_exchange_platform"}],"log_driver":"json-file","log_opts":null,"logs":false,"max_retry_count":0,"memory":0,"memory_swap":0,"mounts":[],"must_run":true,"name":"hn_postgres_admin_ui","network_data":[{"gateway":"","global_ipv6_address":"","global_ipv6_prefix_length":0,"ip_address":"172.26.0.7","ip_prefix_length":16,"ipv6_gateway":"","mac_address":"6a:24:c8:da:5e:31","network_name":"cryptocurrency_exchange_platform_vault_zone"}],"network_mode":"bridge","networks_advanced":[{"aliases":["postgres_admin_ui"],"ipv4_address":"","ipv6_address":"","name":"cryptocurrency_exchange_platform_vault_zone"}],"pid_mode":"","ports":[],"privileged":false,"publish_all_ports":false,"read_only":false,"remove_volumes":true,"restart":"no","rm":false,"runtime":"runc","security_opts":[],"shm_size":64,"start":true,"stdin_open":false,"stop_signal":"SIGQUIT","stop_timeout":1,"storage_opts":null,"sysctls":null,"tmpfs":null,"tty":false,"ulimit":[],"upload":[],"user":"","userns_mode":"","volumes":[],"wait":false,"wait_timeout":60,"working_dir":""},"sensitive_attributes":[],"private":"eyJzY2hlbWFfdmVyc2lvbiI6IjIifQ==","dependencies":["docker_container.hn_ledger_db","docker_image.hn_ledger_db","docker_image.hn_postgres_admin_ui","docker_network.cryptocurrency_exchange_platform_vault_zone"]}]},{"mode":"managed","type":"docker_container","name":"hn_prometheus","provider":"provider[\"registry.terraform.io/kreuzwerker/docker\"]","instances":[{"schema_version":2,"attributes":{"attach":false,"bridge":"","capabilities":[],"cgroup_parent":null,"cgroupns_mode":null,"command":["--config.file=/etc/prometheus/prometheus.yml","--storage.tsdb.path=/prometheus","--web.console.libraries=/usr/share/prometheus/console_libraries","--web.console.templates=/usr/share/prometheus/consoles"],"container_logs":null,"container_read_refresh_timeout_milliseconds":15000,"cpu_period":null,"cpu_quota":null,"cpu_set":"","cpu_shares":0,"cpus":null,"destroy_grace_seconds":null,"devices":[],"dns":null,"dns_opts":null,"dns_search":null,"domainname":"","entrypoint":["/bin/prometheus"],"env":[],"exit_code":null,"gpus":null,"group_add":null,"healthcheck":[{"interval":"30s","retries":3,"start_interval":"0s","start_period":"30s","test":["CMD-SHELL","curl -sf http://localhost:9090/ || wget -qO- http://localhost:9090/ || true"],"timeout":"10s"}],"host":[],"hostname":"prometheus.monitoring.cryptoplatform.internal","id":"7b4b0821aea87270e712cb859880d9e168df8bf8ad47c616ad75409d514dc24d","image":"sha256:b440bc0e8aa5bab44a782952c09516b6a50f9d7b2325c1ffafac7bc833298e2e","init":false,"ipc_mode":"private","labels":[{"label":"honeynet.managed","value":"true"},{"label":"honeynet.project","value":"cryptocurrency_exchange_platform"}],"log_driver":"json-file","log_opts":null,"logs":false,"max_retry_count":0,"memory":0,"memory_swap":0,"mounts":[],"must_run":true,"name":"hn_prometheus","network_data":[{"gateway":"","global_ipv6_address":"","global_ipv6_prefix_length":0,"ip_address":"172.25.0.3","ip_prefix_length":16,"ipv6_gateway":"","mac_address":"f2:ee:9b:b3:ce:b8","network_name":"cryptocurrency_exchange_platform_monitoring_zone"}],"network_mode":"bridge","networks_advanced":[{"aliases":["prometheus"],"ipv4_address":"","ipv6_address":"","name":"cryptocurrency_exchange_platform_monitoring_zone"}],"pid_mode":"","ports":[],"privileged":false,"publish_all_ports":false,"read_only":false,"remove_volumes":true,"restart":"no","rm":false,"runtime":"runc","security_opts":[],"shm_size":64,"start":true,"stdin_open":false,"stop_signal":"","stop_timeout":1,"storage_opts":null,"sysctls":null,"tmpfs":null,"tty":false,"ulimit":[],"upload":[],"user":"nobody","userns_mode":"","volumes":[],"wait":false,"wait_timeout":60,"working_dir":"/prometheus"},"sensitive_attributes":[],"private":"eyJzY2hlbWFfdmVyc2lvbiI6IjIifQ==","dependencies":["docker_image.hn_prometheus","docker_network.cryptocurrency_exchange_platform_monitoring_zone"]}]},{"mode":"managed","type":"docker_container","name":"hn_redis","provider":"provider[\"registry.terraform.io/kreuzwerker/docker\"]","instances":[{"schema_version":2,"attributes":{"attach":false,"bridge":"","capabilities":[],"cgroup_parent":null,"cgroupns_mode":null,"command":["redis-server"],"container_logs":null,"container_read_refresh_timeout_milliseconds":15000,"cpu_period":null,"cpu_quota":null,"cpu_set":"","cpu_shares":0,"cpus":null,"destroy_grace_seconds":null,"devices":[],"dns":null,"dns_opts":null,"dns_search":null,"domainname":"","entrypoint":["docker-entrypoint.sh"],"env":[],"exit_code":null,"gpus":null,"group_add":null,"healthcheck":[{"interval":"30s","retries":3,"start_interval":"0s","start_period":"30s","test":["CMD","redis-cli","ping"],"timeout":"10s"}],"host":[],"hostname":"redis.trading.cryptoplatform.internal","id":"c4ecb2e1d27b986256a416c703d60e11db60f70d7cab21295412371d548923d1","image":"sha256:8b81dd37ff027bec4e516d41acfbe9fe2460070dc6d4a4570a2ac5b9d59df065","init":false,"ipc_mode":"private","labels":[{"label":"honeynet.managed","value":"true"},{"label":"honeynet.project","value":"cryptocurrency_exchange_platform"}],"log_driver":"json-file","log_opts":null,"logs":false,"max_retry_count":0,"memory":0,"memory_swap":0,"mounts":[],"must_run":true,"name":"hn_redis","network_data":[{"gateway":"","global_ipv6_address":"","global_ipv6_prefix_length":0,"ip_address":"172.27.0.2","ip_prefix_length":16,"ipv6_gateway":"","mac_address":"2e:44:48:f0:ee:e2","network_name":"cryptocurrency_exchange_platform_trading_zone"}],"network_mode":"bridge","networks_advanced":[{"aliases":["redis"],"ipv4_address":"","ipv6_address":"","name":"cryptocurrency_exchange_platform_trading_zone"}],"pid_mode":"","ports":[],"privileged":false,"publish_all_ports":false,"read_only":false,"remove_volumes":true,"restart":"no","rm":false,"runtime":"runc","security_opts":[],"shm_size":64,"start":true,"stdin_open":false,"stop_signal":"","stop_timeout":1,"storage_opts":null,"sysctls":null,"tmpfs":null,"tty":false,"ulimit":[],"upload":[],"user":"","userns_mode":"","volumes":[],"wait":false,"wait_timeout":60,"working_dir":"/data"},"sensitive_attributes":[],"private":"eyJzY2hlbWFfdmVyc2lvbiI6IjIifQ==","dependencies":["docker_image.hn_redis","docker_network.cryptocurrency_exchange_platform_trading_zone"]}]},{"mode":"managed","type":"docker_container","name":"hn_redis_admin_ui","provider":"provider[\"registry.terraform.io/kreuzwerker/docker\"]","instances":[{"schema_version":2,"attributes":{"attach":false,"bridge":"","capabilities":[],"cgroup_parent":null,"cgroupns_mode":null,"command":[],"container_logs":null,"container_read_refresh_timeout_milliseconds":15000,"cpu_period":null,"cpu_quota":null,"cpu_set":"","cpu_shares":0,"cpus":null,"destroy_grace_seconds":null,"devices":[],"dns":null,"dns_opts":null,"dns_search":null,"domainname":"","entrypoint":["/run.sh"],"env":[],"exit_code":null,"gpus":null,"group_add":null,"healthcheck":[{"interval":"30s","retries":3,"start_interval":"0s","start_period":"30s","test":["CMD-SHELL","curl -sf http://localhost:3000/ || wget -qO- http://localhost:3000/ || true"],"timeout":"10s"}],"host":[],"hostname":"redis-admin-ui.trading.cryptoplatform.internal","id":"8b35fd8c3e6daff6086b29357225931ff53eafd58636dc85a93ba98718549e6c","image":"sha256:1ee0c54286b8ca09a3dd1419ff8653e7780a148a006ac088544203bb0affe550","init":false,"ipc_mode":"private","labels":[{"label":"honeynet.managed","value":"true"},{"label":"honeynet.project","value":"cryptocurrency_exchange_platform"}],"log_driver":"json-file","log_opts":null,"logs":false,"max_retry_count":0,"memory":0,"memory_swap":0,"mounts":[],"must_run":true,"name":"hn_redis_admin_ui","network_data":[{"gateway":"","global_ipv6_address":"","global_ipv6_prefix_length":0,"ip_address":"172.27.0.5","ip_prefix_length":16,"ipv6_gateway":"","mac_address":"92:ea:c7:bc:43:fa","network_name":"cryptocurrency_exchange_platform_trading_zone"}],"network_mode":"bridge","networks_advanced":[{"aliases":["redis_admin_ui"],"ipv4_address":"","ipv6_address":"","name":"cryptocurrency_exchange_platform_trading_zone"}],"pid_mode":"","ports":[],"privileged":false,"publish_all_ports":false,"read_only":false,"remove_volumes":true,"restart":"no","rm":false,"runtime":"runc","security_opts":[],"shm_size":64,"start":true,"stdin_open":false,"stop_signal":"","stop_timeout":1,"storage_opts":null,"sysctls":null,"tmpfs":null,"tty":false,"ulimit":[],"upload":[],"user":"472","userns_mode":"","volumes":[],"wait":false,"wait_timeout":60,"working_dir":"/usr/share/grafana"},"sensitive_attributes":[],"private":"eyJzY2hlbWFfdmVyc2lvbiI6IjIifQ==","dependencies":["docker_container.hn_redis","docker_image.hn_redis","docker_image.hn_redis_admin_ui","docker_network.cryptocurrency_exchange_platform_trading_zone"]}]},{"mode":"managed","type":"docker_container","name":"hn_reverse_proxy","provider":"provider[\"registry.terraform.io/kreuzwerker/docker\"]","instances":[{"schema_version":2,"attributes":{"attach":false,"bridge":"","capabilities":[],"cgroup_parent":null,"cgroupns_mode":null,"command":["nginx","-g","daemon off;"],"container_logs":null,"container_read_refresh_timeout_milliseconds":15000,"cpu_period":null,"cpu_quota":null,"cpu_set":"","cpu_shares":0,"cpus":null,"destroy_grace_seconds":null,"devices":[],"dns":null,"dns_opts":null,"dns_search":null,"domainname":"","entrypoint":["/docker-entrypoint.sh"],"env":[],"exit_code":null,"gpus":null,"group_add":null,"healthcheck":[{"interval":"30s","retries":3,"start_interval":"0s","start_period":"30s","test":["CMD-SHELL","curl -sf http://localhost/ || wget -qO- http://localhost/ || true"],"timeout":"10s"}],"host":[],"hostname":"reverse-proxy.exchange.cryptoplatform.internal","id":"d66b186cdd813e85658c31cb15ca3eb30f09356afb7165109938a963299d651c","image":"sha256:516475cc129da42866742567714ddc681e5eed7b9ee0b9e9c015e464b4221a00","init":false,"ipc_mode":"private","labels":[{"label":"honeynet.managed","value":"true"},{"label":"honeynet.project","value":"cryptocurrency_exchange_platform"}],"log_driver":"json-file","log_opts":null,"logs":false,"max_retry_count":0,"memory":0,"memory_swap":0,"mounts":[],"must_run":true,"name":"hn_reverse_proxy","network_data":[{"gateway":"172.28.0.1","global_ipv6_address":"","global_ipv6_prefix_length":0,"ip_address":"172.28.0.6","ip_prefix_length":16,"ipv6_gateway":"","mac_address":"12:7f:1a:7d:d3:c6","network_name":"cryptocurrency_exchange_platform_public_zone"}],"network_mode":"bridge","networks_advanced":[{"aliases":["reverse_proxy"],"ipv4_address":"","ipv6_address":"","name":"cryptocurrency_exchange_platform_public_zone"}],"pid_mode":"","ports":[{"external":1025,"internal":80,"ip":"0.0.0.0","protocol":"tcp"}],"privileged":false,"publish_all_ports":false,"read_only":false,"remove_volumes":true,"restart":"no","rm":false,"runtime":"runc","security_opts":[],"shm_size":64,"start":true,"stdin_open":false,"stop_signal":"SIGQUIT","stop_timeout":1,"storage_opts":null,"sysctls":null,"tmpfs":null,"tty":false,"ulimit":[],"upload":[],"user":"","userns_mode":"","volumes":[],"wait":false,"wait_timeout":60,"working_dir":""},"sensitive_attributes":[],"private":"eyJzY2hlbWFfdmVyc2lvbiI6IjIifQ==","dependencies":["docker_container.hn_api_gateway","docker_image.hn_api_gateway","docker_image.hn_reverse_proxy","docker_network.cryptocurrency_exchange_platform_public_zone"]}]},{"mode":"managed","type":"docker_container","name":"hn_service_discovery","provider":"provider[\"registry.terraform.io/kreuzwerker/docker\"]","instances":[{"schema_version":2,"attributes":{"attach":false,"bridge":"","capabilities":[],"cgroup_parent":null,"cgroupns_mode":null,"command":["agent","-dev","-client","0.0.0.0"],"container_logs":null,"container_read_refresh_timeout_milliseconds":15000,"cpu_period":null,"cpu_quota":null,"cpu_set":"","cpu_shares":0,"cpus":null,"destroy_grace_seconds":null,"devices":[],"dns":null,"dns_opts":null,"dns_search":null,"domainname":"","entrypoint":["docker-entrypoint.sh"],"env":[],"exit_code":null,"gpus":null,"group_add":null,"healthcheck":[{"interval":"30s","retries":3,"start_interval":"0s","start_period":"30s","test":["CMD","consul","members"],"timeout":"10s"}],"host":[],"hostname":"service-discovery.trading.cryptoplatform.internal","id":"6d1f3d3ef17d434ffb45a36ab4e9157594f8d7469ed2e50106bb4f7a62a76194","image":"sha256:fa5020e2307bc941e4317207de1ab55f2c7a8cd6b02c0592cce1cd20ec8a7f87","init":false,"ipc_mode":"private","labels":[{"label":"honeynet.managed","value":"true"},{"label":"honeynet.project","value":"cryptocurrency_exchange_platform"}],"log_driver":"json-file","log_opts":null,"logs":false,"max_retry_count":0,"memory":0,"memory_swap":0,"mounts":[],"must_run":true,"name":"hn_service_discovery","network_data":[{"gateway":"","global_ipv6_address":"","global_ipv6_prefix_length":0,"ip_address":"172.27.0.4","ip_prefix_length":16,"ipv6_gateway":"","mac_address":"a2:61:8d:5f:44:c6","network_name":"cryptocurrency_exchange_platform_trading_zone"}],"network_mode":"bridge","networks_advanced":[{"aliases":["service_discovery"],"ipv4_address":"","ipv6_address":"","name":"cryptocurrency_exchange_platform_trading_zone"}],"pid_mode":"","ports":[],"privileged":false,"publish_all_ports":false,"read_only":false,"remove_volumes":true,"restart":"no","rm":false,"runtime":"runc","security_opts":[],"shm_size":64,"start":true,"stdin_open":false,"stop_signal":"","stop_timeout":1,"storage_opts":null,"sysctls":null,"tmpfs":null,"tty":false,"ulimit":[],"upload":[],"user":"","userns_mode":"","volumes":[],"wait":false,"wait_timeout":60,"working_dir":""},"sensitive_attributes":[],"private":"eyJzY2hlbWFfdmVyc2lvbiI6IjIifQ==","dependencies":["docker_image.hn_service_discovery","docker_network.cryptocurrency_exchange_platform_trading_zone"]}]},{"mode":"managed","type":"docker_image","name":"hn_admin_panel","provider":"provider[\"registry.terraform.io/kreuzwerker/docker\"]","instances":[{"schema_version":0,"attributes":{"build":[],"force_remove":null,"id":"sha256:516475cc129da42866742567714ddc681e5eed7b9ee0b9e9c015e464b4221a00nginx@sha256:516475cc129da42866742567714ddc681e5eed7b9ee0b9e9c015e464b4221a00","image_id":"sha256:516475cc129da42866742567714ddc681e5eed7b9ee0b9e9c015e464b4221a00","keep_locally":true,"name":"nginx@sha256:516475cc129da42866742567714ddc681e5eed7b9ee0b9e9c015e464b4221a00","platform":null,"pull_triggers":null,"repo_digest":"nginx@sha256:516475cc129da42866742567714ddc681e5eed7b9ee0b9e9c015e464b4221a00","timeouts":null,"triggers":null},"sensitive_attributes":[],"private":"eyJlMmJmYjczMC1lY2FhLTExZTYtOGY4OC0zNDM2M2JjN2M0YzAiOnsiY3JlYXRlIjoxMjAwMDAwMDAwMDAwLCJkZWxldGUiOjEyMDAwMDAwMDAwMDAsInVwZGF0ZSI6MTIwMDAwMDAwMDAwMH19"}]},{"mode":"managed","type":"docker_image","name":"hn_alert_manager","provider":"provider[\"registry.terraform.io/kreuzwerker/docker\"]","instances":[{"schema_version":0,"attributes":{"build":[],"force_remove":null,"id":"sha256:361db356b33041437517f1cd298462055580585f26555c317df1a3caf2868552prom/alertmanager@sha256:361db356b33041437517f1cd298462055580585f26555c317df1a3caf2868552","image_id":"sha256:361db356b33041437517f1cd298462055580585f26555c317df1a3caf2868552","keep_locally":true,"name":"prom/alertmanager@sha256:361db356b33041437517f1cd298462055580585f26555c317df1a3caf2868552","platform":null,"pull_triggers":null,"repo_digest":"prom/alertmanager@sha256:361db356b33041437517f1cd298462055580585f26555c317df1a3caf2868552","timeouts":null,"triggers":null},"sensitive_attributes":[],"private":"eyJlMmJmYjczMC1lY2FhLTExZTYtOGY4OC0zNDM2M2JjN2M0YzAiOnsiY3JlYXRlIjoxMjAwMDAwMDAwMDAwLCJkZWxldGUiOjEyMDAwMDAwMDAwMDAsInVwZGF0ZSI6MTIwMDAwMDAwMDAwMH19"}]},{"mode":"managed","type":"docker_image","name":"hn_api_documentation","provider":"provider[\"registry.terraform.io/kreuzwerker/docker\"]","instances":[{"schema_version":0,"attributes":{"build":[],"force_remove":null,"id":"sha256:331548c5249bdeced0f048bc2fb8c6b6427d2ec6508bed9c1fec6c57d0b27a60httpd@sha256:331548c5249bdeced0f048bc2fb8c6b6427d2ec6508bed9c1fec6c57d0b27a60","image_id":"sha256:331548c5249bdeced0f048bc2fb8c6b6427d2ec6508bed9c1fec6c57d0b27a60","keep_locally":true,"name":"httpd@sha256:331548c5249bdeced0f048bc2fb8c6b6427d2ec6508bed9c1fec6c57d0b27a60","platform":null,"pull_triggers":null,"repo_digest":"httpd@sha256:331548c5249bdeced0f048bc2fb8c6b6427d2ec6508bed9c1fec6c57d0b27a60","timeouts":null,"triggers":null},"sensitive_attributes":[],"private":"eyJlMmJmYjczMC1lY2FhLTExZTYtOGY4OC0zNDM2M2JjN2M0YzAiOnsiY3JlYXRlIjoxMjAwMDAwMDAwMDAwLCJkZWxldGUiOjEyMDAwMDAwMDAwMDAsInVwZGF0ZSI6MTIwMDAwMDAwMDAwMH19"}]},{"mode":"managed","type":"docker_image","name":"hn_api_gateway","provider":"provider[\"registry.terraform.io/kreuzwerker/docker\"]","instances":[{"schema_version":0,"attributes":{"build":[],"force_remove":null,"id":"sha256:516475cc129da42866742567714ddc681e5eed7b9ee0b9e9c015e464b4221a00nginx@sha256:516475cc129da42866742567714ddc681e5eed7b9ee0b9e9c015e464b4221a00","image_id":"sha256:516475cc129da42866742567714ddc681e5eed7b9ee0b9e9c015e464b4221a00","keep_locally":true,"name":"nginx@sha256:516475cc129da42866742567714ddc681e5eed7b9ee0b9e9c015e464b4221a00","platform":null,"pull_triggers":null,"repo_digest":"nginx@sha256:516475cc129da42866742567714ddc681e5eed7b9ee0b9e9c015e464b4221a00","timeouts":null,"triggers":null},"sensitive_attributes":[],"private":"eyJlMmJmYjczMC1lY2FhLTExZTYtOGY4OC0zNDM2M2JjN2M0YzAiOnsiY3JlYXRlIjoxMjAwMDAwMDAwMDAwLCJkZWxldGUiOjEyMDAwMDAwMDAwMDAsInVwZGF0ZSI6MTIwMDAwMDAwMDAwMH19"}]},{"mode":"managed","type":"docker_image","name":"hn_backup_server","provider":"provider[\"registry.terraform.io/kreuzwerker/docker\"]","instances":[{"schema_version":0,"attributes":{"build":[],"force_remove":null,"id":"sha256:14cea493d9a34af32f524e538b8346cf79f3321eff8e708c1e2960462bd8936eminio/minio@sha256:14cea493d9a34af32f524e538b8346cf79f3321eff8e708c1e2960462bd8936e","image_id":"sha256:14cea493d9a34af32f524e538b8346cf79f3321eff8e708c1e2960462bd8936e","keep_locally":true,"name":"minio/minio@sha256:14cea493d9a34af32f524e538b8346cf79f3321eff8e708c1e2960462bd8936e","platform":null,"pull_triggers":null,"repo_digest":"quay.io/minio/minio@sha256:14cea493d9a34af32f524e538b8346cf79f3321eff8e708c1e2960462bd8936e","timeouts":null,"triggers":null},"sensitive_attributes":[],"private":"eyJlMmJmYjczMC1lY2FhLTExZTYtOGY4OC0zNDM2M2JjN2M0YzAiOnsiY3JlYXRlIjoxMjAwMDAwMDAwMDAwLCJkZWxldGUiOjEyMDAwMDAwMDAwMDAsInVwZGF0ZSI6MTIwMDAwMDAwMDAwMH19"}]},{"mode":"managed","type":"docker_image","name":"hn_fake_backup_server","provider":"provider[\"registry.terraform.io/kreuzwerker/docker\"]","instances":[{"schema_version":0,"attributes":{"build":[],"force_remove":null,"id":"sha256:14cea493d9a34af32f524e538b8346cf79f3321eff8e708c1e2960462bd8936eminio/minio@sha256:14cea493d9a34af32f524e538b8346cf79f3321eff8e708c1e2960462bd8936e","image_id":"sha256:14cea493d9a34af32f524e538b8346cf79f3321eff8e708c1e2960462bd8936e","keep_locally":true,"name":"minio/minio@sha256:14cea493d9a34af32f524e538b8346cf79f3321eff8e708c1e2960462bd8936e","platform":null,"pull_triggers":null,"repo_digest":"quay.io/minio/minio@sha256:14cea493d9a34af32f524e538b8346cf79f3321eff8e708c1e2960462bd8936e","timeouts":null,"triggers":null},"sensitive_attributes":[],"private":"eyJlMmJmYjczMC1lY2FhLTExZTYtOGY4OC0zNDM2M2JjN2M0YzAiOnsiY3JlYXRlIjoxMjAwMDAwMDAwMDAwLCJkZWxldGUiOjEyMDAwMDAwMDAwMDAsInVwZGF0ZSI6MTIwMDAwMDAwMDAwMH19"}]},{"mode":"managed","type":"docker_image","name":"hn_fake_file_share","provider":"provider[\"registry.terraform.io/kreuzwerker/docker\"]","instances":[{"schema_version":0,"attributes":{"build":[],"force_remove":null,"id":"sha256:14cea493d9a34af32f524e538b8346cf79f3321eff8e708c1e2960462bd8936eminio/minio@sha256:14cea493d9a34af32f524e538b8346cf79f3321eff8e708c1e2960462bd8936e","image_id":"sha256:14cea493d9a34af32f524e538b8346cf79f3321eff8e708c1e2960462bd8936e","keep_locally":true,"name":"minio/minio@sha256:14cea493d9a34af32f524e538b8346cf79f3321eff8e708c1e2960462bd8936e","platform":null,"pull_triggers":null,"repo_digest":"quay.io/minio/minio@sha256:14cea493d9a34af32f524e538b8346cf79f3321eff8e708c1e2960462bd8936e","timeouts":null,"triggers":null},"sensitive_attributes":[],"private":"eyJlMmJmYjczMC1lY2FhLTExZTYtOGY4OC0zNDM2M2JjN2M0YzAiOnsiY3JlYXRlIjoxMjAwMDAwMDAwMDAwLCJkZWxldGUiOjEyMDAwMDAwMDAwMDAsInVwZGF0ZSI6MTIwMDAwMDAwMDAwMH19"}]},{"mode":"managed","type":"docker_image","name":"hn_file_share","provider":"provider[\"registry.terraform.io/kreuzwerker/docker\"]","instances":[{"schema_version":0,"attributes":{"build":[],"force_remove":null,"id":"sha256:14cea493d9a34af32f524e538b8346cf79f3321eff8e708c1e2960462bd8936eminio/minio@sha256:14cea493d9a34af32f524e538b8346cf79f3321eff8e708c1e2960462bd8936e","image_id":"sha256:14cea493d9a34af32f524e538b8346cf79f3321eff8e708c1e2960462bd8936e","keep_locally":true,"name":"minio/minio@sha256:14cea493d9a34af32f524e538b8346cf79f3321eff8e708c1e2960462bd8936e","platform":null,"pull_triggers":null,"repo_digest":"quay.io/minio/minio@sha256:14cea493d9a34af32f524e538b8346cf79f3321eff8e708c1e2960462bd8936e","timeouts":null,"triggers":null},"sensitive_attributes":[],"private":"eyJlMmJmYjczMC1lY2FhLTExZTYtOGY4OC0zNDM2M2JjN2M0YzAiOnsiY3JlYXRlIjoxMjAwMDAwMDAwMDAwLCJkZWxldGUiOjEyMDAwMDAwMDAwMDAsInVwZGF0ZSI6MTIwMDAwMDAwMDAwMH19"}]},{"mode":"managed","type":"docker_image","name":"hn_grafana","provider":"provider[\"registry.terraform.io/kreuzwerker/docker\"]","instances":[{"schema_version":0,"attributes":{"build":[],"force_remove":null,"id":"sha256:1ee0c54286b8ca09a3dd1419ff8653e7780a148a006ac088544203bb0affe550grafana/grafana@sha256:1ee0c54286b8ca09a3dd1419ff8653e7780a148a006ac088544203bb0affe550","image_id":"sha256:1ee0c54286b8ca09a3dd1419ff8653e7780a148a006ac088544203bb0affe550","keep_locally":true,"name":"grafana/grafana@sha256:1ee0c54286b8ca09a3dd1419ff8653e7780a148a006ac088544203bb0affe550","platform":null,"pull_triggers":null,"repo_digest":"grafana/grafana@sha256:1ee0c54286b8ca09a3dd1419ff8653e7780a148a006ac088544203bb0affe550","timeouts":null,"triggers":null},"sensitive_attributes":[],"private":"eyJlMmJmYjczMC1lY2FhLTExZTYtOGY4OC0zNDM2M2JjN2M0YzAiOnsiY3JlYXRlIjoxMjAwMDAwMDAwMDAwLCJkZWxldGUiOjEyMDAwMDAwMDAwMDAsInVwZGF0ZSI6MTIwMDAwMDAwMDAwMH19"}]},{"mode":"managed","type":"docker_image","name":"hn_honeypot_admin_panel","provider":"provider[\"registry.terraform.io/kreuzwerker/docker\"]","instances":[{"schema_version":0,"attributes":{"build":[],"force_remove":null,"id":"sha256:331548c5249bdeced0f048bc2fb8c6b6427d2ec6508bed9c1fec6c57d0b27a60httpd@sha256:331548c5249bdeced0f048bc2fb8c6b6427d2ec6508bed9c1fec6c57d0b27a60","image_id":"sha256:331548c5249bdeced0f048bc2fb8c6b6427d2ec6508bed9c1fec6c57d0b27a60","keep_locally":true,"name":"httpd@sha256:331548c5249bdeced0f048bc2fb8c6b6427d2ec6508bed9c1fec6c57d0b27a60","platform":null,"pull_triggers":null,"repo_digest":"httpd@sha256:331548c5249bdeced0f048bc2fb8c6b6427d2ec6508bed9c1fec6c57d0b27a60","timeouts":null,"triggers":null},"sensitive_attributes":[],"private":"eyJlMmJmYjczMC1lY2FhLTExZTYtOGY4OC0zNDM2M2JjN2M0YzAiOnsiY3JlYXRlIjoxMjAwMDAwMDAwMDAwLCJkZWxldGUiOjEyMDAwMDAwMDAwMDAsInVwZGF0ZSI6MTIwMDAwMDAwMDAwMH19"}]},{"mode":"managed","type":"docker_image","name":"hn_identity_ui","provider":"provider[\"registry.terraform.io/kreuzwerker/docker\"]","instances":[{"schema_version":0,"attributes":{"build":[],"force_remove":null,"id":"sha256:516475cc129da42866742567714ddc681e5eed7b9ee0b9e9c015e464b4221a00nginx@sha256:516475cc129da42866742567714ddc681e5eed7b9ee0b9e9c015e464b4221a00","image_id":"sha256:516475cc129da42866742567714ddc681e5eed7b9ee0b9e9c015e464b4221a00","keep_locally":true,"name":"nginx@sha256:516475cc129da42866742567714ddc681e5eed7b9ee0b9e9c015e464b4221a00","platform":null,"pull_triggers":null,"repo_digest":"nginx@sha256:516475cc129da42866742567714ddc681e5eed7b9ee0b9e9c015e464b4221a00","timeouts":null,"triggers":null},"sensitive_attributes":[],"private":"eyJlMmJmYjczMC1lY2FhLTExZTYtOGY4OC0zNDM2M2JjN2M0YzAiOnsiY3JlYXRlIjoxMjAwMDAwMDAwMDAwLCJkZWxldGUiOjEyMDAwMDAwMDAwMDAsInVwZGF0ZSI6MTIwMDAwMDAwMDAwMH19"}]},{"mode":"managed","type":"docker_image","name":"hn_ledger_db","provider":"provider[\"registry.terraform.io/kreuzwerker/docker\"]","instances":[{"schema_version":0,"attributes":{"build":[],"force_remove":null,"id":"sha256:20edbde7749f822887a1a022ad526fde0a47d6b2be9a8364433605cf65099416postgres@sha256:20edbde7749f822887a1a022ad526fde0a47d6b2be9a8364433605cf65099416","image_id":"sha256:20edbde7749f822887a1a022ad526fde0a47d6b2be9a8364433605cf65099416","keep_locally":true,"name":"postgres@sha256:20edbde7749f822887a1a022ad526fde0a47d6b2be9a8364433605cf65099416","platform":null,"pull_triggers":null,"repo_digest":"postgres@sha256:20edbde7749f822887a1a022ad526fde0a47d6b2be9a8364433605cf65099416","timeouts":null,"triggers":null},"sensitive_attributes":[],"private":"eyJlMmJmYjczMC1lY2FhLTExZTYtOGY4OC0zNDM2M2JjN2M0YzAiOnsiY3JlYXRlIjoxMjAwMDAwMDAwMDAwLCJkZWxldGUiOjEyMDAwMDAwMDAwMDAsInVwZGF0ZSI6MTIwMDAwMDAwMDAwMH19"}]},{"mode":"managed","type":"docker_image","name":"hn_load_balancer","provider":"provider[\"registry.terraform.io/kreuzwerker/docker\"]","instances":[{"schema_version":0,"attributes":{"build":[],"force_remove":null,"id":"sha256:6341b98aec5ec8969b99e9730f4c5b22cca3103d42b6bbe4b7a3c910758fe565traefik@sha256:6341b98aec5ec8969b99e9730f4c5b22cca3103d42b6bbe4b7a3c910758fe565","image_id":"sha256:6341b98aec5ec8969b99e9730f4c5b22cca3103d42b6bbe4b7a3c910758fe565","keep_locally":true,"name":"traefik@sha256:6341b98aec5ec8969b99e9730f4c5b22cca3103d42b6bbe4b7a3c910758fe565","platform":null,"pull_triggers":null,"repo_digest":"traefik@sha256:6341b98aec5ec8969b99e9730f4c5b22cca3103d42b6bbe4b7a3c910758fe565","timeouts":null,"triggers":null},"sensitive_attributes":[],"private":"eyJlMmJmYjczMC1lY2FhLTExZTYtOGY4OC0zNDM2M2JjN2M0YzAiOnsiY3JlYXRlIjoxMjAwMDAwMDAwMDAwLCJkZWxldGUiOjEyMDAwMDAwMDAwMDAsInVwZGF0ZSI6MTIwMDAwMDAwMDAwMH19"}]},{"mode":"managed","type":"docker_image","name":"hn_log_collector","provider":"provider[\"registry.terraform.io/kreuzwerker/docker\"]","instances":[{"schema_version":0,"attributes":{"build":[],"force_remove":null,"id":"sha256:18742e9c449c9c1afe129d3f2f3ee15fb34cc43e5f940a20f3399728f41d7c28osixia/openldap@sha256:18742e9c449c9c1afe129d3f2f3ee15fb34cc43e5f940a20f3399728f41d7c28","image_id":"sha256:18742e9c449c9c1afe129d3f2f3ee15fb34cc43e5f940a20f3399728f41d7c28","keep_locally":true,"name":"osixia/openldap@sha256:18742e9c449c9c1afe129d3f2f3ee15fb34cc43e5f940a20f3399728f41d7c28","platform":null,"pull_triggers":null,"repo_digest":"osixia/openldap@sha256:18742e9c449c9c1afe129d3f2f3ee15fb34cc43e5f940a20f3399728f41d7c28","timeouts":null,"triggers":null},"sensitive_attributes":[],"private":"eyJlMmJmYjczMC1lY2FhLTExZTYtOGY4OC0zNDM2M2JjN2M0YzAiOnsiY3JlYXRlIjoxMjAwMDAwMDAwMDAwLCJkZWxldGUiOjEyMDAwMDAwMDAwMDAsInVwZGF0ZSI6MTIwMDAwMDAwMDAwMH19"}]},{"mode":"managed","type":"docker_image","name":"hn_monitoring_agent","provider":"provider[\"registry.terraform.io/kreuzwerker/docker\"]","instances":[{"schema_version":0,"attributes":{"build":[],"force_remove":null,"id":"sha256:b440bc0e8aa5bab44a782952c09516b6a50f9d7b2325c1ffafac7bc833298e2eprom/prometheus@sha256:b440bc0e8aa5bab44a782952c09516b6a50f9d7b2325c1ffafac7bc833298e2e","image_id":"sha256:b440bc0e8aa5bab44a782952c09516b6a50f9d7b2325c1ffafac7bc833298e2e","keep_locally":true,"name":"prom/prometheus@sha256:b440bc0e8aa5bab44a782952c09516b6a50f9d7b2325c1ffafac7bc833298e2e","platform":null,"pull_triggers":null,"repo_digest":"prom/prometheus@sha256:b440bc0e8aa5bab44a782952c09516b6a50f9d7b2325c1ffafac7bc833298e2e","timeouts":null,"triggers":null},"sensitive_attributes":[],"private":"eyJlMmJmYjczMC1lY2FhLTExZTYtOGY4OC0zNDM2M2JjN2M0YzAiOnsiY3JlYXRlIjoxMjAwMDAwMDAwMDAwLCJkZWxldGUiOjEyMDAwMDAwMDAwMDAsInVwZGF0ZSI6MTIwMDAwMDAwMDAwMH19"}]},{"mode":"managed","type":"docker_image","name":"hn_order_book","provider":"provider[\"registry.terraform.io/kreuzwerker/docker\"]","instances":[{"schema_version":0,"attributes":{"build":[],"force_remove":null,"id":"sha256:20edbde7749f822887a1a022ad526fde0a47d6b2be9a8364433605cf65099416postgres@sha256:20edbde7749f822887a1a022ad526fde0a47d6b2be9a8364433605cf65099416","image_id":"sha256:20edbde7749f822887a1a022ad526fde0a47d6b2be9a8364433605cf65099416","keep_locally":true,"name":"postgres@sha256:20edbde7749f822887a1a022ad526fde0a47d6b2be9a8364433605cf65099416","platform":null,"pull_triggers":null,"repo_digest":"postgres@sha256:20edbde7749f822887a1a022ad526fde0a47d6b2be9a8364433605cf65099416","timeouts":null,"triggers":null},"sensitive_attributes":[],"private":"eyJlMmJmYjczMC1lY2FhLTExZTYtOGY4OC0zNDM2M2JjN2M0YzAiOnsiY3JlYXRlIjoxMjAwMDAwMDAwMDAwLCJkZWxldGUiOjEyMDAwMDAwMDAwMDAsInVwZGF0ZSI6MTIwMDAwMDAwMDAwMH19"}]},{"mode":"managed","type":"docker_image","name":"hn_pgadmin","provider":"provider[\"registry.terraform.io/kreuzwerker/docker\"]","instances":[{"schema_version":0,"attributes":{"build":[],"force_remove":null,"id":"sha256:d243a4bcc02d2ee6b447c601692813531d2d0fbca18b583d9f7f9658da835d81dpage/pgadmin4@sha256:d243a4bcc02d2ee6b447c601692813531d2d0fbca18b583d9f7f9658da835d81","image_id":"sha256:d243a4bcc02d2ee6b447c601692813531d2d0fbca18b583d9f7f9658da835d81","keep_locally":true,"name":"dpage/pgadmin4@sha256:d243a4bcc02d2ee6b447c601692813531d2d0fbca18b583d9f7f9658da835d81","platform":null,"pull_triggers":null,"repo_digest":"dpage/pgadmin4@sha256:d243a4bcc02d2ee6b447c601692813531d2d0fbca18b583d9f7f9658da835d81","timeouts":null,"triggers":null},"sensitive_attributes":[],"private":"eyJlMmJmYjczMC1lY2FhLTExZTYtOGY4OC0zNDM2M2JjN2M0YzAiOnsiY3JlYXRlIjoxMjAwMDAwMDAwMDAwLCJkZWxldGUiOjEyMDAwMDAwMDAwMDAsInVwZGF0ZSI6MTIwMDAwMDAwMDAwMH19"}]},{"mode":"managed","type":"docker_image","name":"hn_postgres_admin_ui","provider":"provider[\"registry.terraform.io/kreuzwerker/docker\"]","instances":[{"schema_version":0,"attributes":{"build":[],"force_remove":null,"id":"sha256:516475cc129da42866742567714ddc681e5eed7b9ee0b9e9c015e464b4221a00nginx@sha256:516475cc129da42866742567714ddc681e5eed7b9ee0b9e9c015e464b4221a00","image_id":"sha256:516475cc129da42866742567714ddc681e5eed7b9ee0b9e9c015e464b4221a00","keep_locally":true,"name":"nginx@sha256:516475cc129da42866742567714ddc681e5eed7b9ee0b9e9c015e464b4221a00","platform":null,"pull_triggers":null,"repo_digest":"nginx@sha256:516475cc129da42866742567714ddc681e5eed7b9ee0b9e9c015e464b4221a00","timeouts":null,"triggers":null},"sensitive_attributes":[],"private":"eyJlMmJmYjczMC1lY2FhLTExZTYtOGY4OC0zNDM2M2JjN2M0YzAiOnsiY3JlYXRlIjoxMjAwMDAwMDAwMDAwLCJkZWxldGUiOjEyMDAwMDAwMDAwMDAsInVwZGF0ZSI6MTIwMDAwMDAwMDAwMH19"}]},{"mode":"managed","type":"docker_image","name":"hn_prometheus","provider":"provider[\"registry.terraform.io/kreuzwerker/docker\"]","instances":[{"schema_version":0,"attributes":{"build":[],"force_remove":null,"id":"sha256:b440bc0e8aa5bab44a782952c09516b6a50f9d7b2325c1ffafac7bc833298e2eprom/prometheus@sha256:b440bc0e8aa5bab44a782952c09516b6a50f9d7b2325c1ffafac7bc833298e2e","image_id":"sha256:b440bc0e8aa5bab44a782952c09516b6a50f9d7b2325c1ffafac7bc833298e2e","keep_locally":true,"name":"prom/prometheus@sha256:b440bc0e8aa5bab44a782952c09516b6a50f9d7b2325c1ffafac7bc833298e2e","platform":null,"pull_triggers":null,"repo_digest":"prom/prometheus@sha256:b440bc0e8aa5bab44a782952c09516b6a50f9d7b2325c1ffafac7bc833298e2e","timeouts":null,"triggers":null},"sensitive_attributes":[],"private":"eyJlMmJmYjczMC1lY2FhLTExZTYtOGY4OC0zNDM2M2JjN2M0YzAiOnsiY3JlYXRlIjoxMjAwMDAwMDAwMDAwLCJkZWxldGUiOjEyMDAwMDAwMDAwMDAsInVwZGF0ZSI6MTIwMDAwMDAwMDAwMH19"}]},{"mode":"managed","type":"docker_image","name":"hn_redis","provider":"provider[\"registry.terraform.io/kreuzwerker/docker\"]","instances":[{"schema_version":0,"attributes":{"build":[],"force_remove":null,"id":"sha256:8b81dd37ff027bec4e516d41acfbe9fe2460070dc6d4a4570a2ac5b9d59df065redis@sha256:8b81dd37ff027bec4e516d41acfbe9fe2460070dc6d4a4570a2ac5b9d59df065","image_id":"sha256:8b81dd37ff027bec4e516d41acfbe9fe2460070dc6d4a4570a2ac5b9d59df065","keep_locally":true,"name":"redis@sha256:8b81dd37ff027bec4e516d41acfbe9fe2460070dc6d4a4570a2ac5b9d59df065","platform":null,"pull_triggers":null,"repo_digest":"redis@sha256:8b81dd37ff027bec4e516d41acfbe9fe2460070dc6d4a4570a2ac5b9d59df065","timeouts":null,"triggers":null},"sensitive_attributes":[],"private":"eyJlMmJmYjczMC1lY2FhLTExZTYtOGY4OC0zNDM2M2JjN2M0YzAiOnsiY3JlYXRlIjoxMjAwMDAwMDAwMDAwLCJkZWxldGUiOjEyMDAwMDAwMDAwMDAsInVwZGF0ZSI6MTIwMDAwMDAwMDAwMH19"}]},{"mode":"managed","type":"docker_image","name":"hn_redis_admin_ui","provider":"provider[\"registry.terraform.io/kreuzwerker/docker\"]","instances":[{"schema_version":0,"attributes":{"build":[],"force_remove":null,"id":"sha256:1ee0c54286b8ca09a3dd1419ff8653e7780a148a006ac088544203bb0affe550grafana/grafana@sha256:1ee0c54286b8ca09a3dd1419ff8653e7780a148a006ac088544203bb0affe550","image_id":"sha256:1ee0c54286b8ca09a3dd1419ff8653e7780a148a006ac088544203bb0affe550","keep_locally":true,"name":"grafana/grafana@sha256:1ee0c54286b8ca09a3dd1419ff8653e7780a148a006ac088544203bb0affe550","platform":null,"pull_triggers":null,"repo_digest":"grafana/grafana@sha256:1ee0c54286b8ca09a3dd1419ff8653e7780a148a006ac088544203bb0affe550","timeouts":null,"triggers":null},"sensitive_attributes":[],"private":"eyJlMmJmYjczMC1lY2FhLTExZTYtOGY4OC0zNDM2M2JjN2M0YzAiOnsiY3JlYXRlIjoxMjAwMDAwMDAwMDAwLCJkZWxldGUiOjEyMDAwMDAwMDAwMDAsInVwZGF0ZSI6MTIwMDAwMDAwMDAwMH19"}]},{"mode":"managed","type":"docker_image","name":"hn_reverse_proxy","provider":"provider[\"registry.terraform.io/kreuzwerker/docker\"]","instances":[{"schema_version":0,"attributes":{"build":[],"force_remove":null,"id":"sha256:516475cc129da42866742567714ddc681e5eed7b9ee0b9e9c015e464b4221a00nginx@sha256:516475cc129da42866742567714ddc681e5eed7b9ee0b9e9c015e464b4221a00","image_id":"sha256:516475cc129da42866742567714ddc681e5eed7b9ee0b9e9c015e464b4221a00","keep_locally":true,"name":"nginx@sha256:516475cc129da42866742567714ddc681e5eed7b9ee0b9e9c015e464b4221a00","platform":null,"pull_triggers":null,"repo_digest":"nginx@sha256:516475cc129da42866742567714ddc681e5eed7b9ee0b9e9c015e464b4221a00","timeouts":null,"triggers":null},"sensitive_attributes":[],"private":"eyJlMmJmYjczMC1lY2FhLTExZTYtOGY4OC0zNDM2M2JjN2M0YzAiOnsiY3JlYXRlIjoxMjAwMDAwMDAwMDAwLCJkZWxldGUiOjEyMDAwMDAwMDAwMDAsInVwZGF0ZSI6MTIwMDAwMDAwMDAwMH19"}]},{"mode":"managed","type":"docker_image","name":"hn_service_discovery","provider":"provider[\"registry.terraform.io/kreuzwerker/docker\"]","instances":[{"schema_version":0,"attributes":{"build":[],"force_remove":null,"id":"sha256:fa5020e2307bc941e4317207de1ab55f2c7a8cd6b02c0592cce1cd20ec8a7f87hashicorp/consul@sha256:fa5020e2307bc941e4317207de1ab55f2c7a8cd6b02c0592cce1cd20ec8a7f87","image_id":"sha256:fa5020e2307bc941e4317207de1ab55f2c7a8cd6b02c0592cce1cd20ec8a7f87","keep_locally":true,"name":"hashicorp/consul@sha256:fa5020e2307bc941e4317207de1ab55f2c7a8cd6b02c0592cce1cd20ec8a7f87","platform":null,"pull_triggers":null,"repo_digest":"hashicorp/consul@sha256:fa5020e2307bc941e4317207de1ab55f2c7a8cd6b02c0592cce1cd20ec8a7f87","timeouts":null,"triggers":null},"sensitive_attributes":[],"private":"eyJlMmJmYjczMC1lY2FhLTExZTYtOGY4OC0zNDM2M2JjN2M0YzAiOnsiY3JlYXRlIjoxMjAwMDAwMDAwMDAwLCJkZWxldGUiOjEyMDAwMDAwMDAwMDAsInVwZGF0ZSI6MTIwMDAwMDAwMDAwMH19"}]},{"mode":"managed","type":"docker_network","name":"cryptocurrency_exchange_platform_honeynet_backbone","provider":"provider[\"registry.terraform.io/kreuzwerker/docker\"]","instances":[{"schema_version":1,"attributes":{"attachable":false,"check_duplicate":null,"driver":"bridge","id":"b6d623222bf1b170b2bca5dafbabd956f1d596f7d569078d885283469c2cf1ed","ingress":false,"internal":false,"ipam_config":[{"aux_address":{},"gateway":"172.24.0.1","ip_range":"","subnet":"172.24.0.0/16"}],"ipam_driver":"default","ipam_options":null,"ipv6":false,"labels":[],"name":"cryptocurrency_exchange_platform_honeynet_backbone","options":{"com.docker.network.enable_ipv4":"true","com.docker.network.enable_ipv6":"false"},"scope":"local"},"sensitive_attributes":[],"private":"eyJzY2hlbWFfdmVyc2lvbiI6IjEifQ=="}]},{"mode":"managed","type":"docker_network","name":"cryptocurrency_exchange_platform_monitoring_zone","provider":"provider[\"registry.terraform.io/kreuzwerker/docker\"]","instances":[{"schema_version":1,"attributes":{"attachable":false,"check_duplicate":null,"driver":"bridge","id":"8f242fada4fda7839dacbe9e5710d14392e6f40f41e5d788a663c88495ea2910","ingress":false,"internal":true,"ipam_config":[{"aux_address":{},"gateway":"172.25.0.1","ip_range":"","subnet":"172.25.0.0/16"}],"ipam_driver":"default","ipam_options":null,"ipv6":false,"labels":[],"name":"cryptocurrency_exchange_platform_monitoring_zone","options":{"com.docker.network.enable_ipv4":"true","com.docker.network.enable_ipv6":"false"},"scope":"local"},"sensitive_attributes":[],"private":"eyJzY2hlbWFfdmVyc2lvbiI6IjEifQ=="}]},{"mode":"managed","type":"docker_network","name":"cryptocurrency_exchange_platform_public_zone","provider":"provider[\"registry.terraform.io/kreuzwerker/docker\"]","instances":[{"schema_version":1,"attributes":{"attachable":false,"check_duplicate":null,"driver":"bridge","id":"3da7c9d9a543246f015246e11473912a2829e05f163d4d17c8b6510daaa58487","ingress":false,"internal":false,"ipam_config":[{"aux_address":{},"gateway":"172.28.0.1","ip_range":"","subnet":"172.28.0.0/16"}],"ipam_driver":"default","ipam_options":null,"ipv6":false,"labels":[],"name":"cryptocurrency_exchange_platform_public_zone","options":{"com.docker.network.enable_ipv4":"true","com.docker.network.enable_ipv6":"false"},"scope":"local"},"sensitive_attributes":[],"private":"eyJzY2hlbWFfdmVyc2lvbiI6IjEifQ=="}]},{"mode":"managed","type":"docker_network","name":"cryptocurrency_exchange_platform_trading_zone","provider":"provider[\"registry.terraform.io/kreuzwerker/docker\"]","instances":[{"schema_version":1,"attributes":{"attachable":false,"check_duplicate":null,"driver":"bridge","id":"dc98b1d58556e4b38406da6f8f096b459db76e6324cdb421b35674bb9807bbaa","ingress":false,"internal":true,"ipam_config":[{"aux_address":{},"gateway":"172.27.0.1","ip_range":"","subnet":"172.27.0.0/16"}],"ipam_driver":"default","ipam_options":null,"ipv6":false,"labels":[],"name":"cryptocurrency_exchange_platform_trading_zone","options":{"com.docker.network.enable_ipv4":"true","com.docker.network.enable_ipv6":"false"},"scope":"local"},"sensitive_attributes":[],"private":"eyJzY2hlbWFfdmVyc2lvbiI6IjEifQ=="}]},{"mode":"managed","type":"docker_network","name":"cryptocurrency_exchange_platform_vault_zone","provider":"provider[\"registry.terraform.io/kreuzwerker/docker\"]","instances":[{"schema_version":1,"attributes":{"attachable":false,"check_duplicate":null,"driver":"bridge","id":"56101a32360d5be379288c5879bd2cf5a80828643d7b855cd26c33be3752c97a","ingress":false,"internal":true,"ipam_config":[{"aux_address":{},"gateway":"172.26.0.1","ip_range":"","subnet":"172.26.0.0/16"}],"ipam_driver":"default","ipam_options":null,"ipv6":false,"labels":[],"name":"cryptocurrency_exchange_platform_vault_zone","options":{"com.docker.network.enable_ipv4":"true","com.docker.network.enable_ipv6":"false"},"scope":"local"},"sensitive_attributes":[],"private":"eyJzY2hlbWFfdmVyc2lvbiI6IjEifQ=="}]}],"check_results":null}
