{"version":4,"terraform_version":"1.11.5","serial":7,"lineage":"57c4ec6e-6511-7226-814b-1d71b2052d5f","outputs":{},"resources":[{"mode":"managed","type":"docker_container","name":"hn_alerting_service","provider":"provider[\"registry.terraform.io/kreuzwerker/docker\"]","instances":[{"schema_version":2,"attributes":{"attach":false,"bridge":"","capabilities":[],"cgroup_parent":null,"cgroupns_mode":null,"command":["mongod"],"container_logs":null,"container_read_refresh_timeout_milliseconds":15000,"cpu_period":null,"cpu_quota":null,"cpu_set":"","cpu_shares":0,"cpus":null,"destroy_grace_seconds":null,"devices":[],"dns":null,"dns_opts":null,"dns_search":null,"domainname":"","entrypoint":["docker-entrypoint.sh"],"env":[],"exit_code":null,"gpus":null,"group_add":null,"healthcheck":[{"interval":"30s","retries":3,"start_interval":"0s","start_period":"30s","test":["CMD","mongo","--eval","db.adminCommand('ping')"],"timeout":"10s"}],"host":[],"hostname":"alerting-service.monitoring.corporate_data_lake.internal","id":"7e6acd44e6b29efbb3518d2708c314ea208a5d082d630c4eaf434453b42b5313","image":"sha256:f2b40853c0f796b105e672e04045d2b3e127bd54782dfe7e9b08aebbd9f602ce","init":false,"ipc_mode":"private","labels":[{"label":"honeynet.managed","value":"true"},{"label":"honeynet.project","value":"corporate_data_lake"}],"log_driver":"json-file","log_opts":null,"logs":false,"max_retry_count":0,"memory":0,"memory_swap":0,"mounts":[],"must_run":true,"name":"hn_alerting_service","network_data":[{"gateway":"","global_ipv6_address":"","global_ipv6_prefix_length":0,"ip_address":"172.27.0.5","ip_prefix_length":16,"ipv6_gateway":"","mac_address":"66:fb:34:70:d1:b2","network_name":"corporate_data_lake_monitoring_zone"}],"network_mode":"bridge","networks_advanced":[{"aliases":["alerting_service"],"ipv4_address":"","ipv6_address":"","name":"corporate_data_lake_monitoring_zone"}],"pid_mode":"","ports":[],"privileged":false,"publish_all_ports":false,"read_only":false,"remove_volumes":true,"restart":"no","rm":false,"runtime":"runc","security_opts":[],"shm_size":64,"start":true,"stdin_open":false,"stop_signal":"","stop_timeout":1,"storage_opts":null,"sysctls":null,"tmpfs":null,"tty":false,"ulimit":[],"upload":[],"user":"","userns_mode":"","volumes":[],"wait":false,"wait_timeout":60,"working_dir":""},"sensitive_attributes":[],"private":"eyJzY2hlbWFfdmVyc2lvbiI6IjIifQ==","dependencies":["docker_container.hn_metadata_db","docker_container.hn_monitoring_collector","docker_container.hn_object_storage","docker_image.hn_alerting_service","docker_image.hn_metadata_db","docker_image.hn_monitoring_collector","docker_image.hn_object_storage","docker_network.corporate_data_lake_data_zone","docker_network.corporate_data_lake_monitoring_zone"]}]},{"mode":"managed","type":"docker_container","name":"hn_api_gateway","provider":"provider[\"registry.terraform.io/kreuzwerker/docker\"]","instances":[{"schema_version":2,"attributes":{"attach":false,"bridge":"","capabilities":[],"cgroup_parent":null,"cgroupns_mode":null,"command":["caddy","run","--config","/etc/caddy/Caddyfile","--adapter","caddyfile"],"container_logs":null,"container_read_refresh_timeout_milliseconds":15000,"cpu_period":null,"cpu_quota":null,"cpu_set":"","cpu_shares":0,"cpus":null,"destroy_grace_seconds":null,"devices":[],"dns":null,"dns_opts":null,"dns_search":null,"domainname":"","entrypoint":[],"env":[],"exit_code":null,"gpus":null,"group_add":null,"healthcheck":[{"interval":"30s","retries":3,"start_interval":"0s","start_period":"30s","test":["CMD","curl","-f","http://localhost/"],"timeout":"10s"}],"host":[],"hostname":"api-gateway.app.corporate_data_lake.internal","id":"d835ee81d740d725bb8fa595ccee6f2715fc3d078531aa4a637f48df77d5355e","image":"sha256:1e40b251ca9639ead7b5cd2cedcc8765adfbabb99450fe23f130eefabf50f4bc","init":false,"ipc_mode":"private","labels":[{"label":"honeynet.managed","value":"true"},{"label":"honeynet.project","value":"corporate_data_lake"}],"log_driver":"json-file","log_opts":null,"logs":false,"max_retry_count":0,"memory":0,"memory_swap":0,"mounts":[],"must_run":true,"name":"hn_api_gateway","network_data":[{"gateway":"172.24.0.1","global_ipv6_address":"","global_ipv6_prefix_length":0,"ip_address":"172.24.0.3","ip_prefix_length":16,"ipv6_gateway":"","mac_address":"36:92:69:fa:8e:48","network_name":"corporate_data_lake_app_zone"},{"gateway":"","global_ipv6_address":"","global_ipv6_prefix_length":0,"ip_address":"172.25.0.10","ip_prefix_length":16,"ipv6_gateway":"","mac_address":"32:65:8a:f7:7f:01","network_name":"corporate_data_lake_data_zone"}],"network_mode":"bridge","networks_advanced":[{"aliases":["api_gateway"],"ipv4_address":"","ipv6_address":"","name":"corporate_data_lake_app_zone"},{"aliases":["api_gateway"],"ipv4_address":"","ipv6_address":"","name":"corporate_data_lake_data_zone"}],"pid_mode":"","ports":[{"external":1027,"internal":80,"ip":"0.0.0.0","protocol":"tcp"},{"external":1028,"internal":443,"ip":"0.0.0.0","protocol":"tcp"}],"privileged":false,"publish_all_ports":false,"read_only":false,"remove_volumes":true,"restart":"no","rm":false,"runtime":"runc","security_opts":[],"shm_size":64,"start":true,"stdin_open":false,"stop_signal":"","stop_timeout":1,"storage_opts":null,"sysctls":null,"tmpfs":null,"tty":false,"ulimit":[],"upload":[],"user":"","userns_mode":"","volumes":[],"wait":false,"wait_timeout":60,"working_dir":"/srv"},"sensitive_attributes":[],"private":"eyJzY2hlbWFfdmVyc2lvbiI6IjIifQ==","dependencies":["docker_container.hn_metadata_db","docker_container.hn_object_storage","docker_image.hn_api_gateway","docker_image.hn_metadata_db","docker_image.hn_object_storage","docker_network.corporate_data_lake_app_zone","docker_network.corporate_data_lake_data_zone"]}]},{"mode":"managed","type":"docker_container","name":"hn_backup_service","provider":"provider[\"registry.terraform.io/kreuzwerker/docker\"]","instances":[{"schema_version":2,"attributes":{"attach":false,"bridge":"","capabilities":[],"cgroup_parent":null,"cgroupns_mode":null,"command":["minio","server","/data"],"container_logs":null,"container_read_refresh_timeout_milliseconds":15000,"cpu_period":null,"cpu_quota":null,"cpu_set":"","cpu_shares":0,"cpus":null,"destroy_grace_seconds":null,"devices":[],"dns":null,"dns_opts":null,"dns_search":null,"domainname":"","entrypoint":["/usr/bin/docker-entrypoint.sh"],"env":[],"exit_code":null,"gpus":null,"group_add":null,"healthcheck":[{"interval":"30s","retries":3,"start_interval":"0s","start_period":"30s","test":["CMD","curl","-f","http://localhost:9000/minio/health/live"],"timeout":"10s"}],"host":[],"hostname":"backup-service.data.corporate_data_lake.internal","id":"1b0a81eac687c5227fc6927ceeaed9273fa5ab8f7e793090f6caa4e63b9fca77","image":"sha256:14cea493d9a34af32f524e538b8346cf79f3321eff8e708c1e2960462bd8936e","init":false,"ipc_mode":"private","labels":[{"label":"honeynet.managed","value":"true"},{"label":"honeynet.project","value":"corporate_data_lake"}],"log_driver":"json-file","log_opts":null,"logs":false,"max_retry_count":0,"memory":0,"memory_swap":0,"mounts":[],"must_run":true,"name":"hn_backup_service","network_data":[{"gateway":"","global_ipv6_address":"","global_ipv6_prefix_length":0,"ip_address":"172.25.0.8","ip_prefix_length":16,"ipv6_gateway":"","mac_address":"32:3d:11:95:af:1b","network_name":"corporate_data_lake_data_zone"}],"network_mode":"bridge","networks_advanced":[{"aliases":["backup_service"],"ipv4_address":"","ipv6_address":"","name":"corporate_data_lake_data_zone"}],"pid_mode":"","ports":[],"privileged":false,"publish_all_ports":false,"read_only":false,"remove_volumes":true,"restart":"no","rm":false,"runtime":"runc","security_opts":[],"shm_size":64,"start":true,"stdin_open":false,"stop_signal":"","stop_timeout":1,"storage_opts":null,"sysctls":null,"tmpfs":null,"tty":false,"ulimit":[],"upload":[],"user":"","userns_mode":"","volumes":[],"wait":false,"wait_timeout":60,"working_dir":"/"},"sensitive_attributes":[],"private":"eyJzY2hlbWFfdmVyc2lvbiI6IjIifQ==","dependencies":["docker_container.hn_object_storage","docker_image.hn_backup_service","docker_image.hn_object_storage","docker_network.corporate_data_lake_data_zone"]}]},{"mode":"managed","type":"docker_container","name":"hn_bait_admin_panel","provider":"provider[\"registry.terraform.io/kreuzwerker/docker\"]","instances":[{"schema_version":2,"attributes":{"attach":false,"bridge":"","capabilities":[],"cgroup_parent":null,"cgroupns_mode":null,"command":["httpd-foreground"],"container_logs":null,"container_read_refresh_timeout_milliseconds":15000,"cpu_period":null,"cpu_quota":null,"cpu_set":"","cpu_shares":0,"cpus":null,"destroy_grace_seconds":null,"devices":[],"dns":null,"dns_opts":null,"dns_search":null,"domainname":"","entrypoint":[],"env":["HTTPD_PATCHES="],"exit_code":null,"gpus":null,"group_add":null,"healthcheck":[{"interval":"30s","retries":3,"start_interval":"0s","start_period":"30s","test":["CMD","curl","-f","http://localhost/"],"timeout":"10s"}],"host":[],"hostname":"bait-admin-panel.app.corporate_data_lake.internal","id":"36d2d24fa7858ba3f5bd3efa891a8880f16a151a93f400a53b7d46a6440436b5","image":"sha256:331548c5249bdeced0f048bc2fb8c6b6427d2ec6508bed9c1fec6c57d0b27a60","init":false,"ipc_mode":"private","labels":[{"label":"honeynet.managed","value":"true"},{"label":"honeynet.project","value":"corporate_data_lake"}],"log_driver":"json-file","log_opts":null,"logs":false,"max_retry_count":0,"memory":0,"memory_swap":0,"mounts":[],"must_run":true,"name":"hn_bait_admin_panel","network_data":[{"gateway":"172.24.0.1","global_ipv6_address":"","global_ipv6_prefix_length":0,"ip_address":"172.24.0.2","ip_prefix_length":16,"ipv6_gateway":"","mac_address":"e2:9d:a0:ca:7c:2f","network_name":"corporate_data_lake_app_zone"}],"network_mode":"bridge","networks_advanced":[{"aliases":["bait_admin_panel"],"ipv4_address":"","ipv6_address":"","name":"corporate_data_lake_app_zone"}],"pid_mode":"","ports":[{"external":1030,"internal":80,"ip":"0.0.0.0","protocol":"tcp"}],"privileged":false,"publish_all_ports":false,"read_only":false,"remove_volumes":true,"restart":"no","rm":false,"runtime":"runc","security_opts":[],"shm_size":64,"start":true,"stdin_open":false,"stop_signal":"SIGWINCH","stop_timeout":1,"storage_opts":null,"sysctls":null,"tmpfs":null,"tty":false,"ulimit":[],"upload":[],"user":"","userns_mode":"","volumes":[],"wait":false,"wait_timeout":60,"working_dir":"/usr/local/apache2"},"sensitive_attributes":[],"private":"eyJzY2hlbWFfdmVyc2lvbiI6IjIifQ==","dependencies":["docker_image.hn_bait_admin_panel","docker_network.corporate_data_lake_app_zone"]}]},{"mode":"managed","type":"docker_container","name":"hn_coordination_service","provider":"provider[\"registry.terraform.io/kreuzwerker/docker\"]","instances":[{"schema_version":2,"attributes":{"attach":false,"bridge":"","capabilities":[],"cgroup_parent":null,"cgroupns_mode":null,"command":[],"container_logs":null,"container_read_refresh_timeout_milliseconds":15000,"cpu_period":null,"cpu_quota":null,"cpu_set":"","cpu_shares":0,"cpus":null,"destroy_grace_seconds":null,"devices":[],"dns":null,"dns_opts":null,"dns_search":null,"domainname":"","entrypoint":["/entrypoint.sh"],"env":[],"exit_code":null,"gpus":null,"group_add":null,"healthcheck":[{"interval":"30s","retries":3,"start_interval":"0s","start_period":"30s","test":["CMD-SHELL","clickhouse-client --query 'SELECT 1'"],"timeout":"10s"}],"host":[],"hostname":"coordination-service.data.corporate_data_lake.internal","id":"d674c7c924414c7fc2f0103a77e0fd446b0e2cc0bc81e726af1840c2a9e12c62","image":"sha256:5d0802b64c09f6d2c6e28123ec4d37226a254e77503bc8b12943dc11722996a5","init":false,"ipc_mode":"private","labels":[{"label":"honeynet.managed","value":"true"},{"label":"honeynet.project","value":"corporate_data_lake"}],"log_driver":"json-file","log_opts":null,"logs":false,"max_retry_count":0,"memory":0,"memory_swap":0,"mounts":[],"must_run":true,"name":"hn_coordination_service","network_data":[{"gateway":"","global_ipv6_address":"","global_ipv6_prefix_length":0,"ip_address":"172.25.0.4","ip_prefix_length":16,"ipv6_gateway":"","mac_address":"42:3f:97:91:7d:f1","network_name":"corporate_data_lake_data_zone"}],"network_mode":"bridge","networks_advanced":[{"aliases":["coordination_service"],"ipv4_address":"","ipv6_address":"","name":"corporate_data_lake_data_zone"}],"pid_mode":"","ports":[],"privileged":false,"publish_all_ports":false,"read_only":false,"remove_volumes":true,"restart":"no","rm":false,"runtime":"runc","security_opts":[],"shm_size":64,"start":true,"stdin_open":false,"stop_signal":"","stop_timeout":1,"storage_opts":null,"sysctls":null,"tmpfs":null,"tty":false,"ulimit":[],"upload":[],"user":"","userns_mode":"","volumes":[],"wait":false,"wait_timeout":60,"working_dir":""},"sensitive_attributes":[],"private":"eyJzY2hlbWFfdmVyc2lvbiI6IjIifQ==","dependencies":["docker_image.hn_coordination_service","docker_network.corporate_data_lake_data_zone"]}]},{"mode":"managed","type":"docker_container","name":"hn_data_transform_service","provider":"provider[\"registry.terraform.io/kreuzwerker/docker\"]","instances":[{"schema_version":2,"attributes":{"attach":false,"bridge":"","capabilities":[],"cgroup_parent":null,"cgroupns_mode":null,"command":["caddy","run","--config","/etc/caddy/Caddyfile","--adapter","caddyfile"],"container_logs":null,"container_read_refresh_timeout_milliseconds":15000,"cpu_period":null,"cpu_quota":null,"cpu_set":"","cpu_shares":0,"cpus":null,"destroy_grace_seconds":null,"devices":[],"dns":null,"dns_opts":null,"dns_search":null,"domainname":"","entrypoint":[],"env":[],"exit_code":null,"gpus":null,"group_add":null,"healthcheck":[{"interval":"30s","retries":3,"start_interval":"0s","start_period":"30s","test":["CMD","curl","-f","http://localhost:2019/health"],"timeout":"10s"}],"host":[],"hostname":"data-transform-service.data.corporate_data_lake.internal","id":"5739983e3496001c8d3d14c1bbd0e749ebd5a649b06363cb67b1d3ed93ff3377","image":"sha256:1e40b251ca9639ead7b5cd2cedcc8765adfbabb99450fe23f130eefabf50f4bc","init":false,"ipc_mode":"private","labels":[{"label":"honeynet.managed","value":"true"},{"label":"honeynet.project","value":"corporate_data_lake"}],"log_driver":"json-file","log_opts":null,"logs":false,"max_retry_count":0,"memory":0,"memory_swap":0,"mounts":[],"must_run":true,"name":"hn_data_transform_service","network_data":[{"gateway":"","global_ipv6_address":"","global_ipv6_prefix_length":0,"ip_address":"172.25.0.7","ip_prefix_length":16,"ipv6_gateway":"","mac_address":"1e:94:aa:e7:90:11","network_name":"corporate_data_lake_data_zone"}],"network_mode":"bridge","networks_advanced":[{"aliases":["data_transform_service"],"ipv4_address":"","ipv6_address":"","name":"corporate_data_lake_data_zone"}],"pid_mode":"","ports":[],"privileged":false,"publish_all_ports":false,"read_only":false,"remove_volumes":true,"restart":"no","rm":false,"runtime":"runc","security_opts":[],"shm_size":64,"start":true,"stdin_open":false,"stop_signal":"","stop_timeout":1,"storage_opts":null,"sysctls":null,"tmpfs":null,"tty":false,"ulimit":[],"upload":[],"user":"","userns_mode":"","volumes":[],"wait":false,"wait_timeout":60,"working_dir":"/srv"},"sensitive_attributes":[],"private":"eyJzY2hlbWFfdmVyc2lvbiI6IjIifQ==","dependencies":["docker_container.hn_metadata_db","docker_container.hn_object_storage","docker_image.hn_data_transform_service","docker_image.hn_metadata_db","docker_image.hn_object_storage","docker_network.corporate_data_lake_data_zone"]}]},{"mode":"managed","type":"docker_container","name":"hn_file_share","provider":"provider[\"registry.terraform.io/kreuzwerker/docker\"]","instances":[{"schema_version":2,"attributes":{"attach":false,"bridge":"","capabilities":[],"cgroup_parent":null,"cgroupns_mode":null,"command":[],"container_logs":null,"container_read_refresh_timeout_milliseconds":15000,"cpu_period":null,"cpu_quota":null,"cpu_set":"","cpu_shares":0,"cpus":null,"destroy_grace_seconds":null,"devices":[],"dns":null,"dns_opts":null,"dns_search":null,"domainname":"","entrypoint":["/container/tool/run"],"env":[],"exit_code":null,"gpus":null,"group_add":null,"healthcheck":[{"interval":"30s","retries":3,"start_interval":"0s","start_period":"30s","test":["CMD","ldapsearch","-x","-H","ldap://localhost:389","-b","dc=example,dc=org"],"timeout":"10s"}],"host":[],"hostname":"file-share.data.corporate_data_lake.internal","id":"c4cdaa637aa6e828380a47a36c06a749818a2e41ce30e8c82a8c6eb64bd600cc","image":"sha256:18742e9c449c9c1afe129d3f2f3ee15fb34cc43e5f940a20f3399728f41d7c28","init":false,"ipc_mode":"private","labels":[{"label":"honeynet.managed","value":"true"},{"label":"honeynet.project","value":"corporate_data_lake"}],"log_driver":"json-file","log_opts":null,"logs":false,"max_retry_count":0,"memory":0,"memory_swap":0,"mounts":[],"must_run":true,"name":"hn_file_share","network_data":[{"gateway":"","global_ipv6_address":"","global_ipv6_prefix_length":0,"ip_address":"172.25.0.3","ip_prefix_length":16,"ipv6_gateway":"","mac_address":"f2:ce:fc:17:e1:f6","network_name":"corporate_data_lake_data_zone"}],"network_mode":"bridge","networks_advanced":[{"aliases":["file_share"],"ipv4_address":"","ipv6_address":"","name":"corporate_data_lake_data_zone"}],"pid_mode":"","ports":[],"privileged":false,"publish_all_ports":false,"read_only":false,"remove_volumes":true,"restart":"no","rm":false,"runtime":"runc","security_opts":[],"shm_size":64,"start":true,"stdin_open":false,"stop_signal":"","stop_timeout":1,"storage_opts":null,"sysctls":null,"tmpfs":null,"tty":false,"ulimit":[],"upload":[],"user":"","userns_mode":"","volumes":[],"wait":false,"wait_timeout":60,"working_dir":""},"sensitive_attributes":[],"private":"eyJzY2hlbWFfdmVyc2lvbiI6IjIifQ==","dependencies":["docker_image.hn_file_share","docker_network.corporate_data_lake_data_zone"]}]},{"mode":"managed","type":"docker_container","name":"hn_identity_service","provider":"provider[\"registry.terraform.io/kreuzwerker/docker\"]","instances":[{"schema_version":2,"attributes":{"attach":false,"bridge":"","capabilities":[],"cgroup_parent":null,"cgroupns_mode":null,"command":[],"container_logs":null,"container_read_refresh_timeout_milliseconds":15000,"cpu_period":null,"cpu_quota":null,"cpu_set":"","cpu_shares":0,"cpus":null,"destroy_grace_seconds":null,"devices":[],"dns":null,"dns_opts":null,"dns_search":null,"domainname":"","entrypoint":["/container/tool/run"],"env":[],"exit_code":null,"gpus":null,"group_add":null,"healthcheck":[{"interval":"30s","retries":3,"start_interval":"0s","start_period":"30s","test":["CMD-SHELL","nc -z localhost 389 || (echo \u003e /dev/tcp/localhost/389) 2\u003e/dev/null || true"],"timeout":"10s"}],"host":[],"hostname":"identity-service.security.corporate_data_lake.internal","id":"d0f4daefb3082b28fb7d6e0efae9f4eede58b7b090db87a6d150c85dd59a9e74","image":"sha256:18742e9c449c9c1afe129d3f2f3ee15fb34cc43e5f940a20f3399728f41d7c28","init":false,"ipc_mode":"private","labels":[{"label":"honeynet.managed","value":"true"},{"label":"honeynet.project","value":"corporate_data_lake"}],"log_driver":"json-file","log_opts":null,"logs":false,"max_retry_count":0,"memory":0,"memory_swap":0,"mounts":[],"must_run":true,"name":"hn_identity_service","network_data":[{"gateway":"","global_ipv6_address":"","global_ipv6_prefix_length":0,"ip_address":"172.26.0.2","ip_prefix_length":16,"ipv6_gateway":"","mac_address":"2e:6e:82:d0:9c:9c","network_name":"corporate_data_lake_security_zone"}],"network_mode":"bridge","networks_advanced":[{"aliases":["identity_service"],"ipv4_address":"","ipv6_address":"","name":"corporate_data_lake_security_zone"}],"pid_mode":"","ports":[],"privileged":false,"publish_all_ports":false,"read_only":false,"remove_volumes":true,"restart":"no","rm":false,"runtime":"runc","security_opts":[],"shm_size":64,"start":true,"stdin_open":false,"stop_signal":"","stop_timeout":1,"storage_opts":null,"sysctls":null,"tmpfs":null,"tty":false,"ulimit":[],"upload":[],"user":"","userns_mode":"","volumes":[],"wait":false,"wait_timeout":60,"working_dir":""},"sensitive_attributes":[],"private":"eyJzY2hlbWFfdmVyc2lvbiI6IjIifQ==","dependencies":["docker_image.hn_identity_service","docker_network.corporate_data_lake_security_zone"]}]},{"mode":"managed","type":"docker_container","name":"hn_log_collector","provider":"provider[\"registry.terraform.io/kreuzwerker/docker\"]","instances":[{"schema_version":2,"attributes":{"attach":false,"bridge":"","capabilities":[],"cgroup_parent":null,"cgroupns_mode":null,"command":[],"container_logs":null,"container_read_refresh_timeout_milliseconds":15000,"cpu_period":null,"cpu_quota":null,"cpu_set":"","cpu_shares":0,"cpus":null,"destroy_grace_seconds":null,"devices":[],"dns":null,"dns_opts":null,"dns_search":null,"domainname":"","entrypoint":["/entrypoint.sh"],"env":[],"exit_code":null,"gpus":null,"group_add":null,"healthcheck":[{"interval":"30s","retries":3,"start_interval":"0s","start_period":"30s","test":["CMD-SHELL","clickhouse-client --query 'SELECT 1'"],"timeout":"10s"}],"host":[],"hostname":"log-collector.monitoring.corporate_data_lake.internal","id":"015d0172e6c0d2ef9fcd91c85b8d1c0f544a45ec555e0e39f0cd36df02adbf9c","image":"sha256:5d0802b64c09f6d2c6e28123ec4d37226a254e77503bc8b12943dc11722996a5","init":false,"ipc_mode":"private","labels":[{"label":"honeynet.managed","value":"true"},{"label":"honeynet.project","value":"corporate_data_lake"}],"log_driver":"json-file","log_opts":null,"logs":false,"max_retry_count":0,"memory":0,"memory_swap":0,"mounts":[],"must_run":true,"name":"hn_log_collector","network_data":[{"gateway":"","global_ipv6_address":"","global_ipv6_prefix_length":0,"ip_address":"172.27.0.2","ip_prefix_length":16,"ipv6_gateway":"","mac_address":"62:a7:f8:28:c4:7c","network_name":"corporate_data_lake_monitoring_zone"}],"network_mode":"bridge","networks_advanced":[{"aliases":["log_collector"],"ipv4_address":"","ipv6_address":"","name":"corporate_data_lake_monitoring_zone"}],"pid_mode":"","ports":[],"privileged":false,"publish_all_ports":false,"read_only":false,"remove_volumes":true,"restart":"no","rm":false,"runtime":"runc","security_opts":[],"shm_size":64,"start":true,"stdin_open":false,"stop_signal":"","stop_timeout":1,"storage_opts":null,"sysctls":null,"tmpfs":null,"tty":false,"ulimit":[],"upload":[],"user":"","userns_mode":"","volumes":[],"wait":false,"wait_timeout":60,"working_dir":""},"sensitive_attributes":[],"private":"eyJzY2hlbWFfdmVyc2lvbiI6IjIifQ==","dependencies":["docker_image.hn_log_collector","docker_network.corporate_data_lake_monitoring_zone"]}]},{"mode":"managed","type":"docker_container","name":"hn_log_dashboard","provider":"provider[\"registry.terraform.io/kreuzwerker/docker\"]","instances":[{"schema_version":2,"attributes":{"attach":false,"bridge":"","capabilities":[],"cgroup_parent":null,"cgroupns_mode":null,"command":[],"container_logs":null,"container_read_refresh_timeout_milliseconds":15000,"cpu_period":null,"cpu_quota":null,"cpu_set":"","cpu_shares":0,"cpus":null,"destroy_grace_seconds":null,"devices":[],"dns":null,"dns_opts":null,"dns_search":null,"domainname":"","entrypoint":["/run.sh"],"env":["GF_SECURITY_ADMIN_PASSWORD=admin"],"exit_code":null,"gpus":null,"group_add":null,"healthcheck":[{"interval":"30s","retries":3,"start_interval":"0s","start_period":"30s","test":["CMD-SHELL","curl -sf http://localhost:3000/ || wget -qO- http://localhost:3000/ || true"],"timeout":"10s"}],"host":[],"hostname":"log-dashboard.monitoring.corporate_data_lake.internal","id":"6d782b6ac03a1d26da6eef5a9e586e63fc70642b90398a21284c337bf0c14260","image":"sha256:e932bd6ed0e026595b08483cd0141e5103e1ab7ff8604839ff899b8dc54cabcb","init":false,"ipc_mode":"private","labels":[{"label":"honeynet.managed","value":"true"},{"label":"honeynet.project","value":"corporate_data_lake"}],"log_driver":"json-file","log_opts":null,"logs":false,"max_retry_count":0,"memory":0,"memory_swap":0,"mounts":[],"must_run":true,"name":"hn_log_dashboard","network_data":[{"gateway":"","global_ipv6_address":"","global_ipv6_prefix_length":0,"ip_address":"172.27.0.3","ip_prefix_length":16,"ipv6_gateway":"","mac_address":"76:3f:74:42:82:95","network_name":"corporate_data_lake_monitoring_zone"}],"network_mode":"bridge","networks_advanced":[{"aliases":["log_dashboard"],"ipv4_address":"","ipv6_address":"","name":"corporate_data_lake_monitoring_zone"}],"pid_mode":"","ports":[],"privileged":false,"publish_all_ports":false,"read_only":false,"remove_volumes":true,"restart":"no","rm":false,"runtime":"runc","security_opts":[],"shm_size":64,"start":true,"stdin_open":false,"stop_signal":"","stop_timeout":1,"storage_opts":null,"sysctls":null,"tmpfs":null,"tty":false,"ulimit":[],"upload":[],"user":"472","userns_mode":"","volumes":[],"wait":false,"wait_timeout":60,"working_dir":"/usr/share/grafana"},"sensitive_attributes":[],"private":"eyJzY2hlbWFfdmVyc2lvbiI6IjIifQ==","dependencies":["docker_container.hn_log_collector","docker_image.hn_log_collector","docker_image.hn_log_dashboard","docker_network.corporate_data_lake_monitoring_zone"]}]},{"mode":"managed","type":"docker_container","name":"hn_metadata_db","provider":"provider[\"registry.terraform.io/kreuzwerker/docker\"]","instances":[{"schema_version":2,"attributes":{"attach":false,"bridge":"","capabilities":[],"cgroup_parent":null,"cgroupns_mode":null,"command":["mysqld"],"container_logs":null,"container_read_refresh_timeout_milliseconds":15000,"cpu_period":null,"cpu_quota":null,"cpu_set":"","cpu_shares":0,"cpus":null,"destroy_grace_seconds":null,"devices":[],"dns":null,"dns_opts":null,"dns_search":null,"domainname":"","entrypoint":["docker-entrypoint.sh"],"env":["MYSQL_DATABASE=metadata","MYSQL_ROOT_PASSWORD=admin123"],"exit_code":null,"gpus":null,"group_add":null,"healthcheck":[{"interval":"30s","retries":3,"start_interval":"0s","start_period":"30s","test":["CMD","mysqladmin","ping","-h","localhost"],"timeout":"10s"}],"host":[],"hostname":"metadata-db.data.corporate_data_lake.internal","id":"6d7e76ad76f5098b0c334d9797aae6583b5e53c7440723b82843b12f11a59688","image":"sha256:64756cc92f707eb504496d774353990bcb0f6999ddf598b6ad188f2da66bd000","init":false,"ipc_mode":"private","labels":[{"label":"honeynet.managed","value":"true"},{"label":"honeynet.project","value":"corporate_data_lake"}],"log_driver":"json-file","log_opts":null,"logs":false,"max_retry_count":0,"memory":0,"memory_swap":0,"mounts":[],"must_run":true,"name":"hn_metadata_db","network_data":[{"gateway":"","global_ipv6_address":"","global_ipv6_prefix_length":0,"ip_address":"172.25.0.5","ip_prefix_length":16,"ipv6_gateway":"","mac_address":"da:db:d2:ca:08:d0","network_name":"corporate_data_lake_data_zone"}],"network_mode":"bridge","networks_advanced":[{"aliases":["metadata_db"],"ipv4_address":"","ipv6_address":"","name":"corporate_data_lake_data_zone"}],"pid_mode":"","ports":[],"privileged":false,"publish_all_ports":false,"read_only":false,"remove_volumes":true,"restart":"no","rm":false,"runtime":"runc","security_opts":[],"shm_size":64,"start":true,"stdin_open":false,"stop_signal":"","stop_timeout":1,"storage_opts":null,"sysctls":null,"tmpfs":null,"tty":false,"ulimit":[],"upload":[],"user":"","userns_mode":"","volumes":[],"wait":false,"wait_timeout":60,"working_dir":"/"},"sensitive_attributes":[],"private":"eyJzY2hlbWFfdmVyc2lvbiI6IjIifQ==","dependencies":["docker_image.hn_metadata_db","docker_network.corporate_data_lake_data_zone"]}]},{"mode":"managed","type":"docker_container","name":"hn_monitoring_collector","provider":"provider[\"registry.terraform.io/kreuzwerker/docker\"]","instances":[{"schema_version":2,"attributes":{"attach":false,"bridge":"","capabilities":[],"cgroup_parent":null,"cgroupns_mode":null,"command":["nginx","-g","daemon off;"],"container_logs":null,"container_read_refresh_timeout_milliseconds":15000,"cpu_period":null,"cpu_quota":null,"cpu_set":"","cpu_shares":0,"cpus":null,"destroy_grace_seconds":null,"devices":[],"dns":null,"dns_opts":null,"dns_search":null,"domainname":"","entrypoint":["/docker-entrypoint.sh"],"env":[],"exit_code":null,"gpus":null,"group_add":null,"healthcheck":[{"interval":"30s","retries":3,"start_interval":"0s","start_period":"30s","test":["CMD","curl","-f","http://localhost/"],"timeout":"10s"}],"host":[],"hostname":"monitoring-collector.monitoring.corporate_data_lake.internal","id":"c303f44d2eede145588302e8696272a97a7ae7ba7dfbfac82eb41d604635f744","image":"sha256:516475cc129da42866742567714ddc681e5eed7b9ee0b9e9c015e464b4221a00","init":false,"ipc_mode":"private","labels":[{"label":"honeynet.managed","value":"true"},{"label":"honeynet.project","value":"corporate_data_lake"}],"log_driver":"json-file","log_opts":null,"logs":false,"max_retry_count":0,"memory":0,"memory_swap":0,"mounts":[],"must_run":true,"name":"hn_monitoring_collector","network_data":[{"gateway":"","global_ipv6_address":"","global_ipv6_prefix_length":0,"ip_address":"172.27.0.4","ip_prefix_length":16,"ipv6_gateway":"","mac_address":"aa:fa:76:5b:46:0f","network_name":"corporate_data_lake_monitoring_zone"},{"gateway":"","global_ipv6_address":"","global_ipv6_prefix_length":0,"ip_address":"172.25.0.9","ip_prefix_length":16,"ipv6_gateway":"","mac_address":"1e:17:b0:ad:c2:4a","network_name":"corporate_data_lake_data_zone"}],"network_mode":"bridge","networks_advanced":[{"aliases":["monitoring_collector"],"ipv4_address":"","ipv6_address":"","name":"corporate_data_lake_data_zone"},{"aliases":["monitoring_collector"],"ipv4_address":"","ipv6_address":"","name":"corporate_data_lake_monitoring_zone"}],"pid_mode":"","ports":[],"privileged":false,"publish_all_ports":false,"read_only":false,"remove_volumes":true,"restart":"no","rm":false,"runtime":"runc","security_opts":[],"shm_size":64,"start":true,"stdin_open":false,"stop_signal":"SIGQUIT","stop_timeout":1,"storage_opts":null,"sysctls":null,"tmpfs":null,"tty":false,"ulimit":[],"upload":[],"user":"","userns_mode":"","volumes":[],"wait":false,"wait_timeout":60,"working_dir":""},"sensitive_attributes":[],"private":"eyJzY2hlbWFfdmVyc2lvbiI6IjIifQ==","dependencies":["docker_container.hn_metadata_db","docker_container.hn_object_storage","docker_image.hn_metadata_db","docker_image.hn_monitoring_collector","docker_image.hn_object_storage","docker_network.corporate_data_lake_data_zone","docker_network.corporate_data_lake_monitoring_zone"]}]},{"mode":"managed","type":"docker_container","name":"hn_object_storage","provider":"provider[\"registry.terraform.io/kreuzwerker/docker\"]","instances":[{"schema_version":2,"attributes":{"attach":false,"bridge":"","capabilities":[],"cgroup_parent":null,"cgroupns_mode":null,"command":["minio","server","/data"],"container_logs":null,"container_read_refresh_timeout_milliseconds":15000,"cpu_period":null,"cpu_quota":null,"cpu_set":"","cpu_shares":0,"cpus":null,"destroy_grace_seconds":null,"devices":[],"dns":null,"dns_opts":null,"dns_search":null,"domainname":"","entrypoint":["/usr/bin/docker-entrypoint.sh"],"env":["MINIO_ROOT_PASSWORD=minioadmin","MINIO_ROOT_USER=minioadmin"],"exit_code":null,"gpus":null,"group_add":null,"healthcheck":[{"interval":"30s","retries":3,"start_interval":"0s","start_period":"30s","test":["CMD","curl","-f","http://localhost:9000/minio/health/live"],"timeout":"10s"}],"host":[],"hostname":"object-storage.data.corporate_data_lake.internal","id":"3f368a116be823dc90a382307506cac2fa17686d90cc449fb3d76d70c67b0194","image":"sha256:14cea493d9a34af32f524e538b8346cf79f3321eff8e708c1e2960462bd8936e","init":false,"ipc_mode":"private","labels":[{"label":"honeynet.managed","value":"true"},{"label":"honeynet.project","value":"corporate_data_lake"}],"log_driver":"json-file","log_opts":null,"logs":false,"max_retry_count":0,"memory":0,"memory_swap":0,"mounts":[],"must_run":true,"name":"hn_object_storage","network_data":[{"gateway":"","global_ipv6_address":"","global_ipv6_prefix_length":0,"ip_address":"172.25.0.2","ip_prefix_length":16,"ipv6_gateway":"","mac_address":"d6:93:a5:a4:2c:9c","network_name":"corporate_data_lake_data_zone"}],"network_mode":"bridge","networks_advanced":[{"aliases":["object_storage"],"ipv4_address":"","ipv6_address":"","name":"corporate_data_lake_data_zone"}],"pid_mode":"","ports":[],"privileged":false,"publish_all_ports":false,"read_only":false,"remove_volumes":true,"restart":"no","rm":false,"runtime":"runc","security_opts":[],"shm_size":64,"start":true,"stdin_open":false,"stop_signal":"","stop_timeout":1,"storage_opts":null,"sysctls":null,"tmpfs":null,"tty":false,"ulimit":[],"upload":[],"user":"","userns_mode":"","volumes":[],"wait":false,"wait_timeout":60,"working_dir":"/"},"sensitive_attributes":[],"private":"eyJzY2hlbWFfdmVyc2lvbiI6IjIifQ==","dependencies":["docker_image.hn_object_storage","docker_network.corporate_data_lake_data_zone"]}]},{"mode":"managed","type":"docker_container","name":"hn_security_monitor","provider":"provider[\"registry.terraform.io/kreuzwerker/docker\"]","instances":[{"schema_version":2,"attributes":{"attach":false,"bridge":"","capabilities":[],"cgroup_parent":null,"cgroupns_mode":null,"command":["caddy","run","--config","/etc/caddy/Caddyfile","--adapter","caddyfile"],"container_logs":null,"container_read_refresh_timeout_milliseconds":15000,"cpu_period":null,"cpu_quota":null,"cpu_set":"","cpu_shares":0,"cpus":null,"destroy_grace_seconds":null,"devices":[],"dns":null,"dns_opts":null,"dns_search":null,"domainname":"","entrypoint":[],"env":[],"exit_code":null,"gpus":null,"group_add":null,"healthcheck":[{"interval":"30s","retries":3,"start_interval":"0s","start_period":"30s","test":["CMD-SHELL","nc -z localhost 80 || (echo \u003e /dev/tcp/localhost/80) 2\u003e/dev/null || true"],"timeout":"10s"}],"host":[],"hostname":"security-monitor.security.corporate_data_lake.internal","id":"02f7ccd4dbd11e25b8be4a1271568d0d1389c0b0b6da184fdf7fb49f51e8f448","image":"sha256:1e40b251ca9639ead7b5cd2cedcc8765adfbabb99450fe23f130eefabf50f4bc","init":false,"ipc_mode":"private","labels":[{"label":"honeynet.managed","value":"true"},{"label":"honeynet.project","value":"corporate_data_lake"}],"log_driver":"json-file","log_opts":null,"logs":false,"max_retry_count":0,"memory":0,"memory_swap":0,"mounts":[],"must_run":true,"name":"hn_security_monitor","network_data":[{"gateway":"","global_ipv6_address":"","global_ipv6_prefix_length":0,"ip_address":"172.26.0.3","ip_prefix_length":16,"ipv6_gateway":"","mac_address":"32:5d:02:76:3a:3a","network_name":"corporate_data_lake_security_zone"}],"network_mode":"bridge","networks_advanced":[{"aliases":["security_monitor"],"ipv4_address":"","ipv6_address":"","name":"corporate_data_lake_security_zone"}],"pid_mode":"","ports":[],"privileged":false,"publish_all_ports":false,"read_only":false,"remove_volumes":true,"restart":"no","rm":false,"runtime":"runc","security_opts":[],"shm_size":64,"start":true,"stdin_open":false,"stop_signal":"","stop_timeout":1,"storage_opts":null,"sysctls":null,"tmpfs":null,"tty":false,"ulimit":[],"upload":[],"user":"","userns_mode":"","volumes":[],"wait":false,"wait_timeout":60,"working_dir":"/srv"},"sensitive_attributes":[],"private":"eyJzY2hlbWFfdmVyc2lvbiI6IjIifQ==","dependencies":["docker_container.hn_identity_service","docker_image.hn_identity_service","docker_image.hn_security_monitor","docker_network.corporate_data_lake_security_zone"]}]},{"mode":"managed","type":"docker_container","name":"hn_service_discovery","provider":"provider[\"registry.terraform.io/kreuzwerker/docker\"]","instances":[{"schema_version":2,"attributes":{"attach":false,"bridge":"","capabilities":[],"cgroup_parent":null,"cgroupns_mode":null,"command":["redis-server"],"container_logs":null,"container_read_refresh_timeout_milliseconds":15000,"cpu_period":null,"cpu_quota":null,"cpu_set":"","cpu_shares":0,"cpus":null,"destroy_grace_seconds":null,"devices":[],"dns":null,"dns_opts":null,"dns_search":null,"domainname":"","entrypoint":["docker-entrypoint.sh"],"env":[],"exit_code":null,"gpus":null,"group_add":null,"healthcheck":[{"interval":"30s","retries":3,"start_interval":"0s","start_period":"30s","test":["CMD","redis-cli","ping"],"timeout":"10s"}],"host":[],"hostname":"service-discovery.data.corporate_data_lake.internal","id":"c53ae809beef44cd6fbc54d5cec308ebc4e52ec8427108fe17221768a6008683","image":"sha256:8b81dd37ff027bec4e516d41acfbe9fe2460070dc6d4a4570a2ac5b9d59df065","init":false,"ipc_mode":"private","labels":[{"label":"honeynet.managed","value":"true"},{"label":"honeynet.project","value":"corporate_data_lake"}],"log_driver":"json-file","log_opts":null,"logs":false,"max_retry_count":0,"memory":0,"memory_swap":0,"mounts":[],"must_run":true,"name":"hn_service_discovery","network_data":[{"gateway":"","global_ipv6_address":"","global_ipv6_prefix_length":0,"ip_address":"172.25.0.6","ip_prefix_length":16,"ipv6_gateway":"","mac_address":"ce:b5:a4:e8:4f:38","network_name":"corporate_data_lake_data_zone"}],"network_mode":"bridge","networks_advanced":[{"aliases":["service_discovery"],"ipv4_address":"","ipv6_address":"","name":"corporate_data_lake_data_zone"}],"pid_mode":"","ports":[],"privileged":false,"publish_all_ports":false,"read_only":false,"remove_volumes":true,"restart":"no","rm":false,"runtime":"runc","security_opts":[],"shm_size":64,"start":true,"stdin_open":false,"stop_signal":"","stop_timeout":1,"storage_opts":null,"sysctls":null,"tmpfs":null,"tty":false,"ulimit":[],"upload":[],"user":"","userns_mode":"","volumes":[],"wait":false,"wait_timeout":60,"working_dir":"/data"},"sensitive_attributes":[],"private":"eyJzY2hlbWFfdmVyc2lvbiI6IjIifQ==","dependencies":["docker_image.hn_service_discovery","docker_network.corporate_data_lake_data_zone"]}]},{"mode":"managed","type":"docker_container","name":"hn_web_frontend","provider":"provider[\"registry.terraform.io/kreuzwerker/docker\"]","instances":[{"schema_version":2,"attributes":{"attach":false,"bridge":"","capabilities":[],"cgroup_parent":null,"cgroupns_mode":null,"command":["nginx","-g","daemon off;"],"container_logs":null,"container_read_refresh_timeout_milliseconds":15000,"cpu_period":null,"cpu_quota":null,"cpu_set":"","cpu_shares":0,"cpus":null,"destroy_grace_seconds":null,"devices":[],"dns":null,"dns_opts":null,"dns_search":null,"domainname":"","entrypoint":["/docker-entrypoint.sh"],"env":[],"exit_code":null,"gpus":null,"group_add":null,"healthcheck":[{"interval":"30s","retries":3,"start_interval":"0s","start_period":"30s","test":["CMD","curl","-f","http://localhost/"],"timeout":"10s"}],"host":[],"hostname":"web-frontend.app.corporate_data_lake.internal","id":"5eacc9eb0b988cea2f1836d1c106c2c29f2bd6c8ec645e8e627d67c2815cd211","image":"sha256:516475cc129da42866742567714ddc681e5eed7b9ee0b9e9c015e464b4221a00","init":false,"ipc_mode":"private","labels":[{"label":"honeynet.managed","value":"true"},{"label":"honeynet.project","value":"corporate_data_lake"}],"log_driver":"json-file","log_opts":null,"logs":false,"max_retry_count":0,"memory":0,"memory_swap":0,"mounts":[],"must_run":true,"name":"hn_web_frontend","network_data":[{"gateway":"172.24.0.1","global_ipv6_address":"","global_ipv6_prefix_length":0,"ip_address":"172.24.0.4","ip_prefix_length":16,"ipv6_gateway":"","mac_address":"22:57:86:72:96:f0","network_name":"corporate_data_lake_app_zone"}],"network_mode":"bridge","networks_advanced":[{"aliases":["web_frontend"],"ipv4_address":"","ipv6_address":"","name":"corporate_data_lake_app_zone"}],"pid_mode":"","ports":[{"external":1029,"internal":80,"ip":"0.0.0.0","protocol":"tcp"}],"privileged":false,"publish_all_ports":false,"read_only":false,"remove_volumes":true,"restart":"no","rm":false,"runtime":"runc","security_opts":[],"shm_size":64,"start":true,"stdin_open":false,"stop_signal":"SIGQUIT","stop_timeout":1,"storage_opts":null,"sysctls":null,"tmpfs":null,"tty":false,"ulimit":[],"upload":[],"user":"","userns_mode":"","volumes":[],"wait":false,"wait_timeout":60,"working_dir":""},"sensitive_attributes":[],"private":"eyJzY2hlbWFfdmVyc2lvbiI6IjIifQ==","dependencies":["docker_container.hn_api_gateway","docker_container.hn_metadata_db","docker_container.hn_object_storage","docker_image.hn_api_gateway","docker_image.hn_metadata_db","docker_image.hn_object_storage","docker_image.hn_web_frontend","docker_network.corporate_data_lake_app_zone","docker_network.corporate_data_lake_data_zone"]}]},{"mode":"managed","type":"docker_image","name":"hn_alerting_service","provider":"provider[\"registry.terraform.io/kreuzwerker/docker\"]","instances":[{"schema_version":0,"attributes":{"build":[],"force_remove":null,"id":"sha256:f2b40853c0f796b105e672e04045d2b3e127bd54782dfe7e9b08aebbd9f602cemongo@sha256:f2b40853c0f796b105e672e04045d2b3e127bd54782dfe7e9b08aebbd9f602ce","image_id":"sha256:f2b40853c0f796b105e672e04045d2b3e127bd54782dfe7e9b08aebbd9f602ce","keep_locally":true,"name":"mongo@sha256:f2b40853c0f796b105e672e04045d2b3e127bd54782dfe7e9b08aebbd9f602ce","platform":null,"pull_triggers":null,"repo_digest":"mongo@sha256:f2b40853c0f796b105e672e04045d2b3e127bd54782dfe7e9b08aebbd9f602ce","timeouts":null,"triggers":null},"sensitive_attributes":[],"private":"eyJlMmJmYjczMC1lY2FhLTExZTYtOGY4OC0zNDM2M2JjN2M0YzAiOnsiY3JlYXRlIjoxMjAwMDAwMDAwMDAwLCJkZWxldGUiOjEyMDAwMDAwMDAwMDAsInVwZGF0ZSI6MTIwMDAwMDAwMDAwMH19"}]},{"mode":"managed","type":"docker_image","name":"hn_api_gateway","provider":"provider[\"registry.terraform.io/kreuzwerker/docker\"]","instances":[{"schema_version":0,"attributes":{"build":[],"force_remove":null,"id":"sha256:1e40b251ca9639ead7b5cd2cedcc8765adfbabb99450fe23f130eefabf50f4bccaddy@sha256:1e40b251ca9639ead7b5cd2cedcc8765adfbabb99450fe23f130eefabf50f4bc","image_id":"sha256:1e40b251ca9639ead7b5cd2cedcc8765adfbabb99450fe23f130eefabf50f4bc","keep_locally":true,"name":"caddy@sha256:1e40b251ca9639ead7b5cd2cedcc8765adfbabb99450fe23f130eefabf50f4bc","platform":null,"pull_triggers":null,"repo_digest":"caddy@sha256:1e40b251ca9639ead7b5cd2cedcc8765adfbabb99450fe23f130eefabf50f4bc","timeouts":null,"triggers":null},"sensitive_attributes":[],"private":"eyJlMmJmYjczMC1lY2FhLTExZTYtOGY4OC0zNDM2M2JjN2M0YzAiOnsiY3JlYXRlIjoxMjAwMDAwMDAwMDAwLCJkZWxldGUiOjEyMDAwMDAwMDAwMDAsInVwZGF0ZSI6MTIwMDAwMDAwMDAwMH19"}]},{"mode":"managed","type":"docker_image","name":"hn_backup_service","provider":"provider[\"registry.terraform.io/kreuzwerker/docker\"]","instances":[{"schema_version":0,"attributes":{"build":[],"force_remove":null,"id":"sha256:14cea493d9a34af32f524e538b8346cf79f3321eff8e708c1e2960462bd8936eminio/minio@sha256:14cea493d9a34af32f524e538b8346cf79f3321eff8e708c1e2960462bd8936e","image_id":"sha256:14cea493d9a34af32f524e538b8346cf79f3321eff8e708c1e2960462bd8936e","keep_locally":true,"name":"minio/minio@sha256:14cea493d9a34af32f524e538b8346cf79f3321eff8e708c1e2960462bd8936e","platform":null,"pull_triggers":null,"repo_digest":"quay.io/minio/minio@sha256:14cea493d9a34af32f524e538b8346cf79f3321eff8e708c1e2960462bd8936e","timeouts":null,"triggers":null},"sensitive_attributes":[],"private":"eyJlMmJmYjczMC1lY2FhLTExZTYtOGY4OC0zNDM2M2JjN2M0YzAiOnsiY3JlYXRlIjoxMjAwMDAwMDAwMDAwLCJkZWxldGUiOjEyMDAwMDAwMDAwMDAsInVwZGF0ZSI6MTIwMDAwMDAwMDAwMH19"}]},{"mode":"managed","type":"docker_image","name":"hn_bait_admin_panel","provider":"provider[\"registry.terraform.io/kreuzwerker/docker\"]","instances":[{"schema_version":0,"attributes":{"build":[],"force_remove":null,"id":"sha256:331548c5249bdeced0f048bc2fb8c6b6427d2ec6508bed9c1fec6c57d0b27a60httpd@sha256:331548c5249bdeced0f048bc2fb8c6b6427d2ec6508bed9c1fec6c57d0b27a60","image_id":"sha256:331548c5249bdeced0f048bc2fb8c6b6427d2ec6508bed9c1fec6c57d0b27a60","keep_locally":true,"name":"httpd@sha256:331548c5249bdeced0f048bc2fb8c6b6427d2ec6508bed9c1fec6c57d0b27a60","platform":null,"pull_triggers":null,"repo_digest":"httpd@sha256:331548c5249bdeced0f048bc2fb8c6b6427d2ec6508bed9c1fec6c57d0b27a60","timeouts":null,"triggers":null},"sensitive_attributes":[],"private":"eyJlMmJmYjczMC1lY2FhLTExZTYtOGY4OC0zNDM2M2JjN2M0YzAiOnsiY3JlYXRlIjoxMjAwMDAwMDAwMDAwLCJkZWxldGUiOjEyMDAwMDAwMDAwMDAsInVwZGF0ZSI6MTIwMDAwMDAwMDAwMH19"}]},{"mode":"managed","type":"docker_image","name":"hn_coordination_service","provider":"provider[\"registry.terraform.io/kreuzwerker/docker\"]","instances":[{"schema_version":0,"attributes":{"build":[],"force_remove":null,"id":"sha256:5d0802b64c09f6d2c6e28123ec4d37226a254e77503bc8b12943dc11722996a5clickhouse/clickhouse-server@sha256:5d0802b64c09f6d2c6e28123ec4d37226a254e77503bc8b12943dc11722996a5","image_id":"sha256:5d0802b64c09f6d2c6e28123ec4d37226a254e77503bc8b12943dc11722996a5","keep_locally":true,"name":"clickhouse/clickhouse-server@sha256:5d0802b64c09f6d2c6e28123ec4d37226a254e77503bc8b12943dc11722996a5","platform":null,"pull_triggers":null,"repo_digest":"clickhouse/clickhouse-server@sha256:5d0802b64c09f6d2c6e28123ec4d37226a254e77503bc8b12943dc11722996a5","timeouts":null,"triggers":null},"sensitive_attributes":[],"private":"eyJlMmJmYjczMC1lY2FhLTExZTYtOGY4OC0zNDM2M2JjN2M0YzAiOnsiY3JlYXRlIjoxMjAwMDAwMDAwMDAwLCJkZWxldGUiOjEyMDAwMDAwMDAwMDAsInVwZGF0ZSI6MTIwMDAwMDAwMDAwMH19"}]},{"mode":"managed","type":"docker_image","name":"hn_data_transform_service","provider":"provider[\"registry.terraform.io/kreuzwerker/docker\"]","instances":[{"schema_version":0,"attributes":{"build":[],"force_remove":null,"id":"sha256:1e40b251ca9639ead7b5cd2cedcc8765adfbabb99450fe23f130eefabf50f4bccaddy@sha256:1e40b251ca9639ead7b5cd2cedcc8765adfbabb99450fe23f130eefabf50f4bc","image_id":"sha256:1e40b251ca9639ead7b5cd2cedcc8765adfbabb99450fe23f130eefabf50f4bc","keep_locally":true,"name":"caddy@sha256:1e40b251ca9639ead7b5cd2cedcc8765adfbabb99450fe23f130eefabf50f4bc","platform":null,"pull_triggers":null,"repo_digest":"caddy@sha256:1e40b251ca9639ead7b5cd2cedcc8765adfbabb99450fe23f130eefabf50f4bc","timeouts":null,"triggers":null},"sensitive_attributes":[],"private":"eyJlMmJmYjczMC1lY2FhLTExZTYtOGY4OC0zNDM2M2JjN2M0YzAiOnsiY3JlYXRlIjoxMjAwMDAwMDAwMDAwLCJkZWxldGUiOjEyMDAwMDAwMDAwMDAsInVwZGF0ZSI6MTIwMDAwMDAwMDAwMH19"}]},{"mode":"managed","type":"docker_image","name":"hn_file_share","provider":"provider[\"registry.terraform.io/kreuzwerker/docker\"]","instances":[{"schema_version":0,"attributes":{"build":[],"force_remove":null,"id":"sha256:18742e9c449c9c1afe129d3f2f3ee15fb34cc43e5f940a20f3399728f41d7c28osixia/openldap@sha256:18742e9c449c9c1afe129d3f2f3ee15fb34cc43e5f940a20f3399728f41d7c28","image_id":"sha256:18742e9c449c9c1afe129d3f2f3ee15fb34cc43e5f940a20f3399728f41d7c28","keep_locally":true,"name":"osixia/openldap@sha256:18742e9c449c9c1afe129d3f2f3ee15fb34cc43e5f940a20f3399728f41d7c28","platform":null,"pull_triggers":null,"repo_digest":"osixia/openldap@sha256:18742e9c449c9c1afe129d3f2f3ee15fb34cc43e5f940a20f3399728f41d7c28","timeouts":null,"triggers":null},"sensitive_attributes":[],"private":"eyJlMmJmYjczMC1lY2FhLTExZTYtOGY4OC0zNDM2M2JjN2M0YzAiOnsiY3JlYXRlIjoxMjAwMDAwMDAwMDAwLCJkZWxldGUiOjEyMDAwMDAwMDAwMDAsInVwZGF0ZSI6MTIwMDAwMDAwMDAwMH19"}]},{"mode":"managed","type":"docker_image","name":"hn_identity_service","provider":"provider[\"registry.terraform.io/kreuzwerker/docker\"]","instances":[{"schema_version":0,"attributes":{"build":[],"force_remove":null,"id":"sha256:18742e9c449c9c1afe129d3f2f3ee15fb34cc43e5f940a20f3399728f41d7c28osixia/openldap@sha256:18742e9c449c9c1afe129d3f2f3ee15fb34cc43e5f940a20f3399728f41d7c28","image_id":"sha256:18742e9c449c9c1afe129d3f2f3ee15fb34cc43e5f940a20f3399728f41d7c28","keep_locally":true,"name":"osixia/openldap@sha256:18742e9c449c9c1afe129d3f2f3ee15fb34cc43e5f940a20f3399728f41d7c28","platform":null,"pull_triggers":null,"repo_digest":"osixia/openldap@sha256:18742e9c449c9c1afe129d3f2f3ee15fb34cc43e5f940a20f3399728f41d7c28","timeouts":null,"triggers":null},"sensitive_attributes":[],"private":"eyJlMmJmYjczMC1lY2FhLTExZTYtOGY4OC0zNDM2M2JjN2M0YzAiOnsiY3JlYXRlIjoxMjAwMDAwMDAwMDAwLCJkZWxldGUiOjEyMDAwMDAwMDAwMDAsInVwZGF0ZSI6MTIwMDAwMDAwMDAwMH19"}]},{"mode":"managed","type":"docker_image","name":"hn_log_collector","provider":"provider[\"registry.terraform.io/kreuzwerker/docker\"]","instances":[{"schema_version":0,"attributes":{"build":[],"force_remove":null,"id":"sha256:5d0802b64c09f6d2c6e28123ec4d37226a254e77503bc8b12943dc11722996a5clickhouse/clickhouse-server@sha256:5d0802b64c09f6d2c6e28123ec4d37226a254e77503bc8b12943dc11722996a5","image_id":"sha256:5d0802b64c09f6d2c6e28123ec4d37226a254e77503bc8b12943dc11722996a5","keep_locally":true,"name":"clickhouse/clickhouse-server@sha256:5d0802b64c09f6d2c6e28123ec4d37226a254e77503bc8b12943dc11722996a5","platform":null,"pull_triggers":null,"repo_digest":"clickhouse/clickhouse-server@sha256:5d0802b64c09f6d2c6e28123ec4d37226a254e77503bc8b12943dc11722996a5","timeouts":null,"triggers":null},"sensitive_attributes":[],"private":"eyJlMmJmYjczMC1lY2FhLTExZTYtOGY4OC0zNDM2M2JjN2M0YzAiOnsiY3JlYXRlIjoxMjAwMDAwMDAwMDAwLCJkZWxldGUiOjEyMDAwMDAwMDAwMDAsInVwZGF0ZSI6MTIwMDAwMDAwMDAwMH19"}]},{"mode":"managed","type":"docker_image","name":"hn_log_dashboard","provider":"provider[\"registry.terraform.io/kreuzwerker/docker\"]","instances":[{"schema_version":0,"attributes":{"build":[],"force_remove":null,"id":"sha256:e932bd6ed0e026595b08483cd0141e5103e1ab7ff8604839ff899b8dc54cabcbgrafana/grafana@sha256:e932bd6ed0e026595b08483cd0141e5103e1ab7ff8604839ff899b8dc54cabcb","image_id":"sha256:e932bd6ed0e026595b08483cd0141e5103e1ab7ff8604839ff899b8dc54cabcb","keep_locally":true,"name":"grafana/grafana@sha256:e932bd6ed0e026595b08483cd0141e5103e1ab7ff8604839ff899b8dc54cabcb","platform":null,"pull_triggers":null,"repo_digest":"grafana/grafana@sha256:e932bd6ed0e026595b08483cd0141e5103e1ab7ff8604839ff899b8dc54cabcb","timeouts":null,"triggers":null},"sensitive_attributes":[],"private":"eyJlMmJmYjczMC1lY2FhLTExZTYtOGY4OC0zNDM2M2JjN2M0YzAiOnsiY3JlYXRlIjoxMjAwMDAwMDAwMDAwLCJkZWxldGUiOjEyMDAwMDAwMDAwMDAsInVwZGF0ZSI6MTIwMDAwMDAwMDAwMH19"}]},{"mode":"managed","type":"docker_image","name":"hn_metadata_db","provider":"provider[\"registry.terraform.io/kreuzwerker/docker\"]","instances":[{"schema_version":0,"attributes":{"build":[],"force_remove":null,"id":"sha256:64756cc92f707eb504496d774353990bcb0f6999ddf598b6ad188f2da66bd000mysql@sha256:64756cc92f707eb504496d774353990bcb0f6999ddf598b6ad188f2da66bd000","image_id":"sha256:64756cc92f707eb504496d774353990bcb0f6999ddf598b6ad188f2da66bd000","keep_locally":true,"name":"mysql@sha256:64756cc92f707eb504496d774353990bcb0f6999ddf598b6ad188f2da66bd000","platform":null,"pull_triggers":null,"repo_digest":"mysql@sha256:64756cc92f707eb504496d774353990bcb0f6999ddf598b6ad188f2da66bd000","timeouts":null,"triggers":null},"sensitive_attributes":[],"private":"eyJlMmJmYjczMC1lY2FhLTExZTYtOGY4OC0zNDM2M2JjN2M0YzAiOnsiY3JlYXRlIjoxMjAwMDAwMDAwMDAwLCJkZWxldGUiOjEyMDAwMDAwMDAwMDAsInVwZGF0ZSI6MTIwMDAwMDAwMDAwMH19"}]},{"mode":"managed","type":"docker_image","name":"hn_monitoring_collector","provider":"provider[\"registry.terraform.io/kreuzwerker/docker\"]","instances":[{"schema_version":0,"attributes":{"build":[],"force_remove":null,"id":"sha256:516475cc129da42866742567714ddc681e5eed7b9ee0b9e9c015e464b4221a00nginx@sha256:516475cc129da42866742567714ddc681e5eed7b9ee0b9e9c015e464b4221a00","image_id":"sha256:516475cc129da42866742567714ddc681e5eed7b9ee0b9e9c015e464b4221a00","keep_locally":true,"name":"nginx@sha256:516475cc129da42866742567714ddc681e5eed7b9ee0b9e9c015e464b4221a00","platform":null,"pull_triggers":null,"repo_digest":"nginx@sha256:516475cc129da42866742567714ddc681e5eed7b9ee0b9e9c015e464b4221a00","timeouts":null,"triggers":null},"sensitive_attributes":[],"private":"eyJlMmJmYjczMC1lY2FhLTExZTYtOGY4OC0zNDM2M2JjN2M0YzAiOnsiY3JlYXRlIjoxMjAwMDAwMDAwMDAwLCJkZWxldGUiOjEyMDAwMDAwMDAwMDAsInVwZGF0ZSI6MTIwMDAwMDAwMDAwMH19"}]},{"mode":"managed","type":"docker_image","name":"hn_object_storage","provider":"provider[\"registry.terraform.io/kreuzwerker/docker\"]","instances":[{"schema_version":0,"attributes":{"build":[],"force_remove":null,"id":"sha256:14cea493d9a34af32f524e538b8346cf79f3321eff8e708c1e2960462bd8936eminio/minio@sha256:14cea493d9a34af32f524e538b8346cf79f3321eff8e708c1e2960462bd8936e","image_id":"sha256:14cea493d9a34af32f524e538b8346cf79f3321eff8e708c1e2960462bd8936e","keep_locally":true,"name":"minio/minio@sha256:14cea493d9a34af32f524e538b8346cf79f3321eff8e708c1e2960462bd8936e","platform":null,"pull_triggers":null,"repo_digest":"quay.io/minio/minio@sha256:14cea493d9a34af32f524e538b8346cf79f3321eff8e708c1e2960462bd8936e","timeouts":null,"triggers":null},"sensitive_attributes":[],"private":"eyJlMmJmYjczMC1lY2FhLTExZTYtOGY4OC0zNDM2M2JjN2M0YzAiOnsiY3JlYXRlIjoxMjAwMDAwMDAwMDAwLCJkZWxldGUiOjEyMDAwMDAwMDAwMDAsInVwZGF0ZSI6MTIwMDAwMDAwMDAwMH19"}]},{"mode":"managed","type":"docker_image","name":"hn_security_monitor","provider":"provider[\"registry.terraform.io/kreuzwerker/docker\"]","instances":[{"schema_version":0,"attributes":{"build":[],"force_remove":null,"id":"sha256:1e40b251ca9639ead7b5cd2cedcc8765adfbabb99450fe23f130eefabf50f4bccaddy@sha256:1e40b251ca9639ead7b5cd2cedcc8765adfbabb99450fe23f130eefabf50f4bc","image_id":"sha256:1e40b251ca9639ead7b5cd2cedcc8765adfbabb99450fe23f130eefabf50f4bc","keep_locally":true,"name":"caddy@sha256:1e40b251ca9639ead7b5cd2cedcc8765adfbabb99450fe23f130eefabf50f4bc","platform":null,"pull_triggers":null,"repo_digest":"caddy@sha256:1e40b251ca9639ead7b5cd2cedcc8765adfbabb99450fe23f130eefabf50f4bc","timeouts":null,"triggers":null},"sensitive_attributes":[],"private":"eyJlMmJmYjczMC1lY2FhLTExZTYtOGY4OC0zNDM2M2JjN2M0YzAiOnsiY3JlYXRlIjoxMjAwMDAwMDAwMDAwLCJkZWxldGUiOjEyMDAwMDAwMDAwMDAsInVwZGF0ZSI6MTIwMDAwMDAwMDAwMH19"}]},{"mode":"managed","type":"docker_image","name":"hn_service_discovery","provider":"provider[\"registry.terraform.io/kreuzwerker/docker\"]","instances":[{"schema_version":0,"attributes":{"build":[],"force_remove":null,"id":"sha256:8b81dd37ff027bec4e516d41acfbe9fe2460070dc6d4a4570a2ac5b9d59df065redis@sha256:8b81dd37ff027bec4e516d41acfbe9fe2460070dc6d4a4570a2ac5b9d59df065","image_id":"sha256:8b81dd37ff027bec4e516d41acfbe9fe2460070dc6d4a4570a2ac5b9d59df065","keep_locally":true,"name":"redis@sha256:8b81dd37ff027bec4e516d41acfbe9fe2460070dc6d4a4570a2ac5b9d59df065","platform":null,"pull_triggers":null,"repo_digest":"redis@sha256:8b81dd37ff027bec4e516d41acfbe9fe2460070dc6d4a4570a2ac5b9d59df065","timeouts":null,"triggers":null},"sensitive_attributes":[],"private":"eyJlMmJmYjczMC1lY2FhLTExZTYtOGY4OC0zNDM2M2JjN2M0YzAiOnsiY3JlYXRlIjoxMjAwMDAwMDAwMDAwLCJkZWxldGUiOjEyMDAwMDAwMDAwMDAsInVwZGF0ZSI6MTIwMDAwMDAwMDAwMH19"}]},{"mode":"managed","type":"docker_image","name":"hn_web_frontend","provider":"provider[\"registry.terraform.io/kreuzwerker/docker\"]","instances":[{"schema_version":0,"attributes":{"build":[],"force_remove":null,"id":"sha256:516475cc129da42866742567714ddc681e5eed7b9ee0b9e9c015e464b4221a00nginx@sha256:516475cc129da42866742567714ddc681e5eed7b9ee0b9e9c015e464b4221a00","image_id":"sha256:516475cc129da42866742567714ddc681e5eed7b9ee0b9e9c015e464b4221a00","keep_locally":true,"name":"nginx@sha256:516475cc129da42866742567714ddc681e5eed7b9ee0b9e9c015e464b4221a00","platform":null,"pull_triggers":null,"repo_digest":"nginx@sha256:516475cc129da42866742567714ddc681e5eed7b9ee0b9e9c015e464b4221a00","timeouts":null,"triggers":null},"sensitive_attributes":[],"private":"eyJlMmJmYjczMC1lY2FhLTExZTYtOGY4OC0zNDM2M2JjN2M0YzAiOnsiY3JlYXRlIjoxMjAwMDAwMDAwMDAwLCJkZWxldGUiOjEyMDAwMDAwMDAwMDAsInVwZGF0ZSI6MTIwMDAwMDAwMDAwMH19"}]},{"mode":"managed","type":"docker_network","name":"corporate_data_lake_app_zone","provider":"provider[\"registry.terraform.io/kreuzwerker/docker\"]","instances":[{"schema_version":1,"attributes":{"attachable":false,"check_duplicate":null,"driver":"bridge","id":"6041e97ea32d2310b6b2efa39e0a8031a8c320ba4d668c95e9e52b41bfbbb392","ingress":false,"internal":false,"ipam_config":[{"aux_address":{},"gateway":"172.24.0.1","ip_range":"","subnet":"172.24.0.0/16"}],"ipam_driver":"default","ipam_options":null,"ipv6":false,"labels":[],"name":"corporate_data_lake_app_zone","options":{"com.docker.network.enable_ipv4":"true","com.docker.network.enable_ipv6":"false"},"scope":"local"},"sensitive_attributes":[],"private":"eyJzY2hlbWFfdmVyc2lvbiI6IjEifQ=="}]},{"mode":"managed","type":"docker_network","name":"corporate_data_lake_data_zone","provider":"provider[\"registry.terraform.io/kreuzwerker/docker\"]","instances":[{"schema_version":1,"attributes":{"attachable":false,"check_duplicate":null,"driver":"bridge","id":"28e32ab295327af48c1fe69ae17b270d9618bf8548edd67befa4d430dcaba027","ingress":false,"internal":true,"ipam_config":[{"aux_address":{},"gateway":"172.25.0.1","ip_range":"","subnet":"172.25.0.0/16"}],"ipam_driver":"default","ipam_options":null,"ipv6":false,"labels":[],"name":"corporate_data_lake_data_zone","options":{"com.docker.network.enable_ipv4":"true","com.docker.network.enable_ipv6":"false"},"scope":"local"},"sensitive_attributes":[],"private":"eyJzY2hlbWFfdmVyc2lvbiI6IjEifQ=="}]},{"mode":"managed","type":"docker_network","name":"corporate_data_lake_honeynet_backbone","provider":"provider[\"registry.terraform.io/kreuzwerker/docker\"]","instances":[{"schema_version":1,"attributes":{"attachable":false,"check_duplicate":null,"driver":"bridge","id":"53510c73249f588771300daba77e0a290392035518a7c9bc0259c41d9922b471","ingress":false,"internal":false,"ipam_config":[{"aux_address":{},"gateway":"172.28.0.1","ip_range":"","subnet":"172.28.0.0/16"}],"ipam_driver":"default","ipam_options":null,"ipv6":false,"labels":[],"name":"corporate_data_lake_honeynet_backbone","options":{"com.docker.network.enable_ipv4":"true","com.docker.network.enable_ipv6":"false"},"scope":"local"},"sensitive_attributes":[],"private":"eyJzY2hlbWFfdmVyc2lvbiI6IjEifQ=="}]},{"mode":"managed","type":"docker_network","name":"corporate_data_lake_monitoring_zone","provider":"provider[\"registry.terraform.io/kreuzwerker/docker\"]","instances":[{"schema_version":1,"attributes":{"attachable":false,"check_duplicate":null,"driver":"bridge","id":"8d2563c0c97e9623838366311237ad04379d609443adfae8741d0bb012ea7275","ingress":false,"internal":true,"ipam_config":[{"aux_address":{},"gateway":"172.27.0.1","ip_range":"","subnet":"172.27.0.0/16"}],"ipam_driver":"default","ipam_options":null,"ipv6":false,"labels":[],"name":"corporate_data_lake_monitoring_zone","options":{"com.docker.network.enable_ipv4":"true","com.docker.network.enable_ipv6":"false"},"scope":"local"},"sensitive_attributes":[],"private":"eyJzY2hlbWFfdmVyc2lvbiI6IjEifQ=="}]},{"mode":"managed","type":"docker_network","name":"corporate_data_lake_security_zone","provider":"provider[\"registry.terraform.io/kreuzwerker/docker\"]","instances":[{"schema_version":1,"attributes":{"attachable":false,"check_duplicate":null,"driver":"bridge","id":"e9fc15e551c013a7c83d20108826cdac93b5916e2f2517537d3d4332ccb1461b","ingress":false,"internal":true,"ipam_config":[{"aux_address":{},"gateway":"172.26.0.1","ip_range":"","subnet":"172.26.0.0/16"}],"ipam_driver":"default","ipam_options":null,"ipv6":false,"labels":[],"name":"corporate_data_lake_security_zone","options":{"com.docker.network.enable_ipv4":"true","com.docker.network.enable_ipv6":"false"},"scope":"local"},"sensitive_attributes":[],"private":"eyJzY2hlbWFfdmVyc2lvbiI6IjEifQ=="}]}],"check_results":null}
