{"version":4,"terraform_version":"1.11.5","serial":5,"lineage":"db53e676-6c15-4d5c-cb2e-601074b532f5","outputs":{},"resources":[{"mode":"managed","type":"docker_container","name":"hn_grafana","provider":"provider[\"registry.terraform.io/kreuzwerker/docker\"]","instances":[{"schema_version":2,"attributes":{"attach":false,"bridge":"","capabilities":[],"cgroup_parent":null,"cgroupns_mode":null,"command":[],"container_logs":null,"container_read_refresh_timeout_milliseconds":15000,"cpu_period":null,"cpu_quota":null,"cpu_set":"","cpu_shares":0,"cpus":null,"destroy_grace_seconds":null,"devices":[],"dns":null,"dns_opts":null,"dns_search":null,"domainname":"","entrypoint":["/run.sh"],"env":[],"exit_code":null,"gpus":null,"group_add":null,"healthcheck":[{"interval":"30s","retries":3,"start_interval":"0s","start_period":"30s","test":["CMD-SHELL","nc -z localhost 3000 || (echo \u003e /dev/tcp/localhost/3000) 2\u003e/dev/null || true"],"timeout":"10s"}],"host":[],"hostname":"grafana.security.zero_trust_enterprise.internal","id":"260421b6f8fcf0c842500892f69ded9f689e00f45a09c32a4dc78395bbcda318","image":"sha256:1ee0c54286b8ca09a3dd1419ff8653e7780a148a006ac088544203bb0affe550","init":false,"ipc_mode":"private","labels":[{"label":"honeynet.managed","value":"true"},{"label":"honeynet.project","value":"zero_trust_enterprise"}],"log_driver":"json-file","log_opts":null,"logs":false,"max_retry_count":0,"memory":0,"memory_swap":0,"mounts":[],"must_run":true,"name":"hn_grafana","network_data":[{"gateway":"","global_ipv6_address":"","global_ipv6_prefix_length":0,"ip_address":"172.28.0.2","ip_prefix_length":16,"ipv6_gateway":"","mac_address":"26:2b:c1:33:5b:99","network_name":"zero_trust_enterprise_security_zone"}],"network_mode":"bridge","networks_advanced":[{"aliases":["grafana"],"ipv4_address":"","ipv6_address":"","name":"zero_trust_enterprise_security_zone"}],"pid_mode":"","ports":[],"privileged":false,"publish_all_ports":false,"read_only":false,"remove_volumes":true,"restart":"no","rm":false,"runtime":"runc","security_opts":[],"shm_size":64,"start":true,"stdin_open":false,"stop_signal":"","stop_timeout":1,"storage_opts":null,"sysctls":null,"tmpfs":null,"tty":false,"ulimit":[],"upload":[],"user":"472","userns_mode":"","volumes":[],"wait":false,"wait_timeout":60,"working_dir":"/usr/share/grafana"},"sensitive_attributes":[],"private":"eyJzY2hlbWFfdmVyc2lvbiI6IjIifQ==","dependencies":["docker_image.hn_grafana","docker_network.zero_trust_enterprise_security_zone"]}]},{"mode":"managed","type":"docker_container","name":"hn_honeytoken_vault_root","provider":"provider[\"registry.terraform.io/kreuzwerker/docker\"]","instances":[{"schema_version":2,"attributes":{"attach":false,"bridge":"","capabilities":[],"cgroup_parent":null,"cgroupns_mode":null,"command":["server","-dev"],"container_logs":null,"container_read_refresh_timeout_milliseconds":15000,"cpu_period":null,"cpu_quota":null,"cpu_set":"","cpu_shares":0,"cpus":null,"destroy_grace_seconds":null,"devices":[],"dns":null,"dns_opts":null,"dns_search":null,"domainname":"","entrypoint":["docker-entrypoint.sh"],"env":["VERSION=1.15.6"],"exit_code":null,"gpus":null,"group_add":null,"healthcheck":[{"interval":"30s","retries":3,"start_interval":"0s","start_period":"30s","test":["CMD","vault","status"],"timeout":"10s"}],"host":[],"hostname":"honeytoken-vault.secrets.zero_trust_enterprise.internal","id":"e100c1e75a683409bf876c593351957de878b386f888ab7d785e10086a34e441","image":"sha256:0450896c43b13879b19442b204ce29dd19b5a10fce43d5cf38af17da20f56f4d","init":false,"ipc_mode":"private","labels":[{"label":"honeynet.managed","value":"true"},{"label":"honeynet.project","value":"zero_trust_enterprise"}],"log_driver":"json-file","log_opts":null,"logs":false,"max_retry_count":0,"memory":0,"memory_swap":0,"mounts":[],"must_run":true,"name":"hn_honeytoken_vault_root","network_data":[{"gateway":"","global_ipv6_address":"","global_ipv6_prefix_length":0,"ip_address":"172.24.0.2","ip_prefix_length":16,"ipv6_gateway":"","mac_address":"96:12:19:f3:c6:b0","network_name":"zero_trust_enterprise_secrets_zone"}],"network_mode":"bridge","networks_advanced":[{"aliases":["honeytoken_vault_root"],"ipv4_address":"","ipv6_address":"","name":"zero_trust_enterprise_secrets_zone"}],"pid_mode":"","ports":[],"privileged":false,"publish_all_ports":false,"read_only":false,"remove_volumes":true,"restart":"no","rm":false,"runtime":"runc","security_opts":[],"shm_size":64,"start":true,"stdin_open":false,"stop_signal":"","stop_timeout":1,"storage_opts":null,"sysctls":null,"tmpfs":null,"tty":false,"ulimit":[],"upload":[],"user":"","userns_mode":"","volumes":[],"wait":false,"wait_timeout":60,"working_dir":""},"sensitive_attributes":[],"private":"eyJzY2hlbWFfdmVyc2lvbiI6IjIifQ==","dependencies":["docker_image.hn_honeytoken_vault_root","docker_network.zero_trust_enterprise_secrets_zone"]}]},{"mode":"managed","type":"docker_container","name":"hn_postgresql_primary","provider":"provider[\"registry.terraform.io/kreuzwerker/docker\"]","instances":[{"schema_version":2,"attributes":{"attach":false,"bridge":"","capabilities":[],"cgroup_parent":null,"cgroupns_mode":null,"command":["postgres"],"container_logs":null,"container_read_refresh_timeout_milliseconds":15000,"cpu_period":null,"cpu_quota":null,"cpu_set":"","cpu_shares":0,"cpus":null,"destroy_grace_seconds":null,"devices":[],"dns":null,"dns_opts":null,"dns_search":null,"domainname":"","entrypoint":["docker-entrypoint.sh"],"env":["POSTGRES_PASSWORD=weakpassword"],"exit_code":null,"gpus":null,"group_add":null,"healthcheck":[{"interval":"30s","retries":3,"start_interval":"0s","start_period":"30s","test":["CMD","pg_isready","-U","postgres"],"timeout":"10s"}],"host":[],"hostname":"db-primary.data.zero_trust_enterprise.internal","id":"3fb631efec85c38d4b6113aeab07c335e1a0d8cb3033cf0d09b38648e1ec1e76","image":"sha256:20edbde7749f822887a1a022ad526fde0a47d6b2be9a8364433605cf65099416","init":false,"ipc_mode":"private","labels":[{"label":"honeynet.managed","value":"true"},{"label":"honeynet.project","value":"zero_trust_enterprise"}],"log_driver":"json-file","log_opts":null,"logs":false,"max_retry_count":0,"memory":0,"memory_swap":0,"mounts":[],"must_run":true,"name":"hn_postgresql_primary","network_data":[{"gateway":"","global_ipv6_address":"","global_ipv6_prefix_length":0,"ip_address":"172.30.0.2","ip_prefix_length":16,"ipv6_gateway":"","mac_address":"4a:36:9a:27:e2:a7","network_name":"zero_trust_enterprise_data_zone"}],"network_mode":"bridge","networks_advanced":[{"aliases":["postgresql_primary"],"ipv4_address":"","ipv6_address":"","name":"zero_trust_enterprise_data_zone"}],"pid_mode":"","ports":[],"privileged":false,"publish_all_ports":false,"read_only":false,"remove_volumes":true,"restart":"no","rm":false,"runtime":"runc","security_opts":[],"shm_size":64,"start":true,"stdin_open":false,"stop_signal":"SIGINT","stop_timeout":1,"storage_opts":null,"sysctls":null,"tmpfs":null,"tty":false,"ulimit":[],"upload":[],"user":"","userns_mode":"","volumes":[],"wait":false,"wait_timeout":60,"working_dir":"/"},"sensitive_attributes":[],"private":"eyJzY2hlbWFfdmVyc2lvbiI6IjIifQ==","dependencies":["docker_image.hn_postgresql_primary","docker_network.zero_trust_enterprise_data_zone"]}]},{"mode":"managed","type":"docker_container","name":"hn_siem_audit_log_aggregator","provider":"provider[\"registry.terraform.io/kreuzwerker/docker\"]","instances":[{"schema_version":2,"attributes":{"attach":false,"bridge":"","capabilities":[],"cgroup_parent":null,"cgroupns_mode":null,"command":["-config.file=/etc/loki/local-config.yaml"],"container_logs":null,"container_read_refresh_timeout_milliseconds":15000,"cpu_period":null,"cpu_quota":null,"cpu_set":"","cpu_shares":0,"cpus":null,"destroy_grace_seconds":null,"devices":[],"dns":null,"dns_opts":null,"dns_search":null,"domainname":"","entrypoint":["/usr/bin/loki"],"env":[],"exit_code":null,"gpus":null,"group_add":null,"healthcheck":[{"interval":"30s","retries":3,"start_interval":"0s","start_period":"30s","test":["CMD-SHELL","nc -z localhost 3100 || (echo \u003e /dev/tcp/localhost/3100) 2\u003e/dev/null || true"],"timeout":"10s"}],"host":[],"hostname":"siem-aggregator.security.zero_trust_enterprise.internal","id":"5d2c54737728131818356c1677be3147ac0ac353f95415616004770dff684b46","image":"sha256:eb92f1a439171542fd718f929fad38c917b3cad15ec830ba4742e2ba5ab03313","init":false,"ipc_mode":"private","labels":[{"label":"honeynet.managed","value":"true"},{"label":"honeynet.project","value":"zero_trust_enterprise"}],"log_driver":"json-file","log_opts":null,"logs":false,"max_retry_count":0,"memory":0,"memory_swap":0,"mounts":[],"must_run":true,"name":"hn_siem_audit_log_aggregator","network_data":[{"gateway":"","global_ipv6_address":"","global_ipv6_prefix_length":0,"ip_address":"172.28.0.3","ip_prefix_length":16,"ipv6_gateway":"","mac_address":"5e:3f:af:58:74:d7","network_name":"zero_trust_enterprise_security_zone"}],"network_mode":"bridge","networks_advanced":[{"aliases":["siem_audit_log_aggregator"],"ipv4_address":"","ipv6_address":"","name":"zero_trust_enterprise_security_zone"}],"pid_mode":"","ports":[],"privileged":false,"publish_all_ports":false,"read_only":false,"remove_volumes":true,"restart":"no","rm":false,"runtime":"runc","security_opts":[],"shm_size":64,"start":true,"stdin_open":false,"stop_signal":"","stop_timeout":1,"storage_opts":null,"sysctls":null,"tmpfs":null,"tty":false,"ulimit":[],"upload":[],"user":"10001","userns_mode":"","volumes":[],"wait":false,"wait_timeout":60,"working_dir":""},"sensitive_attributes":[],"private":"eyJzY2hlbWFfdmVyc2lvbiI6IjIifQ==","dependencies":["docker_image.hn_siem_audit_log_aggregator","docker_network.zero_trust_enterprise_security_zone"]}]},{"mode":"managed","type":"docker_container","name":"hn_vault_audit_log_consumer","provider":"provider[\"registry.terraform.io/kreuzwerker/docker\"]","instances":[{"schema_version":2,"attributes":{"attach":false,"bridge":"","capabilities":[],"cgroup_parent":null,"cgroupns_mode":null,"command":["-config.file=/etc/loki/local-config.yaml"],"container_logs":null,"container_read_refresh_timeout_milliseconds":15000,"cpu_period":null,"cpu_quota":null,"cpu_set":"","cpu_shares":0,"cpus":null,"destroy_grace_seconds":null,"devices":[],"dns":null,"dns_opts":null,"dns_search":null,"domainname":"","entrypoint":["/usr/bin/loki"],"env":[],"exit_code":null,"gpus":null,"group_add":null,"healthcheck":[{"interval":"30s","retries":3,"start_interval":"0s","start_period":"30s","test":["CMD-SHELL","nc -z localhost 3100 || (echo \u003e /dev/tcp/localhost/3100) 2\u003e/dev/null || true"],"timeout":"10s"}],"host":[],"hostname":"vault-audit.security.zero_trust_enterprise.internal","id":"e57c7e8b180bbf55a55689054f2be93a48cc954e2d0ad4ff03e92b753e62d5d6","image":"sha256:eb92f1a439171542fd718f929fad38c917b3cad15ec830ba4742e2ba5ab03313","init":false,"ipc_mode":"private","labels":[{"label":"honeynet.managed","value":"true"},{"label":"honeynet.project","value":"zero_trust_enterprise"}],"log_driver":"json-file","log_opts":null,"logs":false,"max_retry_count":0,"memory":0,"memory_swap":0,"mounts":[],"must_run":true,"name":"hn_vault_audit_log_consumer","network_data":[{"gateway":"","global_ipv6_address":"","global_ipv6_prefix_length":0,"ip_address":"172.28.0.4","ip_prefix_length":16,"ipv6_gateway":"","mac_address":"0a:59:fe:de:c2:07","network_name":"zero_trust_enterprise_security_zone"}],"network_mode":"bridge","networks_advanced":[{"aliases":["vault_audit_log_consumer"],"ipv4_address":"","ipv6_address":"","name":"zero_trust_enterprise_security_zone"}],"pid_mode":"","ports":[],"privileged":false,"publish_all_ports":false,"read_only":false,"remove_volumes":true,"restart":"no","rm":false,"runtime":"runc","security_opts":[],"shm_size":64,"start":true,"stdin_open":false,"stop_signal":"","stop_timeout":1,"storage_opts":null,"sysctls":null,"tmpfs":null,"tty":false,"ulimit":[],"upload":[],"user":"10001","userns_mode":"","volumes":[],"wait":false,"wait_timeout":60,"working_dir":""},"sensitive_attributes":[],"private":"eyJzY2hlbWFfdmVyc2lvbiI6IjIifQ==","dependencies":["docker_image.hn_vault_audit_log_consumer","docker_network.zero_trust_enterprise_security_zone"]}]},{"mode":"managed","type":"docker_image","name":"hn_grafana","provider":"provider[\"registry.terraform.io/kreuzwerker/docker\"]","instances":[{"schema_version":0,"attributes":{"build":[],"force_remove":null,"id":"sha256:1ee0c54286b8ca09a3dd1419ff8653e7780a148a006ac088544203bb0affe550grafana/grafana@sha256:1ee0c54286b8ca09a3dd1419ff8653e7780a148a006ac088544203bb0affe550","image_id":"sha256:1ee0c54286b8ca09a3dd1419ff8653e7780a148a006ac088544203bb0affe550","keep_locally":true,"name":"grafana/grafana@sha256:1ee0c54286b8ca09a3dd1419ff8653e7780a148a006ac088544203bb0affe550","platform":null,"pull_triggers":null,"repo_digest":"grafana/grafana@sha256:1ee0c54286b8ca09a3dd1419ff8653e7780a148a006ac088544203bb0affe550","timeouts":null,"triggers":null},"sensitive_attributes":[],"private":"eyJlMmJmYjczMC1lY2FhLTExZTYtOGY4OC0zNDM2M2JjN2M0YzAiOnsiY3JlYXRlIjoxMjAwMDAwMDAwMDAwLCJkZWxldGUiOjEyMDAwMDAwMDAwMDAsInVwZGF0ZSI6MTIwMDAwMDAwMDAwMH19"}]},{"mode":"managed","type":"docker_image","name":"hn_honeytoken_vault_root","provider":"provider[\"registry.terraform.io/kreuzwerker/docker\"]","instances":[{"schema_version":0,"attributes":{"build":[],"force_remove":null,"id":"sha256:0450896c43b13879b19442b204ce29dd19b5a10fce43d5cf38af17da20f56f4dhashicorp/vault@sha256:0450896c43b13879b19442b204ce29dd19b5a10fce43d5cf38af17da20f56f4d","image_id":"sha256:0450896c43b13879b19442b204ce29dd19b5a10fce43d5cf38af17da20f56f4d","keep_locally":true,"name":"hashicorp/vault@sha256:0450896c43b13879b19442b204ce29dd19b5a10fce43d5cf38af17da20f56f4d","platform":null,"pull_triggers":null,"repo_digest":"hashicorp/vault@sha256:0450896c43b13879b19442b204ce29dd19b5a10fce43d5cf38af17da20f56f4d","timeouts":null,"triggers":null},"sensitive_attributes":[],"private":"eyJlMmJmYjczMC1lY2FhLTExZTYtOGY4OC0zNDM2M2JjN2M0YzAiOnsiY3JlYXRlIjoxMjAwMDAwMDAwMDAwLCJkZWxldGUiOjEyMDAwMDAwMDAwMDAsInVwZGF0ZSI6MTIwMDAwMDAwMDAwMH19"}]},{"mode":"managed","type":"docker_image","name":"hn_postgresql_primary","provider":"provider[\"registry.terraform.io/kreuzwerker/docker\"]","instances":[{"schema_version":0,"attributes":{"build":[],"force_remove":null,"id":"sha256:20edbde7749f822887a1a022ad526fde0a47d6b2be9a8364433605cf65099416postgres@sha256:20edbde7749f822887a1a022ad526fde0a47d6b2be9a8364433605cf65099416","image_id":"sha256:20edbde7749f822887a1a022ad526fde0a47d6b2be9a8364433605cf65099416","keep_locally":true,"name":"postgres@sha256:20edbde7749f822887a1a022ad526fde0a47d6b2be9a8364433605cf65099416","platform":null,"pull_triggers":null,"repo_digest":"postgres@sha256:20edbde7749f822887a1a022ad526fde0a47d6b2be9a8364433605cf65099416","timeouts":null,"triggers":null},"sensitive_attributes":[],"private":"eyJlMmJmYjczMC1lY2FhLTExZTYtOGY4OC0zNDM2M2JjN2M0YzAiOnsiY3JlYXRlIjoxMjAwMDAwMDAwMDAwLCJkZWxldGUiOjEyMDAwMDAwMDAwMDAsInVwZGF0ZSI6MTIwMDAwMDAwMDAwMH19"}]},{"mode":"managed","type":"docker_image","name":"hn_siem_audit_log_aggregator","provider":"provider[\"registry.terraform.io/kreuzwerker/docker\"]","instances":[{"schema_version":0,"attributes":{"build":[],"force_remove":null,"id":"sha256:eb92f1a439171542fd718f929fad38c917b3cad15ec830ba4742e2ba5ab03313grafana/loki@sha256:eb92f1a439171542fd718f929fad38c917b3cad15ec830ba4742e2ba5ab03313","image_id":"sha256:eb92f1a439171542fd718f929fad38c917b3cad15ec830ba4742e2ba5ab03313","keep_locally":true,"name":"grafana/loki@sha256:eb92f1a439171542fd718f929fad38c917b3cad15ec830ba4742e2ba5ab03313","platform":null,"pull_triggers":null,"repo_digest":"grafana/loki@sha256:eb92f1a439171542fd718f929fad38c917b3cad15ec830ba4742e2ba5ab03313","timeouts":null,"triggers":null},"sensitive_attributes":[],"private":"eyJlMmJmYjczMC1lY2FhLTExZTYtOGY4OC0zNDM2M2JjN2M0YzAiOnsiY3JlYXRlIjoxMjAwMDAwMDAwMDAwLCJkZWxldGUiOjEyMDAwMDAwMDAwMDAsInVwZGF0ZSI6MTIwMDAwMDAwMDAwMH19"}]},{"mode":"managed","type":"docker_image","name":"hn_vault_audit_log_consumer","provider":"provider[\"registry.terraform.io/kreuzwerker/docker\"]","instances":[{"schema_version":0,"attributes":{"build":[],"force_remove":null,"id":"sha256:eb92f1a439171542fd718f929fad38c917b3cad15ec830ba4742e2ba5ab03313grafana/loki@sha256:eb92f1a439171542fd718f929fad38c917b3cad15ec830ba4742e2ba5ab03313","image_id":"sha256:eb92f1a439171542fd718f929fad38c917b3cad15ec830ba4742e2ba5ab03313","keep_locally":true,"name":"grafana/loki@sha256:eb92f1a439171542fd718f929fad38c917b3cad15ec830ba4742e2ba5ab03313","platform":null,"pull_triggers":null,"repo_digest":"grafana/loki@sha256:eb92f1a439171542fd718f929fad38c917b3cad15ec830ba4742e2ba5ab03313","timeouts":null,"triggers":null},"sensitive_attributes":[],"private":"eyJlMmJmYjczMC1lY2FhLTExZTYtOGY4OC0zNDM2M2JjN2M0YzAiOnsiY3JlYXRlIjoxMjAwMDAwMDAwMDAwLCJkZWxldGUiOjEyMDAwMDAwMDAwMDAsInVwZGF0ZSI6MTIwMDAwMDAwMDAwMH19"}]},{"mode":"managed","type":"docker_network","name":"zero_trust_enterprise_data_zone","provider":"provider[\"registry.terraform.io/kreuzwerker/docker\"]","instances":[{"schema_version":1,"attributes":{"attachable":false,"check_duplicate":null,"driver":"bridge","id":"645b2e6001eb75f77bf15f7aeedab9d2c8d37489c5b1a6f3bb930815cc38d85e","ingress":false,"internal":true,"ipam_config":[{"aux_address":{},"gateway":"172.30.0.1","ip_range":"","subnet":"172.30.0.0/16"}],"ipam_driver":"default","ipam_options":null,"ipv6":false,"labels":[],"name":"zero_trust_enterprise_data_zone","options":{"com.docker.network.enable_ipv4":"true","com.docker.network.enable_ipv6":"false"},"scope":"local"},"sensitive_attributes":[],"private":"eyJzY2hlbWFfdmVyc2lvbiI6IjEifQ=="}]},{"mode":"managed","type":"docker_network","name":"zero_trust_enterprise_dmz_zone","provider":"provider[\"registry.terraform.io/kreuzwerker/docker\"]","instances":[{"schema_version":1,"attributes":{"attachable":false,"check_duplicate":null,"driver":"bridge","id":"99d105c95204394314931e490ea96e314d22d7220fd8e256728dfce928069549","ingress":false,"internal":false,"ipam_config":[{"aux_address":{},"gateway":"172.25.0.1","ip_range":"","subnet":"172.25.0.0/16"}],"ipam_driver":"default","ipam_options":null,"ipv6":false,"labels":[],"name":"zero_trust_enterprise_dmz_zone","options":{"com.docker.network.enable_ipv4":"true","com.docker.network.enable_ipv6":"false"},"scope":"local"},"sensitive_attributes":[],"private":"eyJzY2hlbWFfdmVyc2lvbiI6IjEifQ=="}]},{"mode":"managed","type":"docker_network","name":"zero_trust_enterprise_honeynet_backbone","provider":"provider[\"registry.terraform.io/kreuzwerker/docker\"]","instances":[{"schema_version":1,"attributes":{"attachable":false,"check_duplicate":null,"driver":"bridge","id":"089c5ac3bf24909a24b94bda707afaf1046ad951d2181b59fdb97713554a896c","ingress":false,"internal":false,"ipam_config":[{"aux_address":{},"gateway":"172.26.0.1","ip_range":"","subnet":"172.26.0.0/16"}],"ipam_driver":"default","ipam_options":null,"ipv6":false,"labels":[],"name":"zero_trust_enterprise_honeynet_backbone","options":{"com.docker.network.enable_ipv4":"true","com.docker.network.enable_ipv6":"false"},"scope":"local"},"sensitive_attributes":[],"private":"eyJzY2hlbWFfdmVyc2lvbiI6IjEifQ=="}]},{"mode":"managed","type":"docker_network","name":"zero_trust_enterprise_secrets_zone","provider":"provider[\"registry.terraform.io/kreuzwerker/docker\"]","instances":[{"schema_version":1,"attributes":{"attachable":false,"check_duplicate":null,"driver":"bridge","id":"d4610c322fb168c0592bc2dc3e81abe464a9ec5121dca762dad178e44d4e1377","ingress":false,"internal":true,"ipam_config":[{"aux_address":{},"gateway":"172.24.0.1","ip_range":"","subnet":"172.24.0.0/16"}],"ipam_driver":"default","ipam_options":null,"ipv6":false,"labels":[],"name":"zero_trust_enterprise_secrets_zone","options":{"com.docker.network.enable_ipv4":"true","com.docker.network.enable_ipv6":"false"},"scope":"local"},"sensitive_attributes":[],"private":"eyJzY2hlbWFfdmVyc2lvbiI6IjEifQ=="}]},{"mode":"managed","type":"docker_network","name":"zero_trust_enterprise_security_zone","provider":"provider[\"registry.terraform.io/kreuzwerker/docker\"]","instances":[{"schema_version":1,"attributes":{"attachable":false,"check_duplicate":null,"driver":"bridge","id":"48d5e473be77078348efb8dc8c4ee23aed0a7c583cc5fc0ae3d3858567c94734","ingress":false,"internal":true,"ipam_config":[{"aux_address":{},"gateway":"172.28.0.1","ip_range":"","subnet":"172.28.0.0/16"}],"ipam_driver":"default","ipam_options":null,"ipv6":false,"labels":[],"name":"zero_trust_enterprise_security_zone","options":{"com.docker.network.enable_ipv4":"true","com.docker.network.enable_ipv6":"false"},"scope":"local"},"sensitive_attributes":[],"private":"eyJzY2hlbWFfdmVyc2lvbiI6IjEifQ=="}]},{"mode":"managed","type":"docker_network","name":"zero_trust_enterprise_service_zone_a","provider":"provider[\"registry.terraform.io/kreuzwerker/docker\"]","instances":[{"schema_version":1,"attributes":{"attachable":false,"check_duplicate":null,"driver":"bridge","id":"ab860b07f13b38a7a9ad11e89e751e561ed0db2816aa547b526b841196d3e3b7","ingress":false,"internal":true,"ipam_config":[{"aux_address":{},"gateway":"172.29.0.1","ip_range":"","subnet":"172.29.0.0/16"}],"ipam_driver":"default","ipam_options":null,"ipv6":false,"labels":[],"name":"zero_trust_enterprise_service_zone_a","options":{"com.docker.network.enable_ipv4":"true","com.docker.network.enable_ipv6":"false"},"scope":"local"},"sensitive_attributes":[],"private":"eyJzY2hlbWFfdmVyc2lvbiI6IjEifQ=="}]},{"mode":"managed","type":"docker_network","name":"zero_trust_enterprise_service_zone_b","provider":"provider[\"registry.terraform.io/kreuzwerker/docker\"]","instances":[{"schema_version":1,"attributes":{"attachable":false,"check_duplicate":null,"driver":"bridge","id":"5f2fda896f392ad1689a48d5b4dad2de128574c691053640faabe69179d760fc","ingress":false,"internal":true,"ipam_config":[{"aux_address":{},"gateway":"172.27.0.1","ip_range":"","subnet":"172.27.0.0/16"}],"ipam_driver":"default","ipam_options":null,"ipv6":false,"labels":[],"name":"zero_trust_enterprise_service_zone_b","options":{"com.docker.network.enable_ipv4":"true","com.docker.network.enable_ipv6":"false"},"scope":"local"},"sensitive_attributes":[],"private":"eyJzY2hlbWFfdmVyc2lvbiI6IjEifQ=="}]}],"check_results":null}
