{"version":4,"terraform_version":"1.11.5","serial":4,"lineage":"2647909b-2b0c-9fc3-853d-ec190e8e3d0a","outputs":{},"resources":[{"mode":"managed","type":"docker_container","name":"hn_admin_ui","provider":"provider[\"registry.terraform.io/kreuzwerker/docker\"]","instances":[{"schema_version":2,"attributes":{"attach":false,"bridge":"","capabilities":[],"cgroup_parent":null,"cgroupns_mode":null,"command":[],"container_logs":null,"container_read_refresh_timeout_milliseconds":15000,"cpu_period":null,"cpu_quota":null,"cpu_set":"","cpu_shares":0,"cpus":null,"destroy_grace_seconds":null,"devices":[],"dns":null,"dns_opts":null,"dns_search":null,"domainname":"","entrypoint":["/portainer"],"env":[],"exit_code":null,"gpus":null,"group_add":null,"healthcheck":[{"interval":"30s","retries":3,"start_interval":"0s","start_period":"30s","test":["CMD-SHELL","curl -sf http://localhost:9000/ || wget -qO- http://localhost:9000/ || true"],"timeout":"10s"}],"host":[],"hostname":"admin.internal_developer_platform.internal","id":"fcf62e0c22c5ef05fa86af1c4a5ef864fd733bf900516a026cf9d3d33b423cb0","image":"sha256:1ae8e65d50ca5498cb2c33e617495a1e3ef245b0d2392b4a44c70ae09b822891","init":false,"ipc_mode":"private","labels":[{"label":"honeynet.managed","value":"true"},{"label":"honeynet.project","value":"internal_developer_platform"}],"log_driver":"json-file","log_opts":null,"logs":false,"max_retry_count":0,"memory":0,"memory_swap":0,"mounts":[],"must_run":true,"name":"hn_admin_ui","network_data":[{"gateway":"","global_ipv6_address":"","global_ipv6_prefix_length":0,"ip_address":"172.26.0.5","ip_prefix_length":16,"ipv6_gateway":"","mac_address":"4e:fb:ab:01:79:18","network_name":"internal_developer_platform_data_zone"},{"gateway":"","global_ipv6_address":"","global_ipv6_prefix_length":0,"ip_address":"172.27.0.13","ip_prefix_length":16,"ipv6_gateway":"","mac_address":"02:f6:28:85:fa:29","network_name":"internal_developer_platform_internal_zone"}],"network_mode":"bridge","networks_advanced":[{"aliases":["admin_ui"],"ipv4_address":"","ipv6_address":"","name":"internal_developer_platform_data_zone"},{"aliases":["admin_ui"],"ipv4_address":"","ipv6_address":"","name":"internal_developer_platform_internal_zone"}],"pid_mode":"","ports":[],"privileged":false,"publish_all_ports":false,"read_only":false,"remove_volumes":true,"restart":"no","rm":false,"runtime":"runc","security_opts":[],"shm_size":64,"start":true,"stdin_open":false,"stop_signal":"","stop_timeout":1,"storage_opts":null,"sysctls":null,"tmpfs":null,"tty":false,"ulimit":[],"upload":[],"user":"","userns_mode":"","volumes":[],"wait":false,"wait_timeout":60,"working_dir":"/"},"sensitive_attributes":[],"private":"eyJzY2hlbWFfdmVyc2lvbiI6IjIifQ==","dependencies":["docker_container.hn_ci_database","docker_image.hn_admin_ui","docker_image.hn_ci_database","docker_network.internal_developer_platform_data_zone","docker_network.internal_developer_platform_internal_zone"]}]},{"mode":"managed","type":"docker_container","name":"hn_alert_manager","provider":"provider[\"registry.terraform.io/kreuzwerker/docker\"]","instances":[{"schema_version":2,"attributes":{"attach":false,"bridge":"","capabilities":[],"cgroup_parent":null,"cgroupns_mode":null,"command":["--config.file=/etc/alertmanager/alertmanager.yml","--storage.path=/alertmanager"],"container_logs":null,"container_read_refresh_timeout_milliseconds":15000,"cpu_period":null,"cpu_quota":null,"cpu_set":"","cpu_shares":0,"cpus":null,"destroy_grace_seconds":null,"devices":[],"dns":null,"dns_opts":null,"dns_search":null,"domainname":"","entrypoint":["/bin/alertmanager"],"env":[],"exit_code":null,"gpus":null,"group_add":null,"healthcheck":[{"interval":"30s","retries":3,"start_interval":"0s","start_period":"30s","test":["CMD-SHELL","nc -z localhost 9093 || (echo \u003e /dev/tcp/localhost/9093) 2\u003e/dev/null || true"],"timeout":"10s"}],"host":[],"hostname":"alerts.internal_developer_platform.internal","id":"be7f737e2a454d34fc740f6a58d5c2750c350678823c98dd7ab26b8da6d5b12a","image":"sha256:361db356b33041437517f1cd298462055580585f26555c317df1a3caf2868552","init":false,"ipc_mode":"private","labels":[{"label":"honeynet.managed","value":"true"},{"label":"honeynet.project","value":"internal_developer_platform"}],"log_driver":"json-file","log_opts":null,"logs":false,"max_retry_count":0,"memory":0,"memory_swap":0,"mounts":[],"must_run":true,"name":"hn_alert_manager","network_data":[{"gateway":"","global_ipv6_address":"","global_ipv6_prefix_length":0,"ip_address":"172.27.0.12","ip_prefix_length":16,"ipv6_gateway":"","mac_address":"c6:c8:94:08:05:b0","network_name":"internal_developer_platform_internal_zone"}],"network_mode":"bridge","networks_advanced":[{"aliases":["alert_manager"],"ipv4_address":"","ipv6_address":"","name":"internal_developer_platform_internal_zone"}],"pid_mode":"","ports":[],"privileged":false,"publish_all_ports":false,"read_only":false,"remove_volumes":true,"restart":"no","rm":false,"runtime":"runc","security_opts":[],"shm_size":64,"start":true,"stdin_open":false,"stop_signal":"","stop_timeout":1,"storage_opts":null,"sysctls":null,"tmpfs":null,"tty":false,"ulimit":[],"upload":[],"user":"nobody","userns_mode":"","volumes":[],"wait":false,"wait_timeout":60,"working_dir":"/alertmanager"},"sensitive_attributes":[],"private":"eyJzY2hlbWFfdmVyc2lvbiI6IjIifQ==","dependencies":["docker_container.hn_prometheus","docker_image.hn_alert_manager","docker_image.hn_prometheus","docker_network.internal_developer_platform_internal_zone"]}]},{"mode":"managed","type":"docker_container","name":"hn_api_gateway","provider":"provider[\"registry.terraform.io/kreuzwerker/docker\"]","instances":[{"schema_version":2,"attributes":{"attach":false,"bridge":"","capabilities":[],"cgroup_parent":null,"cgroupns_mode":null,"command":["nginx","-g","daemon off;"],"container_logs":null,"container_read_refresh_timeout_milliseconds":15000,"cpu_period":null,"cpu_quota":null,"cpu_set":"","cpu_shares":0,"cpus":null,"destroy_grace_seconds":null,"devices":[],"dns":null,"dns_opts":null,"dns_search":null,"domainname":"","entrypoint":["/docker-entrypoint.sh"],"env":[],"exit_code":null,"gpus":null,"group_add":null,"healthcheck":[{"interval":"30s","retries":3,"start_interval":"0s","start_period":"30s","test":["CMD-SHELL","curl -sf http://localhost:80 || wget -qO- http://localhost:80 || true"],"timeout":"10s"}],"host":[],"hostname":"api.internal_developer_platform.internal","id":"6bd6ad45f78fc34b3157ec08574d224d8a08839c7b25c7aae3b330da0baa1a9d","image":"sha256:516475cc129da42866742567714ddc681e5eed7b9ee0b9e9c015e464b4221a00","init":false,"ipc_mode":"private","labels":[{"label":"honeynet.managed","value":"true"},{"label":"honeynet.project","value":"internal_developer_platform"}],"log_driver":"json-file","log_opts":null,"logs":false,"max_retry_count":0,"memory":0,"memory_swap":0,"mounts":[],"must_run":true,"name":"hn_api_gateway","network_data":[{"gateway":"","global_ipv6_address":"","global_ipv6_prefix_length":0,"ip_address":"172.27.0.21","ip_prefix_length":16,"ipv6_gateway":"","mac_address":"02:d8:e9:ad:d7:5e","network_name":"internal_developer_platform_internal_zone"}],"network_mode":"bridge","networks_advanced":[{"aliases":["api_gateway"],"ipv4_address":"","ipv6_address":"","name":"internal_developer_platform_internal_zone"}],"pid_mode":"","ports":[],"privileged":false,"publish_all_ports":false,"read_only":false,"remove_volumes":true,"restart":"no","rm":false,"runtime":"runc","security_opts":[],"shm_size":64,"start":true,"stdin_open":false,"stop_signal":"SIGQUIT","stop_timeout":1,"storage_opts":null,"sysctls":null,"tmpfs":null,"tty":false,"ulimit":[],"upload":[],"user":"","userns_mode":"","volumes":[],"wait":false,"wait_timeout":60,"working_dir":""},"sensitive_attributes":[],"private":"eyJzY2hlbWFfdmVyc2lvbiI6IjIifQ==","dependencies":["docker_container.hn_ci_database","docker_container.hn_container_registry","docker_container.hn_gitea","docker_container.hn_grafana","docker_container.hn_jenkins_runner","docker_container.hn_nginx_proxy","docker_container.hn_prometheus","docker_image.hn_api_gateway","docker_image.hn_ci_database","docker_image.hn_container_registry","docker_image.hn_gitea","docker_image.hn_grafana","docker_image.hn_jenkins_runner","docker_image.hn_nginx_proxy","docker_image.hn_prometheus","docker_network.internal_developer_platform_build_zone","docker_network.internal_developer_platform_data_zone","docker_network.internal_developer_platform_internal_zone"]}]},{"mode":"managed","type":"docker_container","name":"hn_artifact_store","provider":"provider[\"registry.terraform.io/kreuzwerker/docker\"]","instances":[{"schema_version":2,"attributes":{"attach":false,"bridge":"","capabilities":[],"cgroup_parent":null,"cgroupns_mode":null,"command":["influxd"],"container_logs":null,"container_read_refresh_timeout_milliseconds":15000,"cpu_period":null,"cpu_quota":null,"cpu_set":"","cpu_shares":0,"cpus":null,"destroy_grace_seconds":null,"devices":[],"dns":null,"dns_opts":null,"dns_search":null,"domainname":"","entrypoint":["/entrypoint.sh"],"env":[],"exit_code":null,"gpus":null,"group_add":null,"healthcheck":[{"interval":"30s","retries":3,"start_interval":"0s","start_period":"30s","test":["CMD-SHELL","curl -sf http://localhost:8086/health || wget -qO- http://localhost:8086/health || true"],"timeout":"10s"}],"host":[],"hostname":"artifacts.data.internal_developer_platform.internal","id":"cb385f9fbe6f81a349835d25daf0ca317d19be996ed6b8311c0ac71b785b9832","image":"sha256:5355c90249dac331bbcd1fdf3c31c7782400cd0ec5225145fc50b9aa026e9342","init":false,"ipc_mode":"private","labels":[{"label":"honeynet.managed","value":"true"},{"label":"honeynet.project","value":"internal_developer_platform"}],"log_driver":"json-file","log_opts":null,"logs":false,"max_retry_count":0,"memory":0,"memory_swap":0,"mounts":[],"must_run":true,"name":"hn_artifact_store","network_data":[{"gateway":"","global_ipv6_address":"","global_ipv6_prefix_length":0,"ip_address":"172.26.0.4","ip_prefix_length":16,"ipv6_gateway":"","mac_address":"fe:94:ed:2c:5f:52","network_name":"internal_developer_platform_data_zone"}],"network_mode":"bridge","networks_advanced":[{"aliases":["artifact_store"],"ipv4_address":"","ipv6_address":"","name":"internal_developer_platform_data_zone"}],"pid_mode":"","ports":[],"privileged":false,"publish_all_ports":false,"read_only":false,"remove_volumes":true,"restart":"no","rm":false,"runtime":"runc","security_opts":[],"shm_size":64,"start":true,"stdin_open":false,"stop_signal":"","stop_timeout":1,"storage_opts":null,"sysctls":null,"tmpfs":null,"tty":false,"ulimit":[],"upload":[],"user":"","userns_mode":"","volumes":[],"wait":false,"wait_timeout":60,"working_dir":""},"sensitive_attributes":[],"private":"eyJzY2hlbWFfdmVyc2lvbiI6IjIifQ==","dependencies":["docker_image.hn_artifact_store","docker_network.internal_developer_platform_data_zone"]}]},{"mode":"managed","type":"docker_container","name":"hn_backup_service","provider":"provider[\"registry.terraform.io/kreuzwerker/docker\"]","instances":[{"schema_version":2,"attributes":{"attach":false,"bridge":"","capabilities":[],"cgroup_parent":null,"cgroupns_mode":null,"command":["minio","server","/data"],"container_logs":null,"container_read_refresh_timeout_milliseconds":15000,"cpu_period":null,"cpu_quota":null,"cpu_set":"","cpu_shares":0,"cpus":null,"destroy_grace_seconds":null,"devices":[],"dns":null,"dns_opts":null,"dns_search":null,"domainname":"","entrypoint":["/usr/bin/docker-entrypoint.sh"],"env":["MINIO_ACCESS_KEY=admin","MINIO_SECRET_KEY=admin123"],"exit_code":null,"gpus":null,"group_add":null,"healthcheck":[{"interval":"30s","retries":3,"start_interval":"0s","start_period":"30s","test":["CMD","curl","-f","http://localhost:9000/minio/health/live"],"timeout":"10s"}],"host":[],"hostname":"backup.data.internal_developer_platform.internal","id":"3b366f1f3567c0ae33e59795bda754a58861fb2ec9b76e372b90dde6f121aa0d","image":"sha256:14cea493d9a34af32f524e538b8346cf79f3321eff8e708c1e2960462bd8936e","init":false,"ipc_mode":"private","labels":[{"label":"honeynet.managed","value":"true"},{"label":"honeynet.project","value":"internal_developer_platform"}],"log_driver":"json-file","log_opts":null,"logs":false,"max_retry_count":0,"memory":0,"memory_swap":0,"mounts":[],"must_run":true,"name":"hn_backup_service","network_data":[{"gateway":"","global_ipv6_address":"","global_ipv6_prefix_length":0,"ip_address":"172.26.0.9","ip_prefix_length":16,"ipv6_gateway":"","mac_address":"5a:bb:be:60:0e:d3","network_name":"internal_developer_platform_data_zone"}],"network_mode":"bridge","networks_advanced":[{"aliases":["backup_service"],"ipv4_address":"","ipv6_address":"","name":"internal_developer_platform_data_zone"}],"pid_mode":"","ports":[],"privileged":false,"publish_all_ports":false,"read_only":false,"remove_volumes":true,"restart":"no","rm":false,"runtime":"runc","security_opts":[],"shm_size":64,"start":true,"stdin_open":false,"stop_signal":"","stop_timeout":1,"storage_opts":null,"sysctls":null,"tmpfs":null,"tty":false,"ulimit":[],"upload":[],"user":"","userns_mode":"","volumes":[],"wait":false,"wait_timeout":60,"working_dir":"/"},"sensitive_attributes":[],"private":"eyJzY2hlbWFfdmVyc2lvbiI6IjIifQ==","dependencies":["docker_container.hn_artifact_store","docker_container.hn_ci_database","docker_image.hn_artifact_store","docker_image.hn_backup_service","docker_image.hn_ci_database","docker_network.internal_developer_platform_data_zone"]}]},{"mode":"managed","type":"docker_container","name":"hn_build_cache","provider":"provider[\"registry.terraform.io/kreuzwerker/docker\"]","instances":[{"schema_version":2,"attributes":{"attach":false,"bridge":"","capabilities":[],"cgroup_parent":null,"cgroupns_mode":null,"command":["minio","server","/data"],"container_logs":null,"container_read_refresh_timeout_milliseconds":15000,"cpu_period":null,"cpu_quota":null,"cpu_set":"","cpu_shares":0,"cpus":null,"destroy_grace_seconds":null,"devices":[],"dns":null,"dns_opts":null,"dns_search":null,"domainname":"","entrypoint":["/usr/bin/docker-entrypoint.sh"],"env":[],"exit_code":null,"gpus":null,"group_add":null,"healthcheck":[{"interval":"30s","retries":3,"start_interval":"0s","start_period":"30s","test":["CMD-SHELL","nc -z localhost 9000 || (echo \u003e /dev/tcp/localhost/9000) 2\u003e/dev/null || true"],"timeout":"10s"}],"host":[],"hostname":"buildcache.build.internal_developer_platform.internal","id":"9af901237d91723a695f8a5d2408022e9dbc74caefd8f85603e74526df376201","image":"sha256:14cea493d9a34af32f524e538b8346cf79f3321eff8e708c1e2960462bd8936e","init":false,"ipc_mode":"private","labels":[{"label":"honeynet.managed","value":"true"},{"label":"honeynet.project","value":"internal_developer_platform"}],"log_driver":"json-file","log_opts":null,"logs":false,"max_retry_count":0,"memory":0,"memory_swap":0,"mounts":[],"must_run":true,"name":"hn_build_cache","network_data":[{"gateway":"","global_ipv6_address":"","global_ipv6_prefix_length":0,"ip_address":"172.24.0.2","ip_prefix_length":16,"ipv6_gateway":"","mac_address":"22:56:77:16:9c:39","network_name":"internal_developer_platform_build_zone"}],"network_mode":"bridge","networks_advanced":[{"aliases":["build_cache"],"ipv4_address":"","ipv6_address":"","name":"internal_developer_platform_build_zone"}],"pid_mode":"","ports":[],"privileged":false,"publish_all_ports":false,"read_only":false,"remove_volumes":true,"restart":"no","rm":false,"runtime":"runc","security_opts":[],"shm_size":64,"start":true,"stdin_open":false,"stop_signal":"","stop_timeout":1,"storage_opts":null,"sysctls":null,"tmpfs":null,"tty":false,"ulimit":[],"upload":[],"user":"","userns_mode":"","volumes":[],"wait":false,"wait_timeout":60,"working_dir":"/"},"sensitive_attributes":[],"private":"eyJzY2hlbWFfdmVyc2lvbiI6IjIifQ==","dependencies":["docker_image.hn_build_cache","docker_network.internal_developer_platform_build_zone"]}]},{"mode":"managed","type":"docker_container","name":"hn_cache_service","provider":"provider[\"registry.terraform.io/kreuzwerker/docker\"]","instances":[{"schema_version":2,"attributes":{"attach":false,"bridge":"","capabilities":[],"cgroup_parent":null,"cgroupns_mode":null,"command":["minio","server","/data"],"container_logs":null,"container_read_refresh_timeout_milliseconds":15000,"cpu_period":null,"cpu_quota":null,"cpu_set":"","cpu_shares":0,"cpus":null,"destroy_grace_seconds":null,"devices":[],"dns":null,"dns_opts":null,"dns_search":null,"domainname":"","entrypoint":["/usr/bin/docker-entrypoint.sh"],"env":[],"exit_code":null,"gpus":null,"group_add":null,"healthcheck":[{"interval":"30s","retries":3,"start_interval":"0s","start_period":"30s","test":["CMD-SHELL","nc -z localhost 9000 || (echo \u003e /dev/tcp/localhost/9000) 2\u003e/dev/null || true"],"timeout":"10s"}],"host":[],"hostname":"cache.internal_developer_platform.internal","id":"e70d22bcdcfb84fb39964a1ec749ea1a9406a7905002c7a8bf672cf9c120b584","image":"sha256:14cea493d9a34af32f524e538b8346cf79f3321eff8e708c1e2960462bd8936e","init":false,"ipc_mode":"private","labels":[{"label":"honeynet.managed","value":"true"},{"label":"honeynet.project","value":"internal_developer_platform"}],"log_driver":"json-file","log_opts":null,"logs":false,"max_retry_count":0,"memory":0,"memory_swap":0,"mounts":[],"must_run":true,"name":"hn_cache_service","network_data":[{"gateway":"","global_ipv6_address":"","global_ipv6_prefix_length":0,"ip_address":"172.27.0.10","ip_prefix_length":16,"ipv6_gateway":"","mac_address":"f6:7e:68:81:a8:39","network_name":"internal_developer_platform_internal_zone"}],"network_mode":"bridge","networks_advanced":[{"aliases":["cache_service"],"ipv4_address":"","ipv6_address":"","name":"internal_developer_platform_internal_zone"}],"pid_mode":"","ports":[],"privileged":false,"publish_all_ports":false,"read_only":false,"remove_volumes":true,"restart":"no","rm":false,"runtime":"runc","security_opts":[],"shm_size":64,"start":true,"stdin_open":false,"stop_signal":"","stop_timeout":1,"storage_opts":null,"sysctls":null,"tmpfs":null,"tty":false,"ulimit":[],"upload":[],"user":"","userns_mode":"","volumes":[],"wait":false,"wait_timeout":60,"working_dir":"/"},"sensitive_attributes":[],"private":"eyJzY2hlbWFfdmVyc2lvbiI6IjIifQ==","dependencies":["docker_image.hn_cache_service","docker_network.internal_developer_platform_internal_zone"]}]},{"mode":"managed","type":"docker_container","name":"hn_ci_agent","provider":"provider[\"registry.terraform.io/kreuzwerker/docker\"]","instances":[{"schema_version":2,"attributes":{"attach":false,"bridge":"","capabilities":[],"cgroup_parent":null,"cgroupns_mode":null,"command":[],"container_logs":null,"container_read_refresh_timeout_milliseconds":15000,"cpu_period":null,"cpu_quota":null,"cpu_set":"","cpu_shares":0,"cpus":null,"destroy_grace_seconds":null,"devices":[],"dns":null,"dns_opts":null,"dns_search":null,"domainname":"","entrypoint":["/run.sh"],"env":[],"exit_code":null,"gpus":null,"group_add":null,"healthcheck":[{"interval":"30s","retries":3,"start_interval":"0s","start_period":"30s","test":["CMD-SHELL","curl -sf http://localhost:3000 || wget -qO- http://localhost:3000 || true"],"timeout":"10s"}],"host":[],"hostname":"agent.build.internal_developer_platform.internal","id":"94e6801c6aecac01fce8f4224b24f3493540aae0353536886b09a758653ca914","image":"sha256:1ee0c54286b8ca09a3dd1419ff8653e7780a148a006ac088544203bb0affe550","init":false,"ipc_mode":"private","labels":[{"label":"honeynet.managed","value":"true"},{"label":"honeynet.project","value":"internal_developer_platform"}],"log_driver":"json-file","log_opts":null,"logs":false,"max_retry_count":0,"memory":0,"memory_swap":0,"mounts":[],"must_run":true,"name":"hn_ci_agent","network_data":[{"gateway":"","global_ipv6_address":"","global_ipv6_prefix_length":0,"ip_address":"172.24.0.5","ip_prefix_length":16,"ipv6_gateway":"","mac_address":"32:44:ca:79:13:d2","network_name":"internal_developer_platform_build_zone"}],"network_mode":"bridge","networks_advanced":[{"aliases":["ci_agent"],"ipv4_address":"","ipv6_address":"","name":"internal_developer_platform_build_zone"}],"pid_mode":"","ports":[],"privileged":false,"publish_all_ports":false,"read_only":false,"remove_volumes":true,"restart":"no","rm":false,"runtime":"runc","security_opts":[],"shm_size":64,"start":true,"stdin_open":false,"stop_signal":"","stop_timeout":1,"storage_opts":null,"sysctls":null,"tmpfs":null,"tty":false,"ulimit":[],"upload":[],"user":"472","userns_mode":"","volumes":[],"wait":false,"wait_timeout":60,"working_dir":"/usr/share/grafana"},"sensitive_attributes":[],"private":"eyJzY2hlbWFfdmVyc2lvbiI6IjIifQ==","dependencies":["docker_container.hn_ci_database","docker_container.hn_container_registry","docker_container.hn_gitea","docker_container.hn_jenkins_runner","docker_image.hn_ci_agent","docker_image.hn_ci_database","docker_image.hn_container_registry","docker_image.hn_gitea","docker_image.hn_jenkins_runner","docker_network.internal_developer_platform_build_zone","docker_network.internal_developer_platform_data_zone","docker_network.internal_developer_platform_internal_zone"]}]},{"mode":"managed","type":"docker_container","name":"hn_ci_database","provider":"provider[\"registry.terraform.io/kreuzwerker/docker\"]","instances":[{"schema_version":2,"attributes":{"attach":false,"bridge":"","capabilities":[],"cgroup_parent":null,"cgroupns_mode":null,"command":["postgres"],"container_logs":null,"container_read_refresh_timeout_milliseconds":15000,"cpu_period":null,"cpu_quota":null,"cpu_set":"","cpu_shares":0,"cpus":null,"destroy_grace_seconds":null,"devices":[],"dns":null,"dns_opts":null,"dns_search":null,"domainname":"","entrypoint":["docker-entrypoint.sh"],"env":["POSTGRES_PASSWORD=admin123","POSTGRES_USER=admin"],"exit_code":null,"gpus":null,"group_add":null,"healthcheck":[{"interval":"30s","retries":3,"start_interval":"0s","start_period":"30s","test":["CMD","pg_isready","-U","admin"],"timeout":"10s"}],"host":[],"hostname":"db.data.internal_developer_platform.internal","id":"5a5d422118bb0d5d1faae0d950f7558ac88a636c2ccd12861c3ec8702502f0c3","image":"sha256:20edbde7749f822887a1a022ad526fde0a47d6b2be9a8364433605cf65099416","init":false,"ipc_mode":"private","labels":[{"label":"honeynet.managed","value":"true"},{"label":"honeynet.project","value":"internal_developer_platform"}],"log_driver":"json-file","log_opts":null,"logs":false,"max_retry_count":0,"memory":0,"memory_swap":0,"mounts":[],"must_run":true,"name":"hn_ci_database","network_data":[{"gateway":"","global_ipv6_address":"","global_ipv6_prefix_length":0,"ip_address":"172.26.0.2","ip_prefix_length":16,"ipv6_gateway":"","mac_address":"c6:64:a2:9a:4c:c3","network_name":"internal_developer_platform_data_zone"}],"network_mode":"bridge","networks_advanced":[{"aliases":["ci_database"],"ipv4_address":"","ipv6_address":"","name":"internal_developer_platform_data_zone"}],"pid_mode":"","ports":[],"privileged":false,"publish_all_ports":false,"read_only":false,"remove_volumes":true,"restart":"no","rm":false,"runtime":"runc","security_opts":[],"shm_size":64,"start":true,"stdin_open":false,"stop_signal":"SIGINT","stop_timeout":1,"storage_opts":null,"sysctls":null,"tmpfs":null,"tty":false,"ulimit":[],"upload":[],"user":"","userns_mode":"","volumes":[],"wait":false,"wait_timeout":60,"working_dir":"/"},"sensitive_attributes":[],"private":"eyJzY2hlbWFfdmVyc2lvbiI6IjIifQ==","dependencies":["docker_image.hn_ci_database","docker_network.internal_developer_platform_data_zone"]}]},{"mode":"managed","type":"docker_container","name":"hn_ci_scheduler","provider":"provider[\"registry.terraform.io/kreuzwerker/docker\"]","instances":[{"schema_version":2,"attributes":{"attach":false,"bridge":"","capabilities":[],"cgroup_parent":null,"cgroupns_mode":null,"command":["--config.file=/etc/prometheus/prometheus.yml","--storage.tsdb.path=/prometheus","--web.console.libraries=/usr/share/prometheus/console_libraries","--web.console.templates=/usr/share/prometheus/consoles"],"container_logs":null,"container_read_refresh_timeout_milliseconds":15000,"cpu_period":null,"cpu_quota":null,"cpu_set":"","cpu_shares":0,"cpus":null,"destroy_grace_seconds":null,"devices":[],"dns":null,"dns_opts":null,"dns_search":null,"domainname":"","entrypoint":["/bin/prometheus"],"env":[],"exit_code":null,"gpus":null,"group_add":null,"healthcheck":[{"interval":"30s","retries":3,"start_interval":"0s","start_period":"30s","test":["CMD-SHELL","curl -sf http://localhost:9090 || wget -qO- http://localhost:9090 || true"],"timeout":"10s"}],"host":[],"hostname":"scheduler.build.internal_developer_platform.internal","id":"00106bb2a4f3fa15a2c10fea230b378323a11a0df39a0a90c36a0ac0d358d0ab","image":"sha256:b440bc0e8aa5bab44a782952c09516b6a50f9d7b2325c1ffafac7bc833298e2e","init":false,"ipc_mode":"private","labels":[{"label":"honeynet.managed","value":"true"},{"label":"honeynet.project","value":"internal_developer_platform"}],"log_driver":"json-file","log_opts":null,"logs":false,"max_retry_count":0,"memory":0,"memory_swap":0,"mounts":[],"must_run":true,"name":"hn_ci_scheduler","network_data":[{"gateway":"","global_ipv6_address":"","global_ipv6_prefix_length":0,"ip_address":"172.24.0.4","ip_prefix_length":16,"ipv6_gateway":"","mac_address":"76:dc:ac:4f:8f:14","network_name":"internal_developer_platform_build_zone"}],"network_mode":"bridge","networks_advanced":[{"aliases":["ci_scheduler"],"ipv4_address":"","ipv6_address":"","name":"internal_developer_platform_build_zone"}],"pid_mode":"","ports":[],"privileged":false,"publish_all_ports":false,"read_only":false,"remove_volumes":true,"restart":"no","rm":false,"runtime":"runc","security_opts":[],"shm_size":64,"start":true,"stdin_open":false,"stop_signal":"","stop_timeout":1,"storage_opts":null,"sysctls":null,"tmpfs":null,"tty":false,"ulimit":[],"upload":[],"user":"nobody","userns_mode":"","volumes":[],"wait":false,"wait_timeout":60,"working_dir":"/prometheus"},"sensitive_attributes":[],"private":"eyJzY2hlbWFfdmVyc2lvbiI6IjIifQ==","dependencies":["docker_container.hn_ci_database","docker_container.hn_container_registry","docker_container.hn_gitea","docker_container.hn_jenkins_runner","docker_image.hn_ci_database","docker_image.hn_ci_scheduler","docker_image.hn_container_registry","docker_image.hn_gitea","docker_image.hn_jenkins_runner","docker_network.internal_developer_platform_build_zone","docker_network.internal_developer_platform_data_zone","docker_network.internal_developer_platform_internal_zone"]}]},{"mode":"managed","type":"docker_container","name":"hn_config_management","provider":"provider[\"registry.terraform.io/kreuzwerker/docker\"]","instances":[{"schema_version":2,"attributes":{"attach":false,"bridge":"","capabilities":[],"cgroup_parent":null,"cgroupns_mode":null,"command":[],"container_logs":null,"container_read_refresh_timeout_milliseconds":15000,"cpu_period":null,"cpu_quota":null,"cpu_set":"","cpu_shares":0,"cpus":null,"destroy_grace_seconds":null,"devices":[],"dns":null,"dns_opts":null,"dns_search":null,"domainname":"","entrypoint":["/portainer"],"env":[],"exit_code":null,"gpus":null,"group_add":null,"healthcheck":[{"interval":"30s","retries":3,"start_interval":"0s","start_period":"30s","test":["CMD-SHELL","curl -sf http://localhost:9000 || wget -qO- http://localhost:9000 || true"],"timeout":"10s"}],"host":[],"hostname":"config.internal_developer_platform.internal","id":"cbeb5c4e8b9686d28af59f6a7c1994858793484c1bf3feaf8696281fa58cfa1e","image":"sha256:1ae8e65d50ca5498cb2c33e617495a1e3ef245b0d2392b4a44c70ae09b822891","init":false,"ipc_mode":"private","labels":[{"label":"honeynet.managed","value":"true"},{"label":"honeynet.project","value":"internal_developer_platform"}],"log_driver":"json-file","log_opts":null,"logs":false,"max_retry_count":0,"memory":0,"memory_swap":0,"mounts":[],"must_run":true,"name":"hn_config_management","network_data":[{"gateway":"","global_ipv6_address":"","global_ipv6_prefix_length":0,"ip_address":"172.27.0.3","ip_prefix_length":16,"ipv6_gateway":"","mac_address":"6a:94:4f:a9:e2:ef","network_name":"internal_developer_platform_internal_zone"}],"network_mode":"bridge","networks_advanced":[{"aliases":["config_management"],"ipv4_address":"","ipv6_address":"","name":"internal_developer_platform_internal_zone"}],"pid_mode":"","ports":[],"privileged":false,"publish_all_ports":false,"read_only":false,"remove_volumes":true,"restart":"no","rm":false,"runtime":"runc","security_opts":[],"shm_size":64,"start":true,"stdin_open":false,"stop_signal":"","stop_timeout":1,"storage_opts":null,"sysctls":null,"tmpfs":null,"tty":false,"ulimit":[],"upload":[],"user":"","userns_mode":"","volumes":[],"wait":false,"wait_timeout":60,"working_dir":"/"},"sensitive_attributes":[],"private":"eyJzY2hlbWFfdmVyc2lvbiI6IjIifQ==","dependencies":["docker_image.hn_config_management","docker_network.internal_developer_platform_internal_zone"]}]},{"mode":"managed","type":"docker_container","name":"hn_container_registry","provider":"provider[\"registry.terraform.io/kreuzwerker/docker\"]","instances":[{"schema_version":2,"attributes":{"attach":false,"bridge":"","capabilities":[],"cgroup_parent":null,"cgroupns_mode":null,"command":["minio","server","/data"],"container_logs":null,"container_read_refresh_timeout_milliseconds":15000,"cpu_period":null,"cpu_quota":null,"cpu_set":"","cpu_shares":0,"cpus":null,"destroy_grace_seconds":null,"devices":[],"dns":null,"dns_opts":null,"dns_search":null,"domainname":"","entrypoint":["/usr/bin/docker-entrypoint.sh"],"env":["MINIO_ACCESS_KEY=admin","MINIO_SECRET_KEY=admin123"],"exit_code":null,"gpus":null,"group_add":null,"healthcheck":[{"interval":"30s","retries":3,"start_interval":"0s","start_period":"30s","test":["CMD-SHELL","nc -z localhost 9000 || (echo \u003e /dev/tcp/localhost/9000) 2\u003e/dev/null || true"],"timeout":"10s"}],"host":[],"hostname":"registry.internal_developer_platform.internal","id":"2341a042738f9dd2eedbfd26a27956ab661b52c39b403ad2e38450102bb1c85b","image":"sha256:14cea493d9a34af32f524e538b8346cf79f3321eff8e708c1e2960462bd8936e","init":false,"ipc_mode":"private","labels":[{"label":"honeynet.managed","value":"true"},{"label":"honeynet.project","value":"internal_developer_platform"}],"log_driver":"json-file","log_opts":null,"logs":false,"max_retry_count":0,"memory":0,"memory_swap":0,"mounts":[],"must_run":true,"name":"hn_container_registry","network_data":[{"gateway":"","global_ipv6_address":"","global_ipv6_prefix_length":0,"ip_address":"172.27.0.5","ip_prefix_length":16,"ipv6_gateway":"","mac_address":"72:b8:0b:9b:1a:88","network_name":"internal_developer_platform_internal_zone"}],"network_mode":"bridge","networks_advanced":[{"aliases":["container_registry"],"ipv4_address":"","ipv6_address":"","name":"internal_developer_platform_internal_zone"}],"pid_mode":"","ports":[],"privileged":false,"publish_all_ports":false,"read_only":false,"remove_volumes":true,"restart":"no","rm":false,"runtime":"runc","security_opts":[],"shm_size":64,"start":true,"stdin_open":false,"stop_signal":"","stop_timeout":1,"storage_opts":null,"sysctls":null,"tmpfs":null,"tty":false,"ulimit":[],"upload":[],"user":"","userns_mode":"","volumes":[],"wait":false,"wait_timeout":60,"working_dir":"/"},"sensitive_attributes":[],"private":"eyJzY2hlbWFfdmVyc2lvbiI6IjIifQ==","dependencies":["docker_image.hn_container_registry","docker_network.internal_developer_platform_internal_zone"]}]},{"mode":"managed","type":"docker_container","name":"hn_coordination_service","provider":"provider[\"registry.terraform.io/kreuzwerker/docker\"]","instances":[{"schema_version":2,"attributes":{"attach":false,"bridge":"","capabilities":[],"cgroup_parent":null,"cgroupns_mode":null,"command":["-config.file=/etc/loki/local-config.yaml"],"container_logs":null,"container_read_refresh_timeout_milliseconds":15000,"cpu_period":null,"cpu_quota":null,"cpu_set":"","cpu_shares":0,"cpus":null,"destroy_grace_seconds":null,"devices":[],"dns":null,"dns_opts":null,"dns_search":null,"domainname":"","entrypoint":["/usr/bin/loki"],"env":[],"exit_code":null,"gpus":null,"group_add":null,"healthcheck":[{"interval":"30s","retries":3,"start_interval":"0s","start_period":"30s","test":["CMD-SHELL","nc -z localhost 3100 || (echo \u003e /dev/tcp/localhost/3100) 2\u003e/dev/null || true"],"timeout":"10s"}],"host":[],"hostname":"coordination.internal_developer_platform.internal","id":"20ee12a44d993dacf682233968b565607883fd98174dbabc0efdd8ef4d290115","image":"sha256:eb92f1a439171542fd718f929fad38c917b3cad15ec830ba4742e2ba5ab03313","init":false,"ipc_mode":"private","labels":[{"label":"honeynet.managed","value":"true"},{"label":"honeynet.project","value":"internal_developer_platform"}],"log_driver":"json-file","log_opts":null,"logs":false,"max_retry_count":0,"memory":0,"memory_swap":0,"mounts":[],"must_run":true,"name":"hn_coordination_service","network_data":[{"gateway":"","global_ipv6_address":"","global_ipv6_prefix_length":0,"ip_address":"172.27.0.6","ip_prefix_length":16,"ipv6_gateway":"","mac_address":"ba:6c:ca:d1:b4:3b","network_name":"internal_developer_platform_internal_zone"}],"network_mode":"bridge","networks_advanced":[{"aliases":["coordination_service"],"ipv4_address":"","ipv6_address":"","name":"internal_developer_platform_internal_zone"}],"pid_mode":"","ports":[],"privileged":false,"publish_all_ports":false,"read_only":false,"remove_volumes":true,"restart":"no","rm":false,"runtime":"runc","security_opts":[],"shm_size":64,"start":true,"stdin_open":false,"stop_signal":"","stop_timeout":1,"storage_opts":null,"sysctls":null,"tmpfs":null,"tty":false,"ulimit":[],"upload":[],"user":"10001","userns_mode":"","volumes":[],"wait":false,"wait_timeout":60,"working_dir":""},"sensitive_attributes":[],"private":"eyJzY2hlbWFfdmVyc2lvbiI6IjIifQ==","dependencies":["docker_image.hn_coordination_service","docker_network.internal_developer_platform_internal_zone"]}]},{"mode":"managed","type":"docker_container","name":"hn_dashboard_service","provider":"provider[\"registry.terraform.io/kreuzwerker/docker\"]","instances":[{"schema_version":2,"attributes":{"attach":false,"bridge":"","capabilities":[],"cgroup_parent":null,"cgroupns_mode":null,"command":[],"container_logs":null,"container_read_refresh_timeout_milliseconds":15000,"cpu_period":null,"cpu_quota":null,"cpu_set":"","cpu_shares":0,"cpus":null,"destroy_grace_seconds":null,"devices":[],"dns":null,"dns_opts":null,"dns_search":null,"domainname":"","entrypoint":["/run.sh"],"env":[],"exit_code":null,"gpus":null,"group_add":null,"healthcheck":[{"interval":"30s","retries":3,"start_interval":"0s","start_period":"30s","test":["CMD-SHELL","curl -sf http://localhost:3000 || wget -qO- http://localhost:3000 || true"],"timeout":"10s"}],"host":[],"hostname":"dashboard.internal_developer_platform.internal","id":"239bb4a709b38c95b990db48942fedcc0c383a7b755493f9cd9012d7ed80d36a","image":"sha256:1ee0c54286b8ca09a3dd1419ff8653e7780a148a006ac088544203bb0affe550","init":false,"ipc_mode":"private","labels":[{"label":"honeynet.managed","value":"true"},{"label":"honeynet.project","value":"internal_developer_platform"}],"log_driver":"json-file","log_opts":null,"logs":false,"max_retry_count":0,"memory":0,"memory_swap":0,"mounts":[],"must_run":true,"name":"hn_dashboard_service","network_data":[{"gateway":"","global_ipv6_address":"","global_ipv6_prefix_length":0,"ip_address":"172.27.0.17","ip_prefix_length":16,"ipv6_gateway":"","mac_address":"6a:e9:e6:3e:3b:a6","network_name":"internal_developer_platform_internal_zone"}],"network_mode":"bridge","networks_advanced":[{"aliases":["dashboard_service"],"ipv4_address":"","ipv6_address":"","name":"internal_developer_platform_internal_zone"}],"pid_mode":"","ports":[],"privileged":false,"publish_all_ports":false,"read_only":false,"remove_volumes":true,"restart":"no","rm":false,"runtime":"runc","security_opts":[],"shm_size":64,"start":true,"stdin_open":false,"stop_signal":"","stop_timeout":1,"storage_opts":null,"sysctls":null,"tmpfs":null,"tty":false,"ulimit":[],"upload":[],"user":"472","userns_mode":"","volumes":[],"wait":false,"wait_timeout":60,"working_dir":"/usr/share/grafana"},"sensitive_attributes":[],"private":"eyJzY2hlbWFfdmVyc2lvbiI6IjIifQ==","dependencies":["docker_container.hn_grafana","docker_container.hn_prometheus","docker_image.hn_dashboard_service","docker_image.hn_grafana","docker_image.hn_prometheus","docker_network.internal_developer_platform_internal_zone"]}]},{"mode":"managed","type":"docker_container","name":"hn_file_share","provider":"provider[\"registry.terraform.io/kreuzwerker/docker\"]","instances":[{"schema_version":2,"attributes":{"attach":false,"bridge":"","capabilities":[],"cgroup_parent":null,"cgroupns_mode":null,"command":["nginx","-g","daemon off;"],"container_logs":null,"container_read_refresh_timeout_milliseconds":15000,"cpu_period":null,"cpu_quota":null,"cpu_set":"","cpu_shares":0,"cpus":null,"destroy_grace_seconds":null,"devices":[],"dns":null,"dns_opts":null,"dns_search":null,"domainname":"","entrypoint":["/docker-entrypoint.sh"],"env":[],"exit_code":null,"gpus":null,"group_add":null,"healthcheck":[{"interval":"30s","retries":3,"start_interval":"0s","start_period":"30s","test":["CMD","curl","-f","http://localhost/"],"timeout":"10s"}],"host":[],"hostname":"files.data.internal_developer_platform.internal","id":"17e6a69094c1e2e306b30efccf0dfdaebe0163b3cd98b1661a36dc26f430c4b2","image":"sha256:516475cc129da42866742567714ddc681e5eed7b9ee0b9e9c015e464b4221a00","init":false,"ipc_mode":"private","labels":[{"label":"honeynet.managed","value":"true"},{"label":"honeynet.project","value":"internal_developer_platform"}],"log_driver":"json-file","log_opts":null,"logs":false,"max_retry_count":0,"memory":0,"memory_swap":0,"mounts":[],"must_run":true,"name":"hn_file_share","network_data":[{"gateway":"","global_ipv6_address":"","global_ipv6_prefix_length":0,"ip_address":"172.26.0.3","ip_prefix_length":16,"ipv6_gateway":"","mac_address":"16:f2:18:28:d7:3e","network_name":"internal_developer_platform_data_zone"}],"network_mode":"bridge","networks_advanced":[{"aliases":["file_share"],"ipv4_address":"","ipv6_address":"","name":"internal_developer_platform_data_zone"}],"pid_mode":"","ports":[],"privileged":false,"publish_all_ports":false,"read_only":false,"remove_volumes":true,"restart":"no","rm":false,"runtime":"runc","security_opts":[],"shm_size":64,"start":true,"stdin_open":false,"stop_signal":"SIGQUIT","stop_timeout":1,"storage_opts":null,"sysctls":null,"tmpfs":null,"tty":false,"ulimit":[],"upload":[],"user":"","userns_mode":"","volumes":[],"wait":false,"wait_timeout":60,"working_dir":""},"sensitive_attributes":[],"private":"eyJzY2hlbWFfdmVyc2lvbiI6IjIifQ==","dependencies":["docker_image.hn_file_share","docker_network.internal_developer_platform_data_zone"]}]},{"mode":"managed","type":"docker_container","name":"hn_gitea","provider":"provider[\"registry.terraform.io/kreuzwerker/docker\"]","instances":[{"schema_version":2,"attributes":{"attach":false,"bridge":"","capabilities":[],"cgroup_parent":null,"cgroupns_mode":null,"command":["/usr/bin/s6-svscan","/etc/s6"],"container_logs":null,"container_read_refresh_timeout_milliseconds":15000,"cpu_period":null,"cpu_quota":null,"cpu_set":"","cpu_shares":0,"cpus":null,"destroy_grace_seconds":null,"devices":[],"dns":null,"dns_opts":null,"dns_search":null,"domainname":"","entrypoint":["/usr/bin/entrypoint"],"env":["GITEA__database__DB_TYPE=sqlite3","GITEA__database__PATH=data/gitea.db","GITEA__security__INSTALL_LOCK=true","GITEA__security__SECRET_KEY=weaksecretkey"],"exit_code":null,"gpus":null,"group_add":null,"healthcheck":[{"interval":"30s","retries":3,"start_interval":"0s","start_period":"30s","test":["CMD-SHELL","curl -sf http://localhost:3000/ || wget -qO- http://localhost:3000/ || true"],"timeout":"10s"}],"host":[],"hostname":"gitea.internal_developer_platform.internal","id":"ec18e2c5f6d6f24abb0a932edf4e29e07170b56251d784b2b34f06b912177001","image":"sha256:f846d26a4fc389c5806a580a765e00bfdd1fd181e6f2060da98ea2669d914472","init":false,"ipc_mode":"private","labels":[{"label":"honeynet.managed","value":"true"},{"label":"honeynet.project","value":"internal_developer_platform"}],"log_driver":"json-file","log_opts":null,"logs":false,"max_retry_count":0,"memory":0,"memory_swap":0,"mounts":[],"must_run":true,"name":"hn_gitea","network_data":[{"gateway":"","global_ipv6_address":"","global_ipv6_prefix_length":0,"ip_address":"172.26.0.6","ip_prefix_length":16,"ipv6_gateway":"","mac_address":"8a:e8:6b:73:dc:13","network_name":"internal_developer_platform_data_zone"},{"gateway":"","global_ipv6_address":"","global_ipv6_prefix_length":0,"ip_address":"172.27.0.11","ip_prefix_length":16,"ipv6_gateway":"","mac_address":"52:27:bb:0b:d0:bd","network_name":"internal_developer_platform_internal_zone"}],"network_mode":"bridge","networks_advanced":[{"aliases":["gitea"],"ipv4_address":"","ipv6_address":"","name":"internal_developer_platform_data_zone"},{"aliases":["gitea"],"ipv4_address":"","ipv6_address":"","name":"internal_developer_platform_internal_zone"}],"pid_mode":"","ports":[],"privileged":false,"publish_all_ports":false,"read_only":false,"remove_volumes":true,"restart":"no","rm":false,"runtime":"runc","security_opts":[],"shm_size":64,"start":true,"stdin_open":false,"stop_signal":"","stop_timeout":1,"storage_opts":null,"sysctls":null,"tmpfs":null,"tty":false,"ulimit":[],"upload":[],"user":"","userns_mode":"","volumes":[],"wait":false,"wait_timeout":60,"working_dir":"/"},"sensitive_attributes":[],"private":"eyJzY2hlbWFfdmVyc2lvbiI6IjIifQ==","dependencies":["docker_container.hn_ci_database","docker_image.hn_ci_database","docker_image.hn_gitea","docker_network.internal_developer_platform_data_zone","docker_network.internal_developer_platform_internal_zone"]}]},{"mode":"managed","type":"docker_container","name":"hn_grafana","provider":"provider[\"registry.terraform.io/kreuzwerker/docker\"]","instances":[{"schema_version":2,"attributes":{"attach":false,"bridge":"","capabilities":[],"cgroup_parent":null,"cgroupns_mode":null,"command":[],"container_logs":null,"container_read_refresh_timeout_milliseconds":15000,"cpu_period":null,"cpu_quota":null,"cpu_set":"","cpu_shares":0,"cpus":null,"destroy_grace_seconds":null,"devices":[],"dns":null,"dns_opts":null,"dns_search":null,"domainname":"","entrypoint":["/run.sh"],"env":["GF_SECURITY_ADMIN_PASSWORD=admin123","GF_SECURITY_ADMIN_USER=admin"],"exit_code":null,"gpus":null,"group_add":null,"healthcheck":[{"interval":"30s","retries":3,"start_interval":"0s","start_period":"30s","test":["CMD-SHELL","curl -sf http://localhost:3000/ || wget -qO- http://localhost:3000/ || true"],"timeout":"10s"}],"host":[],"hostname":"grafana.internal_developer_platform.internal","id":"be00a54497c08a71646b9a7ae6d9ce34ac24d591df4837a3d1490886f058c685","image":"sha256:1ee0c54286b8ca09a3dd1419ff8653e7780a148a006ac088544203bb0affe550","init":false,"ipc_mode":"private","labels":[{"label":"honeynet.managed","value":"true"},{"label":"honeynet.project","value":"internal_developer_platform"}],"log_driver":"json-file","log_opts":null,"logs":false,"max_retry_count":0,"memory":0,"memory_swap":0,"mounts":[],"must_run":true,"name":"hn_grafana","network_data":[{"gateway":"","global_ipv6_address":"","global_ipv6_prefix_length":0,"ip_address":"172.27.0.14","ip_prefix_length":16,"ipv6_gateway":"","mac_address":"06:0b:21:c0:c4:fb","network_name":"internal_developer_platform_internal_zone"}],"network_mode":"bridge","networks_advanced":[{"aliases":["grafana"],"ipv4_address":"","ipv6_address":"","name":"internal_developer_platform_internal_zone"}],"pid_mode":"","ports":[],"privileged":false,"publish_all_ports":false,"read_only":false,"remove_volumes":true,"restart":"no","rm":false,"runtime":"runc","security_opts":[],"shm_size":64,"start":true,"stdin_open":false,"stop_signal":"","stop_timeout":1,"storage_opts":null,"sysctls":null,"tmpfs":null,"tty":false,"ulimit":[],"upload":[],"user":"472","userns_mode":"","volumes":[],"wait":false,"wait_timeout":60,"working_dir":"/usr/share/grafana"},"sensitive_attributes":[],"private":"eyJzY2hlbWFfdmVyc2lvbiI6IjIifQ==","dependencies":["docker_container.hn_prometheus","docker_image.hn_grafana","docker_image.hn_prometheus","docker_network.internal_developer_platform_internal_zone"]}]},{"mode":"managed","type":"docker_container","name":"hn_identity_service","provider":"provider[\"registry.terraform.io/kreuzwerker/docker\"]","instances":[{"schema_version":2,"attributes":{"attach":false,"bridge":"","capabilities":[],"cgroup_parent":null,"cgroupns_mode":null,"command":["neo4j"],"container_logs":null,"container_read_refresh_timeout_milliseconds":15000,"cpu_period":null,"cpu_quota":null,"cpu_set":"","cpu_shares":0,"cpus":null,"destroy_grace_seconds":null,"devices":[],"dns":null,"dns_opts":null,"dns_search":null,"domainname":"","entrypoint":["tini","-g","--","/startup/docker-entrypoint.sh"],"env":[],"exit_code":null,"gpus":null,"group_add":null,"healthcheck":[{"interval":"30s","retries":3,"start_interval":"0s","start_period":"30s","test":["CMD","cypher-shell","-u","neo4j","-p","admin123","RETURN 1"],"timeout":"10s"}],"host":[],"hostname":"identity.internal_developer_platform.internal","id":"de3c4b86e2c7d8399e174ecbd903e0f1c3570d83c8f03f3575fe8d7aae5a55dc","image":"sha256:d9e2fb1ba398536e50d22ebc3d5d585baa086c1c0cf8e5b96bdc9e11e87e002a","init":false,"ipc_mode":"private","labels":[{"label":"honeynet.managed","value":"true"},{"label":"honeynet.project","value":"internal_developer_platform"}],"log_driver":"json-file","log_opts":null,"logs":false,"max_retry_count":0,"memory":0,"memory_swap":0,"mounts":[],"must_run":true,"name":"hn_identity_service","network_data":[{"gateway":"","global_ipv6_address":"","global_ipv6_prefix_length":0,"ip_address":"172.27.0.7","ip_prefix_length":16,"ipv6_gateway":"","mac_address":"9e:5d:17:4d:95:7a","network_name":"internal_developer_platform_internal_zone"}],"network_mode":"bridge","networks_advanced":[{"aliases":["identity_service"],"ipv4_address":"","ipv6_address":"","name":"internal_developer_platform_internal_zone"}],"pid_mode":"","ports":[],"privileged":false,"publish_all_ports":false,"read_only":false,"remove_volumes":true,"restart":"no","rm":false,"runtime":"runc","security_opts":[],"shm_size":64,"start":true,"stdin_open":false,"stop_signal":"","stop_timeout":1,"storage_opts":null,"sysctls":null,"tmpfs":null,"tty":false,"ulimit":[],"upload":[],"user":"","userns_mode":"","volumes":[],"wait":false,"wait_timeout":60,"working_dir":"/var/lib/neo4j"},"sensitive_attributes":[],"private":"eyJzY2hlbWFfdmVyc2lvbiI6IjIifQ==","dependencies":["docker_image.hn_identity_service","docker_network.internal_developer_platform_internal_zone"]}]},{"mode":"managed","type":"docker_container","name":"hn_jenkins_runner","provider":"provider[\"registry.terraform.io/kreuzwerker/docker\"]","instances":[{"schema_version":2,"attributes":{"attach":false,"bridge":"","capabilities":[],"cgroup_parent":null,"cgroupns_mode":null,"command":[],"container_logs":null,"container_read_refresh_timeout_milliseconds":15000,"cpu_period":null,"cpu_quota":null,"cpu_set":"","cpu_shares":0,"cpus":null,"destroy_grace_seconds":null,"devices":[],"dns":null,"dns_opts":null,"dns_search":null,"domainname":"","entrypoint":["/usr/bin/tini","--","/usr/local/bin/jenkins.sh"],"env":[],"exit_code":null,"gpus":null,"group_add":null,"healthcheck":[{"interval":"30s","retries":3,"start_interval":"0s","start_period":"30s","test":["CMD-SHELL","curl -sf http://localhost:8080/login || wget -qO- http://localhost:8080/login || true"],"timeout":"10s"}],"host":[],"hostname":"jenkins.build.internal_developer_platform.internal","id":"ccca0612357d182c2d8bc4cb92c485e631cf397257dafee65543096be19869a3","image":"sha256:c4098086090ca98491d4bf66182f5e3b015a8232f2acf2df209a212a5801aa8e","init":false,"ipc_mode":"private","labels":[{"label":"honeynet.managed","value":"true"},{"label":"honeynet.project","value":"internal_developer_platform"}],"log_driver":"json-file","log_opts":null,"logs":false,"max_retry_count":0,"memory":0,"memory_swap":0,"mounts":[],"must_run":true,"name":"hn_jenkins_runner","network_data":[{"gateway":"","global_ipv6_address":"","global_ipv6_prefix_length":0,"ip_address":"172.24.0.3","ip_prefix_length":16,"ipv6_gateway":"","mac_address":"c2:d7:69:15:12:a1","network_name":"internal_developer_platform_build_zone"},{"gateway":"","global_ipv6_address":"","global_ipv6_prefix_length":0,"ip_address":"172.26.0.10","ip_prefix_length":16,"ipv6_gateway":"","mac_address":"0e:3d:25:90:84:e4","network_name":"internal_developer_platform_data_zone"},{"gateway":"","global_ipv6_address":"","global_ipv6_prefix_length":0,"ip_address":"172.27.0.18","ip_prefix_length":16,"ipv6_gateway":"","mac_address":"0e:28:15:d0:ee:49","network_name":"internal_developer_platform_internal_zone"}],"network_mode":"bridge","networks_advanced":[{"aliases":["jenkins_runner"],"ipv4_address":"","ipv6_address":"","name":"internal_developer_platform_build_zone"},{"aliases":["jenkins_runner"],"ipv4_address":"","ipv6_address":"","name":"internal_developer_platform_data_zone"},{"aliases":["jenkins_runner"],"ipv4_address":"","ipv6_address":"","name":"internal_developer_platform_internal_zone"}],"pid_mode":"","ports":[],"privileged":false,"publish_all_ports":false,"read_only":false,"remove_volumes":true,"restart":"no","rm":false,"runtime":"runc","security_opts":[],"shm_size":64,"start":true,"stdin_open":false,"stop_signal":"","stop_timeout":1,"storage_opts":null,"sysctls":null,"tmpfs":null,"tty":false,"ulimit":[],"upload":[],"user":"jenkins","userns_mode":"","volumes":[],"wait":false,"wait_timeout":60,"working_dir":""},"sensitive_attributes":[],"private":"eyJzY2hlbWFfdmVyc2lvbiI6IjIifQ==","dependencies":["docker_container.hn_ci_database","docker_container.hn_container_registry","docker_container.hn_gitea","docker_image.hn_ci_database","docker_image.hn_container_registry","docker_image.hn_gitea","docker_image.hn_jenkins_runner","docker_network.internal_developer_platform_build_zone","docker_network.internal_developer_platform_data_zone","docker_network.internal_developer_platform_internal_zone"]}]},{"mode":"managed","type":"docker_container","name":"hn_load_balancer","provider":"provider[\"registry.terraform.io/kreuzwerker/docker\"]","instances":[{"schema_version":2,"attributes":{"attach":false,"bridge":"","capabilities":[],"cgroup_parent":null,"cgroupns_mode":null,"command":["nginx","-g","daemon off;"],"container_logs":null,"container_read_refresh_timeout_milliseconds":15000,"cpu_period":null,"cpu_quota":null,"cpu_set":"","cpu_shares":0,"cpus":null,"destroy_grace_seconds":null,"devices":[],"dns":null,"dns_opts":null,"dns_search":null,"domainname":"","entrypoint":["/docker-entrypoint.sh"],"env":[],"exit_code":null,"gpus":null,"group_add":null,"healthcheck":[{"interval":"30s","retries":3,"start_interval":"0s","start_period":"30s","test":["CMD-SHELL","curl -sf http://localhost:80 || wget -qO- http://localhost:80 || true"],"timeout":"10s"}],"host":[],"hostname":"lb.internal_developer_platform.internal","id":"b7137aa041c855d9e28392a33ea37105c548866b6523458fd59625f193dcb91e","image":"sha256:516475cc129da42866742567714ddc681e5eed7b9ee0b9e9c015e464b4221a00","init":false,"ipc_mode":"private","labels":[{"label":"honeynet.managed","value":"true"},{"label":"honeynet.project","value":"internal_developer_platform"}],"log_driver":"json-file","log_opts":null,"logs":false,"max_retry_count":0,"memory":0,"memory_swap":0,"mounts":[],"must_run":true,"name":"hn_load_balancer","network_data":[{"gateway":"","global_ipv6_address":"","global_ipv6_prefix_length":0,"ip_address":"172.27.0.20","ip_prefix_length":16,"ipv6_gateway":"","mac_address":"66:60:ed:93:91:e2","network_name":"internal_developer_platform_internal_zone"}],"network_mode":"bridge","networks_advanced":[{"aliases":["load_balancer"],"ipv4_address":"","ipv6_address":"","name":"internal_developer_platform_internal_zone"}],"pid_mode":"","ports":[],"privileged":false,"publish_all_ports":false,"read_only":false,"remove_volumes":true,"restart":"no","rm":false,"runtime":"runc","security_opts":[],"shm_size":64,"start":true,"stdin_open":false,"stop_signal":"SIGQUIT","stop_timeout":1,"storage_opts":null,"sysctls":null,"tmpfs":null,"tty":false,"ulimit":[],"upload":[],"user":"","userns_mode":"","volumes":[],"wait":false,"wait_timeout":60,"working_dir":""},"sensitive_attributes":[],"private":"eyJzY2hlbWFfdmVyc2lvbiI6IjIifQ==","dependencies":["docker_container.hn_ci_database","docker_container.hn_container_registry","docker_container.hn_gitea","docker_container.hn_grafana","docker_container.hn_jenkins_runner","docker_container.hn_nginx_proxy","docker_container.hn_prometheus","docker_image.hn_ci_database","docker_image.hn_container_registry","docker_image.hn_gitea","docker_image.hn_grafana","docker_image.hn_jenkins_runner","docker_image.hn_load_balancer","docker_image.hn_nginx_proxy","docker_image.hn_prometheus","docker_network.internal_developer_platform_build_zone","docker_network.internal_developer_platform_data_zone","docker_network.internal_developer_platform_internal_zone"]}]},{"mode":"managed","type":"docker_container","name":"hn_log_collector","provider":"provider[\"registry.terraform.io/kreuzwerker/docker\"]","instances":[{"schema_version":2,"attributes":{"attach":false,"bridge":"","capabilities":[],"cgroup_parent":null,"cgroupns_mode":null,"command":["-config.file=/etc/loki/local-config.yaml"],"container_logs":null,"container_read_refresh_timeout_milliseconds":15000,"cpu_period":null,"cpu_quota":null,"cpu_set":"","cpu_shares":0,"cpus":null,"destroy_grace_seconds":null,"devices":[],"dns":null,"dns_opts":null,"dns_search":null,"domainname":"","entrypoint":["/usr/bin/loki"],"env":[],"exit_code":null,"gpus":null,"group_add":null,"healthcheck":[{"interval":"30s","retries":3,"start_interval":"0s","start_period":"30s","test":["CMD-SHELL","nc -z localhost 3100 || (echo \u003e /dev/tcp/localhost/3100) 2\u003e/dev/null || true"],"timeout":"10s"}],"host":[],"hostname":"logs.internal_developer_platform.internal","id":"a534cfbf960017d23dc06fd3833baff82cde18cdb6ce9587753c2326bd124698","image":"sha256:eb92f1a439171542fd718f929fad38c917b3cad15ec830ba4742e2ba5ab03313","init":false,"ipc_mode":"private","labels":[{"label":"honeynet.managed","value":"true"},{"label":"honeynet.project","value":"internal_developer_platform"}],"log_driver":"json-file","log_opts":null,"logs":false,"max_retry_count":0,"memory":0,"memory_swap":0,"mounts":[],"must_run":true,"name":"hn_log_collector","network_data":[{"gateway":"","global_ipv6_address":"","global_ipv6_prefix_length":0,"ip_address":"172.27.0.2","ip_prefix_length":16,"ipv6_gateway":"","mac_address":"a6:14:d4:04:6f:e7","network_name":"internal_developer_platform_internal_zone"}],"network_mode":"bridge","networks_advanced":[{"aliases":["log_collector"],"ipv4_address":"","ipv6_address":"","name":"internal_developer_platform_internal_zone"}],"pid_mode":"","ports":[],"privileged":false,"publish_all_ports":false,"read_only":false,"remove_volumes":true,"restart":"no","rm":false,"runtime":"runc","security_opts":[],"shm_size":64,"start":true,"stdin_open":false,"stop_signal":"","stop_timeout":1,"storage_opts":null,"sysctls":null,"tmpfs":null,"tty":false,"ulimit":[],"upload":[],"user":"10001","userns_mode":"","volumes":[],"wait":false,"wait_timeout":60,"working_dir":""},"sensitive_attributes":[],"private":"eyJzY2hlbWFfdmVyc2lvbiI6IjIifQ==","dependencies":["docker_image.hn_log_collector","docker_network.internal_developer_platform_internal_zone"]}]},{"mode":"managed","type":"docker_container","name":"hn_metrics_collector","provider":"provider[\"registry.terraform.io/kreuzwerker/docker\"]","instances":[{"schema_version":2,"attributes":{"attach":false,"bridge":"","capabilities":[],"cgroup_parent":null,"cgroupns_mode":null,"command":["--config.file=/etc/prometheus/prometheus.yml","--storage.tsdb.path=/prometheus","--web.console.libraries=/usr/share/prometheus/console_libraries","--web.console.templates=/usr/share/prometheus/consoles"],"container_logs":null,"container_read_refresh_timeout_milliseconds":15000,"cpu_period":null,"cpu_quota":null,"cpu_set":"","cpu_shares":0,"cpus":null,"destroy_grace_seconds":null,"devices":[],"dns":null,"dns_opts":null,"dns_search":null,"domainname":"","entrypoint":["/bin/prometheus"],"env":[],"exit_code":null,"gpus":null,"group_add":null,"healthcheck":[{"interval":"30s","retries":3,"start_interval":"0s","start_period":"30s","test":["CMD-SHELL","curl -sf http://localhost:9090 || wget -qO- http://localhost:9090 || true"],"timeout":"10s"}],"host":[],"hostname":"metrics.internal_developer_platform.internal","id":"7ecf3b3c7b27e21b3f6d248eb2e8e4c5eb4b893d55f1b9b675075c3507d2a261","image":"sha256:b440bc0e8aa5bab44a782952c09516b6a50f9d7b2325c1ffafac7bc833298e2e","init":false,"ipc_mode":"private","labels":[{"label":"honeynet.managed","value":"true"},{"label":"honeynet.project","value":"internal_developer_platform"}],"log_driver":"json-file","log_opts":null,"logs":false,"max_retry_count":0,"memory":0,"memory_swap":0,"mounts":[],"must_run":true,"name":"hn_metrics_collector","network_data":[{"gateway":"","global_ipv6_address":"","global_ipv6_prefix_length":0,"ip_address":"172.27.0.15","ip_prefix_length":16,"ipv6_gateway":"","mac_address":"c2:ce:84:66:94:79","network_name":"internal_developer_platform_internal_zone"}],"network_mode":"bridge","networks_advanced":[{"aliases":["metrics_collector"],"ipv4_address":"","ipv6_address":"","name":"internal_developer_platform_internal_zone"}],"pid_mode":"","ports":[],"privileged":false,"publish_all_ports":false,"read_only":false,"remove_volumes":true,"restart":"no","rm":false,"runtime":"runc","security_opts":[],"shm_size":64,"start":true,"stdin_open":false,"stop_signal":"","stop_timeout":1,"storage_opts":null,"sysctls":null,"tmpfs":null,"tty":false,"ulimit":[],"upload":[],"user":"nobody","userns_mode":"","volumes":[],"wait":false,"wait_timeout":60,"working_dir":"/prometheus"},"sensitive_attributes":[],"private":"eyJzY2hlbWFfdmVyc2lvbiI6IjIifQ==","dependencies":["docker_container.hn_prometheus","docker_image.hn_metrics_collector","docker_image.hn_prometheus","docker_network.internal_developer_platform_internal_zone"]}]},{"mode":"managed","type":"docker_container","name":"hn_nginx_proxy","provider":"provider[\"registry.terraform.io/kreuzwerker/docker\"]","instances":[{"schema_version":2,"attributes":{"attach":false,"bridge":"","capabilities":[],"cgroup_parent":null,"cgroupns_mode":null,"command":["nginx","-g","daemon off;"],"container_logs":null,"container_read_refresh_timeout_milliseconds":15000,"cpu_period":null,"cpu_quota":null,"cpu_set":"","cpu_shares":0,"cpus":null,"destroy_grace_seconds":null,"devices":[],"dns":null,"dns_opts":null,"dns_search":null,"domainname":"","entrypoint":["/docker-entrypoint.sh"],"env":[],"exit_code":null,"gpus":null,"group_add":null,"healthcheck":[{"interval":"30s","retries":3,"start_interval":"0s","start_period":"30s","test":["CMD-SHELL","curl -sf http://localhost/ || wget -qO- http://localhost/ || true"],"timeout":"10s"}],"host":[],"hostname":"proxy.internal_developer_platform.internal","id":"c0fa3d2a6fc9e755c873ae94ecaf296fd57b2f78d066856048016c3e766e65c8","image":"sha256:516475cc129da42866742567714ddc681e5eed7b9ee0b9e9c015e464b4221a00","init":false,"ipc_mode":"private","labels":[{"label":"honeynet.managed","value":"true"},{"label":"honeynet.project","value":"internal_developer_platform"}],"log_driver":"json-file","log_opts":null,"logs":false,"max_retry_count":0,"memory":0,"memory_swap":0,"mounts":[],"must_run":true,"name":"hn_nginx_proxy","network_data":[{"gateway":"","global_ipv6_address":"","global_ipv6_prefix_length":0,"ip_address":"172.24.0.6","ip_prefix_length":16,"ipv6_gateway":"","mac_address":"26:72:cf:23:af:28","network_name":"internal_developer_platform_build_zone"},{"gateway":"","global_ipv6_address":"","global_ipv6_prefix_length":0,"ip_address":"172.27.0.19","ip_prefix_length":16,"ipv6_gateway":"","mac_address":"32:d5:6d:a4:2c:12","network_name":"internal_developer_platform_internal_zone"}],"network_mode":"bridge","networks_advanced":[{"aliases":["nginx_proxy"],"ipv4_address":"","ipv6_address":"","name":"internal_developer_platform_build_zone"},{"aliases":["nginx_proxy"],"ipv4_address":"","ipv6_address":"","name":"internal_developer_platform_internal_zone"}],"pid_mode":"","ports":[],"privileged":false,"publish_all_ports":false,"read_only":false,"remove_volumes":true,"restart":"no","rm":false,"runtime":"runc","security_opts":[],"shm_size":64,"start":true,"stdin_open":false,"stop_signal":"SIGQUIT","stop_timeout":1,"storage_opts":null,"sysctls":null,"tmpfs":null,"tty":false,"ulimit":[],"upload":[],"user":"","userns_mode":"","volumes":[],"wait":false,"wait_timeout":60,"working_dir":""},"sensitive_attributes":[],"private":"eyJzY2hlbWFfdmVyc2lvbiI6IjIifQ==","dependencies":["docker_container.hn_ci_database","docker_container.hn_container_registry","docker_container.hn_gitea","docker_container.hn_grafana","docker_container.hn_jenkins_runner","docker_container.hn_prometheus","docker_image.hn_ci_database","docker_image.hn_container_registry","docker_image.hn_gitea","docker_image.hn_grafana","docker_image.hn_jenkins_runner","docker_image.hn_nginx_proxy","docker_image.hn_prometheus","docker_network.internal_developer_platform_build_zone","docker_network.internal_developer_platform_data_zone","docker_network.internal_developer_platform_internal_zone"]}]},{"mode":"managed","type":"docker_container","name":"hn_pgadmin","provider":"provider[\"registry.terraform.io/kreuzwerker/docker\"]","instances":[{"schema_version":2,"attributes":{"attach":false,"bridge":"","capabilities":[],"cgroup_parent":null,"cgroupns_mode":null,"command":[],"container_logs":null,"container_read_refresh_timeout_milliseconds":15000,"cpu_period":null,"cpu_quota":null,"cpu_set":"","cpu_shares":0,"cpus":null,"destroy_grace_seconds":null,"devices":[],"dns":null,"dns_opts":null,"dns_search":null,"domainname":"","entrypoint":["/entrypoint.sh"],"env":["PGADMIN_DEFAULT_EMAIL=admin@example.com","PGADMIN_DEFAULT_PASSWORD=pgadmin123"],"exit_code":null,"gpus":null,"group_add":null,"healthcheck":[{"interval":"30s","retries":3,"start_interval":"0s","start_period":"30s","test":["CMD-SHELL","curl -sf http://localhost/ || wget -qO- http://localhost/ || true"],"timeout":"10s"}],"host":[],"hostname":"pgadmin.data.internal_developer_platform.internal","id":"cf2e0a17bf1753c34ca944791491384f71ebcbc63e6f532a24024136a5dbf394","image":"sha256:d243a4bcc02d2ee6b447c601692813531d2d0fbca18b583d9f7f9658da835d81","init":false,"ipc_mode":"private","labels":[{"label":"honeynet.managed","value":"true"},{"label":"honeynet.project","value":"internal_developer_platform"}],"log_driver":"json-file","log_opts":null,"logs":false,"max_retry_count":0,"memory":0,"memory_swap":0,"mounts":[],"must_run":true,"name":"hn_pgadmin","network_data":[{"gateway":"","global_ipv6_address":"","global_ipv6_prefix_length":0,"ip_address":"172.26.0.8","ip_prefix_length":16,"ipv6_gateway":"","mac_address":"3a:d7:46:4b:00:64","network_name":"internal_developer_platform_data_zone"}],"network_mode":"bridge","networks_advanced":[{"aliases":["pgadmin"],"ipv4_address":"","ipv6_address":"","name":"internal_developer_platform_data_zone"}],"pid_mode":"","ports":[],"privileged":false,"publish_all_ports":false,"read_only":false,"remove_volumes":true,"restart":"no","rm":false,"runtime":"runc","security_opts":[],"shm_size":64,"start":true,"stdin_open":false,"stop_signal":"","stop_timeout":1,"storage_opts":null,"sysctls":null,"tmpfs":null,"tty":false,"ulimit":[],"upload":[],"user":"5050","userns_mode":"","volumes":[],"wait":false,"wait_timeout":60,"working_dir":"/pgadmin4"},"sensitive_attributes":[],"private":"eyJzY2hlbWFfdmVyc2lvbiI6IjIifQ==","dependencies":["docker_container.hn_ci_database","docker_image.hn_ci_database","docker_image.hn_pgadmin","docker_network.internal_developer_platform_data_zone"]}]},{"mode":"managed","type":"docker_container","name":"hn_postgres_admin","provider":"provider[\"registry.terraform.io/kreuzwerker/docker\"]","instances":[{"schema_version":2,"attributes":{"attach":false,"bridge":"","capabilities":[],"cgroup_parent":null,"cgroupns_mode":null,"command":[],"container_logs":null,"container_read_refresh_timeout_milliseconds":15000,"cpu_period":null,"cpu_quota":null,"cpu_set":"","cpu_shares":0,"cpus":null,"destroy_grace_seconds":null,"devices":[],"dns":null,"dns_opts":null,"dns_search":null,"domainname":"","entrypoint":["/portainer"],"env":[],"exit_code":null,"gpus":null,"group_add":null,"healthcheck":[{"interval":"30s","retries":3,"start_interval":"0s","start_period":"30s","test":["CMD-SHELL","curl -sf http://localhost:9000 || wget -qO- http://localhost:9000 || true"],"timeout":"10s"}],"host":[],"hostname":"pgadmin.internal_developer_platform.internal","id":"9cbb3e9bb1fc9c791cee76404ca18b2f88cd18cdf9baf9743797a3eeb76696e1","image":"sha256:1ae8e65d50ca5498cb2c33e617495a1e3ef245b0d2392b4a44c70ae09b822891","init":false,"ipc_mode":"private","labels":[{"label":"honeynet.managed","value":"true"},{"label":"honeynet.project","value":"internal_developer_platform"}],"log_driver":"json-file","log_opts":null,"logs":false,"max_retry_count":0,"memory":0,"memory_swap":0,"mounts":[],"must_run":true,"name":"hn_postgres_admin","network_data":[{"gateway":"","global_ipv6_address":"","global_ipv6_prefix_length":0,"ip_address":"172.26.0.7","ip_prefix_length":16,"ipv6_gateway":"","mac_address":"32:c0:0b:97:fa:05","network_name":"internal_developer_platform_data_zone"},{"gateway":"","global_ipv6_address":"","global_ipv6_prefix_length":0,"ip_address":"172.27.0.16","ip_prefix_length":16,"ipv6_gateway":"","mac_address":"e6:7c:be:a0:3c:dc","network_name":"internal_developer_platform_internal_zone"}],"network_mode":"bridge","networks_advanced":[{"aliases":["postgres_admin"],"ipv4_address":"","ipv6_address":"","name":"internal_developer_platform_data_zone"},{"aliases":["postgres_admin"],"ipv4_address":"","ipv6_address":"","name":"internal_developer_platform_internal_zone"}],"pid_mode":"","ports":[],"privileged":false,"publish_all_ports":false,"read_only":false,"remove_volumes":true,"restart":"no","rm":false,"runtime":"runc","security_opts":[],"shm_size":64,"start":true,"stdin_open":false,"stop_signal":"","stop_timeout":1,"storage_opts":null,"sysctls":null,"tmpfs":null,"tty":false,"ulimit":[],"upload":[],"user":"","userns_mode":"","volumes":[],"wait":false,"wait_timeout":60,"working_dir":"/"},"sensitive_attributes":[],"private":"eyJzY2hlbWFfdmVyc2lvbiI6IjIifQ==","dependencies":["docker_container.hn_ci_database","docker_image.hn_ci_database","docker_image.hn_postgres_admin","docker_network.internal_developer_platform_data_zone","docker_network.internal_developer_platform_internal_zone"]}]},{"mode":"managed","type":"docker_container","name":"hn_prometheus","provider":"provider[\"registry.terraform.io/kreuzwerker/docker\"]","instances":[{"schema_version":2,"attributes":{"attach":false,"bridge":"","capabilities":[],"cgroup_parent":null,"cgroupns_mode":null,"command":["--config.file=/etc/prometheus/prometheus.yml","--storage.tsdb.path=/prometheus","--web.console.libraries=/usr/share/prometheus/console_libraries","--web.console.templates=/usr/share/prometheus/consoles"],"container_logs":null,"container_read_refresh_timeout_milliseconds":15000,"cpu_period":null,"cpu_quota":null,"cpu_set":"","cpu_shares":0,"cpus":null,"destroy_grace_seconds":null,"devices":[],"dns":null,"dns_opts":null,"dns_search":null,"domainname":"","entrypoint":["/bin/prometheus"],"env":[],"exit_code":null,"gpus":null,"group_add":null,"healthcheck":[{"interval":"30s","retries":3,"start_interval":"0s","start_period":"30s","test":["CMD","wget","--spider","http://localhost:9090/metrics"],"timeout":"10s"}],"host":[],"hostname":"prometheus.internal_developer_platform.internal","id":"7760a64955367237df9bba2ff1d555c0409472c10d003c319565ce72f7b2fd90","image":"sha256:b440bc0e8aa5bab44a782952c09516b6a50f9d7b2325c1ffafac7bc833298e2e","init":false,"ipc_mode":"private","labels":[{"label":"honeynet.managed","value":"true"},{"label":"honeynet.project","value":"internal_developer_platform"}],"log_driver":"json-file","log_opts":null,"logs":false,"max_retry_count":0,"memory":0,"memory_swap":0,"mounts":[],"must_run":true,"name":"hn_prometheus","network_data":[{"gateway":"","global_ipv6_address":"","global_ipv6_prefix_length":0,"ip_address":"172.27.0.4","ip_prefix_length":16,"ipv6_gateway":"","mac_address":"d2:04:78:b6:74:4d","network_name":"internal_developer_platform_internal_zone"}],"network_mode":"bridge","networks_advanced":[{"aliases":["prometheus"],"ipv4_address":"","ipv6_address":"","name":"internal_developer_platform_internal_zone"}],"pid_mode":"","ports":[],"privileged":false,"publish_all_ports":false,"read_only":false,"remove_volumes":true,"restart":"no","rm":false,"runtime":"runc","security_opts":[],"shm_size":64,"start":true,"stdin_open":false,"stop_signal":"","stop_timeout":1,"storage_opts":null,"sysctls":null,"tmpfs":null,"tty":false,"ulimit":[],"upload":[],"user":"nobody","userns_mode":"","volumes":[],"wait":false,"wait_timeout":60,"working_dir":"/prometheus"},"sensitive_attributes":[],"private":"eyJzY2hlbWFfdmVyc2lvbiI6IjIifQ==","dependencies":["docker_image.hn_prometheus","docker_network.internal_developer_platform_internal_zone"]}]},{"mode":"managed","type":"docker_container","name":"hn_security_scanner","provider":"provider[\"registry.terraform.io/kreuzwerker/docker\"]","instances":[{"schema_version":2,"attributes":{"attach":false,"bridge":"","capabilities":[],"cgroup_parent":null,"cgroupns_mode":null,"command":["-config.file=/etc/loki/local-config.yaml"],"container_logs":null,"container_read_refresh_timeout_milliseconds":15000,"cpu_period":null,"cpu_quota":null,"cpu_set":"","cpu_shares":0,"cpus":null,"destroy_grace_seconds":null,"devices":[],"dns":null,"dns_opts":null,"dns_search":null,"domainname":"","entrypoint":["/usr/bin/loki"],"env":[],"exit_code":null,"gpus":null,"group_add":null,"healthcheck":[{"interval":"30s","retries":3,"start_interval":"0s","start_period":"30s","test":["CMD-SHELL","nc -z localhost 3100 || (echo \u003e /dev/tcp/localhost/3100) 2\u003e/dev/null || true"],"timeout":"10s"}],"host":[],"hostname":"scanner.internal_developer_platform.internal","id":"45fa82aca35ed8626bc62d07c52bc5ba1d5c0a7f4cde599604de0a18c5bd3447","image":"sha256:eb92f1a439171542fd718f929fad38c917b3cad15ec830ba4742e2ba5ab03313","init":false,"ipc_mode":"private","labels":[{"label":"honeynet.managed","value":"true"},{"label":"honeynet.project","value":"internal_developer_platform"}],"log_driver":"json-file","log_opts":null,"logs":false,"max_retry_count":0,"memory":0,"memory_swap":0,"mounts":[],"must_run":true,"name":"hn_security_scanner","network_data":[{"gateway":"","global_ipv6_address":"","global_ipv6_prefix_length":0,"ip_address":"172.27.0.8","ip_prefix_length":16,"ipv6_gateway":"","mac_address":"de:a0:2d:13:8f:91","network_name":"internal_developer_platform_internal_zone"}],"network_mode":"bridge","networks_advanced":[{"aliases":["security_scanner"],"ipv4_address":"","ipv6_address":"","name":"internal_developer_platform_internal_zone"}],"pid_mode":"","ports":[],"privileged":false,"publish_all_ports":false,"read_only":false,"remove_volumes":true,"restart":"no","rm":false,"runtime":"runc","security_opts":[],"shm_size":64,"start":true,"stdin_open":false,"stop_signal":"","stop_timeout":1,"storage_opts":null,"sysctls":null,"tmpfs":null,"tty":false,"ulimit":[],"upload":[],"user":"10001","userns_mode":"","volumes":[],"wait":false,"wait_timeout":60,"working_dir":""},"sensitive_attributes":[],"private":"eyJzY2hlbWFfdmVyc2lvbiI6IjIifQ==","dependencies":["docker_image.hn_security_scanner","docker_network.internal_developer_platform_internal_zone"]}]},{"mode":"managed","type":"docker_container","name":"hn_service_discovery","provider":"provider[\"registry.terraform.io/kreuzwerker/docker\"]","instances":[{"schema_version":2,"attributes":{"attach":false,"bridge":"","capabilities":[],"cgroup_parent":null,"cgroupns_mode":null,"command":[],"container_logs":null,"container_read_refresh_timeout_milliseconds":15000,"cpu_period":null,"cpu_quota":null,"cpu_set":"","cpu_shares":0,"cpus":null,"destroy_grace_seconds":null,"devices":[],"dns":null,"dns_opts":null,"dns_search":null,"domainname":"","entrypoint":["/go/bin/all-in-one-linux"],"env":[],"exit_code":null,"gpus":null,"group_add":null,"healthcheck":[{"interval":"30s","retries":3,"start_interval":"0s","start_period":"30s","test":["CMD-SHELL","curl -sf http://localhost:16686 || wget -qO- http://localhost:16686 || true"],"timeout":"10s"}],"host":[],"hostname":"discovery.internal_developer_platform.internal","id":"535d09efe92855dc976ebf2548f3117b9abbd76e82cc9f8b89ddb8604e7d847e","image":"sha256:7885400a153ac908d8bfbf72c27e3389dbab1942a35dd0ce3228611dc48cbf9f","init":false,"ipc_mode":"private","labels":[{"label":"honeynet.managed","value":"true"},{"label":"honeynet.project","value":"internal_developer_platform"}],"log_driver":"json-file","log_opts":null,"logs":false,"max_retry_count":0,"memory":0,"memory_swap":0,"mounts":[],"must_run":true,"name":"hn_service_discovery","network_data":[{"gateway":"","global_ipv6_address":"","global_ipv6_prefix_length":0,"ip_address":"172.27.0.9","ip_prefix_length":16,"ipv6_gateway":"","mac_address":"7e:f9:24:21:12:e7","network_name":"internal_developer_platform_internal_zone"}],"network_mode":"bridge","networks_advanced":[{"aliases":["service_discovery"],"ipv4_address":"","ipv6_address":"","name":"internal_developer_platform_internal_zone"}],"pid_mode":"","ports":[],"privileged":false,"publish_all_ports":false,"read_only":false,"remove_volumes":true,"restart":"no","rm":false,"runtime":"runc","security_opts":[],"shm_size":64,"start":true,"stdin_open":false,"stop_signal":"","stop_timeout":1,"storage_opts":null,"sysctls":null,"tmpfs":null,"tty":false,"ulimit":[],"upload":[],"user":"10001","userns_mode":"","volumes":[],"wait":false,"wait_timeout":60,"working_dir":""},"sensitive_attributes":[],"private":"eyJzY2hlbWFfdmVyc2lvbiI6IjIifQ==","dependencies":["docker_image.hn_service_discovery","docker_network.internal_developer_platform_internal_zone"]}]},{"mode":"managed","type":"docker_image","name":"hn_admin_ui","provider":"provider[\"registry.terraform.io/kreuzwerker/docker\"]","instances":[{"schema_version":0,"attributes":{"build":[],"force_remove":null,"id":"sha256:1ae8e65d50ca5498cb2c33e617495a1e3ef245b0d2392b4a44c70ae09b822891portainer/portainer-ce@sha256:1ae8e65d50ca5498cb2c33e617495a1e3ef245b0d2392b4a44c70ae09b822891","image_id":"sha256:1ae8e65d50ca5498cb2c33e617495a1e3ef245b0d2392b4a44c70ae09b822891","keep_locally":true,"name":"portainer/portainer-ce@sha256:1ae8e65d50ca5498cb2c33e617495a1e3ef245b0d2392b4a44c70ae09b822891","platform":null,"pull_triggers":null,"repo_digest":"portainer/portainer-ce@sha256:1ae8e65d50ca5498cb2c33e617495a1e3ef245b0d2392b4a44c70ae09b822891","timeouts":null,"triggers":null},"sensitive_attributes":[],"private":"eyJlMmJmYjczMC1lY2FhLTExZTYtOGY4OC0zNDM2M2JjN2M0YzAiOnsiY3JlYXRlIjoxMjAwMDAwMDAwMDAwLCJkZWxldGUiOjEyMDAwMDAwMDAwMDAsInVwZGF0ZSI6MTIwMDAwMDAwMDAwMH19"}]},{"mode":"managed","type":"docker_image","name":"hn_alert_manager","provider":"provider[\"registry.terraform.io/kreuzwerker/docker\"]","instances":[{"schema_version":0,"attributes":{"build":[],"force_remove":null,"id":"sha256:361db356b33041437517f1cd298462055580585f26555c317df1a3caf2868552prom/alertmanager@sha256:361db356b33041437517f1cd298462055580585f26555c317df1a3caf2868552","image_id":"sha256:361db356b33041437517f1cd298462055580585f26555c317df1a3caf2868552","keep_locally":true,"name":"prom/alertmanager@sha256:361db356b33041437517f1cd298462055580585f26555c317df1a3caf2868552","platform":null,"pull_triggers":null,"repo_digest":"prom/alertmanager@sha256:361db356b33041437517f1cd298462055580585f26555c317df1a3caf2868552","timeouts":null,"triggers":null},"sensitive_attributes":[],"private":"eyJlMmJmYjczMC1lY2FhLTExZTYtOGY4OC0zNDM2M2JjN2M0YzAiOnsiY3JlYXRlIjoxMjAwMDAwMDAwMDAwLCJkZWxldGUiOjEyMDAwMDAwMDAwMDAsInVwZGF0ZSI6MTIwMDAwMDAwMDAwMH19"}]},{"mode":"managed","type":"docker_image","name":"hn_api_gateway","provider":"provider[\"registry.terraform.io/kreuzwerker/docker\"]","instances":[{"schema_version":0,"attributes":{"build":[],"force_remove":null,"id":"sha256:516475cc129da42866742567714ddc681e5eed7b9ee0b9e9c015e464b4221a00nginx@sha256:516475cc129da42866742567714ddc681e5eed7b9ee0b9e9c015e464b4221a00","image_id":"sha256:516475cc129da42866742567714ddc681e5eed7b9ee0b9e9c015e464b4221a00","keep_locally":true,"name":"nginx@sha256:516475cc129da42866742567714ddc681e5eed7b9ee0b9e9c015e464b4221a00","platform":null,"pull_triggers":null,"repo_digest":"nginx@sha256:516475cc129da42866742567714ddc681e5eed7b9ee0b9e9c015e464b4221a00","timeouts":null,"triggers":null},"sensitive_attributes":[],"private":"eyJlMmJmYjczMC1lY2FhLTExZTYtOGY4OC0zNDM2M2JjN2M0YzAiOnsiY3JlYXRlIjoxMjAwMDAwMDAwMDAwLCJkZWxldGUiOjEyMDAwMDAwMDAwMDAsInVwZGF0ZSI6MTIwMDAwMDAwMDAwMH19"}]},{"mode":"managed","type":"docker_image","name":"hn_artifact_store","provider":"provider[\"registry.terraform.io/kreuzwerker/docker\"]","instances":[{"schema_version":0,"attributes":{"build":[],"force_remove":null,"id":"sha256:5355c90249dac331bbcd1fdf3c31c7782400cd0ec5225145fc50b9aa026e9342influxdb@sha256:5355c90249dac331bbcd1fdf3c31c7782400cd0ec5225145fc50b9aa026e9342","image_id":"sha256:5355c90249dac331bbcd1fdf3c31c7782400cd0ec5225145fc50b9aa026e9342","keep_locally":true,"name":"influxdb@sha256:5355c90249dac331bbcd1fdf3c31c7782400cd0ec5225145fc50b9aa026e9342","platform":null,"pull_triggers":null,"repo_digest":"influxdb@sha256:5355c90249dac331bbcd1fdf3c31c7782400cd0ec5225145fc50b9aa026e9342","timeouts":null,"triggers":null},"sensitive_attributes":[],"private":"eyJlMmJmYjczMC1lY2FhLTExZTYtOGY4OC0zNDM2M2JjN2M0YzAiOnsiY3JlYXRlIjoxMjAwMDAwMDAwMDAwLCJkZWxldGUiOjEyMDAwMDAwMDAwMDAsInVwZGF0ZSI6MTIwMDAwMDAwMDAwMH19"}]},{"mode":"managed","type":"docker_image","name":"hn_backup_service","provider":"provider[\"registry.terraform.io/kreuzwerker/docker\"]","instances":[{"schema_version":0,"attributes":{"build":[],"force_remove":null,"id":"sha256:14cea493d9a34af32f524e538b8346cf79f3321eff8e708c1e2960462bd8936eminio/minio@sha256:14cea493d9a34af32f524e538b8346cf79f3321eff8e708c1e2960462bd8936e","image_id":"sha256:14cea493d9a34af32f524e538b8346cf79f3321eff8e708c1e2960462bd8936e","keep_locally":true,"name":"minio/minio@sha256:14cea493d9a34af32f524e538b8346cf79f3321eff8e708c1e2960462bd8936e","platform":null,"pull_triggers":null,"repo_digest":"quay.io/minio/minio@sha256:14cea493d9a34af32f524e538b8346cf79f3321eff8e708c1e2960462bd8936e","timeouts":null,"triggers":null},"sensitive_attributes":[],"private":"eyJlMmJmYjczMC1lY2FhLTExZTYtOGY4OC0zNDM2M2JjN2M0YzAiOnsiY3JlYXRlIjoxMjAwMDAwMDAwMDAwLCJkZWxldGUiOjEyMDAwMDAwMDAwMDAsInVwZGF0ZSI6MTIwMDAwMDAwMDAwMH19"}]},{"mode":"managed","type":"docker_image","name":"hn_build_cache","provider":"provider[\"registry.terraform.io/kreuzwerker/docker\"]","instances":[{"schema_version":0,"attributes":{"build":[],"force_remove":null,"id":"sha256:14cea493d9a34af32f524e538b8346cf79f3321eff8e708c1e2960462bd8936eminio/minio@sha256:14cea493d9a34af32f524e538b8346cf79f3321eff8e708c1e2960462bd8936e","image_id":"sha256:14cea493d9a34af32f524e538b8346cf79f3321eff8e708c1e2960462bd8936e","keep_locally":true,"name":"minio/minio@sha256:14cea493d9a34af32f524e538b8346cf79f3321eff8e708c1e2960462bd8936e","platform":null,"pull_triggers":null,"repo_digest":"quay.io/minio/minio@sha256:14cea493d9a34af32f524e538b8346cf79f3321eff8e708c1e2960462bd8936e","timeouts":null,"triggers":null},"sensitive_attributes":[],"private":"eyJlMmJmYjczMC1lY2FhLTExZTYtOGY4OC0zNDM2M2JjN2M0YzAiOnsiY3JlYXRlIjoxMjAwMDAwMDAwMDAwLCJkZWxldGUiOjEyMDAwMDAwMDAwMDAsInVwZGF0ZSI6MTIwMDAwMDAwMDAwMH19"}]},{"mode":"managed","type":"docker_image","name":"hn_cache_service","provider":"provider[\"registry.terraform.io/kreuzwerker/docker\"]","instances":[{"schema_version":0,"attributes":{"build":[],"force_remove":null,"id":"sha256:14cea493d9a34af32f524e538b8346cf79f3321eff8e708c1e2960462bd8936eminio/minio@sha256:14cea493d9a34af32f524e538b8346cf79f3321eff8e708c1e2960462bd8936e","image_id":"sha256:14cea493d9a34af32f524e538b8346cf79f3321eff8e708c1e2960462bd8936e","keep_locally":true,"name":"minio/minio@sha256:14cea493d9a34af32f524e538b8346cf79f3321eff8e708c1e2960462bd8936e","platform":null,"pull_triggers":null,"repo_digest":"quay.io/minio/minio@sha256:14cea493d9a34af32f524e538b8346cf79f3321eff8e708c1e2960462bd8936e","timeouts":null,"triggers":null},"sensitive_attributes":[],"private":"eyJlMmJmYjczMC1lY2FhLTExZTYtOGY4OC0zNDM2M2JjN2M0YzAiOnsiY3JlYXRlIjoxMjAwMDAwMDAwMDAwLCJkZWxldGUiOjEyMDAwMDAwMDAwMDAsInVwZGF0ZSI6MTIwMDAwMDAwMDAwMH19"}]},{"mode":"managed","type":"docker_image","name":"hn_ci_agent","provider":"provider[\"registry.terraform.io/kreuzwerker/docker\"]","instances":[{"schema_version":0,"attributes":{"build":[],"force_remove":null,"id":"sha256:1ee0c54286b8ca09a3dd1419ff8653e7780a148a006ac088544203bb0affe550grafana/grafana@sha256:1ee0c54286b8ca09a3dd1419ff8653e7780a148a006ac088544203bb0affe550","image_id":"sha256:1ee0c54286b8ca09a3dd1419ff8653e7780a148a006ac088544203bb0affe550","keep_locally":true,"name":"grafana/grafana@sha256:1ee0c54286b8ca09a3dd1419ff8653e7780a148a006ac088544203bb0affe550","platform":null,"pull_triggers":null,"repo_digest":"grafana/grafana@sha256:1ee0c54286b8ca09a3dd1419ff8653e7780a148a006ac088544203bb0affe550","timeouts":null,"triggers":null},"sensitive_attributes":[],"private":"eyJlMmJmYjczMC1lY2FhLTExZTYtOGY4OC0zNDM2M2JjN2M0YzAiOnsiY3JlYXRlIjoxMjAwMDAwMDAwMDAwLCJkZWxldGUiOjEyMDAwMDAwMDAwMDAsInVwZGF0ZSI6MTIwMDAwMDAwMDAwMH19"}]},{"mode":"managed","type":"docker_image","name":"hn_ci_database","provider":"provider[\"registry.terraform.io/kreuzwerker/docker\"]","instances":[{"schema_version":0,"attributes":{"build":[],"force_remove":null,"id":"sha256:20edbde7749f822887a1a022ad526fde0a47d6b2be9a8364433605cf65099416postgres@sha256:20edbde7749f822887a1a022ad526fde0a47d6b2be9a8364433605cf65099416","image_id":"sha256:20edbde7749f822887a1a022ad526fde0a47d6b2be9a8364433605cf65099416","keep_locally":true,"name":"postgres@sha256:20edbde7749f822887a1a022ad526fde0a47d6b2be9a8364433605cf65099416","platform":null,"pull_triggers":null,"repo_digest":"postgres@sha256:20edbde7749f822887a1a022ad526fde0a47d6b2be9a8364433605cf65099416","timeouts":null,"triggers":null},"sensitive_attributes":[],"private":"eyJlMmJmYjczMC1lY2FhLTExZTYtOGY4OC0zNDM2M2JjN2M0YzAiOnsiY3JlYXRlIjoxMjAwMDAwMDAwMDAwLCJkZWxldGUiOjEyMDAwMDAwMDAwMDAsInVwZGF0ZSI6MTIwMDAwMDAwMDAwMH19"}]},{"mode":"managed","type":"docker_image","name":"hn_ci_scheduler","provider":"provider[\"registry.terraform.io/kreuzwerker/docker\"]","instances":[{"schema_version":0,"attributes":{"build":[],"force_remove":null,"id":"sha256:b440bc0e8aa5bab44a782952c09516b6a50f9d7b2325c1ffafac7bc833298e2eprom/prometheus@sha256:b440bc0e8aa5bab44a782952c09516b6a50f9d7b2325c1ffafac7bc833298e2e","image_id":"sha256:b440bc0e8aa5bab44a782952c09516b6a50f9d7b2325c1ffafac7bc833298e2e","keep_locally":true,"name":"prom/prometheus@sha256:b440bc0e8aa5bab44a782952c09516b6a50f9d7b2325c1ffafac7bc833298e2e","platform":null,"pull_triggers":null,"repo_digest":"prom/prometheus@sha256:b440bc0e8aa5bab44a782952c09516b6a50f9d7b2325c1ffafac7bc833298e2e","timeouts":null,"triggers":null},"sensitive_attributes":[],"private":"eyJlMmJmYjczMC1lY2FhLTExZTYtOGY4OC0zNDM2M2JjN2M0YzAiOnsiY3JlYXRlIjoxMjAwMDAwMDAwMDAwLCJkZWxldGUiOjEyMDAwMDAwMDAwMDAsInVwZGF0ZSI6MTIwMDAwMDAwMDAwMH19"}]},{"mode":"managed","type":"docker_image","name":"hn_config_management","provider":"provider[\"registry.terraform.io/kreuzwerker/docker\"]","instances":[{"schema_version":0,"attributes":{"build":[],"force_remove":null,"id":"sha256:1ae8e65d50ca5498cb2c33e617495a1e3ef245b0d2392b4a44c70ae09b822891portainer/portainer-ce@sha256:1ae8e65d50ca5498cb2c33e617495a1e3ef245b0d2392b4a44c70ae09b822891","image_id":"sha256:1ae8e65d50ca5498cb2c33e617495a1e3ef245b0d2392b4a44c70ae09b822891","keep_locally":true,"name":"portainer/portainer-ce@sha256:1ae8e65d50ca5498cb2c33e617495a1e3ef245b0d2392b4a44c70ae09b822891","platform":null,"pull_triggers":null,"repo_digest":"portainer/portainer-ce@sha256:1ae8e65d50ca5498cb2c33e617495a1e3ef245b0d2392b4a44c70ae09b822891","timeouts":null,"triggers":null},"sensitive_attributes":[],"private":"eyJlMmJmYjczMC1lY2FhLTExZTYtOGY4OC0zNDM2M2JjN2M0YzAiOnsiY3JlYXRlIjoxMjAwMDAwMDAwMDAwLCJkZWxldGUiOjEyMDAwMDAwMDAwMDAsInVwZGF0ZSI6MTIwMDAwMDAwMDAwMH19"}]},{"mode":"managed","type":"docker_image","name":"hn_container_registry","provider":"provider[\"registry.terraform.io/kreuzwerker/docker\"]","instances":[{"schema_version":0,"attributes":{"build":[],"force_remove":null,"id":"sha256:14cea493d9a34af32f524e538b8346cf79f3321eff8e708c1e2960462bd8936eminio/minio@sha256:14cea493d9a34af32f524e538b8346cf79f3321eff8e708c1e2960462bd8936e","image_id":"sha256:14cea493d9a34af32f524e538b8346cf79f3321eff8e708c1e2960462bd8936e","keep_locally":true,"name":"minio/minio@sha256:14cea493d9a34af32f524e538b8346cf79f3321eff8e708c1e2960462bd8936e","platform":null,"pull_triggers":null,"repo_digest":"quay.io/minio/minio@sha256:14cea493d9a34af32f524e538b8346cf79f3321eff8e708c1e2960462bd8936e","timeouts":null,"triggers":null},"sensitive_attributes":[],"private":"eyJlMmJmYjczMC1lY2FhLTExZTYtOGY4OC0zNDM2M2JjN2M0YzAiOnsiY3JlYXRlIjoxMjAwMDAwMDAwMDAwLCJkZWxldGUiOjEyMDAwMDAwMDAwMDAsInVwZGF0ZSI6MTIwMDAwMDAwMDAwMH19"}]},{"mode":"managed","type":"docker_image","name":"hn_coordination_service","provider":"provider[\"registry.terraform.io/kreuzwerker/docker\"]","instances":[{"schema_version":0,"attributes":{"build":[],"force_remove":null,"id":"sha256:eb92f1a439171542fd718f929fad38c917b3cad15ec830ba4742e2ba5ab03313grafana/loki@sha256:eb92f1a439171542fd718f929fad38c917b3cad15ec830ba4742e2ba5ab03313","image_id":"sha256:eb92f1a439171542fd718f929fad38c917b3cad15ec830ba4742e2ba5ab03313","keep_locally":true,"name":"grafana/loki@sha256:eb92f1a439171542fd718f929fad38c917b3cad15ec830ba4742e2ba5ab03313","platform":null,"pull_triggers":null,"repo_digest":"grafana/loki@sha256:eb92f1a439171542fd718f929fad38c917b3cad15ec830ba4742e2ba5ab03313","timeouts":null,"triggers":null},"sensitive_attributes":[],"private":"eyJlMmJmYjczMC1lY2FhLTExZTYtOGY4OC0zNDM2M2JjN2M0YzAiOnsiY3JlYXRlIjoxMjAwMDAwMDAwMDAwLCJkZWxldGUiOjEyMDAwMDAwMDAwMDAsInVwZGF0ZSI6MTIwMDAwMDAwMDAwMH19"}]},{"mode":"managed","type":"docker_image","name":"hn_dashboard_service","provider":"provider[\"registry.terraform.io/kreuzwerker/docker\"]","instances":[{"schema_version":0,"attributes":{"build":[],"force_remove":null,"id":"sha256:1ee0c54286b8ca09a3dd1419ff8653e7780a148a006ac088544203bb0affe550grafana/grafana@sha256:1ee0c54286b8ca09a3dd1419ff8653e7780a148a006ac088544203bb0affe550","image_id":"sha256:1ee0c54286b8ca09a3dd1419ff8653e7780a148a006ac088544203bb0affe550","keep_locally":true,"name":"grafana/grafana@sha256:1ee0c54286b8ca09a3dd1419ff8653e7780a148a006ac088544203bb0affe550","platform":null,"pull_triggers":null,"repo_digest":"grafana/grafana@sha256:1ee0c54286b8ca09a3dd1419ff8653e7780a148a006ac088544203bb0affe550","timeouts":null,"triggers":null},"sensitive_attributes":[],"private":"eyJlMmJmYjczMC1lY2FhLTExZTYtOGY4OC0zNDM2M2JjN2M0YzAiOnsiY3JlYXRlIjoxMjAwMDAwMDAwMDAwLCJkZWxldGUiOjEyMDAwMDAwMDAwMDAsInVwZGF0ZSI6MTIwMDAwMDAwMDAwMH19"}]},{"mode":"managed","type":"docker_image","name":"hn_file_share","provider":"provider[\"registry.terraform.io/kreuzwerker/docker\"]","instances":[{"schema_version":0,"attributes":{"build":[],"force_remove":null,"id":"sha256:516475cc129da42866742567714ddc681e5eed7b9ee0b9e9c015e464b4221a00nginx@sha256:516475cc129da42866742567714ddc681e5eed7b9ee0b9e9c015e464b4221a00","image_id":"sha256:516475cc129da42866742567714ddc681e5eed7b9ee0b9e9c015e464b4221a00","keep_locally":true,"name":"nginx@sha256:516475cc129da42866742567714ddc681e5eed7b9ee0b9e9c015e464b4221a00","platform":null,"pull_triggers":null,"repo_digest":"nginx@sha256:516475cc129da42866742567714ddc681e5eed7b9ee0b9e9c015e464b4221a00","timeouts":null,"triggers":null},"sensitive_attributes":[],"private":"eyJlMmJmYjczMC1lY2FhLTExZTYtOGY4OC0zNDM2M2JjN2M0YzAiOnsiY3JlYXRlIjoxMjAwMDAwMDAwMDAwLCJkZWxldGUiOjEyMDAwMDAwMDAwMDAsInVwZGF0ZSI6MTIwMDAwMDAwMDAwMH19"}]},{"mode":"managed","type":"docker_image","name":"hn_gitea","provider":"provider[\"registry.terraform.io/kreuzwerker/docker\"]","instances":[{"schema_version":0,"attributes":{"build":[],"force_remove":null,"id":"sha256:f846d26a4fc389c5806a580a765e00bfdd1fd181e6f2060da98ea2669d914472gitea/gitea@sha256:f846d26a4fc389c5806a580a765e00bfdd1fd181e6f2060da98ea2669d914472","image_id":"sha256:f846d26a4fc389c5806a580a765e00bfdd1fd181e6f2060da98ea2669d914472","keep_locally":true,"name":"gitea/gitea@sha256:f846d26a4fc389c5806a580a765e00bfdd1fd181e6f2060da98ea2669d914472","platform":null,"pull_triggers":null,"repo_digest":"gitea/gitea@sha256:f846d26a4fc389c5806a580a765e00bfdd1fd181e6f2060da98ea2669d914472","timeouts":null,"triggers":null},"sensitive_attributes":[],"private":"eyJlMmJmYjczMC1lY2FhLTExZTYtOGY4OC0zNDM2M2JjN2M0YzAiOnsiY3JlYXRlIjoxMjAwMDAwMDAwMDAwLCJkZWxldGUiOjEyMDAwMDAwMDAwMDAsInVwZGF0ZSI6MTIwMDAwMDAwMDAwMH19"}]},{"mode":"managed","type":"docker_image","name":"hn_grafana","provider":"provider[\"registry.terraform.io/kreuzwerker/docker\"]","instances":[{"schema_version":0,"attributes":{"build":[],"force_remove":null,"id":"sha256:1ee0c54286b8ca09a3dd1419ff8653e7780a148a006ac088544203bb0affe550grafana/grafana@sha256:1ee0c54286b8ca09a3dd1419ff8653e7780a148a006ac088544203bb0affe550","image_id":"sha256:1ee0c54286b8ca09a3dd1419ff8653e7780a148a006ac088544203bb0affe550","keep_locally":true,"name":"grafana/grafana@sha256:1ee0c54286b8ca09a3dd1419ff8653e7780a148a006ac088544203bb0affe550","platform":null,"pull_triggers":null,"repo_digest":"grafana/grafana@sha256:1ee0c54286b8ca09a3dd1419ff8653e7780a148a006ac088544203bb0affe550","timeouts":null,"triggers":null},"sensitive_attributes":[],"private":"eyJlMmJmYjczMC1lY2FhLTExZTYtOGY4OC0zNDM2M2JjN2M0YzAiOnsiY3JlYXRlIjoxMjAwMDAwMDAwMDAwLCJkZWxldGUiOjEyMDAwMDAwMDAwMDAsInVwZGF0ZSI6MTIwMDAwMDAwMDAwMH19"}]},{"mode":"managed","type":"docker_image","name":"hn_identity_service","provider":"provider[\"registry.terraform.io/kreuzwerker/docker\"]","instances":[{"schema_version":0,"attributes":{"build":[],"force_remove":null,"id":"sha256:d9e2fb1ba398536e50d22ebc3d5d585baa086c1c0cf8e5b96bdc9e11e87e002aneo4j@sha256:d9e2fb1ba398536e50d22ebc3d5d585baa086c1c0cf8e5b96bdc9e11e87e002a","image_id":"sha256:d9e2fb1ba398536e50d22ebc3d5d585baa086c1c0cf8e5b96bdc9e11e87e002a","keep_locally":true,"name":"neo4j@sha256:d9e2fb1ba398536e50d22ebc3d5d585baa086c1c0cf8e5b96bdc9e11e87e002a","platform":null,"pull_triggers":null,"repo_digest":"neo4j@sha256:d9e2fb1ba398536e50d22ebc3d5d585baa086c1c0cf8e5b96bdc9e11e87e002a","timeouts":null,"triggers":null},"sensitive_attributes":[],"private":"eyJlMmJmYjczMC1lY2FhLTExZTYtOGY4OC0zNDM2M2JjN2M0YzAiOnsiY3JlYXRlIjoxMjAwMDAwMDAwMDAwLCJkZWxldGUiOjEyMDAwMDAwMDAwMDAsInVwZGF0ZSI6MTIwMDAwMDAwMDAwMH19"}]},{"mode":"managed","type":"docker_image","name":"hn_jenkins_runner","provider":"provider[\"registry.terraform.io/kreuzwerker/docker\"]","instances":[{"schema_version":0,"attributes":{"build":[],"force_remove":null,"id":"sha256:c4098086090ca98491d4bf66182f5e3b015a8232f2acf2df209a212a5801aa8ejenkins/jenkins@sha256:c4098086090ca98491d4bf66182f5e3b015a8232f2acf2df209a212a5801aa8e","image_id":"sha256:c4098086090ca98491d4bf66182f5e3b015a8232f2acf2df209a212a5801aa8e","keep_locally":true,"name":"jenkins/jenkins@sha256:c4098086090ca98491d4bf66182f5e3b015a8232f2acf2df209a212a5801aa8e","platform":null,"pull_triggers":null,"repo_digest":"jenkins/jenkins@sha256:c4098086090ca98491d4bf66182f5e3b015a8232f2acf2df209a212a5801aa8e","timeouts":null,"triggers":null},"sensitive_attributes":[],"private":"eyJlMmJmYjczMC1lY2FhLTExZTYtOGY4OC0zNDM2M2JjN2M0YzAiOnsiY3JlYXRlIjoxMjAwMDAwMDAwMDAwLCJkZWxldGUiOjEyMDAwMDAwMDAwMDAsInVwZGF0ZSI6MTIwMDAwMDAwMDAwMH19"}]},{"mode":"managed","type":"docker_image","name":"hn_load_balancer","provider":"provider[\"registry.terraform.io/kreuzwerker/docker\"]","instances":[{"schema_version":0,"attributes":{"build":[],"force_remove":null,"id":"sha256:516475cc129da42866742567714ddc681e5eed7b9ee0b9e9c015e464b4221a00nginx@sha256:516475cc129da42866742567714ddc681e5eed7b9ee0b9e9c015e464b4221a00","image_id":"sha256:516475cc129da42866742567714ddc681e5eed7b9ee0b9e9c015e464b4221a00","keep_locally":true,"name":"nginx@sha256:516475cc129da42866742567714ddc681e5eed7b9ee0b9e9c015e464b4221a00","platform":null,"pull_triggers":null,"repo_digest":"nginx@sha256:516475cc129da42866742567714ddc681e5eed7b9ee0b9e9c015e464b4221a00","timeouts":null,"triggers":null},"sensitive_attributes":[],"private":"eyJlMmJmYjczMC1lY2FhLTExZTYtOGY4OC0zNDM2M2JjN2M0YzAiOnsiY3JlYXRlIjoxMjAwMDAwMDAwMDAwLCJkZWxldGUiOjEyMDAwMDAwMDAwMDAsInVwZGF0ZSI6MTIwMDAwMDAwMDAwMH19"}]},{"mode":"managed","type":"docker_image","name":"hn_log_collector","provider":"provider[\"registry.terraform.io/kreuzwerker/docker\"]","instances":[{"schema_version":0,"attributes":{"build":[],"force_remove":null,"id":"sha256:eb92f1a439171542fd718f929fad38c917b3cad15ec830ba4742e2ba5ab03313grafana/loki@sha256:eb92f1a439171542fd718f929fad38c917b3cad15ec830ba4742e2ba5ab03313","image_id":"sha256:eb92f1a439171542fd718f929fad38c917b3cad15ec830ba4742e2ba5ab03313","keep_locally":true,"name":"grafana/loki@sha256:eb92f1a439171542fd718f929fad38c917b3cad15ec830ba4742e2ba5ab03313","platform":null,"pull_triggers":null,"repo_digest":"grafana/loki@sha256:eb92f1a439171542fd718f929fad38c917b3cad15ec830ba4742e2ba5ab03313","timeouts":null,"triggers":null},"sensitive_attributes":[],"private":"eyJlMmJmYjczMC1lY2FhLTExZTYtOGY4OC0zNDM2M2JjN2M0YzAiOnsiY3JlYXRlIjoxMjAwMDAwMDAwMDAwLCJkZWxldGUiOjEyMDAwMDAwMDAwMDAsInVwZGF0ZSI6MTIwMDAwMDAwMDAwMH19"}]},{"mode":"managed","type":"docker_image","name":"hn_metrics_collector","provider":"provider[\"registry.terraform.io/kreuzwerker/docker\"]","instances":[{"schema_version":0,"attributes":{"build":[],"force_remove":null,"id":"sha256:b440bc0e8aa5bab44a782952c09516b6a50f9d7b2325c1ffafac7bc833298e2eprom/prometheus@sha256:b440bc0e8aa5bab44a782952c09516b6a50f9d7b2325c1ffafac7bc833298e2e","image_id":"sha256:b440bc0e8aa5bab44a782952c09516b6a50f9d7b2325c1ffafac7bc833298e2e","keep_locally":true,"name":"prom/prometheus@sha256:b440bc0e8aa5bab44a782952c09516b6a50f9d7b2325c1ffafac7bc833298e2e","platform":null,"pull_triggers":null,"repo_digest":"prom/prometheus@sha256:b440bc0e8aa5bab44a782952c09516b6a50f9d7b2325c1ffafac7bc833298e2e","timeouts":null,"triggers":null},"sensitive_attributes":[],"private":"eyJlMmJmYjczMC1lY2FhLTExZTYtOGY4OC0zNDM2M2JjN2M0YzAiOnsiY3JlYXRlIjoxMjAwMDAwMDAwMDAwLCJkZWxldGUiOjEyMDAwMDAwMDAwMDAsInVwZGF0ZSI6MTIwMDAwMDAwMDAwMH19"}]},{"mode":"managed","type":"docker_image","name":"hn_nginx_proxy","provider":"provider[\"registry.terraform.io/kreuzwerker/docker\"]","instances":[{"schema_version":0,"attributes":{"build":[],"force_remove":null,"id":"sha256:516475cc129da42866742567714ddc681e5eed7b9ee0b9e9c015e464b4221a00nginx@sha256:516475cc129da42866742567714ddc681e5eed7b9ee0b9e9c015e464b4221a00","image_id":"sha256:516475cc129da42866742567714ddc681e5eed7b9ee0b9e9c015e464b4221a00","keep_locally":true,"name":"nginx@sha256:516475cc129da42866742567714ddc681e5eed7b9ee0b9e9c015e464b4221a00","platform":null,"pull_triggers":null,"repo_digest":"nginx@sha256:516475cc129da42866742567714ddc681e5eed7b9ee0b9e9c015e464b4221a00","timeouts":null,"triggers":null},"sensitive_attributes":[],"private":"eyJlMmJmYjczMC1lY2FhLTExZTYtOGY4OC0zNDM2M2JjN2M0YzAiOnsiY3JlYXRlIjoxMjAwMDAwMDAwMDAwLCJkZWxldGUiOjEyMDAwMDAwMDAwMDAsInVwZGF0ZSI6MTIwMDAwMDAwMDAwMH19"}]},{"mode":"managed","type":"docker_image","name":"hn_pgadmin","provider":"provider[\"registry.terraform.io/kreuzwerker/docker\"]","instances":[{"schema_version":0,"attributes":{"build":[],"force_remove":null,"id":"sha256:d243a4bcc02d2ee6b447c601692813531d2d0fbca18b583d9f7f9658da835d81dpage/pgadmin4@sha256:d243a4bcc02d2ee6b447c601692813531d2d0fbca18b583d9f7f9658da835d81","image_id":"sha256:d243a4bcc02d2ee6b447c601692813531d2d0fbca18b583d9f7f9658da835d81","keep_locally":true,"name":"dpage/pgadmin4@sha256:d243a4bcc02d2ee6b447c601692813531d2d0fbca18b583d9f7f9658da835d81","platform":null,"pull_triggers":null,"repo_digest":"dpage/pgadmin4@sha256:d243a4bcc02d2ee6b447c601692813531d2d0fbca18b583d9f7f9658da835d81","timeouts":null,"triggers":null},"sensitive_attributes":[],"private":"eyJlMmJmYjczMC1lY2FhLTExZTYtOGY4OC0zNDM2M2JjN2M0YzAiOnsiY3JlYXRlIjoxMjAwMDAwMDAwMDAwLCJkZWxldGUiOjEyMDAwMDAwMDAwMDAsInVwZGF0ZSI6MTIwMDAwMDAwMDAwMH19"}]},{"mode":"managed","type":"docker_image","name":"hn_postgres_admin","provider":"provider[\"registry.terraform.io/kreuzwerker/docker\"]","instances":[{"schema_version":0,"attributes":{"build":[],"force_remove":null,"id":"sha256:1ae8e65d50ca5498cb2c33e617495a1e3ef245b0d2392b4a44c70ae09b822891portainer/portainer-ce@sha256:1ae8e65d50ca5498cb2c33e617495a1e3ef245b0d2392b4a44c70ae09b822891","image_id":"sha256:1ae8e65d50ca5498cb2c33e617495a1e3ef245b0d2392b4a44c70ae09b822891","keep_locally":true,"name":"portainer/portainer-ce@sha256:1ae8e65d50ca5498cb2c33e617495a1e3ef245b0d2392b4a44c70ae09b822891","platform":null,"pull_triggers":null,"repo_digest":"portainer/portainer-ce@sha256:1ae8e65d50ca5498cb2c33e617495a1e3ef245b0d2392b4a44c70ae09b822891","timeouts":null,"triggers":null},"sensitive_attributes":[],"private":"eyJlMmJmYjczMC1lY2FhLTExZTYtOGY4OC0zNDM2M2JjN2M0YzAiOnsiY3JlYXRlIjoxMjAwMDAwMDAwMDAwLCJkZWxldGUiOjEyMDAwMDAwMDAwMDAsInVwZGF0ZSI6MTIwMDAwMDAwMDAwMH19"}]},{"mode":"managed","type":"docker_image","name":"hn_prometheus","provider":"provider[\"registry.terraform.io/kreuzwerker/docker\"]","instances":[{"schema_version":0,"attributes":{"build":[],"force_remove":null,"id":"sha256:b440bc0e8aa5bab44a782952c09516b6a50f9d7b2325c1ffafac7bc833298e2eprom/prometheus@sha256:b440bc0e8aa5bab44a782952c09516b6a50f9d7b2325c1ffafac7bc833298e2e","image_id":"sha256:b440bc0e8aa5bab44a782952c09516b6a50f9d7b2325c1ffafac7bc833298e2e","keep_locally":true,"name":"prom/prometheus@sha256:b440bc0e8aa5bab44a782952c09516b6a50f9d7b2325c1ffafac7bc833298e2e","platform":null,"pull_triggers":null,"repo_digest":"prom/prometheus@sha256:b440bc0e8aa5bab44a782952c09516b6a50f9d7b2325c1ffafac7bc833298e2e","timeouts":null,"triggers":null},"sensitive_attributes":[],"private":"eyJlMmJmYjczMC1lY2FhLTExZTYtOGY4OC0zNDM2M2JjN2M0YzAiOnsiY3JlYXRlIjoxMjAwMDAwMDAwMDAwLCJkZWxldGUiOjEyMDAwMDAwMDAwMDAsInVwZGF0ZSI6MTIwMDAwMDAwMDAwMH19"}]},{"mode":"managed","type":"docker_image","name":"hn_security_scanner","provider":"provider[\"registry.terraform.io/kreuzwerker/docker\"]","instances":[{"schema_version":0,"attributes":{"build":[],"force_remove":null,"id":"sha256:eb92f1a439171542fd718f929fad38c917b3cad15ec830ba4742e2ba5ab03313grafana/loki@sha256:eb92f1a439171542fd718f929fad38c917b3cad15ec830ba4742e2ba5ab03313","image_id":"sha256:eb92f1a439171542fd718f929fad38c917b3cad15ec830ba4742e2ba5ab03313","keep_locally":true,"name":"grafana/loki@sha256:eb92f1a439171542fd718f929fad38c917b3cad15ec830ba4742e2ba5ab03313","platform":null,"pull_triggers":null,"repo_digest":"grafana/loki@sha256:eb92f1a439171542fd718f929fad38c917b3cad15ec830ba4742e2ba5ab03313","timeouts":null,"triggers":null},"sensitive_attributes":[],"private":"eyJlMmJmYjczMC1lY2FhLTExZTYtOGY4OC0zNDM2M2JjN2M0YzAiOnsiY3JlYXRlIjoxMjAwMDAwMDAwMDAwLCJkZWxldGUiOjEyMDAwMDAwMDAwMDAsInVwZGF0ZSI6MTIwMDAwMDAwMDAwMH19"}]},{"mode":"managed","type":"docker_image","name":"hn_service_discovery","provider":"provider[\"registry.terraform.io/kreuzwerker/docker\"]","instances":[{"schema_version":0,"attributes":{"build":[],"force_remove":null,"id":"sha256:7885400a153ac908d8bfbf72c27e3389dbab1942a35dd0ce3228611dc48cbf9fjaegertracing/all-in-one@sha256:7885400a153ac908d8bfbf72c27e3389dbab1942a35dd0ce3228611dc48cbf9f","image_id":"sha256:7885400a153ac908d8bfbf72c27e3389dbab1942a35dd0ce3228611dc48cbf9f","keep_locally":true,"name":"jaegertracing/all-in-one@sha256:7885400a153ac908d8bfbf72c27e3389dbab1942a35dd0ce3228611dc48cbf9f","platform":null,"pull_triggers":null,"repo_digest":"jaegertracing/all-in-one@sha256:7885400a153ac908d8bfbf72c27e3389dbab1942a35dd0ce3228611dc48cbf9f","timeouts":null,"triggers":null},"sensitive_attributes":[],"private":"eyJlMmJmYjczMC1lY2FhLTExZTYtOGY4OC0zNDM2M2JjN2M0YzAiOnsiY3JlYXRlIjoxMjAwMDAwMDAwMDAwLCJkZWxldGUiOjEyMDAwMDAwMDAwMDAsInVwZGF0ZSI6MTIwMDAwMDAwMDAwMH19"}]},{"mode":"managed","type":"docker_network","name":"internal_developer_platform_build_zone","provider":"provider[\"registry.terraform.io/kreuzwerker/docker\"]","instances":[{"schema_version":1,"attributes":{"attachable":false,"check_duplicate":null,"driver":"bridge","id":"94b40bae5c21349178401a5380116996f036f6bfbf316706a7e46964f38349d3","ingress":false,"internal":true,"ipam_config":[{"aux_address":{},"gateway":"172.24.0.1","ip_range":"","subnet":"172.24.0.0/16"}],"ipam_driver":"default","ipam_options":null,"ipv6":false,"labels":[],"name":"internal_developer_platform_build_zone","options":{"com.docker.network.enable_ipv4":"true","com.docker.network.enable_ipv6":"false"},"scope":"local"},"sensitive_attributes":[],"private":"eyJzY2hlbWFfdmVyc2lvbiI6IjEifQ=="}]},{"mode":"managed","type":"docker_network","name":"internal_developer_platform_data_zone","provider":"provider[\"registry.terraform.io/kreuzwerker/docker\"]","instances":[{"schema_version":1,"attributes":{"attachable":false,"check_duplicate":null,"driver":"bridge","id":"1a43f18465c5546c54c6d04e1a57d030b827ab6335b28cea9152c7cb7af4bb01","ingress":false,"internal":true,"ipam_config":[{"aux_address":{},"gateway":"172.26.0.1","ip_range":"","subnet":"172.26.0.0/16"}],"ipam_driver":"default","ipam_options":null,"ipv6":false,"labels":[],"name":"internal_developer_platform_data_zone","options":{"com.docker.network.enable_ipv4":"true","com.docker.network.enable_ipv6":"false"},"scope":"local"},"sensitive_attributes":[],"private":"eyJzY2hlbWFfdmVyc2lvbiI6IjEifQ=="}]},{"mode":"managed","type":"docker_network","name":"internal_developer_platform_honeynet_backbone","provider":"provider[\"registry.terraform.io/kreuzwerker/docker\"]","instances":[{"schema_version":1,"attributes":{"attachable":false,"check_duplicate":null,"driver":"bridge","id":"a7b9d3708bbc0195a4655cdd7ca9f70bf6df6fb4a4aaf74b81f211b5d9734391","ingress":false,"internal":false,"ipam_config":[{"aux_address":{},"gateway":"172.25.0.1","ip_range":"","subnet":"172.25.0.0/16"}],"ipam_driver":"default","ipam_options":null,"ipv6":false,"labels":[],"name":"internal_developer_platform_honeynet_backbone","options":{"com.docker.network.enable_ipv4":"true","com.docker.network.enable_ipv6":"false"},"scope":"local"},"sensitive_attributes":[],"private":"eyJzY2hlbWFfdmVyc2lvbiI6IjEifQ=="}]},{"mode":"managed","type":"docker_network","name":"internal_developer_platform_internal_zone","provider":"provider[\"registry.terraform.io/kreuzwerker/docker\"]","instances":[{"schema_version":1,"attributes":{"attachable":false,"check_duplicate":null,"driver":"bridge","id":"dd7aedbc537c9183115bf2e8e2fe3002ca2730fc39624d85d6cdc6e8654acedd","ingress":false,"internal":true,"ipam_config":[{"aux_address":{},"gateway":"172.27.0.1","ip_range":"","subnet":"172.27.0.0/16"}],"ipam_driver":"default","ipam_options":null,"ipv6":false,"labels":[],"name":"internal_developer_platform_internal_zone","options":{"com.docker.network.enable_ipv4":"true","com.docker.network.enable_ipv6":"false"},"scope":"local"},"sensitive_attributes":[],"private":"eyJzY2hlbWFfdmVyc2lvbiI6IjEifQ=="}]}],"check_results":null}
