{"version":4,"terraform_version":"1.11.5","serial":2,"lineage":"4a3b9651-8c22-56c5-718a-c44dadf309b7","outputs":{},"resources":[{"mode":"managed","type":"docker_container","name":"hn_admin_api","provider":"provider[\"registry.terraform.io/kreuzwerker/docker\"]","instances":[{"schema_version":2,"attributes":{"attach":false,"bridge":"","capabilities":[],"cgroup_parent":null,"cgroupns_mode":null,"command":["php","-S","[::]:8080","-t","/var/www/html"],"container_logs":null,"container_read_refresh_timeout_milliseconds":15000,"cpu_period":null,"cpu_quota":null,"cpu_set":"","cpu_shares":0,"cpus":null,"destroy_grace_seconds":null,"devices":[],"dns":null,"dns_opts":null,"dns_search":null,"domainname":"","entrypoint":["entrypoint.sh","docker-php-entrypoint"],"env":[],"exit_code":null,"gpus":null,"group_add":null,"healthcheck":[{"interval":"30s","retries":3,"start_interval":"0s","start_period":"30s","test":["CMD-SHELL","curl -sf http://localhost:8080/ || wget -qO- http://localhost:8080/ || true"],"timeout":"10s"}],"host":[],"hostname":"admin-api.data.multiplayergame.internal","id":"e978beefd92190acc1a134702a4e134b1a249e0262f2300e3c26f103e2eda955","image":"sha256:aedd36aebf9352b435a2657f0a1e51fc6ac054dd838f42aee2a79ce059a1d796","init":false,"ipc_mode":"private","labels":[{"label":"honeynet.managed","value":"true"},{"label":"honeynet.project","value":"multiplayer_online_game"}],"log_driver":"json-file","log_opts":null,"logs":false,"max_retry_count":0,"memory":0,"memory_swap":0,"mounts":[],"must_run":true,"name":"hn_admin_api","network_data":[{"gateway":"","global_ipv6_address":"","global_ipv6_prefix_length":0,"ip_address":"172.25.0.5","ip_prefix_length":16,"ipv6_gateway":"","mac_address":"fa:af:38:86:77:c5","network_name":"multiplayer_online_game_data_zone"}],"network_mode":"bridge","networks_advanced":[{"aliases":["admin_api"],"ipv4_address":"","ipv6_address":"","name":"multiplayer_online_game_data_zone"}],"pid_mode":"","ports":[],"privileged":false,"publish_all_ports":false,"read_only":false,"remove_volumes":true,"restart":"no","rm":false,"runtime":"runc","security_opts":[],"shm_size":64,"start":true,"stdin_open":false,"stop_signal":"SIGINT","stop_timeout":1,"storage_opts":null,"sysctls":null,"tmpfs":null,"tty":false,"ulimit":[],"upload":[],"user":"adminer","userns_mode":"","volumes":[],"wait":false,"wait_timeout":60,"working_dir":"/var/www/html"},"sensitive_attributes":[],"private":"eyJzY2hlbWFfdmVyc2lvbiI6IjIifQ==","dependencies":["docker_container.hn_postgres_player_db","docker_image.hn_admin_api","docker_image.hn_postgres_player_db","docker_network.multiplayer_online_game_data_zone"]}]},{"mode":"managed","type":"docker_container","name":"hn_admin_dashboard","provider":"provider[\"registry.terraform.io/kreuzwerker/docker\"]","instances":[{"schema_version":2,"attributes":{"attach":false,"bridge":"","capabilities":[],"cgroup_parent":null,"cgroupns_mode":null,"command":["php","-S","[::]:8080","-t","/var/www/html"],"container_logs":null,"container_read_refresh_timeout_milliseconds":15000,"cpu_period":null,"cpu_quota":null,"cpu_set":"","cpu_shares":0,"cpus":null,"destroy_grace_seconds":null,"devices":[],"dns":null,"dns_opts":null,"dns_search":null,"domainname":"","entrypoint":["entrypoint.sh","docker-php-entrypoint"],"env":[],"exit_code":null,"gpus":null,"group_add":null,"healthcheck":[{"interval":"30s","retries":3,"start_interval":"0s","start_period":"30s","test":["CMD-SHELL","curl -sf http://localhost:8080/ || wget -qO- http://localhost:8080/ || true"],"timeout":"10s"}],"host":[],"hostname":"admin-dashboard.data.multiplayergame.internal","id":"e90e086bbd79af4275a610cbf0372831548ae9362c4a4ac33dee36f74606a670","image":"sha256:aedd36aebf9352b435a2657f0a1e51fc6ac054dd838f42aee2a79ce059a1d796","init":false,"ipc_mode":"private","labels":[{"label":"honeynet.managed","value":"true"},{"label":"honeynet.project","value":"multiplayer_online_game"}],"log_driver":"json-file","log_opts":null,"logs":false,"max_retry_count":0,"memory":0,"memory_swap":0,"mounts":[],"must_run":true,"name":"hn_admin_dashboard","network_data":[{"gateway":"","global_ipv6_address":"","global_ipv6_prefix_length":0,"ip_address":"172.25.0.6","ip_prefix_length":16,"ipv6_gateway":"","mac_address":"9a:7b:3f:0c:a6:d2","network_name":"multiplayer_online_game_data_zone"}],"network_mode":"bridge","networks_advanced":[{"aliases":["admin_dashboard"],"ipv4_address":"","ipv6_address":"","name":"multiplayer_online_game_data_zone"}],"pid_mode":"","ports":[],"privileged":false,"publish_all_ports":false,"read_only":false,"remove_volumes":true,"restart":"no","rm":false,"runtime":"runc","security_opts":[],"shm_size":64,"start":true,"stdin_open":false,"stop_signal":"SIGINT","stop_timeout":1,"storage_opts":null,"sysctls":null,"tmpfs":null,"tty":false,"ulimit":[],"upload":[],"user":"adminer","userns_mode":"","volumes":[],"wait":false,"wait_timeout":60,"working_dir":"/var/www/html"},"sensitive_attributes":[],"private":"eyJzY2hlbWFfdmVyc2lvbiI6IjIifQ==","dependencies":["docker_container.hn_postgres_player_db","docker_image.hn_admin_dashboard","docker_image.hn_postgres_player_db","docker_network.multiplayer_online_game_data_zone"]}]},{"mode":"managed","type":"docker_container","name":"hn_alert_manager","provider":"provider[\"registry.terraform.io/kreuzwerker/docker\"]","instances":[{"schema_version":2,"attributes":{"attach":false,"bridge":"","capabilities":[],"cgroup_parent":null,"cgroupns_mode":null,"command":["--config.file=/etc/alertmanager/alertmanager.yml","--storage.path=/alertmanager"],"container_logs":null,"container_read_refresh_timeout_milliseconds":15000,"cpu_period":null,"cpu_quota":null,"cpu_set":"","cpu_shares":0,"cpus":null,"destroy_grace_seconds":null,"devices":[],"dns":null,"dns_opts":null,"dns_search":null,"domainname":"","entrypoint":["/bin/alertmanager"],"env":[],"exit_code":null,"gpus":null,"group_add":null,"healthcheck":[{"interval":"30s","retries":3,"start_interval":"0s","start_period":"30s","test":["CMD","curl","-f","http://localhost:9093/-/ready"],"timeout":"10s"}],"host":[],"hostname":"alert-manager.monitoring.multiplayergame.internal","id":"51ddbfa0a51af666cfea6ed1793f0f14e90e9e56070305f43050ac420f2e0bb3","image":"sha256:361db356b33041437517f1cd298462055580585f26555c317df1a3caf2868552","init":false,"ipc_mode":"private","labels":[{"label":"honeynet.managed","value":"true"},{"label":"honeynet.project","value":"multiplayer_online_game"}],"log_driver":"json-file","log_opts":null,"logs":false,"max_retry_count":0,"memory":0,"memory_swap":0,"mounts":[],"must_run":true,"name":"hn_alert_manager","network_data":[{"gateway":"","global_ipv6_address":"","global_ipv6_prefix_length":0,"ip_address":"172.26.0.2","ip_prefix_length":16,"ipv6_gateway":"","mac_address":"96:32:2b:2b:98:a1","network_name":"multiplayer_online_game_monitoring_zone"}],"network_mode":"bridge","networks_advanced":[{"aliases":["alert_manager"],"ipv4_address":"","ipv6_address":"","name":"multiplayer_online_game_monitoring_zone"}],"pid_mode":"","ports":[],"privileged":false,"publish_all_ports":false,"read_only":false,"remove_volumes":true,"restart":"no","rm":false,"runtime":"runc","security_opts":[],"shm_size":64,"start":true,"stdin_open":false,"stop_signal":"","stop_timeout":1,"storage_opts":null,"sysctls":null,"tmpfs":null,"tty":false,"ulimit":[],"upload":[],"user":"nobody","userns_mode":"","volumes":[],"wait":false,"wait_timeout":60,"working_dir":"/alertmanager"},"sensitive_attributes":[],"private":"eyJzY2hlbWFfdmVyc2lvbiI6IjIifQ==","dependencies":["docker_image.hn_alert_manager","docker_network.multiplayer_online_game_monitoring_zone"]}]},{"mode":"managed","type":"docker_container","name":"hn_api_gateway","provider":"provider[\"registry.terraform.io/kreuzwerker/docker\"]","instances":[{"schema_version":2,"attributes":{"attach":false,"bridge":"","capabilities":[],"cgroup_parent":null,"cgroupns_mode":null,"command":["nginx","-g","daemon off;"],"container_logs":null,"container_read_refresh_timeout_milliseconds":15000,"cpu_period":null,"cpu_quota":null,"cpu_set":"","cpu_shares":0,"cpus":null,"destroy_grace_seconds":null,"devices":[],"dns":null,"dns_opts":null,"dns_search":null,"domainname":"","entrypoint":["/docker-entrypoint.sh"],"env":[],"exit_code":null,"gpus":null,"group_add":null,"healthcheck":[{"interval":"30s","retries":3,"start_interval":"0s","start_period":"30s","test":["CMD-SHELL","curl -sf http://localhost:80 || wget -qO- http://localhost:80 || true"],"timeout":"10s"}],"host":[],"hostname":"api-gateway.public.multiplayergame.internal","id":"1232e52496537a273af15bc1121a8ca74ca7c494ac35fb1f67a4df600fbadaab","image":"sha256:516475cc129da42866742567714ddc681e5eed7b9ee0b9e9c015e464b4221a00","init":false,"ipc_mode":"private","labels":[{"label":"honeynet.managed","value":"true"},{"label":"honeynet.project","value":"multiplayer_online_game"}],"log_driver":"json-file","log_opts":null,"logs":false,"max_retry_count":0,"memory":0,"memory_swap":0,"mounts":[],"must_run":true,"name":"hn_api_gateway","network_data":[{"gateway":"172.28.0.1","global_ipv6_address":"","global_ipv6_prefix_length":0,"ip_address":"172.28.0.3","ip_prefix_length":16,"ipv6_gateway":"","mac_address":"c6:e3:1f:88:e1:fa","network_name":"multiplayer_online_game_public_zone"}],"network_mode":"bridge","networks_advanced":[{"aliases":["api_gateway"],"ipv4_address":"","ipv6_address":"","name":"multiplayer_online_game_public_zone"}],"pid_mode":"","ports":[{"external":1025,"internal":80,"ip":"0.0.0.0","protocol":"tcp"}],"privileged":false,"publish_all_ports":false,"read_only":false,"remove_volumes":true,"restart":"no","rm":false,"runtime":"runc","security_opts":[],"shm_size":64,"start":true,"stdin_open":false,"stop_signal":"SIGQUIT","stop_timeout":1,"storage_opts":null,"sysctls":null,"tmpfs":null,"tty":false,"ulimit":[],"upload":[],"user":"","userns_mode":"","volumes":[],"wait":false,"wait_timeout":60,"working_dir":""},"sensitive_attributes":[],"private":"eyJzY2hlbWFfdmVyc2lvbiI6IjIifQ==","dependencies":["docker_container.hn_reverse_proxy","docker_image.hn_api_gateway","docker_image.hn_reverse_proxy","docker_network.multiplayer_online_game_public_zone"]}]},{"mode":"managed","type":"docker_container","name":"hn_backup_server","provider":"provider[\"registry.terraform.io/kreuzwerker/docker\"]","instances":[{"schema_version":2,"attributes":{"attach":false,"bridge":"","capabilities":[],"cgroup_parent":null,"cgroupns_mode":null,"command":["nginx","-g","daemon off;"],"container_logs":null,"container_read_refresh_timeout_milliseconds":15000,"cpu_period":null,"cpu_quota":null,"cpu_set":"","cpu_shares":0,"cpus":null,"destroy_grace_seconds":null,"devices":[],"dns":null,"dns_opts":null,"dns_search":null,"domainname":"","entrypoint":["/docker-entrypoint.sh"],"env":[],"exit_code":null,"gpus":null,"group_add":null,"healthcheck":[{"interval":"30s","retries":3,"start_interval":"0s","start_period":"30s","test":["CMD-SHELL","curl -sf http://localhost:80/ || wget -qO- http://localhost:80/ || true"],"timeout":"10s"}],"host":[],"hostname":"backup-server.data.multiplayergame.internal","id":"dd1f2a371f35c138c27afb4713b1280e33071ae3a0efcd4a93be4ea617f0dabf","image":"sha256:516475cc129da42866742567714ddc681e5eed7b9ee0b9e9c015e464b4221a00","init":false,"ipc_mode":"private","labels":[{"label":"honeynet.managed","value":"true"},{"label":"honeynet.project","value":"multiplayer_online_game"}],"log_driver":"json-file","log_opts":null,"logs":false,"max_retry_count":0,"memory":0,"memory_swap":0,"mounts":[],"must_run":true,"name":"hn_backup_server","network_data":[{"gateway":"","global_ipv6_address":"","global_ipv6_prefix_length":0,"ip_address":"172.25.0.4","ip_prefix_length":16,"ipv6_gateway":"","mac_address":"ea:03:61:9e:71:8b","network_name":"multiplayer_online_game_data_zone"}],"network_mode":"bridge","networks_advanced":[{"aliases":["backup_server"],"ipv4_address":"","ipv6_address":"","name":"multiplayer_online_game_data_zone"}],"pid_mode":"","ports":[],"privileged":false,"publish_all_ports":false,"read_only":false,"remove_volumes":true,"restart":"no","rm":false,"runtime":"runc","security_opts":[],"shm_size":64,"start":true,"stdin_open":false,"stop_signal":"SIGQUIT","stop_timeout":1,"storage_opts":null,"sysctls":null,"tmpfs":null,"tty":false,"ulimit":[],"upload":[],"user":"","userns_mode":"","volumes":[],"wait":false,"wait_timeout":60,"working_dir":""},"sensitive_attributes":[],"private":"eyJzY2hlbWFfdmVyc2lvbiI6IjIifQ==","dependencies":["docker_container.hn_postgres_player_db","docker_image.hn_backup_server","docker_image.hn_postgres_player_db","docker_network.multiplayer_online_game_data_zone"]}]},{"mode":"managed","type":"docker_container","name":"hn_coordination_service","provider":"provider[\"registry.terraform.io/kreuzwerker/docker\"]","instances":[{"schema_version":2,"attributes":{"attach":false,"bridge":"","capabilities":[],"cgroup_parent":null,"cgroupns_mode":null,"command":["agent","-dev","-client","0.0.0.0"],"container_logs":null,"container_read_refresh_timeout_milliseconds":15000,"cpu_period":null,"cpu_quota":null,"cpu_set":"","cpu_shares":0,"cpus":null,"destroy_grace_seconds":null,"devices":[],"dns":null,"dns_opts":null,"dns_search":null,"domainname":"","entrypoint":["docker-entrypoint.sh"],"env":[],"exit_code":null,"gpus":null,"group_add":null,"healthcheck":[{"interval":"30s","retries":3,"start_interval":"0s","start_period":"30s","test":["CMD","consul","members"],"timeout":"10s"}],"host":[],"hostname":"coordination-service.game.multiplayergame.internal","id":"d630a76c02b456bbb0e00bf08876d82787cb8f24877c46e153add9ec4c098d04","image":"sha256:fa5020e2307bc941e4317207de1ab55f2c7a8cd6b02c0592cce1cd20ec8a7f87","init":false,"ipc_mode":"private","labels":[{"label":"honeynet.managed","value":"true"},{"label":"honeynet.project","value":"multiplayer_online_game"}],"log_driver":"json-file","log_opts":null,"logs":false,"max_retry_count":0,"memory":0,"memory_swap":0,"mounts":[],"must_run":true,"name":"hn_coordination_service","network_data":[{"gateway":"","global_ipv6_address":"","global_ipv6_prefix_length":0,"ip_address":"172.27.0.2","ip_prefix_length":16,"ipv6_gateway":"","mac_address":"8e:ef:1f:7a:39:bf","network_name":"multiplayer_online_game_game_zone"}],"network_mode":"bridge","networks_advanced":[{"aliases":["coordination_service"],"ipv4_address":"","ipv6_address":"","name":"multiplayer_online_game_game_zone"}],"pid_mode":"","ports":[],"privileged":false,"publish_all_ports":false,"read_only":false,"remove_volumes":true,"restart":"no","rm":false,"runtime":"runc","security_opts":[],"shm_size":64,"start":true,"stdin_open":false,"stop_signal":"","stop_timeout":1,"storage_opts":null,"sysctls":null,"tmpfs":null,"tty":false,"ulimit":[],"upload":[],"user":"","userns_mode":"","volumes":[],"wait":false,"wait_timeout":60,"working_dir":""},"sensitive_attributes":[],"private":"eyJzY2hlbWFfdmVyc2lvbiI6IjIifQ==","dependencies":["docker_image.hn_coordination_service","docker_network.multiplayer_online_game_game_zone"]}]},{"mode":"managed","type":"docker_container","name":"hn_file_share","provider":"provider[\"registry.terraform.io/kreuzwerker/docker\"]","instances":[{"schema_version":2,"attributes":{"attach":false,"bridge":"","capabilities":[],"cgroup_parent":null,"cgroupns_mode":null,"command":["nginx","-g","daemon off;"],"container_logs":null,"container_read_refresh_timeout_milliseconds":15000,"cpu_period":null,"cpu_quota":null,"cpu_set":"","cpu_shares":0,"cpus":null,"destroy_grace_seconds":null,"devices":[],"dns":null,"dns_opts":null,"dns_search":null,"domainname":"","entrypoint":["/docker-entrypoint.sh"],"env":[],"exit_code":null,"gpus":null,"group_add":null,"healthcheck":[{"interval":"30s","retries":3,"start_interval":"0s","start_period":"30s","test":["CMD-SHELL","curl -sf http://localhost:80/ || wget -qO- http://localhost:80/ || true"],"timeout":"10s"}],"host":[],"hostname":"file-share.data.multiplayergame.internal","id":"05dac67af79ec24e95554233b39b9dbf31743746da8d9b6370124300df421748","image":"sha256:516475cc129da42866742567714ddc681e5eed7b9ee0b9e9c015e464b4221a00","init":false,"ipc_mode":"private","labels":[{"label":"honeynet.managed","value":"true"},{"label":"honeynet.project","value":"multiplayer_online_game"}],"log_driver":"json-file","log_opts":null,"logs":false,"max_retry_count":0,"memory":0,"memory_swap":0,"mounts":[],"must_run":true,"name":"hn_file_share","network_data":[{"gateway":"","global_ipv6_address":"","global_ipv6_prefix_length":0,"ip_address":"172.25.0.2","ip_prefix_length":16,"ipv6_gateway":"","mac_address":"5e:05:ad:a7:f9:85","network_name":"multiplayer_online_game_data_zone"}],"network_mode":"bridge","networks_advanced":[{"aliases":["file_share"],"ipv4_address":"","ipv6_address":"","name":"multiplayer_online_game_data_zone"}],"pid_mode":"","ports":[],"privileged":false,"publish_all_ports":false,"read_only":false,"remove_volumes":true,"restart":"no","rm":false,"runtime":"runc","security_opts":[],"shm_size":64,"start":true,"stdin_open":false,"stop_signal":"SIGQUIT","stop_timeout":1,"storage_opts":null,"sysctls":null,"tmpfs":null,"tty":false,"ulimit":[],"upload":[],"user":"","userns_mode":"","volumes":[],"wait":false,"wait_timeout":60,"working_dir":""},"sensitive_attributes":[],"private":"eyJzY2hlbWFfdmVyc2lvbiI6IjIifQ==","dependencies":["docker_image.hn_file_share","docker_network.multiplayer_online_game_data_zone"]}]},{"mode":"managed","type":"docker_container","name":"hn_game_master_tools","provider":"provider[\"registry.terraform.io/kreuzwerker/docker\"]","instances":[{"schema_version":2,"attributes":{"attach":false,"bridge":"","capabilities":[],"cgroup_parent":null,"cgroupns_mode":null,"command":["php","-S","[::]:8080","-t","/var/www/html"],"container_logs":null,"container_read_refresh_timeout_milliseconds":15000,"cpu_period":null,"cpu_quota":null,"cpu_set":"","cpu_shares":0,"cpus":null,"destroy_grace_seconds":null,"devices":[],"dns":null,"dns_opts":null,"dns_search":null,"domainname":"","entrypoint":["entrypoint.sh","docker-php-entrypoint"],"env":[],"exit_code":null,"gpus":null,"group_add":null,"healthcheck":[{"interval":"30s","retries":3,"start_interval":"0s","start_period":"30s","test":["CMD-SHELL","curl -sf http://localhost:8080/ || wget -qO- http://localhost:8080/ || true"],"timeout":"10s"}],"host":[],"hostname":"game-master-tools.data.multiplayergame.internal","id":"220d9e36b92b30ca7ffb51d64e3415d09ad4442288da0a39902e9e2f2163da86","image":"sha256:aedd36aebf9352b435a2657f0a1e51fc6ac054dd838f42aee2a79ce059a1d796","init":false,"ipc_mode":"private","labels":[{"label":"honeynet.managed","value":"true"},{"label":"honeynet.project","value":"multiplayer_online_game"}],"log_driver":"json-file","log_opts":null,"logs":false,"max_retry_count":0,"memory":0,"memory_swap":0,"mounts":[],"must_run":true,"name":"hn_game_master_tools","network_data":[{"gateway":"","global_ipv6_address":"","global_ipv6_prefix_length":0,"ip_address":"172.25.0.8","ip_prefix_length":16,"ipv6_gateway":"","mac_address":"da:38:25:9d:e7:3e","network_name":"multiplayer_online_game_data_zone"}],"network_mode":"bridge","networks_advanced":[{"aliases":["game_master_tools"],"ipv4_address":"","ipv6_address":"","name":"multiplayer_online_game_data_zone"}],"pid_mode":"","ports":[],"privileged":false,"publish_all_ports":false,"read_only":false,"remove_volumes":true,"restart":"no","rm":false,"runtime":"runc","security_opts":[],"shm_size":64,"start":true,"stdin_open":false,"stop_signal":"SIGINT","stop_timeout":1,"storage_opts":null,"sysctls":null,"tmpfs":null,"tty":false,"ulimit":[],"upload":[],"user":"adminer","userns_mode":"","volumes":[],"wait":false,"wait_timeout":60,"working_dir":"/var/www/html"},"sensitive_attributes":[],"private":"eyJzY2hlbWFfdmVyc2lvbiI6IjIifQ==","dependencies":["docker_container.hn_admin_dashboard","docker_container.hn_postgres_player_db","docker_image.hn_admin_dashboard","docker_image.hn_game_master_tools","docker_image.hn_postgres_player_db","docker_network.multiplayer_online_game_data_zone"]}]},{"mode":"managed","type":"docker_container","name":"hn_grafana_dashboard","provider":"provider[\"registry.terraform.io/kreuzwerker/docker\"]","instances":[{"schema_version":2,"attributes":{"attach":false,"bridge":"","capabilities":[],"cgroup_parent":null,"cgroupns_mode":null,"command":[],"container_logs":null,"container_read_refresh_timeout_milliseconds":15000,"cpu_period":null,"cpu_quota":null,"cpu_set":"","cpu_shares":0,"cpus":null,"destroy_grace_seconds":null,"devices":[],"dns":null,"dns_opts":null,"dns_search":null,"domainname":"","entrypoint":["/run.sh"],"env":[],"exit_code":null,"gpus":null,"group_add":null,"healthcheck":[{"interval":"30s","retries":3,"start_interval":"0s","start_period":"30s","test":["CMD","curl","-f","http://localhost:3000/healthz"],"timeout":"10s"}],"host":[],"hostname":"grafana-dashboard.monitoring.multiplayergame.internal","id":"84c7e359c503dd72fe70d882554d1c78a642dc2e59afa9af467fc8174c5c45de","image":"sha256:1ee0c54286b8ca09a3dd1419ff8653e7780a148a006ac088544203bb0affe550","init":false,"ipc_mode":"private","labels":[{"label":"honeynet.managed","value":"true"},{"label":"honeynet.project","value":"multiplayer_online_game"}],"log_driver":"json-file","log_opts":null,"logs":false,"max_retry_count":0,"memory":0,"memory_swap":0,"mounts":[],"must_run":true,"name":"hn_grafana_dashboard","network_data":[{"gateway":"","global_ipv6_address":"","global_ipv6_prefix_length":0,"ip_address":"172.26.0.3","ip_prefix_length":16,"ipv6_gateway":"","mac_address":"f6:f3:63:7c:b0:08","network_name":"multiplayer_online_game_monitoring_zone"}],"network_mode":"bridge","networks_advanced":[{"aliases":["grafana_dashboard"],"ipv4_address":"","ipv6_address":"","name":"multiplayer_online_game_monitoring_zone"}],"pid_mode":"","ports":[],"privileged":false,"publish_all_ports":false,"read_only":false,"remove_volumes":true,"restart":"no","rm":false,"runtime":"runc","security_opts":[],"shm_size":64,"start":true,"stdin_open":false,"stop_signal":"","stop_timeout":1,"storage_opts":null,"sysctls":null,"tmpfs":null,"tty":false,"ulimit":[],"upload":[],"user":"472","userns_mode":"","volumes":[],"wait":false,"wait_timeout":60,"working_dir":"/usr/share/grafana"},"sensitive_attributes":[],"private":"eyJzY2hlbWFfdmVyc2lvbiI6IjIifQ==","dependencies":["docker_image.hn_grafana_dashboard","docker_network.multiplayer_online_game_monitoring_zone"]}]},{"mode":"managed","type":"docker_container","name":"hn_postgres_player_db","provider":"provider[\"registry.terraform.io/kreuzwerker/docker\"]","instances":[{"schema_version":2,"attributes":{"attach":false,"bridge":"","capabilities":[],"cgroup_parent":null,"cgroupns_mode":null,"command":["postgres"],"container_logs":null,"container_read_refresh_timeout_milliseconds":15000,"cpu_period":null,"cpu_quota":null,"cpu_set":"","cpu_shares":0,"cpus":null,"destroy_grace_seconds":null,"devices":[],"dns":null,"dns_opts":null,"dns_search":null,"domainname":"","entrypoint":["docker-entrypoint.sh"],"env":["POSTGRES_PASSWORD=admin123"],"exit_code":null,"gpus":null,"group_add":null,"healthcheck":[{"interval":"30s","retries":3,"start_interval":"0s","start_period":"30s","test":["CMD","pg_isready","-U","postgres"],"timeout":"10s"}],"host":[],"hostname":"postgres-player-db.data.multiplayergame.internal","id":"3b068f3dc118ad63e441f7b2637db316b5c105c2fb9e390dc7fef473626c4612","image":"sha256:20edbde7749f822887a1a022ad526fde0a47d6b2be9a8364433605cf65099416","init":false,"ipc_mode":"private","labels":[{"label":"honeynet.managed","value":"true"},{"label":"honeynet.project","value":"multiplayer_online_game"}],"log_driver":"json-file","log_opts":null,"logs":false,"max_retry_count":0,"memory":0,"memory_swap":0,"mounts":[],"must_run":true,"name":"hn_postgres_player_db","network_data":[{"gateway":"","global_ipv6_address":"","global_ipv6_prefix_length":0,"ip_address":"172.25.0.3","ip_prefix_length":16,"ipv6_gateway":"","mac_address":"9e:ea:7e:34:d6:c0","network_name":"multiplayer_online_game_data_zone"}],"network_mode":"bridge","networks_advanced":[{"aliases":["postgres_player_db"],"ipv4_address":"","ipv6_address":"","name":"multiplayer_online_game_data_zone"}],"pid_mode":"","ports":[],"privileged":false,"publish_all_ports":false,"read_only":false,"remove_volumes":true,"restart":"no","rm":false,"runtime":"runc","security_opts":[],"shm_size":64,"start":true,"stdin_open":false,"stop_signal":"SIGINT","stop_timeout":1,"storage_opts":null,"sysctls":null,"tmpfs":null,"tty":false,"ulimit":[],"upload":[],"user":"","userns_mode":"","volumes":[],"wait":false,"wait_timeout":60,"working_dir":"/"},"sensitive_attributes":[],"private":"eyJzY2hlbWFfdmVyc2lvbiI6IjIifQ==","dependencies":["docker_image.hn_postgres_player_db","docker_network.multiplayer_online_game_data_zone"]}]},{"mode":"managed","type":"docker_container","name":"hn_redis_session_store","provider":"provider[\"registry.terraform.io/kreuzwerker/docker\"]","instances":[{"schema_version":2,"attributes":{"attach":false,"bridge":"","capabilities":[],"cgroup_parent":null,"cgroupns_mode":null,"command":["redis-server"],"container_logs":null,"container_read_refresh_timeout_milliseconds":15000,"cpu_period":null,"cpu_quota":null,"cpu_set":"","cpu_shares":0,"cpus":null,"destroy_grace_seconds":null,"devices":[],"dns":null,"dns_opts":null,"dns_search":null,"domainname":"","entrypoint":["docker-entrypoint.sh"],"env":[],"exit_code":null,"gpus":null,"group_add":null,"healthcheck":[{"interval":"30s","retries":3,"start_interval":"0s","start_period":"30s","test":["CMD","redis-cli","ping"],"timeout":"10s"}],"host":[],"hostname":"redis-session-store.game.multiplayergame.internal","id":"4ab5a30e6f9c28eda73aed513eb6811d6ad29c6e04a2ddfd7ae034e059e454e0","image":"sha256:8b81dd37ff027bec4e516d41acfbe9fe2460070dc6d4a4570a2ac5b9d59df065","init":false,"ipc_mode":"private","labels":[{"label":"honeynet.managed","value":"true"},{"label":"honeynet.project","value":"multiplayer_online_game"}],"log_driver":"json-file","log_opts":null,"logs":false,"max_retry_count":0,"memory":0,"memory_swap":0,"mounts":[],"must_run":true,"name":"hn_redis_session_store","network_data":[{"gateway":"","global_ipv6_address":"","global_ipv6_prefix_length":0,"ip_address":"172.27.0.3","ip_prefix_length":16,"ipv6_gateway":"","mac_address":"c2:27:01:f8:a8:e0","network_name":"multiplayer_online_game_game_zone"}],"network_mode":"bridge","networks_advanced":[{"aliases":["redis_session_store"],"ipv4_address":"","ipv6_address":"","name":"multiplayer_online_game_game_zone"}],"pid_mode":"","ports":[],"privileged":false,"publish_all_ports":false,"read_only":false,"remove_volumes":true,"restart":"no","rm":false,"runtime":"runc","security_opts":[],"shm_size":64,"start":true,"stdin_open":false,"stop_signal":"","stop_timeout":1,"storage_opts":null,"sysctls":null,"tmpfs":null,"tty":false,"ulimit":[],"upload":[],"user":"","userns_mode":"","volumes":[],"wait":false,"wait_timeout":60,"working_dir":"/data"},"sensitive_attributes":[],"private":"eyJzY2hlbWFfdmVyc2lvbiI6IjIifQ==","dependencies":["docker_image.hn_redis_session_store","docker_network.multiplayer_online_game_game_zone"]}]},{"mode":"managed","type":"docker_container","name":"hn_reverse_proxy","provider":"provider[\"registry.terraform.io/kreuzwerker/docker\"]","instances":[{"schema_version":2,"attributes":{"attach":false,"bridge":"","capabilities":[],"cgroup_parent":null,"cgroupns_mode":null,"command":["nginx","-g","daemon off;"],"container_logs":null,"container_read_refresh_timeout_milliseconds":15000,"cpu_period":null,"cpu_quota":null,"cpu_set":"","cpu_shares":0,"cpus":null,"destroy_grace_seconds":null,"devices":[],"dns":null,"dns_opts":null,"dns_search":null,"domainname":"","entrypoint":["/docker-entrypoint.sh"],"env":[],"exit_code":null,"gpus":null,"group_add":null,"healthcheck":[{"interval":"30s","retries":3,"start_interval":"0s","start_period":"30s","test":["CMD-SHELL","curl -sf http://localhost:80 || wget -qO- http://localhost:80 || true"],"timeout":"10s"}],"host":[],"hostname":"reverse-proxy.public.multiplayergame.internal","id":"c71d1b5ca95acab41e6bc3da14f4003d167ff6c2cd05d62b6db5bdd0b94d8082","image":"sha256:516475cc129da42866742567714ddc681e5eed7b9ee0b9e9c015e464b4221a00","init":false,"ipc_mode":"private","labels":[{"label":"honeynet.managed","value":"true"},{"label":"honeynet.project","value":"multiplayer_online_game"}],"log_driver":"json-file","log_opts":null,"logs":false,"max_retry_count":0,"memory":0,"memory_swap":0,"mounts":[],"must_run":true,"name":"hn_reverse_proxy","network_data":[{"gateway":"172.28.0.1","global_ipv6_address":"","global_ipv6_prefix_length":0,"ip_address":"172.28.0.2","ip_prefix_length":16,"ipv6_gateway":"","mac_address":"52:6a:4f:0f:d3:57","network_name":"multiplayer_online_game_public_zone"}],"network_mode":"bridge","networks_advanced":[{"aliases":["reverse_proxy"],"ipv4_address":"","ipv6_address":"","name":"multiplayer_online_game_public_zone"}],"pid_mode":"","ports":[{"external":1024,"internal":80,"ip":"0.0.0.0","protocol":"tcp"}],"privileged":false,"publish_all_ports":false,"read_only":false,"remove_volumes":true,"restart":"no","rm":false,"runtime":"runc","security_opts":[],"shm_size":64,"start":true,"stdin_open":false,"stop_signal":"SIGQUIT","stop_timeout":1,"storage_opts":null,"sysctls":null,"tmpfs":null,"tty":false,"ulimit":[],"upload":[],"user":"","userns_mode":"","volumes":[],"wait":false,"wait_timeout":60,"working_dir":""},"sensitive_attributes":[],"private":"eyJzY2hlbWFfdmVyc2lvbiI6IjIifQ==","dependencies":["docker_image.hn_reverse_proxy","docker_network.multiplayer_online_game_public_zone"]}]},{"mode":"managed","type":"docker_container","name":"hn_session_management_ui","provider":"provider[\"registry.terraform.io/kreuzwerker/docker\"]","instances":[{"schema_version":2,"attributes":{"attach":false,"bridge":"","capabilities":[],"cgroup_parent":null,"cgroupns_mode":null,"command":["apache2-foreground"],"container_logs":null,"container_read_refresh_timeout_milliseconds":15000,"cpu_period":null,"cpu_quota":null,"cpu_set":"","cpu_shares":0,"cpus":null,"destroy_grace_seconds":null,"devices":[],"dns":null,"dns_opts":null,"dns_search":null,"domainname":"","entrypoint":["/docker-entrypoint.sh"],"env":[],"exit_code":null,"gpus":null,"group_add":null,"healthcheck":[{"interval":"30s","retries":3,"start_interval":"0s","start_period":"30s","test":["CMD-SHELL","curl -sf http://localhost:80/ || wget -qO- http://localhost:80/ || true"],"timeout":"10s"}],"host":[],"hostname":"session-management-ui.data.multiplayergame.internal","id":"9cfb2b946cdf7573b302bdbb2dc34d81c02e9201cda386897d3cc91c9fc3d54b","image":"sha256:f3a5bfe8dbe509a2c9706c03c0ab9f82a74b0f2cb855f4b45a67f644d5368d5a","init":false,"ipc_mode":"private","labels":[{"label":"honeynet.managed","value":"true"},{"label":"honeynet.project","value":"multiplayer_online_game"}],"log_driver":"json-file","log_opts":null,"logs":false,"max_retry_count":0,"memory":0,"memory_swap":0,"mounts":[],"must_run":true,"name":"hn_session_management_ui","network_data":[{"gateway":"","global_ipv6_address":"","global_ipv6_prefix_length":0,"ip_address":"172.25.0.7","ip_prefix_length":16,"ipv6_gateway":"","mac_address":"f6:bf:c1:0c:fd:07","network_name":"multiplayer_online_game_data_zone"},{"gateway":"","global_ipv6_address":"","global_ipv6_prefix_length":0,"ip_address":"172.27.0.4","ip_prefix_length":16,"ipv6_gateway":"","mac_address":"f2:38:a6:45:a1:a4","network_name":"multiplayer_online_game_game_zone"}],"network_mode":"bridge","networks_advanced":[{"aliases":["session_management_ui"],"ipv4_address":"","ipv6_address":"","name":"multiplayer_online_game_data_zone"},{"aliases":["session_management_ui"],"ipv4_address":"","ipv6_address":"","name":"multiplayer_online_game_game_zone"}],"pid_mode":"","ports":[],"privileged":false,"publish_all_ports":false,"read_only":false,"remove_volumes":true,"restart":"no","rm":false,"runtime":"runc","security_opts":[],"shm_size":64,"start":true,"stdin_open":false,"stop_signal":"SIGWINCH","stop_timeout":1,"storage_opts":null,"sysctls":null,"tmpfs":null,"tty":false,"ulimit":[],"upload":[],"user":"root","userns_mode":"","volumes":[],"wait":false,"wait_timeout":60,"working_dir":"/var/www/html"},"sensitive_attributes":[],"private":"eyJzY2hlbWFfdmVyc2lvbiI6IjIifQ==","dependencies":["docker_container.hn_redis_session_store","docker_image.hn_redis_session_store","docker_image.hn_session_management_ui","docker_network.multiplayer_online_game_data_zone","docker_network.multiplayer_online_game_game_zone"]}]},{"mode":"managed","type":"docker_image","name":"hn_admin_api","provider":"provider[\"registry.terraform.io/kreuzwerker/docker\"]","instances":[{"schema_version":0,"attributes":{"build":[],"force_remove":null,"id":"sha256:aedd36aebf9352b435a2657f0a1e51fc6ac054dd838f42aee2a79ce059a1d796adminer@sha256:aedd36aebf9352b435a2657f0a1e51fc6ac054dd838f42aee2a79ce059a1d796","image_id":"sha256:aedd36aebf9352b435a2657f0a1e51fc6ac054dd838f42aee2a79ce059a1d796","keep_locally":true,"name":"adminer@sha256:aedd36aebf9352b435a2657f0a1e51fc6ac054dd838f42aee2a79ce059a1d796","platform":null,"pull_triggers":null,"repo_digest":"adminer@sha256:aedd36aebf9352b435a2657f0a1e51fc6ac054dd838f42aee2a79ce059a1d796","timeouts":null,"triggers":null},"sensitive_attributes":[],"private":"eyJlMmJmYjczMC1lY2FhLTExZTYtOGY4OC0zNDM2M2JjN2M0YzAiOnsiY3JlYXRlIjoxMjAwMDAwMDAwMDAwLCJkZWxldGUiOjEyMDAwMDAwMDAwMDAsInVwZGF0ZSI6MTIwMDAwMDAwMDAwMH19"}]},{"mode":"managed","type":"docker_image","name":"hn_admin_dashboard","provider":"provider[\"registry.terraform.io/kreuzwerker/docker\"]","instances":[{"schema_version":0,"attributes":{"build":[],"force_remove":null,"id":"sha256:aedd36aebf9352b435a2657f0a1e51fc6ac054dd838f42aee2a79ce059a1d796adminer@sha256:aedd36aebf9352b435a2657f0a1e51fc6ac054dd838f42aee2a79ce059a1d796","image_id":"sha256:aedd36aebf9352b435a2657f0a1e51fc6ac054dd838f42aee2a79ce059a1d796","keep_locally":true,"name":"adminer@sha256:aedd36aebf9352b435a2657f0a1e51fc6ac054dd838f42aee2a79ce059a1d796","platform":null,"pull_triggers":null,"repo_digest":"adminer@sha256:aedd36aebf9352b435a2657f0a1e51fc6ac054dd838f42aee2a79ce059a1d796","timeouts":null,"triggers":null},"sensitive_attributes":[],"private":"eyJlMmJmYjczMC1lY2FhLTExZTYtOGY4OC0zNDM2M2JjN2M0YzAiOnsiY3JlYXRlIjoxMjAwMDAwMDAwMDAwLCJkZWxldGUiOjEyMDAwMDAwMDAwMDAsInVwZGF0ZSI6MTIwMDAwMDAwMDAwMH19"}]},{"mode":"managed","type":"docker_image","name":"hn_alert_manager","provider":"provider[\"registry.terraform.io/kreuzwerker/docker\"]","instances":[{"schema_version":0,"attributes":{"build":[],"force_remove":null,"id":"sha256:361db356b33041437517f1cd298462055580585f26555c317df1a3caf2868552prom/alertmanager@sha256:361db356b33041437517f1cd298462055580585f26555c317df1a3caf2868552","image_id":"sha256:361db356b33041437517f1cd298462055580585f26555c317df1a3caf2868552","keep_locally":true,"name":"prom/alertmanager@sha256:361db356b33041437517f1cd298462055580585f26555c317df1a3caf2868552","platform":null,"pull_triggers":null,"repo_digest":"prom/alertmanager@sha256:361db356b33041437517f1cd298462055580585f26555c317df1a3caf2868552","timeouts":null,"triggers":null},"sensitive_attributes":[],"private":"eyJlMmJmYjczMC1lY2FhLTExZTYtOGY4OC0zNDM2M2JjN2M0YzAiOnsiY3JlYXRlIjoxMjAwMDAwMDAwMDAwLCJkZWxldGUiOjEyMDAwMDAwMDAwMDAsInVwZGF0ZSI6MTIwMDAwMDAwMDAwMH19"}]},{"mode":"managed","type":"docker_image","name":"hn_api_gateway","provider":"provider[\"registry.terraform.io/kreuzwerker/docker\"]","instances":[{"schema_version":0,"attributes":{"build":[],"force_remove":null,"id":"sha256:516475cc129da42866742567714ddc681e5eed7b9ee0b9e9c015e464b4221a00nginx@sha256:516475cc129da42866742567714ddc681e5eed7b9ee0b9e9c015e464b4221a00","image_id":"sha256:516475cc129da42866742567714ddc681e5eed7b9ee0b9e9c015e464b4221a00","keep_locally":true,"name":"nginx@sha256:516475cc129da42866742567714ddc681e5eed7b9ee0b9e9c015e464b4221a00","platform":null,"pull_triggers":null,"repo_digest":"nginx@sha256:516475cc129da42866742567714ddc681e5eed7b9ee0b9e9c015e464b4221a00","timeouts":null,"triggers":null},"sensitive_attributes":[],"private":"eyJlMmJmYjczMC1lY2FhLTExZTYtOGY4OC0zNDM2M2JjN2M0YzAiOnsiY3JlYXRlIjoxMjAwMDAwMDAwMDAwLCJkZWxldGUiOjEyMDAwMDAwMDAwMDAsInVwZGF0ZSI6MTIwMDAwMDAwMDAwMH19"}]},{"mode":"managed","type":"docker_image","name":"hn_backup_server","provider":"provider[\"registry.terraform.io/kreuzwerker/docker\"]","instances":[{"schema_version":0,"attributes":{"build":[],"force_remove":null,"id":"sha256:516475cc129da42866742567714ddc681e5eed7b9ee0b9e9c015e464b4221a00nginx@sha256:516475cc129da42866742567714ddc681e5eed7b9ee0b9e9c015e464b4221a00","image_id":"sha256:516475cc129da42866742567714ddc681e5eed7b9ee0b9e9c015e464b4221a00","keep_locally":true,"name":"nginx@sha256:516475cc129da42866742567714ddc681e5eed7b9ee0b9e9c015e464b4221a00","platform":null,"pull_triggers":null,"repo_digest":"nginx@sha256:516475cc129da42866742567714ddc681e5eed7b9ee0b9e9c015e464b4221a00","timeouts":null,"triggers":null},"sensitive_attributes":[],"private":"eyJlMmJmYjczMC1lY2FhLTExZTYtOGY4OC0zNDM2M2JjN2M0YzAiOnsiY3JlYXRlIjoxMjAwMDAwMDAwMDAwLCJkZWxldGUiOjEyMDAwMDAwMDAwMDAsInVwZGF0ZSI6MTIwMDAwMDAwMDAwMH19"}]},{"mode":"managed","type":"docker_image","name":"hn_coordination_service","provider":"provider[\"registry.terraform.io/kreuzwerker/docker\"]","instances":[{"schema_version":0,"attributes":{"build":[],"force_remove":null,"id":"sha256:fa5020e2307bc941e4317207de1ab55f2c7a8cd6b02c0592cce1cd20ec8a7f87hashicorp/consul@sha256:fa5020e2307bc941e4317207de1ab55f2c7a8cd6b02c0592cce1cd20ec8a7f87","image_id":"sha256:fa5020e2307bc941e4317207de1ab55f2c7a8cd6b02c0592cce1cd20ec8a7f87","keep_locally":true,"name":"hashicorp/consul@sha256:fa5020e2307bc941e4317207de1ab55f2c7a8cd6b02c0592cce1cd20ec8a7f87","platform":null,"pull_triggers":null,"repo_digest":"hashicorp/consul@sha256:fa5020e2307bc941e4317207de1ab55f2c7a8cd6b02c0592cce1cd20ec8a7f87","timeouts":null,"triggers":null},"sensitive_attributes":[],"private":"eyJlMmJmYjczMC1lY2FhLTExZTYtOGY4OC0zNDM2M2JjN2M0YzAiOnsiY3JlYXRlIjoxMjAwMDAwMDAwMDAwLCJkZWxldGUiOjEyMDAwMDAwMDAwMDAsInVwZGF0ZSI6MTIwMDAwMDAwMDAwMH19"}]},{"mode":"managed","type":"docker_image","name":"hn_file_share","provider":"provider[\"registry.terraform.io/kreuzwerker/docker\"]","instances":[{"schema_version":0,"attributes":{"build":[],"force_remove":null,"id":"sha256:516475cc129da42866742567714ddc681e5eed7b9ee0b9e9c015e464b4221a00nginx@sha256:516475cc129da42866742567714ddc681e5eed7b9ee0b9e9c015e464b4221a00","image_id":"sha256:516475cc129da42866742567714ddc681e5eed7b9ee0b9e9c015e464b4221a00","keep_locally":true,"name":"nginx@sha256:516475cc129da42866742567714ddc681e5eed7b9ee0b9e9c015e464b4221a00","platform":null,"pull_triggers":null,"repo_digest":"nginx@sha256:516475cc129da42866742567714ddc681e5eed7b9ee0b9e9c015e464b4221a00","timeouts":null,"triggers":null},"sensitive_attributes":[],"private":"eyJlMmJmYjczMC1lY2FhLTExZTYtOGY4OC0zNDM2M2JjN2M0YzAiOnsiY3JlYXRlIjoxMjAwMDAwMDAwMDAwLCJkZWxldGUiOjEyMDAwMDAwMDAwMDAsInVwZGF0ZSI6MTIwMDAwMDAwMDAwMH19"}]},{"mode":"managed","type":"docker_image","name":"hn_game_master_tools","provider":"provider[\"registry.terraform.io/kreuzwerker/docker\"]","instances":[{"schema_version":0,"attributes":{"build":[],"force_remove":null,"id":"sha256:aedd36aebf9352b435a2657f0a1e51fc6ac054dd838f42aee2a79ce059a1d796adminer@sha256:aedd36aebf9352b435a2657f0a1e51fc6ac054dd838f42aee2a79ce059a1d796","image_id":"sha256:aedd36aebf9352b435a2657f0a1e51fc6ac054dd838f42aee2a79ce059a1d796","keep_locally":true,"name":"adminer@sha256:aedd36aebf9352b435a2657f0a1e51fc6ac054dd838f42aee2a79ce059a1d796","platform":null,"pull_triggers":null,"repo_digest":"adminer@sha256:aedd36aebf9352b435a2657f0a1e51fc6ac054dd838f42aee2a79ce059a1d796","timeouts":null,"triggers":null},"sensitive_attributes":[],"private":"eyJlMmJmYjczMC1lY2FhLTExZTYtOGY4OC0zNDM2M2JjN2M0YzAiOnsiY3JlYXRlIjoxMjAwMDAwMDAwMDAwLCJkZWxldGUiOjEyMDAwMDAwMDAwMDAsInVwZGF0ZSI6MTIwMDAwMDAwMDAwMH19"}]},{"mode":"managed","type":"docker_image","name":"hn_grafana_dashboard","provider":"provider[\"registry.terraform.io/kreuzwerker/docker\"]","instances":[{"schema_version":0,"attributes":{"build":[],"force_remove":null,"id":"sha256:1ee0c54286b8ca09a3dd1419ff8653e7780a148a006ac088544203bb0affe550grafana/grafana@sha256:1ee0c54286b8ca09a3dd1419ff8653e7780a148a006ac088544203bb0affe550","image_id":"sha256:1ee0c54286b8ca09a3dd1419ff8653e7780a148a006ac088544203bb0affe550","keep_locally":true,"name":"grafana/grafana@sha256:1ee0c54286b8ca09a3dd1419ff8653e7780a148a006ac088544203bb0affe550","platform":null,"pull_triggers":null,"repo_digest":"grafana/grafana@sha256:1ee0c54286b8ca09a3dd1419ff8653e7780a148a006ac088544203bb0affe550","timeouts":null,"triggers":null},"sensitive_attributes":[],"private":"eyJlMmJmYjczMC1lY2FhLTExZTYtOGY4OC0zNDM2M2JjN2M0YzAiOnsiY3JlYXRlIjoxMjAwMDAwMDAwMDAwLCJkZWxldGUiOjEyMDAwMDAwMDAwMDAsInVwZGF0ZSI6MTIwMDAwMDAwMDAwMH19"}]},{"mode":"managed","type":"docker_image","name":"hn_postgres_player_db","provider":"provider[\"registry.terraform.io/kreuzwerker/docker\"]","instances":[{"schema_version":0,"attributes":{"build":[],"force_remove":null,"id":"sha256:20edbde7749f822887a1a022ad526fde0a47d6b2be9a8364433605cf65099416postgres@sha256:20edbde7749f822887a1a022ad526fde0a47d6b2be9a8364433605cf65099416","image_id":"sha256:20edbde7749f822887a1a022ad526fde0a47d6b2be9a8364433605cf65099416","keep_locally":true,"name":"postgres@sha256:20edbde7749f822887a1a022ad526fde0a47d6b2be9a8364433605cf65099416","platform":null,"pull_triggers":null,"repo_digest":"postgres@sha256:20edbde7749f822887a1a022ad526fde0a47d6b2be9a8364433605cf65099416","timeouts":null,"triggers":null},"sensitive_attributes":[],"private":"eyJlMmJmYjczMC1lY2FhLTExZTYtOGY4OC0zNDM2M2JjN2M0YzAiOnsiY3JlYXRlIjoxMjAwMDAwMDAwMDAwLCJkZWxldGUiOjEyMDAwMDAwMDAwMDAsInVwZGF0ZSI6MTIwMDAwMDAwMDAwMH19"}]},{"mode":"managed","type":"docker_image","name":"hn_redis_session_store","provider":"provider[\"registry.terraform.io/kreuzwerker/docker\"]","instances":[{"schema_version":0,"attributes":{"build":[],"force_remove":null,"id":"sha256:8b81dd37ff027bec4e516d41acfbe9fe2460070dc6d4a4570a2ac5b9d59df065redis@sha256:8b81dd37ff027bec4e516d41acfbe9fe2460070dc6d4a4570a2ac5b9d59df065","image_id":"sha256:8b81dd37ff027bec4e516d41acfbe9fe2460070dc6d4a4570a2ac5b9d59df065","keep_locally":true,"name":"redis@sha256:8b81dd37ff027bec4e516d41acfbe9fe2460070dc6d4a4570a2ac5b9d59df065","platform":null,"pull_triggers":null,"repo_digest":"redis@sha256:8b81dd37ff027bec4e516d41acfbe9fe2460070dc6d4a4570a2ac5b9d59df065","timeouts":null,"triggers":null},"sensitive_attributes":[],"private":"eyJlMmJmYjczMC1lY2FhLTExZTYtOGY4OC0zNDM2M2JjN2M0YzAiOnsiY3JlYXRlIjoxMjAwMDAwMDAwMDAwLCJkZWxldGUiOjEyMDAwMDAwMDAwMDAsInVwZGF0ZSI6MTIwMDAwMDAwMDAwMH19"}]},{"mode":"managed","type":"docker_image","name":"hn_reverse_proxy","provider":"provider[\"registry.terraform.io/kreuzwerker/docker\"]","instances":[{"schema_version":0,"attributes":{"build":[],"force_remove":null,"id":"sha256:516475cc129da42866742567714ddc681e5eed7b9ee0b9e9c015e464b4221a00nginx@sha256:516475cc129da42866742567714ddc681e5eed7b9ee0b9e9c015e464b4221a00","image_id":"sha256:516475cc129da42866742567714ddc681e5eed7b9ee0b9e9c015e464b4221a00","keep_locally":true,"name":"nginx@sha256:516475cc129da42866742567714ddc681e5eed7b9ee0b9e9c015e464b4221a00","platform":null,"pull_triggers":null,"repo_digest":"nginx@sha256:516475cc129da42866742567714ddc681e5eed7b9ee0b9e9c015e464b4221a00","timeouts":null,"triggers":null},"sensitive_attributes":[],"private":"eyJlMmJmYjczMC1lY2FhLTExZTYtOGY4OC0zNDM2M2JjN2M0YzAiOnsiY3JlYXRlIjoxMjAwMDAwMDAwMDAwLCJkZWxldGUiOjEyMDAwMDAwMDAwMDAsInVwZGF0ZSI6MTIwMDAwMDAwMDAwMH19"}]},{"mode":"managed","type":"docker_image","name":"hn_session_management_ui","provider":"provider[\"registry.terraform.io/kreuzwerker/docker\"]","instances":[{"schema_version":0,"attributes":{"build":[],"force_remove":null,"id":"sha256:f3a5bfe8dbe509a2c9706c03c0ab9f82a74b0f2cb855f4b45a67f644d5368d5aphpmyadmin@sha256:f3a5bfe8dbe509a2c9706c03c0ab9f82a74b0f2cb855f4b45a67f644d5368d5a","image_id":"sha256:f3a5bfe8dbe509a2c9706c03c0ab9f82a74b0f2cb855f4b45a67f644d5368d5a","keep_locally":true,"name":"phpmyadmin@sha256:f3a5bfe8dbe509a2c9706c03c0ab9f82a74b0f2cb855f4b45a67f644d5368d5a","platform":null,"pull_triggers":null,"repo_digest":"phpmyadmin@sha256:f3a5bfe8dbe509a2c9706c03c0ab9f82a74b0f2cb855f4b45a67f644d5368d5a","timeouts":null,"triggers":null},"sensitive_attributes":[],"private":"eyJlMmJmYjczMC1lY2FhLTExZTYtOGY4OC0zNDM2M2JjN2M0YzAiOnsiY3JlYXRlIjoxMjAwMDAwMDAwMDAwLCJkZWxldGUiOjEyMDAwMDAwMDAwMDAsInVwZGF0ZSI6MTIwMDAwMDAwMDAwMH19"}]},{"mode":"managed","type":"docker_network","name":"multiplayer_online_game_data_zone","provider":"provider[\"registry.terraform.io/kreuzwerker/docker\"]","instances":[{"schema_version":1,"attributes":{"attachable":false,"check_duplicate":null,"driver":"bridge","id":"4f342ade762159cf01e39def8dd80ce33a7bcfc44d7146dcb7b99e692dc17e29","ingress":false,"internal":true,"ipam_config":[{"aux_address":{},"gateway":"172.25.0.1","ip_range":"","subnet":"172.25.0.0/16"}],"ipam_driver":"default","ipam_options":null,"ipv6":false,"labels":[],"name":"multiplayer_online_game_data_zone","options":{"com.docker.network.enable_ipv4":"true","com.docker.network.enable_ipv6":"false"},"scope":"local"},"sensitive_attributes":[],"private":"eyJzY2hlbWFfdmVyc2lvbiI6IjEifQ=="}]},{"mode":"managed","type":"docker_network","name":"multiplayer_online_game_game_zone","provider":"provider[\"registry.terraform.io/kreuzwerker/docker\"]","instances":[{"schema_version":1,"attributes":{"attachable":false,"check_duplicate":null,"driver":"bridge","id":"379710720a756f9b6cfa0295bd940f5ba1fd419efa3f80eee0632e28766b5a3e","ingress":false,"internal":true,"ipam_config":[{"aux_address":{},"gateway":"172.27.0.1","ip_range":"","subnet":"172.27.0.0/16"}],"ipam_driver":"default","ipam_options":null,"ipv6":false,"labels":[],"name":"multiplayer_online_game_game_zone","options":{"com.docker.network.enable_ipv4":"true","com.docker.network.enable_ipv6":"false"},"scope":"local"},"sensitive_attributes":[],"private":"eyJzY2hlbWFfdmVyc2lvbiI6IjEifQ=="}]},{"mode":"managed","type":"docker_network","name":"multiplayer_online_game_honeynet_backbone","provider":"provider[\"registry.terraform.io/kreuzwerker/docker\"]","instances":[{"schema_version":1,"attributes":{"attachable":false,"check_duplicate":null,"driver":"bridge","id":"b1ff14b3ffa8b97c1732c599b3c09dfc4cd299d3f4e610d34f86aae35d379d2b","ingress":false,"internal":false,"ipam_config":[{"aux_address":{},"gateway":"172.24.0.1","ip_range":"","subnet":"172.24.0.0/16"}],"ipam_driver":"default","ipam_options":null,"ipv6":false,"labels":[],"name":"multiplayer_online_game_honeynet_backbone","options":{"com.docker.network.enable_ipv4":"true","com.docker.network.enable_ipv6":"false"},"scope":"local"},"sensitive_attributes":[],"private":"eyJzY2hlbWFfdmVyc2lvbiI6IjEifQ=="}]},{"mode":"managed","type":"docker_network","name":"multiplayer_online_game_monitoring_zone","provider":"provider[\"registry.terraform.io/kreuzwerker/docker\"]","instances":[{"schema_version":1,"attributes":{"attachable":false,"check_duplicate":null,"driver":"bridge","id":"69509f8d0506fc9f692b049e90123b8530c675f25b654b8ef84483d85a67fccf","ingress":false,"internal":true,"ipam_config":[{"aux_address":{},"gateway":"172.26.0.1","ip_range":"","subnet":"172.26.0.0/16"}],"ipam_driver":"default","ipam_options":null,"ipv6":false,"labels":[],"name":"multiplayer_online_game_monitoring_zone","options":{"com.docker.network.enable_ipv4":"true","com.docker.network.enable_ipv6":"false"},"scope":"local"},"sensitive_attributes":[],"private":"eyJzY2hlbWFfdmVyc2lvbiI6IjEifQ=="}]},{"mode":"managed","type":"docker_network","name":"multiplayer_online_game_public_zone","provider":"provider[\"registry.terraform.io/kreuzwerker/docker\"]","instances":[{"schema_version":1,"attributes":{"attachable":false,"check_duplicate":null,"driver":"bridge","id":"b5a6f2a4456dc230aa4db081c689a7a1b057cf33192cc745b4b43796e655ac6c","ingress":false,"internal":false,"ipam_config":[{"aux_address":{},"gateway":"172.28.0.1","ip_range":"","subnet":"172.28.0.0/16"}],"ipam_driver":"default","ipam_options":null,"ipv6":false,"labels":[],"name":"multiplayer_online_game_public_zone","options":{"com.docker.network.enable_ipv4":"true","com.docker.network.enable_ipv6":"false"},"scope":"local"},"sensitive_attributes":[],"private":"eyJzY2hlbWFfdmVyc2lvbiI6IjEifQ=="}]}],"check_results":null}
