{"version":4,"terraform_version":"1.11.5","serial":4,"lineage":"63c185fe-496c-fa9a-f485-76718b6c8330","outputs":{},"resources":[{"mode":"managed","type":"docker_container","name":"hn_filebeat","provider":"provider[\"registry.terraform.io/kreuzwerker/docker\"]","instances":[{"schema_version":2,"attributes":{"attach":false,"bridge":"","capabilities":[],"cgroup_parent":null,"cgroupns_mode":null,"command":["-environment","container"],"container_logs":null,"container_read_refresh_timeout_milliseconds":15000,"cpu_period":null,"cpu_quota":null,"cpu_set":"","cpu_shares":0,"cpus":null,"destroy_grace_seconds":null,"devices":[],"dns":null,"dns_opts":null,"dns_search":null,"domainname":"","entrypoint":["/usr/bin/tini","--","/usr/local/bin/docker-entrypoint"],"env":[],"exit_code":null,"gpus":null,"group_add":null,"healthcheck":[{"interval":"30s","retries":3,"start_interval":"0s","start_period":"30s","test":["CMD-SHELL","true"],"timeout":"10s"}],"host":[],"hostname":"filebeat.ops.industrial-iot-platform.internal","id":"dff52041f28785b7a6043139557ab11bfac08057288972b3fba847f95c3cd4c5","image":"sha256:b81bb050384b237cd18f9e6b656f9a7b5ba812610df7d56a7de5f597a4227536","init":false,"ipc_mode":"private","labels":[{"label":"honeynet.managed","value":"true"},{"label":"honeynet.project","value":"industrial_iot_platform"}],"log_driver":"json-file","log_opts":null,"logs":false,"max_retry_count":0,"memory":0,"memory_swap":0,"mounts":[],"must_run":true,"name":"hn_filebeat","network_data":[{"gateway":"","global_ipv6_address":"","global_ipv6_prefix_length":0,"ip_address":"172.30.0.4","ip_prefix_length":16,"ipv6_gateway":"","mac_address":"36:7f:65:1d:e0:78","network_name":"industrial_iot_platform_ops_zone"}],"network_mode":"bridge","networks_advanced":[{"aliases":["filebeat"],"ipv4_address":"","ipv6_address":"","name":"industrial_iot_platform_ops_zone"}],"pid_mode":"","ports":[],"privileged":false,"publish_all_ports":false,"read_only":false,"remove_volumes":true,"restart":"no","rm":false,"runtime":"runc","security_opts":[],"shm_size":64,"start":true,"stdin_open":false,"stop_signal":"","stop_timeout":1,"storage_opts":null,"sysctls":null,"tmpfs":null,"tty":false,"ulimit":[],"upload":[],"user":"1000","userns_mode":"","volumes":[],"wait":false,"wait_timeout":60,"working_dir":"/usr/share/filebeat"},"sensitive_attributes":[],"private":"eyJzY2hlbWFfdmVyc2lvbiI6IjIifQ==","dependencies":["docker_container.hn_grafana","docker_container.hn_prometheus","docker_image.hn_filebeat","docker_image.hn_grafana","docker_image.hn_prometheus","docker_network.industrial_iot_platform_ops_zone"]}]},{"mode":"managed","type":"docker_container","name":"hn_grafana","provider":"provider[\"registry.terraform.io/kreuzwerker/docker\"]","instances":[{"schema_version":2,"attributes":{"attach":false,"bridge":"","capabilities":[],"cgroup_parent":null,"cgroupns_mode":null,"command":[],"container_logs":null,"container_read_refresh_timeout_milliseconds":15000,"cpu_period":null,"cpu_quota":null,"cpu_set":"","cpu_shares":0,"cpus":null,"destroy_grace_seconds":null,"devices":[],"dns":null,"dns_opts":null,"dns_search":null,"domainname":"","entrypoint":["/run.sh"],"env":[],"exit_code":null,"gpus":null,"group_add":null,"healthcheck":[{"interval":"30s","retries":3,"start_interval":"0s","start_period":"30s","test":["CMD","wget","--spider","http://localhost:3000/api/health"],"timeout":"10s"}],"host":[],"hostname":"grafana.ops.industrial-iot-platform.internal","id":"3e912452d61658bde1cbdd26f3f8a5b84e539ebe59587444dfdc609c15271f3d","image":"sha256:1ee0c54286b8ca09a3dd1419ff8653e7780a148a006ac088544203bb0affe550","init":false,"ipc_mode":"private","labels":[{"label":"honeynet.managed","value":"true"},{"label":"honeynet.project","value":"industrial_iot_platform"}],"log_driver":"json-file","log_opts":null,"logs":false,"max_retry_count":0,"memory":0,"memory_swap":0,"mounts":[],"must_run":true,"name":"hn_grafana","network_data":[{"gateway":"","global_ipv6_address":"","global_ipv6_prefix_length":0,"ip_address":"172.30.0.3","ip_prefix_length":16,"ipv6_gateway":"","mac_address":"12:3d:ad:21:b8:75","network_name":"industrial_iot_platform_ops_zone"}],"network_mode":"bridge","networks_advanced":[{"aliases":["grafana"],"ipv4_address":"","ipv6_address":"","name":"industrial_iot_platform_ops_zone"}],"pid_mode":"","ports":[],"privileged":false,"publish_all_ports":false,"read_only":false,"remove_volumes":true,"restart":"no","rm":false,"runtime":"runc","security_opts":[],"shm_size":64,"start":true,"stdin_open":false,"stop_signal":"","stop_timeout":1,"storage_opts":null,"sysctls":null,"tmpfs":null,"tty":false,"ulimit":[],"upload":[],"user":"472","userns_mode":"","volumes":[],"wait":false,"wait_timeout":60,"working_dir":"/usr/share/grafana"},"sensitive_attributes":[],"private":"eyJzY2hlbWFfdmVyc2lvbiI6IjIifQ==","dependencies":["docker_container.hn_prometheus","docker_image.hn_grafana","docker_image.hn_prometheus","docker_network.industrial_iot_platform_ops_zone"]}]},{"mode":"managed","type":"docker_container","name":"hn_identity_service","provider":"provider[\"registry.terraform.io/kreuzwerker/docker\"]","instances":[{"schema_version":2,"attributes":{"attach":false,"bridge":"","capabilities":[],"cgroup_parent":null,"cgroupns_mode":null,"command":["server","-dev"],"container_logs":null,"container_read_refresh_timeout_milliseconds":15000,"cpu_period":null,"cpu_quota":null,"cpu_set":"","cpu_shares":0,"cpus":null,"destroy_grace_seconds":null,"devices":[],"dns":null,"dns_opts":null,"dns_search":null,"domainname":"","entrypoint":["docker-entrypoint.sh"],"env":["VERSION=1.15"],"exit_code":null,"gpus":null,"group_add":null,"healthcheck":[{"interval":"30s","retries":3,"start_interval":"0s","start_period":"30s","test":["CMD","vault","status"],"timeout":"10s"}],"host":[],"hostname":"identity-service.identity.industrial-iot-platform.internal","id":"8eaf0b05927ade8879efe90f7ff3685cd0c2028d2b055baf88338a28fe15a38c","image":"sha256:0450896c43b13879b19442b204ce29dd19b5a10fce43d5cf38af17da20f56f4d","init":false,"ipc_mode":"private","labels":[{"label":"honeynet.managed","value":"true"},{"label":"honeynet.project","value":"industrial_iot_platform"}],"log_driver":"json-file","log_opts":null,"logs":false,"max_retry_count":0,"memory":0,"memory_swap":0,"mounts":[],"must_run":true,"name":"hn_identity_service","network_data":[{"gateway":"","global_ipv6_address":"","global_ipv6_prefix_length":0,"ip_address":"172.24.0.2","ip_prefix_length":16,"ipv6_gateway":"","mac_address":"b2:22:10:3b:e1:cd","network_name":"industrial_iot_platform_identity_zone"}],"network_mode":"bridge","networks_advanced":[{"aliases":["identity_service"],"ipv4_address":"","ipv6_address":"","name":"industrial_iot_platform_identity_zone"}],"pid_mode":"","ports":[],"privileged":false,"publish_all_ports":false,"read_only":false,"remove_volumes":true,"restart":"no","rm":false,"runtime":"runc","security_opts":[],"shm_size":64,"start":true,"stdin_open":false,"stop_signal":"","stop_timeout":1,"storage_opts":null,"sysctls":null,"tmpfs":null,"tty":false,"ulimit":[],"upload":[],"user":"","userns_mode":"","volumes":[],"wait":false,"wait_timeout":60,"working_dir":""},"sensitive_attributes":[],"private":"eyJzY2hlbWFfdmVyc2lvbiI6IjIifQ==","dependencies":["docker_image.hn_identity_service","docker_network.industrial_iot_platform_identity_zone"]}]},{"mode":"managed","type":"docker_container","name":"hn_influxdb","provider":"provider[\"registry.terraform.io/kreuzwerker/docker\"]","instances":[{"schema_version":2,"attributes":{"attach":false,"bridge":"","capabilities":[],"cgroup_parent":null,"cgroupns_mode":null,"command":["influxd"],"container_logs":null,"container_read_refresh_timeout_milliseconds":15000,"cpu_period":null,"cpu_quota":null,"cpu_set":"","cpu_shares":0,"cpus":null,"destroy_grace_seconds":null,"devices":[],"dns":null,"dns_opts":null,"dns_search":null,"domainname":"","entrypoint":["/entrypoint.sh"],"env":[],"exit_code":null,"gpus":null,"group_add":null,"healthcheck":[{"interval":"30s","retries":3,"start_interval":"0s","start_period":"30s","test":["CMD","influx","ping"],"timeout":"10s"}],"host":[],"hostname":"influxdb.data.industrial-iot-platform.internal","id":"20c46d36c15170d90928df1c7b390c6ba1ce901e4a0cdf0b8fe2835b23be29c7","image":"sha256:5355c90249dac331bbcd1fdf3c31c7782400cd0ec5225145fc50b9aa026e9342","init":false,"ipc_mode":"private","labels":[{"label":"honeynet.managed","value":"true"},{"label":"honeynet.project","value":"industrial_iot_platform"}],"log_driver":"json-file","log_opts":null,"logs":false,"max_retry_count":0,"memory":0,"memory_swap":0,"mounts":[],"must_run":true,"name":"hn_influxdb","network_data":[{"gateway":"","global_ipv6_address":"","global_ipv6_prefix_length":0,"ip_address":"172.25.0.2","ip_prefix_length":16,"ipv6_gateway":"","mac_address":"42:34:6f:47:9a:d2","network_name":"industrial_iot_platform_data_zone"}],"network_mode":"bridge","networks_advanced":[{"aliases":["influxdb"],"ipv4_address":"","ipv6_address":"","name":"industrial_iot_platform_data_zone"}],"pid_mode":"","ports":[],"privileged":false,"publish_all_ports":false,"read_only":false,"remove_volumes":true,"restart":"no","rm":false,"runtime":"runc","security_opts":[],"shm_size":64,"start":true,"stdin_open":false,"stop_signal":"","stop_timeout":1,"storage_opts":null,"sysctls":null,"tmpfs":null,"tty":false,"ulimit":[],"upload":[],"user":"","userns_mode":"","volumes":[],"wait":false,"wait_timeout":60,"working_dir":""},"sensitive_attributes":[],"private":"eyJzY2hlbWFfdmVyc2lvbiI6IjIifQ==","dependencies":["docker_image.hn_influxdb","docker_network.industrial_iot_platform_data_zone"]}]},{"mode":"managed","type":"docker_container","name":"hn_kafka_cluster","provider":"provider[\"registry.terraform.io/kreuzwerker/docker\"]","instances":[{"schema_version":2,"attributes":{"attach":false,"bridge":"","capabilities":[],"cgroup_parent":null,"cgroupns_mode":null,"command":["/etc/kafka/docker/run"],"container_logs":null,"container_read_refresh_timeout_milliseconds":15000,"cpu_period":null,"cpu_quota":null,"cpu_set":"","cpu_shares":0,"cpus":null,"destroy_grace_seconds":null,"devices":[],"dns":null,"dns_opts":null,"dns_search":null,"domainname":"","entrypoint":["/__cacert_entrypoint.sh"],"env":[],"exit_code":null,"gpus":null,"group_add":null,"healthcheck":[{"interval":"30s","retries":3,"start_interval":"0s","start_period":"30s","test":["CMD-SHELL","nc -z localhost 9092 || (echo \u003e /dev/tcp/localhost/9092) 2\u003e/dev/null || true"],"timeout":"10s"}],"host":[],"hostname":"kafka-cluster.ingestion.industrial-iot-platform.internal","id":"a9a863bc6574346f5aca1b5a2b649b67df888ad6e482615f732cdb28f55d5e0b","image":"sha256:41c20d65b0a2180b9deca056d47540771752e69fe9225d5748dd65a25a9675d7","init":false,"ipc_mode":"private","labels":[{"label":"honeynet.managed","value":"true"},{"label":"honeynet.project","value":"industrial_iot_platform"}],"log_driver":"json-file","log_opts":null,"logs":false,"max_retry_count":0,"memory":0,"memory_swap":0,"mounts":[],"must_run":true,"name":"hn_kafka_cluster","network_data":[{"gateway":"","global_ipv6_address":"","global_ipv6_prefix_length":0,"ip_address":"172.29.0.2","ip_prefix_length":16,"ipv6_gateway":"","mac_address":"aa:d7:0c:6b:63:33","network_name":"industrial_iot_platform_ingestion_zone"}],"network_mode":"bridge","networks_advanced":[{"aliases":["kafka_cluster"],"ipv4_address":"","ipv6_address":"","name":"industrial_iot_platform_ingestion_zone"}],"pid_mode":"","ports":[],"privileged":false,"publish_all_ports":false,"read_only":false,"remove_volumes":true,"restart":"no","rm":false,"runtime":"runc","security_opts":[],"shm_size":64,"start":true,"stdin_open":false,"stop_signal":"","stop_timeout":1,"storage_opts":null,"sysctls":null,"tmpfs":null,"tty":false,"ulimit":[],"upload":[],"user":"appuser","userns_mode":"","volumes":[],"wait":false,"wait_timeout":60,"working_dir":""},"sensitive_attributes":[],"private":"eyJzY2hlbWFfdmVyc2lvbiI6IjIifQ==","dependencies":["docker_image.hn_kafka_cluster","docker_network.industrial_iot_platform_ingestion_zone"]}]},{"mode":"managed","type":"docker_container","name":"hn_prometheus","provider":"provider[\"registry.terraform.io/kreuzwerker/docker\"]","instances":[{"schema_version":2,"attributes":{"attach":false,"bridge":"","capabilities":[],"cgroup_parent":null,"cgroupns_mode":null,"command":["--config.file=/etc/prometheus/prometheus.yml","--storage.tsdb.path=/prometheus","--web.console.libraries=/usr/share/prometheus/console_libraries","--web.console.templates=/usr/share/prometheus/consoles"],"container_logs":null,"container_read_refresh_timeout_milliseconds":15000,"cpu_period":null,"cpu_quota":null,"cpu_set":"","cpu_shares":0,"cpus":null,"destroy_grace_seconds":null,"devices":[],"dns":null,"dns_opts":null,"dns_search":null,"domainname":"","entrypoint":["/bin/prometheus"],"env":[],"exit_code":null,"gpus":null,"group_add":null,"healthcheck":[{"interval":"30s","retries":3,"start_interval":"0s","start_period":"30s","test":["CMD","wget","--spider","http://localhost:9090/-/healthy"],"timeout":"10s"}],"host":[],"hostname":"prometheus.ops.industrial-iot-platform.internal","id":"53c24e2d428f4792ba7c6cab70c95be18029425f01a2c342fd2e8d8b78ecc2cf","image":"sha256:b440bc0e8aa5bab44a782952c09516b6a50f9d7b2325c1ffafac7bc833298e2e","init":false,"ipc_mode":"private","labels":[{"label":"honeynet.managed","value":"true"},{"label":"honeynet.project","value":"industrial_iot_platform"}],"log_driver":"json-file","log_opts":null,"logs":false,"max_retry_count":0,"memory":0,"memory_swap":0,"mounts":[],"must_run":true,"name":"hn_prometheus","network_data":[{"gateway":"","global_ipv6_address":"","global_ipv6_prefix_length":0,"ip_address":"172.30.0.2","ip_prefix_length":16,"ipv6_gateway":"","mac_address":"9e:e6:b2:4e:6a:5b","network_name":"industrial_iot_platform_ops_zone"}],"network_mode":"bridge","networks_advanced":[{"aliases":["prometheus"],"ipv4_address":"","ipv6_address":"","name":"industrial_iot_platform_ops_zone"}],"pid_mode":"","ports":[],"privileged":false,"publish_all_ports":false,"read_only":false,"remove_volumes":true,"restart":"no","rm":false,"runtime":"runc","security_opts":[],"shm_size":64,"start":true,"stdin_open":false,"stop_signal":"","stop_timeout":1,"storage_opts":null,"sysctls":null,"tmpfs":null,"tty":false,"ulimit":[],"upload":[],"user":"nobody","userns_mode":"","volumes":[],"wait":false,"wait_timeout":60,"working_dir":"/prometheus"},"sensitive_attributes":[],"private":"eyJzY2hlbWFfdmVyc2lvbiI6IjIifQ==","dependencies":["docker_image.hn_prometheus","docker_network.industrial_iot_platform_ops_zone"]}]},{"mode":"managed","type":"docker_image","name":"hn_filebeat","provider":"provider[\"registry.terraform.io/kreuzwerker/docker\"]","instances":[{"schema_version":0,"attributes":{"build":[],"force_remove":null,"id":"sha256:b81bb050384b237cd18f9e6b656f9a7b5ba812610df7d56a7de5f597a4227536docker.elastic.co/beats/filebeat@sha256:b81bb050384b237cd18f9e6b656f9a7b5ba812610df7d56a7de5f597a4227536","image_id":"sha256:b81bb050384b237cd18f9e6b656f9a7b5ba812610df7d56a7de5f597a4227536","keep_locally":true,"name":"docker.elastic.co/beats/filebeat@sha256:b81bb050384b237cd18f9e6b656f9a7b5ba812610df7d56a7de5f597a4227536","platform":null,"pull_triggers":null,"repo_digest":"docker.elastic.co/beats/filebeat@sha256:b81bb050384b237cd18f9e6b656f9a7b5ba812610df7d56a7de5f597a4227536","timeouts":null,"triggers":null},"sensitive_attributes":[],"private":"eyJlMmJmYjczMC1lY2FhLTExZTYtOGY4OC0zNDM2M2JjN2M0YzAiOnsiY3JlYXRlIjoxMjAwMDAwMDAwMDAwLCJkZWxldGUiOjEyMDAwMDAwMDAwMDAsInVwZGF0ZSI6MTIwMDAwMDAwMDAwMH19"}]},{"mode":"managed","type":"docker_image","name":"hn_grafana","provider":"provider[\"registry.terraform.io/kreuzwerker/docker\"]","instances":[{"schema_version":0,"attributes":{"build":[],"force_remove":null,"id":"sha256:1ee0c54286b8ca09a3dd1419ff8653e7780a148a006ac088544203bb0affe550grafana/grafana@sha256:1ee0c54286b8ca09a3dd1419ff8653e7780a148a006ac088544203bb0affe550","image_id":"sha256:1ee0c54286b8ca09a3dd1419ff8653e7780a148a006ac088544203bb0affe550","keep_locally":true,"name":"grafana/grafana@sha256:1ee0c54286b8ca09a3dd1419ff8653e7780a148a006ac088544203bb0affe550","platform":null,"pull_triggers":null,"repo_digest":"grafana/grafana@sha256:1ee0c54286b8ca09a3dd1419ff8653e7780a148a006ac088544203bb0affe550","timeouts":null,"triggers":null},"sensitive_attributes":[],"private":"eyJlMmJmYjczMC1lY2FhLTExZTYtOGY4OC0zNDM2M2JjN2M0YzAiOnsiY3JlYXRlIjoxMjAwMDAwMDAwMDAwLCJkZWxldGUiOjEyMDAwMDAwMDAwMDAsInVwZGF0ZSI6MTIwMDAwMDAwMDAwMH19"}]},{"mode":"managed","type":"docker_image","name":"hn_identity_service","provider":"provider[\"registry.terraform.io/kreuzwerker/docker\"]","instances":[{"schema_version":0,"attributes":{"build":[],"force_remove":null,"id":"sha256:0450896c43b13879b19442b204ce29dd19b5a10fce43d5cf38af17da20f56f4dhashicorp/vault@sha256:0450896c43b13879b19442b204ce29dd19b5a10fce43d5cf38af17da20f56f4d","image_id":"sha256:0450896c43b13879b19442b204ce29dd19b5a10fce43d5cf38af17da20f56f4d","keep_locally":true,"name":"hashicorp/vault@sha256:0450896c43b13879b19442b204ce29dd19b5a10fce43d5cf38af17da20f56f4d","platform":null,"pull_triggers":null,"repo_digest":"hashicorp/vault@sha256:0450896c43b13879b19442b204ce29dd19b5a10fce43d5cf38af17da20f56f4d","timeouts":null,"triggers":null},"sensitive_attributes":[],"private":"eyJlMmJmYjczMC1lY2FhLTExZTYtOGY4OC0zNDM2M2JjN2M0YzAiOnsiY3JlYXRlIjoxMjAwMDAwMDAwMDAwLCJkZWxldGUiOjEyMDAwMDAwMDAwMDAsInVwZGF0ZSI6MTIwMDAwMDAwMDAwMH19"}]},{"mode":"managed","type":"docker_image","name":"hn_influxdb","provider":"provider[\"registry.terraform.io/kreuzwerker/docker\"]","instances":[{"schema_version":0,"attributes":{"build":[],"force_remove":null,"id":"sha256:5355c90249dac331bbcd1fdf3c31c7782400cd0ec5225145fc50b9aa026e9342influxdb@sha256:5355c90249dac331bbcd1fdf3c31c7782400cd0ec5225145fc50b9aa026e9342","image_id":"sha256:5355c90249dac331bbcd1fdf3c31c7782400cd0ec5225145fc50b9aa026e9342","keep_locally":true,"name":"influxdb@sha256:5355c90249dac331bbcd1fdf3c31c7782400cd0ec5225145fc50b9aa026e9342","platform":null,"pull_triggers":null,"repo_digest":"influxdb@sha256:5355c90249dac331bbcd1fdf3c31c7782400cd0ec5225145fc50b9aa026e9342","timeouts":null,"triggers":null},"sensitive_attributes":[],"private":"eyJlMmJmYjczMC1lY2FhLTExZTYtOGY4OC0zNDM2M2JjN2M0YzAiOnsiY3JlYXRlIjoxMjAwMDAwMDAwMDAwLCJkZWxldGUiOjEyMDAwMDAwMDAwMDAsInVwZGF0ZSI6MTIwMDAwMDAwMDAwMH19"}]},{"mode":"managed","type":"docker_image","name":"hn_kafka_cluster","provider":"provider[\"registry.terraform.io/kreuzwerker/docker\"]","instances":[{"schema_version":0,"attributes":{"build":[],"force_remove":null,"id":"sha256:41c20d65b0a2180b9deca056d47540771752e69fe9225d5748dd65a25a9675d7apache/kafka@sha256:41c20d65b0a2180b9deca056d47540771752e69fe9225d5748dd65a25a9675d7","image_id":"sha256:41c20d65b0a2180b9deca056d47540771752e69fe9225d5748dd65a25a9675d7","keep_locally":true,"name":"apache/kafka@sha256:41c20d65b0a2180b9deca056d47540771752e69fe9225d5748dd65a25a9675d7","platform":null,"pull_triggers":null,"repo_digest":"apache/kafka@sha256:41c20d65b0a2180b9deca056d47540771752e69fe9225d5748dd65a25a9675d7","timeouts":null,"triggers":null},"sensitive_attributes":[],"private":"eyJlMmJmYjczMC1lY2FhLTExZTYtOGY4OC0zNDM2M2JjN2M0YzAiOnsiY3JlYXRlIjoxMjAwMDAwMDAwMDAwLCJkZWxldGUiOjEyMDAwMDAwMDAwMDAsInVwZGF0ZSI6MTIwMDAwMDAwMDAwMH19"}]},{"mode":"managed","type":"docker_image","name":"hn_prometheus","provider":"provider[\"registry.terraform.io/kreuzwerker/docker\"]","instances":[{"schema_version":0,"attributes":{"build":[],"force_remove":null,"id":"sha256:b440bc0e8aa5bab44a782952c09516b6a50f9d7b2325c1ffafac7bc833298e2eprom/prometheus@sha256:b440bc0e8aa5bab44a782952c09516b6a50f9d7b2325c1ffafac7bc833298e2e","image_id":"sha256:b440bc0e8aa5bab44a782952c09516b6a50f9d7b2325c1ffafac7bc833298e2e","keep_locally":true,"name":"prom/prometheus@sha256:b440bc0e8aa5bab44a782952c09516b6a50f9d7b2325c1ffafac7bc833298e2e","platform":null,"pull_triggers":null,"repo_digest":"prom/prometheus@sha256:b440bc0e8aa5bab44a782952c09516b6a50f9d7b2325c1ffafac7bc833298e2e","timeouts":null,"triggers":null},"sensitive_attributes":[],"private":"eyJlMmJmYjczMC1lY2FhLTExZTYtOGY4OC0zNDM2M2JjN2M0YzAiOnsiY3JlYXRlIjoxMjAwMDAwMDAwMDAwLCJkZWxldGUiOjEyMDAwMDAwMDAwMDAsInVwZGF0ZSI6MTIwMDAwMDAwMDAwMH19"}]},{"mode":"managed","type":"docker_network","name":"industrial_iot_platform_application_zone","provider":"provider[\"registry.terraform.io/kreuzwerker/docker\"]","instances":[{"schema_version":1,"attributes":{"attachable":false,"check_duplicate":null,"driver":"bridge","id":"f82abdc798e225444040a95a4cf2352afc9836a70390b111a3eaf8faf823d7e2","ingress":false,"internal":true,"ipam_config":[{"aux_address":{},"gateway":"172.27.0.1","ip_range":"","subnet":"172.27.0.0/16"}],"ipam_driver":"default","ipam_options":null,"ipv6":false,"labels":[],"name":"industrial_iot_platform_application_zone","options":{"com.docker.network.enable_ipv4":"true","com.docker.network.enable_ipv6":"false"},"scope":"local"},"sensitive_attributes":[],"private":"eyJzY2hlbWFfdmVyc2lvbiI6IjEifQ=="}]},{"mode":"managed","type":"docker_network","name":"industrial_iot_platform_data_zone","provider":"provider[\"registry.terraform.io/kreuzwerker/docker\"]","instances":[{"schema_version":1,"attributes":{"attachable":false,"check_duplicate":null,"driver":"bridge","id":"62027e25e8fc5f3e524830c215ad1eb94099a017229fa6f5de3d4bdfe6885544","ingress":false,"internal":true,"ipam_config":[{"aux_address":{},"gateway":"172.25.0.1","ip_range":"","subnet":"172.25.0.0/16"}],"ipam_driver":"default","ipam_options":null,"ipv6":false,"labels":[],"name":"industrial_iot_platform_data_zone","options":{"com.docker.network.enable_ipv4":"true","com.docker.network.enable_ipv6":"false"},"scope":"local"},"sensitive_attributes":[],"private":"eyJzY2hlbWFfdmVyc2lvbiI6IjEifQ=="}]},{"mode":"managed","type":"docker_network","name":"industrial_iot_platform_edge_zone","provider":"provider[\"registry.terraform.io/kreuzwerker/docker\"]","instances":[{"schema_version":1,"attributes":{"attachable":false,"check_duplicate":null,"driver":"bridge","id":"250be63dbd06c65c72d7508e849da4188e9264df3f944e334034a761c34ee56d","ingress":false,"internal":true,"ipam_config":[{"aux_address":{},"gateway":"172.28.0.1","ip_range":"","subnet":"172.28.0.0/16"}],"ipam_driver":"default","ipam_options":null,"ipv6":false,"labels":[],"name":"industrial_iot_platform_edge_zone","options":{"com.docker.network.enable_ipv4":"true","com.docker.network.enable_ipv6":"false"},"scope":"local"},"sensitive_attributes":[],"private":"eyJzY2hlbWFfdmVyc2lvbiI6IjEifQ=="}]},{"mode":"managed","type":"docker_network","name":"industrial_iot_platform_honeynet_backbone","provider":"provider[\"registry.terraform.io/kreuzwerker/docker\"]","instances":[{"schema_version":1,"attributes":{"attachable":false,"check_duplicate":null,"driver":"bridge","id":"0ad7e07cf6598d7a7701bc33ef5d7249fe2360f7eea00a138ba45aeb0341c527","ingress":false,"internal":false,"ipam_config":[{"aux_address":{},"gateway":"172.26.0.1","ip_range":"","subnet":"172.26.0.0/16"}],"ipam_driver":"default","ipam_options":null,"ipv6":false,"labels":[],"name":"industrial_iot_platform_honeynet_backbone","options":{"com.docker.network.enable_ipv4":"true","com.docker.network.enable_ipv6":"false"},"scope":"local"},"sensitive_attributes":[],"private":"eyJzY2hlbWFfdmVyc2lvbiI6IjEifQ=="}]},{"mode":"managed","type":"docker_network","name":"industrial_iot_platform_identity_zone","provider":"provider[\"registry.terraform.io/kreuzwerker/docker\"]","instances":[{"schema_version":1,"attributes":{"attachable":false,"check_duplicate":null,"driver":"bridge","id":"a158f40a7d21a9608cc24255a2f49fe347f03d9163692c09cfc71944123ac93a","ingress":false,"internal":true,"ipam_config":[{"aux_address":{},"gateway":"172.24.0.1","ip_range":"","subnet":"172.24.0.0/16"}],"ipam_driver":"default","ipam_options":null,"ipv6":false,"labels":[],"name":"industrial_iot_platform_identity_zone","options":{"com.docker.network.enable_ipv4":"true","com.docker.network.enable_ipv6":"false"},"scope":"local"},"sensitive_attributes":[],"private":"eyJzY2hlbWFfdmVyc2lvbiI6IjEifQ=="}]},{"mode":"managed","type":"docker_network","name":"industrial_iot_platform_ingestion_zone","provider":"provider[\"registry.terraform.io/kreuzwerker/docker\"]","instances":[{"schema_version":1,"attributes":{"attachable":false,"check_duplicate":null,"driver":"bridge","id":"31d6de83c3db22dcf205597e1c480f83fca9fb88a624ce4e1d7d2cef99cf0118","ingress":false,"internal":true,"ipam_config":[{"aux_address":{},"gateway":"172.29.0.1","ip_range":"","subnet":"172.29.0.0/16"}],"ipam_driver":"default","ipam_options":null,"ipv6":false,"labels":[],"name":"industrial_iot_platform_ingestion_zone","options":{"com.docker.network.enable_ipv4":"true","com.docker.network.enable_ipv6":"false"},"scope":"local"},"sensitive_attributes":[],"private":"eyJzY2hlbWFfdmVyc2lvbiI6IjEifQ=="}]},{"mode":"managed","type":"docker_network","name":"industrial_iot_platform_ops_zone","provider":"provider[\"registry.terraform.io/kreuzwerker/docker\"]","instances":[{"schema_version":1,"attributes":{"attachable":false,"check_duplicate":null,"driver":"bridge","id":"51bbad1be294e29d848c9efefe314041e6a927abd5c7b8f4f107326d21ef7462","ingress":false,"internal":true,"ipam_config":[{"aux_address":{},"gateway":"172.30.0.1","ip_range":"","subnet":"172.30.0.0/16"}],"ipam_driver":"default","ipam_options":null,"ipv6":false,"labels":[],"name":"industrial_iot_platform_ops_zone","options":{"com.docker.network.enable_ipv4":"true","com.docker.network.enable_ipv6":"false"},"scope":"local"},"sensitive_attributes":[],"private":"eyJzY2hlbWFfdmVyc2lvbiI6IjEifQ=="}]}],"check_results":null}
