{"version":4,"terraform_version":"1.11.5","serial":4,"lineage":"1dfdd8fe-44e8-e636-38f7-4b50d282722f","outputs":{},"resources":[{"mode":"managed","type":"docker_container","name":"hn_admin_console","provider":"provider[\"registry.terraform.io/kreuzwerker/docker\"]","instances":[{"schema_version":2,"attributes":{"attach":false,"bridge":"","capabilities":[],"cgroup_parent":null,"cgroupns_mode":null,"command":["neo4j"],"container_logs":null,"container_read_refresh_timeout_milliseconds":15000,"cpu_period":null,"cpu_quota":null,"cpu_set":"","cpu_shares":0,"cpus":null,"destroy_grace_seconds":null,"devices":[],"dns":null,"dns_opts":null,"dns_search":null,"domainname":"","entrypoint":["tini","-g","--","/startup/docker-entrypoint.sh"],"env":["NEO4J_AUTH=neo4j/weakpassword"],"exit_code":null,"gpus":null,"group_add":null,"healthcheck":[{"interval":"30s","retries":3,"start_interval":"0s","start_period":"30s","test":["CMD","cypher-shell","-u","neo4j","-p","admin123","RETURN 1"],"timeout":"10s"}],"host":[],"hostname":"adminconsole.internal.corporate_internal_directory","id":"a80a581bfffe0d11b8dd80475f605171097d4567a4419c3d580baf6edd3957b2","image":"sha256:d9e2fb1ba398536e50d22ebc3d5d585baa086c1c0cf8e5b96bdc9e11e87e002a","init":false,"ipc_mode":"private","labels":[{"label":"honeynet.managed","value":"true"},{"label":"honeynet.project","value":"corporate_internal_directory"}],"log_driver":"json-file","log_opts":null,"logs":false,"max_retry_count":0,"memory":0,"memory_swap":0,"mounts":[],"must_run":true,"name":"hn_admin_console","network_data":[{"gateway":"","global_ipv6_address":"","global_ipv6_prefix_length":0,"ip_address":"172.25.0.5","ip_prefix_length":16,"ipv6_gateway":"","mac_address":"6e:4e:e4:f9:1a:96","network_name":"corporate_internal_directory_internal_zone"}],"network_mode":"bridge","networks_advanced":[{"aliases":["admin_console"],"ipv4_address":"","ipv6_address":"","name":"corporate_internal_directory_internal_zone"}],"pid_mode":"","ports":[],"privileged":false,"publish_all_ports":false,"read_only":false,"remove_volumes":true,"restart":"no","rm":false,"runtime":"runc","security_opts":[],"shm_size":64,"start":true,"stdin_open":false,"stop_signal":"","stop_timeout":1,"storage_opts":null,"sysctls":null,"tmpfs":null,"tty":false,"ulimit":[],"upload":[],"user":"","userns_mode":"","volumes":[],"wait":false,"wait_timeout":60,"working_dir":"/var/lib/neo4j"},"sensitive_attributes":[],"private":"eyJzY2hlbWFfdmVyc2lvbiI6IjIifQ==","dependencies":["docker_container.hn_ldap_service","docker_image.hn_admin_console","docker_image.hn_ldap_service","docker_network.corporate_internal_directory_internal_zone"]}]},{"mode":"managed","type":"docker_container","name":"hn_auth_proxy","provider":"provider[\"registry.terraform.io/kreuzwerker/docker\"]","instances":[{"schema_version":2,"attributes":{"attach":false,"bridge":"","capabilities":[],"cgroup_parent":null,"cgroupns_mode":null,"command":["nginx","-g","daemon off;"],"container_logs":null,"container_read_refresh_timeout_milliseconds":15000,"cpu_period":null,"cpu_quota":null,"cpu_set":"","cpu_shares":0,"cpus":null,"destroy_grace_seconds":null,"devices":[],"dns":null,"dns_opts":null,"dns_search":null,"domainname":"","entrypoint":["/docker-entrypoint.sh"],"env":[],"exit_code":null,"gpus":null,"group_add":null,"healthcheck":[{"interval":"30s","retries":3,"start_interval":"0s","start_period":"30s","test":["CMD-SHELL","curl -sf http://localhost:80 || wget -qO- http://localhost:80 || true"],"timeout":"10s"}],"host":[],"hostname":"authproxy.dmz.corporate_internal_directory","id":"48b46ff58623c3102c49055922ba46cc397fbd40ac84e5f75cce81a890a4e6bb","image":"sha256:516475cc129da42866742567714ddc681e5eed7b9ee0b9e9c015e464b4221a00","init":false,"ipc_mode":"private","labels":[{"label":"honeynet.managed","value":"true"},{"label":"honeynet.project","value":"corporate_internal_directory"}],"log_driver":"json-file","log_opts":null,"logs":false,"max_retry_count":0,"memory":0,"memory_swap":0,"mounts":[],"must_run":true,"name":"hn_auth_proxy","network_data":[{"gateway":"172.24.0.1","global_ipv6_address":"","global_ipv6_prefix_length":0,"ip_address":"172.24.0.2","ip_prefix_length":16,"ipv6_gateway":"","mac_address":"22:a5:87:4a:fc:56","network_name":"corporate_internal_directory_dmz_zone"},{"gateway":"","global_ipv6_address":"","global_ipv6_prefix_length":0,"ip_address":"172.25.0.6","ip_prefix_length":16,"ipv6_gateway":"","mac_address":"66:af:a8:f0:05:55","network_name":"corporate_internal_directory_internal_zone"}],"network_mode":"bridge","networks_advanced":[{"aliases":["auth_proxy"],"ipv4_address":"","ipv6_address":"","name":"corporate_internal_directory_dmz_zone"},{"aliases":["auth_proxy"],"ipv4_address":"","ipv6_address":"","name":"corporate_internal_directory_internal_zone"}],"pid_mode":"","ports":[{"external":1026,"internal":80,"ip":"0.0.0.0","protocol":"tcp"}],"privileged":false,"publish_all_ports":false,"read_only":false,"remove_volumes":true,"restart":"no","rm":false,"runtime":"runc","security_opts":[],"shm_size":64,"start":true,"stdin_open":false,"stop_signal":"SIGQUIT","stop_timeout":1,"storage_opts":null,"sysctls":null,"tmpfs":null,"tty":false,"ulimit":[],"upload":[],"user":"","userns_mode":"","volumes":[],"wait":false,"wait_timeout":60,"working_dir":""},"sensitive_attributes":[],"private":"eyJzY2hlbWFfdmVyc2lvbiI6IjIifQ==","dependencies":["docker_container.hn_ldap_service","docker_image.hn_auth_proxy","docker_image.hn_ldap_service","docker_network.corporate_internal_directory_dmz_zone","docker_network.corporate_internal_directory_internal_zone"]}]},{"mode":"managed","type":"docker_container","name":"hn_ldap_service","provider":"provider[\"registry.terraform.io/kreuzwerker/docker\"]","instances":[{"schema_version":2,"attributes":{"attach":false,"bridge":"","capabilities":[],"cgroup_parent":null,"cgroupns_mode":null,"command":[],"container_logs":null,"container_read_refresh_timeout_milliseconds":15000,"cpu_period":null,"cpu_quota":null,"cpu_set":"","cpu_shares":0,"cpus":null,"destroy_grace_seconds":null,"devices":[],"dns":null,"dns_opts":null,"dns_search":null,"domainname":"","entrypoint":["/container/tool/run"],"env":[],"exit_code":null,"gpus":null,"group_add":null,"healthcheck":[{"interval":"30s","retries":3,"start_interval":"0s","start_period":"30s","test":["CMD-SHELL","nc -z localhost 389 || (echo \u003e /dev/tcp/localhost/389) 2\u003e/dev/null || true"],"timeout":"10s"}],"host":[],"hostname":"ldap01.internal.corporate_internal_directory","id":"4d689cba441eefb3c116cc626a3d5d5d78f35243da8a6eb165cf56631f8a159a","image":"sha256:18742e9c449c9c1afe129d3f2f3ee15fb34cc43e5f940a20f3399728f41d7c28","init":false,"ipc_mode":"private","labels":[{"label":"honeynet.managed","value":"true"},{"label":"honeynet.project","value":"corporate_internal_directory"}],"log_driver":"json-file","log_opts":null,"logs":false,"max_retry_count":0,"memory":0,"memory_swap":0,"mounts":[],"must_run":true,"name":"hn_ldap_service","network_data":[{"gateway":"","global_ipv6_address":"","global_ipv6_prefix_length":0,"ip_address":"172.25.0.2","ip_prefix_length":16,"ipv6_gateway":"","mac_address":"ae:41:d8:55:31:20","network_name":"corporate_internal_directory_internal_zone"}],"network_mode":"bridge","networks_advanced":[{"aliases":["ldap_service"],"ipv4_address":"","ipv6_address":"","name":"corporate_internal_directory_internal_zone"}],"pid_mode":"","ports":[],"privileged":false,"publish_all_ports":false,"read_only":false,"remove_volumes":true,"restart":"no","rm":false,"runtime":"runc","security_opts":[],"shm_size":64,"start":true,"stdin_open":false,"stop_signal":"","stop_timeout":1,"storage_opts":null,"sysctls":null,"tmpfs":null,"tty":false,"ulimit":[],"upload":[],"user":"","userns_mode":"","volumes":[],"wait":false,"wait_timeout":60,"working_dir":""},"sensitive_attributes":[],"private":"eyJzY2hlbWFfdmVyc2lvbiI6IjIifQ==","dependencies":["docker_image.hn_ldap_service","docker_network.corporate_internal_directory_internal_zone"]}]},{"mode":"managed","type":"docker_container","name":"hn_monitoring_service","provider":"provider[\"registry.terraform.io/kreuzwerker/docker\"]","instances":[{"schema_version":2,"attributes":{"attach":false,"bridge":"","capabilities":[],"cgroup_parent":null,"cgroupns_mode":null,"command":["caddy","run","--config","/etc/caddy/Caddyfile","--adapter","caddyfile"],"container_logs":null,"container_read_refresh_timeout_milliseconds":15000,"cpu_period":null,"cpu_quota":null,"cpu_set":"","cpu_shares":0,"cpus":null,"destroy_grace_seconds":null,"devices":[],"dns":null,"dns_opts":null,"dns_search":null,"domainname":"","entrypoint":[],"env":[],"exit_code":null,"gpus":null,"group_add":null,"healthcheck":[{"interval":"30s","retries":3,"start_interval":"0s","start_period":"30s","test":["CMD-SHELL","nc -z localhost 80 || (echo \u003e /dev/tcp/localhost/80) 2\u003e/dev/null || true"],"timeout":"10s"}],"host":[],"hostname":"monitor.internal.corporate_internal_directory","id":"a4e3734fbeb70b98aea6e26e6944a70b0db19b0a589757d93fd406ed4f44558b","image":"sha256:1e40b251ca9639ead7b5cd2cedcc8765adfbabb99450fe23f130eefabf50f4bc","init":false,"ipc_mode":"private","labels":[{"label":"honeynet.managed","value":"true"},{"label":"honeynet.project","value":"corporate_internal_directory"}],"log_driver":"json-file","log_opts":null,"logs":false,"max_retry_count":0,"memory":0,"memory_swap":0,"mounts":[],"must_run":true,"name":"hn_monitoring_service","network_data":[{"gateway":"","global_ipv6_address":"","global_ipv6_prefix_length":0,"ip_address":"172.25.0.4","ip_prefix_length":16,"ipv6_gateway":"","mac_address":"22:b9:31:a1:f2:98","network_name":"corporate_internal_directory_internal_zone"}],"network_mode":"bridge","networks_advanced":[{"aliases":["monitoring_service"],"ipv4_address":"","ipv6_address":"","name":"corporate_internal_directory_internal_zone"}],"pid_mode":"","ports":[],"privileged":false,"publish_all_ports":false,"read_only":false,"remove_volumes":true,"restart":"no","rm":false,"runtime":"runc","security_opts":[],"shm_size":64,"start":true,"stdin_open":false,"stop_signal":"","stop_timeout":1,"storage_opts":null,"sysctls":null,"tmpfs":null,"tty":false,"ulimit":[],"upload":[],"user":"","userns_mode":"","volumes":[],"wait":false,"wait_timeout":60,"working_dir":"/srv"},"sensitive_attributes":[],"private":"eyJzY2hlbWFfdmVyc2lvbiI6IjIifQ==","dependencies":["docker_container.hn_ldap_service","docker_image.hn_ldap_service","docker_image.hn_monitoring_service","docker_network.corporate_internal_directory_internal_zone"]}]},{"mode":"managed","type":"docker_container","name":"hn_pgadmin","provider":"provider[\"registry.terraform.io/kreuzwerker/docker\"]","instances":[{"schema_version":2,"attributes":{"attach":false,"bridge":"","capabilities":[],"cgroup_parent":null,"cgroupns_mode":null,"command":[],"container_logs":null,"container_read_refresh_timeout_milliseconds":15000,"cpu_period":null,"cpu_quota":null,"cpu_set":"","cpu_shares":0,"cpus":null,"destroy_grace_seconds":null,"devices":[],"dns":null,"dns_opts":null,"dns_search":null,"domainname":"","entrypoint":["/entrypoint.sh"],"env":["PGADMIN_DEFAULT_EMAIL=admin@example.com","PGADMIN_DEFAULT_PASSWORD=weakpassword"],"exit_code":null,"gpus":null,"group_add":null,"healthcheck":[{"interval":"30s","retries":3,"start_interval":"0s","start_period":"30s","test":["CMD-SHELL","curl -sf http://localhost/ || wget -qO- http://localhost/ || true"],"timeout":"10s"}],"host":[],"hostname":"pgadmin.internal.corporate_internal_directory","id":"8682d107a8f32fac8fac949787dc3f423827ac93f5b20844ebba0df81ecbb885","image":"sha256:d914d35dc1a5cf86f65c29d44451c05b73e283529e19ffcc25f45f939c579bd9","init":false,"ipc_mode":"private","labels":[{"label":"honeynet.managed","value":"true"},{"label":"honeynet.project","value":"corporate_internal_directory"}],"log_driver":"json-file","log_opts":null,"logs":false,"max_retry_count":0,"memory":0,"memory_swap":0,"mounts":[],"must_run":true,"name":"hn_pgadmin","network_data":[{"gateway":"","global_ipv6_address":"","global_ipv6_prefix_length":0,"ip_address":"172.25.0.3","ip_prefix_length":16,"ipv6_gateway":"","mac_address":"f2:37:58:31:d8:e6","network_name":"corporate_internal_directory_internal_zone"}],"network_mode":"bridge","networks_advanced":[{"aliases":["pgadmin"],"ipv4_address":"","ipv6_address":"","name":"corporate_internal_directory_internal_zone"}],"pid_mode":"","ports":[],"privileged":false,"publish_all_ports":false,"read_only":false,"remove_volumes":true,"restart":"no","rm":false,"runtime":"runc","security_opts":[],"shm_size":64,"start":true,"stdin_open":false,"stop_signal":"","stop_timeout":1,"storage_opts":null,"sysctls":null,"tmpfs":null,"tty":false,"ulimit":[],"upload":[],"user":"pgadmin","userns_mode":"","volumes":[],"wait":false,"wait_timeout":60,"working_dir":"/pgadmin4"},"sensitive_attributes":[],"private":"eyJzY2hlbWFfdmVyc2lvbiI6IjIifQ==","dependencies":["docker_container.hn_ldap_service","docker_image.hn_ldap_service","docker_image.hn_pgadmin","docker_network.corporate_internal_directory_internal_zone"]}]},{"mode":"managed","type":"docker_container","name":"hn_reverse_proxy","provider":"provider[\"registry.terraform.io/kreuzwerker/docker\"]","instances":[{"schema_version":2,"attributes":{"attach":false,"bridge":"","capabilities":[],"cgroup_parent":null,"cgroupns_mode":null,"command":["httpd-foreground"],"container_logs":null,"container_read_refresh_timeout_milliseconds":15000,"cpu_period":null,"cpu_quota":null,"cpu_set":"","cpu_shares":0,"cpus":null,"destroy_grace_seconds":null,"devices":[],"dns":null,"dns_opts":null,"dns_search":null,"domainname":"","entrypoint":[],"env":["HTTPD_PATCHES=none"],"exit_code":null,"gpus":null,"group_add":null,"healthcheck":[{"interval":"30s","retries":3,"start_interval":"0s","start_period":"30s","test":["CMD-SHELL","curl -sf http://localhost:80 || wget -qO- http://localhost:80 || true"],"timeout":"10s"}],"host":[],"hostname":"reverseproxy.dmz.corporate_internal_directory","id":"1b8264fb5c7c3b2c42cd0dee01828d585f26f443e7c3beaa178055e53dcb0693","image":"sha256:331548c5249bdeced0f048bc2fb8c6b6427d2ec6508bed9c1fec6c57d0b27a60","init":false,"ipc_mode":"private","labels":[{"label":"honeynet.managed","value":"true"},{"label":"honeynet.project","value":"corporate_internal_directory"}],"log_driver":"json-file","log_opts":null,"logs":false,"max_retry_count":0,"memory":0,"memory_swap":0,"mounts":[],"must_run":true,"name":"hn_reverse_proxy","network_data":[{"gateway":"172.24.0.1","global_ipv6_address":"","global_ipv6_prefix_length":0,"ip_address":"172.24.0.3","ip_prefix_length":16,"ipv6_gateway":"","mac_address":"0e:98:19:f5:85:ad","network_name":"corporate_internal_directory_dmz_zone"}],"network_mode":"bridge","networks_advanced":[{"aliases":["reverse_proxy"],"ipv4_address":"","ipv6_address":"","name":"corporate_internal_directory_dmz_zone"}],"pid_mode":"","ports":[{"external":1027,"internal":80,"ip":"0.0.0.0","protocol":"tcp"}],"privileged":false,"publish_all_ports":false,"read_only":false,"remove_volumes":true,"restart":"no","rm":false,"runtime":"runc","security_opts":[],"shm_size":64,"start":true,"stdin_open":false,"stop_signal":"SIGWINCH","stop_timeout":1,"storage_opts":null,"sysctls":null,"tmpfs":null,"tty":false,"ulimit":[],"upload":[],"user":"","userns_mode":"","volumes":[],"wait":false,"wait_timeout":60,"working_dir":"/usr/local/apache2"},"sensitive_attributes":[],"private":"eyJzY2hlbWFfdmVyc2lvbiI6IjIifQ==","dependencies":["docker_container.hn_auth_proxy","docker_container.hn_ldap_service","docker_image.hn_auth_proxy","docker_image.hn_ldap_service","docker_image.hn_reverse_proxy","docker_network.corporate_internal_directory_dmz_zone","docker_network.corporate_internal_directory_internal_zone"]}]},{"mode":"managed","type":"docker_image","name":"hn_admin_console","provider":"provider[\"registry.terraform.io/kreuzwerker/docker\"]","instances":[{"schema_version":0,"attributes":{"build":[],"force_remove":null,"id":"sha256:d9e2fb1ba398536e50d22ebc3d5d585baa086c1c0cf8e5b96bdc9e11e87e002aneo4j@sha256:d9e2fb1ba398536e50d22ebc3d5d585baa086c1c0cf8e5b96bdc9e11e87e002a","image_id":"sha256:d9e2fb1ba398536e50d22ebc3d5d585baa086c1c0cf8e5b96bdc9e11e87e002a","keep_locally":true,"name":"neo4j@sha256:d9e2fb1ba398536e50d22ebc3d5d585baa086c1c0cf8e5b96bdc9e11e87e002a","platform":null,"pull_triggers":null,"repo_digest":"neo4j@sha256:d9e2fb1ba398536e50d22ebc3d5d585baa086c1c0cf8e5b96bdc9e11e87e002a","timeouts":null,"triggers":null},"sensitive_attributes":[],"private":"eyJlMmJmYjczMC1lY2FhLTExZTYtOGY4OC0zNDM2M2JjN2M0YzAiOnsiY3JlYXRlIjoxMjAwMDAwMDAwMDAwLCJkZWxldGUiOjEyMDAwMDAwMDAwMDAsInVwZGF0ZSI6MTIwMDAwMDAwMDAwMH19"}]},{"mode":"managed","type":"docker_image","name":"hn_auth_proxy","provider":"provider[\"registry.terraform.io/kreuzwerker/docker\"]","instances":[{"schema_version":0,"attributes":{"build":[],"force_remove":null,"id":"sha256:516475cc129da42866742567714ddc681e5eed7b9ee0b9e9c015e464b4221a00nginx@sha256:516475cc129da42866742567714ddc681e5eed7b9ee0b9e9c015e464b4221a00","image_id":"sha256:516475cc129da42866742567714ddc681e5eed7b9ee0b9e9c015e464b4221a00","keep_locally":true,"name":"nginx@sha256:516475cc129da42866742567714ddc681e5eed7b9ee0b9e9c015e464b4221a00","platform":null,"pull_triggers":null,"repo_digest":"nginx@sha256:516475cc129da42866742567714ddc681e5eed7b9ee0b9e9c015e464b4221a00","timeouts":null,"triggers":null},"sensitive_attributes":[],"private":"eyJlMmJmYjczMC1lY2FhLTExZTYtOGY4OC0zNDM2M2JjN2M0YzAiOnsiY3JlYXRlIjoxMjAwMDAwMDAwMDAwLCJkZWxldGUiOjEyMDAwMDAwMDAwMDAsInVwZGF0ZSI6MTIwMDAwMDAwMDAwMH19"}]},{"mode":"managed","type":"docker_image","name":"hn_ldap_service","provider":"provider[\"registry.terraform.io/kreuzwerker/docker\"]","instances":[{"schema_version":0,"attributes":{"build":[],"force_remove":null,"id":"sha256:18742e9c449c9c1afe129d3f2f3ee15fb34cc43e5f940a20f3399728f41d7c28osixia/openldap@sha256:18742e9c449c9c1afe129d3f2f3ee15fb34cc43e5f940a20f3399728f41d7c28","image_id":"sha256:18742e9c449c9c1afe129d3f2f3ee15fb34cc43e5f940a20f3399728f41d7c28","keep_locally":true,"name":"osixia/openldap@sha256:18742e9c449c9c1afe129d3f2f3ee15fb34cc43e5f940a20f3399728f41d7c28","platform":null,"pull_triggers":null,"repo_digest":"osixia/openldap@sha256:18742e9c449c9c1afe129d3f2f3ee15fb34cc43e5f940a20f3399728f41d7c28","timeouts":null,"triggers":null},"sensitive_attributes":[],"private":"eyJlMmJmYjczMC1lY2FhLTExZTYtOGY4OC0zNDM2M2JjN2M0YzAiOnsiY3JlYXRlIjoxMjAwMDAwMDAwMDAwLCJkZWxldGUiOjEyMDAwMDAwMDAwMDAsInVwZGF0ZSI6MTIwMDAwMDAwMDAwMH19"}]},{"mode":"managed","type":"docker_image","name":"hn_monitoring_service","provider":"provider[\"registry.terraform.io/kreuzwerker/docker\"]","instances":[{"schema_version":0,"attributes":{"build":[],"force_remove":null,"id":"sha256:1e40b251ca9639ead7b5cd2cedcc8765adfbabb99450fe23f130eefabf50f4bccaddy@sha256:1e40b251ca9639ead7b5cd2cedcc8765adfbabb99450fe23f130eefabf50f4bc","image_id":"sha256:1e40b251ca9639ead7b5cd2cedcc8765adfbabb99450fe23f130eefabf50f4bc","keep_locally":true,"name":"caddy@sha256:1e40b251ca9639ead7b5cd2cedcc8765adfbabb99450fe23f130eefabf50f4bc","platform":null,"pull_triggers":null,"repo_digest":"caddy@sha256:1e40b251ca9639ead7b5cd2cedcc8765adfbabb99450fe23f130eefabf50f4bc","timeouts":null,"triggers":null},"sensitive_attributes":[],"private":"eyJlMmJmYjczMC1lY2FhLTExZTYtOGY4OC0zNDM2M2JjN2M0YzAiOnsiY3JlYXRlIjoxMjAwMDAwMDAwMDAwLCJkZWxldGUiOjEyMDAwMDAwMDAwMDAsInVwZGF0ZSI6MTIwMDAwMDAwMDAwMH19"}]},{"mode":"managed","type":"docker_image","name":"hn_pgadmin","provider":"provider[\"registry.terraform.io/kreuzwerker/docker\"]","instances":[{"schema_version":0,"attributes":{"build":[],"force_remove":null,"id":"sha256:d914d35dc1a5cf86f65c29d44451c05b73e283529e19ffcc25f45f939c579bd9dpage/pgadmin4@sha256:d914d35dc1a5cf86f65c29d44451c05b73e283529e19ffcc25f45f939c579bd9","image_id":"sha256:d914d35dc1a5cf86f65c29d44451c05b73e283529e19ffcc25f45f939c579bd9","keep_locally":true,"name":"dpage/pgadmin4@sha256:d914d35dc1a5cf86f65c29d44451c05b73e283529e19ffcc25f45f939c579bd9","platform":null,"pull_triggers":null,"repo_digest":"dpage/pgadmin4@sha256:d914d35dc1a5cf86f65c29d44451c05b73e283529e19ffcc25f45f939c579bd9","timeouts":null,"triggers":null},"sensitive_attributes":[],"private":"eyJlMmJmYjczMC1lY2FhLTExZTYtOGY4OC0zNDM2M2JjN2M0YzAiOnsiY3JlYXRlIjoxMjAwMDAwMDAwMDAwLCJkZWxldGUiOjEyMDAwMDAwMDAwMDAsInVwZGF0ZSI6MTIwMDAwMDAwMDAwMH19"}]},{"mode":"managed","type":"docker_image","name":"hn_reverse_proxy","provider":"provider[\"registry.terraform.io/kreuzwerker/docker\"]","instances":[{"schema_version":0,"attributes":{"build":[],"force_remove":null,"id":"sha256:331548c5249bdeced0f048bc2fb8c6b6427d2ec6508bed9c1fec6c57d0b27a60httpd@sha256:331548c5249bdeced0f048bc2fb8c6b6427d2ec6508bed9c1fec6c57d0b27a60","image_id":"sha256:331548c5249bdeced0f048bc2fb8c6b6427d2ec6508bed9c1fec6c57d0b27a60","keep_locally":true,"name":"httpd@sha256:331548c5249bdeced0f048bc2fb8c6b6427d2ec6508bed9c1fec6c57d0b27a60","platform":null,"pull_triggers":null,"repo_digest":"httpd@sha256:331548c5249bdeced0f048bc2fb8c6b6427d2ec6508bed9c1fec6c57d0b27a60","timeouts":null,"triggers":null},"sensitive_attributes":[],"private":"eyJlMmJmYjczMC1lY2FhLTExZTYtOGY4OC0zNDM2M2JjN2M0YzAiOnsiY3JlYXRlIjoxMjAwMDAwMDAwMDAwLCJkZWxldGUiOjEyMDAwMDAwMDAwMDAsInVwZGF0ZSI6MTIwMDAwMDAwMDAwMH19"}]},{"mode":"managed","type":"docker_network","name":"corporate_internal_directory_dmz_zone","provider":"provider[\"registry.terraform.io/kreuzwerker/docker\"]","instances":[{"schema_version":1,"attributes":{"attachable":false,"check_duplicate":null,"driver":"bridge","id":"18bcbd53f0ff3c2593d71c924410b799006169715e76899abaed46baf4224767","ingress":false,"internal":false,"ipam_config":[{"aux_address":{},"gateway":"172.24.0.1","ip_range":"","subnet":"172.24.0.0/16"}],"ipam_driver":"default","ipam_options":null,"ipv6":false,"labels":[],"name":"corporate_internal_directory_dmz_zone","options":{"com.docker.network.enable_ipv4":"true","com.docker.network.enable_ipv6":"false"},"scope":"local"},"sensitive_attributes":[],"private":"eyJzY2hlbWFfdmVyc2lvbiI6IjEifQ=="}]},{"mode":"managed","type":"docker_network","name":"corporate_internal_directory_honeynet_backbone","provider":"provider[\"registry.terraform.io/kreuzwerker/docker\"]","instances":[{"schema_version":1,"attributes":{"attachable":false,"check_duplicate":null,"driver":"bridge","id":"3a81a858c5430a0ab839418e319474d07fbdd572f604d13db6c3f6147e8a58a5","ingress":false,"internal":false,"ipam_config":[{"aux_address":{},"gateway":"172.26.0.1","ip_range":"","subnet":"172.26.0.0/16"}],"ipam_driver":"default","ipam_options":null,"ipv6":false,"labels":[],"name":"corporate_internal_directory_honeynet_backbone","options":{"com.docker.network.enable_ipv4":"true","com.docker.network.enable_ipv6":"false"},"scope":"local"},"sensitive_attributes":[],"private":"eyJzY2hlbWFfdmVyc2lvbiI6IjEifQ=="}]},{"mode":"managed","type":"docker_network","name":"corporate_internal_directory_internal_zone","provider":"provider[\"registry.terraform.io/kreuzwerker/docker\"]","instances":[{"schema_version":1,"attributes":{"attachable":false,"check_duplicate":null,"driver":"bridge","id":"683f1b9dbe1c247ccb3a66edc83c63536c989eb22be6ef9e8c94f56c25daa9f8","ingress":false,"internal":true,"ipam_config":[{"aux_address":{},"gateway":"172.25.0.1","ip_range":"","subnet":"172.25.0.0/16"}],"ipam_driver":"default","ipam_options":null,"ipv6":false,"labels":[],"name":"corporate_internal_directory_internal_zone","options":{"com.docker.network.enable_ipv4":"true","com.docker.network.enable_ipv6":"false"},"scope":"local"},"sensitive_attributes":[],"private":"eyJzY2hlbWFfdmVyc2lvbiI6IjEifQ=="}]}],"check_results":null}
