{"version":4,"terraform_version":"1.11.5","serial":3,"lineage":"707bbda6-b81d-b447-b1ac-7e85aca30eab","outputs":{},"resources":[{"mode":"managed","type":"docker_container","name":"hn_admin_panel","provider":"provider[\"registry.terraform.io/kreuzwerker/docker\"]","instances":[{"schema_version":2,"attributes":{"attach":false,"bridge":"","capabilities":[],"cgroup_parent":null,"cgroupns_mode":null,"command":["nginx","-g","daemon off;"],"container_logs":null,"container_read_refresh_timeout_milliseconds":15000,"cpu_period":null,"cpu_quota":null,"cpu_set":"","cpu_shares":0,"cpus":null,"destroy_grace_seconds":null,"devices":[],"dns":null,"dns_opts":null,"dns_search":null,"domainname":"","entrypoint":["/docker-entrypoint.sh"],"env":[],"exit_code":null,"gpus":null,"group_add":null,"healthcheck":[{"interval":"30s","retries":3,"start_interval":"0s","start_period":"30s","test":["CMD-SHELL","curl -sf http://localhost/ || wget -qO- http://localhost/ || true"],"timeout":"10s"}],"host":[],"hostname":"admin.corporate_email_infrastructure.com","id":"f2c6605461b6671257a9b5aa42d21f8f74a18b1ec21cc435daa1d878fde06f1f","image":"sha256:516475cc129da42866742567714ddc681e5eed7b9ee0b9e9c015e464b4221a00","init":false,"ipc_mode":"private","labels":[{"label":"honeynet.managed","value":"true"},{"label":"honeynet.project","value":"corporate_email_infrastructure"}],"log_driver":"json-file","log_opts":null,"logs":false,"max_retry_count":0,"memory":0,"memory_swap":0,"mounts":[],"must_run":true,"name":"hn_admin_panel","network_data":[{"gateway":"","global_ipv6_address":"","global_ipv6_prefix_length":0,"ip_address":"172.27.0.12","ip_prefix_length":16,"ipv6_gateway":"","mac_address":"62:b6:8a:31:29:83","network_name":"corporate_email_infrastructure_internal_zone"},{"gateway":"172.25.0.1","global_ipv6_address":"","global_ipv6_prefix_length":0,"ip_address":"172.25.0.3","ip_prefix_length":16,"ipv6_gateway":"","mac_address":"96:08:f7:7f:10:12","network_name":"corporate_email_infrastructure_public_zone"}],"network_mode":"bridge","networks_advanced":[{"aliases":["admin_panel"],"ipv4_address":"","ipv6_address":"","name":"corporate_email_infrastructure_internal_zone"},{"aliases":["admin_panel"],"ipv4_address":"","ipv6_address":"","name":"corporate_email_infrastructure_public_zone"}],"pid_mode":"","ports":[{"external":1027,"internal":80,"ip":"0.0.0.0","protocol":"tcp"}],"privileged":false,"publish_all_ports":false,"read_only":false,"remove_volumes":true,"restart":"no","rm":false,"runtime":"runc","security_opts":[],"shm_size":64,"start":true,"stdin_open":false,"stop_signal":"SIGQUIT","stop_timeout":1,"storage_opts":null,"sysctls":null,"tmpfs":null,"tty":false,"ulimit":[],"upload":[],"user":"","userns_mode":"","volumes":[],"wait":false,"wait_timeout":60,"working_dir":""},"sensitive_attributes":[],"private":"eyJzY2hlbWFfdmVyc2lvbiI6IjIifQ==","dependencies":["docker_container.hn_file_storage","docker_container.hn_ldap_directory","docker_container.hn_mail_server","docker_image.hn_admin_panel","docker_image.hn_file_storage","docker_image.hn_ldap_directory","docker_image.hn_mail_server","docker_network.corporate_email_infrastructure_internal_zone","docker_network.corporate_email_infrastructure_public_zone"]}]},{"mode":"managed","type":"docker_container","name":"hn_antispam_filter","provider":"provider[\"registry.terraform.io/kreuzwerker/docker\"]","instances":[{"schema_version":2,"attributes":{"attach":false,"bridge":"","capabilities":[],"cgroup_parent":null,"cgroupns_mode":null,"command":[],"container_logs":null,"container_read_refresh_timeout_milliseconds":15000,"cpu_period":null,"cpu_quota":null,"cpu_set":"","cpu_shares":0,"cpus":null,"destroy_grace_seconds":null,"devices":[],"dns":null,"dns_opts":null,"dns_search":null,"domainname":"","entrypoint":["/entrypoint.sh"],"env":["CLICKHOUSE_PASSWORD=weakpassword"],"exit_code":null,"gpus":null,"group_add":null,"healthcheck":[{"interval":"30s","retries":3,"start_interval":"0s","start_period":"30s","test":["CMD-SHELL","clickhouse-client --query 'SELECT 1'"],"timeout":"10s"}],"host":[],"hostname":"antispam.internal.corporate_email_infrastructure.com","id":"6668aa8f392ae19f4dd563578a4d88baf329aadc4dbabea3369ad9ae4a0664e4","image":"sha256:5d0802b64c09f6d2c6e28123ec4d37226a254e77503bc8b12943dc11722996a5","init":false,"ipc_mode":"private","labels":[{"label":"honeynet.managed","value":"true"},{"label":"honeynet.project","value":"corporate_email_infrastructure"}],"log_driver":"json-file","log_opts":null,"logs":false,"max_retry_count":0,"memory":0,"memory_swap":0,"mounts":[],"must_run":true,"name":"hn_antispam_filter","network_data":[{"gateway":"","global_ipv6_address":"","global_ipv6_prefix_length":0,"ip_address":"172.27.0.10","ip_prefix_length":16,"ipv6_gateway":"","mac_address":"7e:94:25:07:b5:c3","network_name":"corporate_email_infrastructure_internal_zone"}],"network_mode":"bridge","networks_advanced":[{"aliases":["antispam_filter"],"ipv4_address":"","ipv6_address":"","name":"corporate_email_infrastructure_internal_zone"}],"pid_mode":"","ports":[],"privileged":false,"publish_all_ports":false,"read_only":false,"remove_volumes":true,"restart":"no","rm":false,"runtime":"runc","security_opts":[],"shm_size":64,"start":true,"stdin_open":false,"stop_signal":"","stop_timeout":1,"storage_opts":null,"sysctls":null,"tmpfs":null,"tty":false,"ulimit":[],"upload":[],"user":"","userns_mode":"","volumes":[],"wait":false,"wait_timeout":60,"working_dir":""},"sensitive_attributes":[],"private":"eyJzY2hlbWFfdmVyc2lvbiI6IjIifQ==","dependencies":["docker_container.hn_file_storage","docker_container.hn_ldap_directory","docker_container.hn_mail_server","docker_image.hn_antispam_filter","docker_image.hn_file_storage","docker_image.hn_ldap_directory","docker_image.hn_mail_server","docker_network.corporate_email_infrastructure_internal_zone"]}]},{"mode":"managed","type":"docker_container","name":"hn_api_gateway","provider":"provider[\"registry.terraform.io/kreuzwerker/docker\"]","instances":[{"schema_version":2,"attributes":{"attach":false,"bridge":"","capabilities":[],"cgroup_parent":null,"cgroupns_mode":null,"command":["traefik"],"container_logs":null,"container_read_refresh_timeout_milliseconds":15000,"cpu_period":null,"cpu_quota":null,"cpu_set":"","cpu_shares":0,"cpus":null,"destroy_grace_seconds":null,"devices":[],"dns":null,"dns_opts":null,"dns_search":null,"domainname":"","entrypoint":["/entrypoint.sh"],"env":[],"exit_code":null,"gpus":null,"group_add":null,"healthcheck":[{"interval":"30s","retries":3,"start_interval":"0s","start_period":"30s","test":["CMD-SHELL","nc -z localhost 80 || (echo \u003e /dev/tcp/localhost/80) 2\u003e/dev/null || true"],"timeout":"10s"}],"host":[],"hostname":"api.dmz.corporate_email_infrastructure.com","id":"bba58a263377fb5a0799423eaa9d5dc06bc0f72e5d37f8dda75a377f616f25f8","image":"sha256:6341b98aec5ec8969b99e9730f4c5b22cca3103d42b6bbe4b7a3c910758fe565","init":false,"ipc_mode":"private","labels":[{"label":"honeynet.managed","value":"true"},{"label":"honeynet.project","value":"corporate_email_infrastructure"}],"log_driver":"json-file","log_opts":null,"logs":false,"max_retry_count":0,"memory":0,"memory_swap":0,"mounts":[],"must_run":true,"name":"hn_api_gateway","network_data":[{"gateway":"172.24.0.1","global_ipv6_address":"","global_ipv6_prefix_length":0,"ip_address":"172.24.0.2","ip_prefix_length":16,"ipv6_gateway":"","mac_address":"1e:d8:ee:28:a5:9e","network_name":"corporate_email_infrastructure_dmz_zone"},{"gateway":"","global_ipv6_address":"","global_ipv6_prefix_length":0,"ip_address":"172.27.0.9","ip_prefix_length":16,"ipv6_gateway":"","mac_address":"c2:9c:af:63:ab:2d","network_name":"corporate_email_infrastructure_internal_zone"}],"network_mode":"bridge","networks_advanced":[{"aliases":["api_gateway"],"ipv4_address":"","ipv6_address":"","name":"corporate_email_infrastructure_dmz_zone"},{"aliases":["api_gateway"],"ipv4_address":"","ipv6_address":"","name":"corporate_email_infrastructure_internal_zone"}],"pid_mode":"","ports":[{"external":1028,"internal":80,"ip":"0.0.0.0","protocol":"tcp"}],"privileged":false,"publish_all_ports":false,"read_only":false,"remove_volumes":true,"restart":"no","rm":false,"runtime":"runc","security_opts":[],"shm_size":64,"start":true,"stdin_open":false,"stop_signal":"","stop_timeout":1,"storage_opts":null,"sysctls":null,"tmpfs":null,"tty":false,"ulimit":[],"upload":[],"user":"","userns_mode":"","volumes":[],"wait":false,"wait_timeout":60,"working_dir":""},"sensitive_attributes":[],"private":"eyJzY2hlbWFfdmVyc2lvbiI6IjIifQ==","dependencies":["docker_container.hn_calendar_service","docker_container.hn_ldap_directory","docker_image.hn_api_gateway","docker_image.hn_calendar_service","docker_image.hn_ldap_directory","docker_network.corporate_email_infrastructure_dmz_zone","docker_network.corporate_email_infrastructure_internal_zone"]}]},{"mode":"managed","type":"docker_container","name":"hn_calendar_service","provider":"provider[\"registry.terraform.io/kreuzwerker/docker\"]","instances":[{"schema_version":2,"attributes":{"attach":false,"bridge":"","capabilities":[],"cgroup_parent":null,"cgroupns_mode":null,"command":[],"container_logs":null,"container_read_refresh_timeout_milliseconds":15000,"cpu_period":null,"cpu_quota":null,"cpu_set":"","cpu_shares":0,"cpus":null,"destroy_grace_seconds":null,"devices":[],"dns":null,"dns_opts":null,"dns_search":null,"domainname":"","entrypoint":["/container/tool/run"],"env":[],"exit_code":null,"gpus":null,"group_add":null,"healthcheck":[{"interval":"30s","retries":3,"start_interval":"0s","start_period":"30s","test":["CMD-SHELL","nc -z localhost 389 || (echo \u003e /dev/tcp/localhost/389) 2\u003e/dev/null || true"],"timeout":"10s"}],"host":[],"hostname":"calendar.internal.corporate_email_infrastructure.com","id":"5cef01952d344ec492de8c46b49d2997eb61c4e51d911596f2a2b1970b9fa3f4","image":"sha256:18742e9c449c9c1afe129d3f2f3ee15fb34cc43e5f940a20f3399728f41d7c28","init":false,"ipc_mode":"private","labels":[{"label":"honeynet.managed","value":"true"},{"label":"honeynet.project","value":"corporate_email_infrastructure"}],"log_driver":"json-file","log_opts":null,"logs":false,"max_retry_count":0,"memory":0,"memory_swap":0,"mounts":[],"must_run":true,"name":"hn_calendar_service","network_data":[{"gateway":"","global_ipv6_address":"","global_ipv6_prefix_length":0,"ip_address":"172.27.0.6","ip_prefix_length":16,"ipv6_gateway":"","mac_address":"7e:fb:42:4b:29:bd","network_name":"corporate_email_infrastructure_internal_zone"}],"network_mode":"bridge","networks_advanced":[{"aliases":["calendar_service"],"ipv4_address":"","ipv6_address":"","name":"corporate_email_infrastructure_internal_zone"}],"pid_mode":"","ports":[],"privileged":false,"publish_all_ports":false,"read_only":false,"remove_volumes":true,"restart":"no","rm":false,"runtime":"runc","security_opts":[],"shm_size":64,"start":true,"stdin_open":false,"stop_signal":"","stop_timeout":1,"storage_opts":null,"sysctls":null,"tmpfs":null,"tty":false,"ulimit":[],"upload":[],"user":"","userns_mode":"","volumes":[],"wait":false,"wait_timeout":60,"working_dir":""},"sensitive_attributes":[],"private":"eyJzY2hlbWFfdmVyc2lvbiI6IjIifQ==","dependencies":["docker_container.hn_ldap_directory","docker_image.hn_calendar_service","docker_image.hn_ldap_directory","docker_network.corporate_email_infrastructure_internal_zone"]}]},{"mode":"managed","type":"docker_container","name":"hn_file_storage","provider":"provider[\"registry.terraform.io/kreuzwerker/docker\"]","instances":[{"schema_version":2,"attributes":{"attach":false,"bridge":"","capabilities":[],"cgroup_parent":null,"cgroupns_mode":null,"command":[],"container_logs":null,"container_read_refresh_timeout_milliseconds":15000,"cpu_period":null,"cpu_quota":null,"cpu_set":"","cpu_shares":0,"cpus":null,"destroy_grace_seconds":null,"devices":[],"dns":null,"dns_opts":null,"dns_search":null,"domainname":"","entrypoint":["/entrypoint.sh"],"env":["CLICKHOUSE_PASSWORD=weakpassword"],"exit_code":null,"gpus":null,"group_add":null,"healthcheck":[{"interval":"30s","retries":3,"start_interval":"0s","start_period":"30s","test":["CMD-SHELL","clickhouse-client --query 'SELECT 1'"],"timeout":"10s"}],"host":[],"hostname":"filestore.internal.corporate_email_infrastructure.com","id":"13941b12c58e11f5d9d4abb617b71ad0cbe31df3e37646312d7d11d1e423321d","image":"sha256:5d0802b64c09f6d2c6e28123ec4d37226a254e77503bc8b12943dc11722996a5","init":false,"ipc_mode":"private","labels":[{"label":"honeynet.managed","value":"true"},{"label":"honeynet.project","value":"corporate_email_infrastructure"}],"log_driver":"json-file","log_opts":null,"logs":false,"max_retry_count":0,"memory":0,"memory_swap":0,"mounts":[],"must_run":true,"name":"hn_file_storage","network_data":[{"gateway":"","global_ipv6_address":"","global_ipv6_prefix_length":0,"ip_address":"172.27.0.4","ip_prefix_length":16,"ipv6_gateway":"","mac_address":"f2:1a:be:42:b9:c3","network_name":"corporate_email_infrastructure_internal_zone"}],"network_mode":"bridge","networks_advanced":[{"aliases":["file_storage"],"ipv4_address":"","ipv6_address":"","name":"corporate_email_infrastructure_internal_zone"}],"pid_mode":"","ports":[],"privileged":false,"publish_all_ports":false,"read_only":false,"remove_volumes":true,"restart":"no","rm":false,"runtime":"runc","security_opts":[],"shm_size":64,"start":true,"stdin_open":false,"stop_signal":"","stop_timeout":1,"storage_opts":null,"sysctls":null,"tmpfs":null,"tty":false,"ulimit":[],"upload":[],"user":"","userns_mode":"","volumes":[],"wait":false,"wait_timeout":60,"working_dir":""},"sensitive_attributes":[],"private":"eyJzY2hlbWFfdmVyc2lvbiI6IjIifQ==","dependencies":["docker_image.hn_file_storage","docker_network.corporate_email_infrastructure_internal_zone"]}]},{"mode":"managed","type":"docker_container","name":"hn_grafana","provider":"provider[\"registry.terraform.io/kreuzwerker/docker\"]","instances":[{"schema_version":2,"attributes":{"attach":false,"bridge":"","capabilities":[],"cgroup_parent":null,"cgroupns_mode":null,"command":[],"container_logs":null,"container_read_refresh_timeout_milliseconds":15000,"cpu_period":null,"cpu_quota":null,"cpu_set":"","cpu_shares":0,"cpus":null,"destroy_grace_seconds":null,"devices":[],"dns":null,"dns_opts":null,"dns_search":null,"domainname":"","entrypoint":["/run.sh"],"env":["GF_SECURITY_ADMIN_PASSWORD=grafana123"],"exit_code":null,"gpus":null,"group_add":null,"healthcheck":[{"interval":"30s","retries":3,"start_interval":"0s","start_period":"30s","test":["CMD-SHELL","true"],"timeout":"10s"}],"host":[],"hostname":"grafana.internal.corporate_email_infrastructure.com","id":"02cc7ef42b26c5b2ba69b126b47c898e05b2ebf2cee3bbc29de78a36bb7ac963","image":"sha256:e932bd6ed0e026595b08483cd0141e5103e1ab7ff8604839ff899b8dc54cabcb","init":false,"ipc_mode":"private","labels":[{"label":"honeynet.managed","value":"true"},{"label":"honeynet.project","value":"corporate_email_infrastructure"}],"log_driver":"json-file","log_opts":null,"logs":false,"max_retry_count":0,"memory":0,"memory_swap":0,"mounts":[],"must_run":true,"name":"hn_grafana","network_data":[{"gateway":"","global_ipv6_address":"","global_ipv6_prefix_length":0,"ip_address":"172.27.0.15","ip_prefix_length":16,"ipv6_gateway":"","mac_address":"52:d7:6f:b0:bd:f8","network_name":"corporate_email_infrastructure_internal_zone"}],"network_mode":"bridge","networks_advanced":[{"aliases":["grafana"],"ipv4_address":"","ipv6_address":"","name":"corporate_email_infrastructure_internal_zone"}],"pid_mode":"","ports":[],"privileged":false,"publish_all_ports":false,"read_only":false,"remove_volumes":true,"restart":"no","rm":false,"runtime":"runc","security_opts":[],"shm_size":64,"start":true,"stdin_open":false,"stop_signal":"","stop_timeout":1,"storage_opts":null,"sysctls":null,"tmpfs":null,"tty":false,"ulimit":[],"upload":[],"user":"472","userns_mode":"","volumes":[],"wait":false,"wait_timeout":60,"working_dir":"/usr/share/grafana"},"sensitive_attributes":[],"private":"eyJzY2hlbWFfdmVyc2lvbiI6IjIifQ==","dependencies":["docker_container.hn_file_storage","docker_container.hn_ldap_directory","docker_container.hn_mail_server","docker_container.hn_monitoring_service","docker_container.hn_webmail_portal","docker_image.hn_file_storage","docker_image.hn_grafana","docker_image.hn_ldap_directory","docker_image.hn_mail_server","docker_image.hn_monitoring_service","docker_image.hn_webmail_portal","docker_network.corporate_email_infrastructure_internal_zone","docker_network.corporate_email_infrastructure_public_zone"]}]},{"mode":"managed","type":"docker_container","name":"hn_honeypot_admin_panel","provider":"provider[\"registry.terraform.io/kreuzwerker/docker\"]","instances":[{"schema_version":2,"attributes":{"attach":false,"bridge":"","capabilities":[],"cgroup_parent":null,"cgroupns_mode":null,"command":["nginx","-g","daemon off;"],"container_logs":null,"container_read_refresh_timeout_milliseconds":15000,"cpu_period":null,"cpu_quota":null,"cpu_set":"","cpu_shares":0,"cpus":null,"destroy_grace_seconds":null,"devices":[],"dns":null,"dns_opts":null,"dns_search":null,"domainname":"","entrypoint":["/docker-entrypoint.sh"],"env":[],"exit_code":null,"gpus":null,"group_add":null,"healthcheck":[{"interval":"30s","retries":3,"start_interval":"0s","start_period":"30s","test":["CMD-SHELL","curl -sf http://localhost/ || wget -qO- http://localhost/ || true"],"timeout":"10s"}],"host":[],"hostname":"honeypot.admin.corporate_email_infrastructure.com","id":"e0ec37154c07320cc0a035bd2d5ccd1d1fa1eff461486a0bddaada6312af52ee","image":"sha256:516475cc129da42866742567714ddc681e5eed7b9ee0b9e9c015e464b4221a00","init":false,"ipc_mode":"private","labels":[{"label":"honeynet.managed","value":"true"},{"label":"honeynet.project","value":"corporate_email_infrastructure"}],"log_driver":"json-file","log_opts":null,"logs":false,"max_retry_count":0,"memory":0,"memory_swap":0,"mounts":[],"must_run":true,"name":"hn_honeypot_admin_panel","network_data":[{"gateway":"172.25.0.1","global_ipv6_address":"","global_ipv6_prefix_length":0,"ip_address":"172.25.0.2","ip_prefix_length":16,"ipv6_gateway":"","mac_address":"3e:a0:71:20:0f:bd","network_name":"corporate_email_infrastructure_public_zone"}],"network_mode":"bridge","networks_advanced":[{"aliases":["honeypot_admin_panel"],"ipv4_address":"","ipv6_address":"","name":"corporate_email_infrastructure_public_zone"}],"pid_mode":"","ports":[{"external":1029,"internal":80,"ip":"0.0.0.0","protocol":"tcp"}],"privileged":false,"publish_all_ports":false,"read_only":false,"remove_volumes":true,"restart":"no","rm":false,"runtime":"runc","security_opts":[],"shm_size":64,"start":true,"stdin_open":false,"stop_signal":"SIGQUIT","stop_timeout":1,"storage_opts":null,"sysctls":null,"tmpfs":null,"tty":false,"ulimit":[],"upload":[],"user":"","userns_mode":"","volumes":[],"wait":false,"wait_timeout":60,"working_dir":""},"sensitive_attributes":[],"private":"eyJzY2hlbWFfdmVyc2lvbiI6IjIifQ==","dependencies":["docker_image.hn_honeypot_admin_panel","docker_network.corporate_email_infrastructure_public_zone"]}]},{"mode":"managed","type":"docker_container","name":"hn_honeypot_file_storage","provider":"provider[\"registry.terraform.io/kreuzwerker/docker\"]","instances":[{"schema_version":2,"attributes":{"attach":false,"bridge":"","capabilities":[],"cgroup_parent":null,"cgroupns_mode":null,"command":[],"container_logs":null,"container_read_refresh_timeout_milliseconds":15000,"cpu_period":null,"cpu_quota":null,"cpu_set":"","cpu_shares":0,"cpus":null,"destroy_grace_seconds":null,"devices":[],"dns":null,"dns_opts":null,"dns_search":null,"domainname":"","entrypoint":["/portainer"],"env":[],"exit_code":null,"gpus":null,"group_add":null,"healthcheck":[{"interval":"30s","retries":3,"start_interval":"0s","start_period":"30s","test":["CMD-SHELL","curl -sf http://localhost:9000 || wget -qO- http://localhost:9000 || true"],"timeout":"10s"}],"host":[],"hostname":"honeypot.filestore.internal.corporate_email_infrastructure.com","id":"13037da373307988ac885f55f09f87433033e0d10c7c92cccb8364da8f3d4192","image":"sha256:1ae8e65d50ca5498cb2c33e617495a1e3ef245b0d2392b4a44c70ae09b822891","init":false,"ipc_mode":"private","labels":[{"label":"honeynet.managed","value":"true"},{"label":"honeynet.project","value":"corporate_email_infrastructure"}],"log_driver":"json-file","log_opts":null,"logs":false,"max_retry_count":0,"memory":0,"memory_swap":0,"mounts":[],"must_run":true,"name":"hn_honeypot_file_storage","network_data":[{"gateway":"","global_ipv6_address":"","global_ipv6_prefix_length":0,"ip_address":"172.27.0.5","ip_prefix_length":16,"ipv6_gateway":"","mac_address":"3a:43:8e:c4:15:94","network_name":"corporate_email_infrastructure_internal_zone"}],"network_mode":"bridge","networks_advanced":[{"aliases":["honeypot_file_storage"],"ipv4_address":"","ipv6_address":"","name":"corporate_email_infrastructure_internal_zone"}],"pid_mode":"","ports":[],"privileged":false,"publish_all_ports":false,"read_only":false,"remove_volumes":true,"restart":"no","rm":false,"runtime":"runc","security_opts":[],"shm_size":64,"start":true,"stdin_open":false,"stop_signal":"","stop_timeout":1,"storage_opts":null,"sysctls":null,"tmpfs":null,"tty":false,"ulimit":[],"upload":[],"user":"","userns_mode":"","volumes":[],"wait":false,"wait_timeout":60,"working_dir":"/"},"sensitive_attributes":[],"private":"eyJzY2hlbWFfdmVyc2lvbiI6IjIifQ==","dependencies":["docker_image.hn_honeypot_file_storage","docker_network.corporate_email_infrastructure_internal_zone"]}]},{"mode":"managed","type":"docker_container","name":"hn_honeypot_ldap_directory","provider":"provider[\"registry.terraform.io/kreuzwerker/docker\"]","instances":[{"schema_version":2,"attributes":{"attach":false,"bridge":"","capabilities":[],"cgroup_parent":null,"cgroupns_mode":null,"command":[],"container_logs":null,"container_read_refresh_timeout_milliseconds":15000,"cpu_period":null,"cpu_quota":null,"cpu_set":"","cpu_shares":0,"cpus":null,"destroy_grace_seconds":null,"devices":[],"dns":null,"dns_opts":null,"dns_search":null,"domainname":"","entrypoint":["/container/tool/run"],"env":[],"exit_code":null,"gpus":null,"group_add":null,"healthcheck":[{"interval":"30s","retries":3,"start_interval":"0s","start_period":"30s","test":["CMD-SHELL","nc -z localhost 389 || (echo \u003e /dev/tcp/localhost/389) 2\u003e/dev/null || true"],"timeout":"10s"}],"host":[],"hostname":"honeypot.ldap.internal.corporate_email_infrastructure.com","id":"b1a310546ddc4452fb61a557d59f0c9c2cc32b0db5efb0e159a6a0edc2e34fc8","image":"sha256:18742e9c449c9c1afe129d3f2f3ee15fb34cc43e5f940a20f3399728f41d7c28","init":false,"ipc_mode":"private","labels":[{"label":"honeynet.managed","value":"true"},{"label":"honeynet.project","value":"corporate_email_infrastructure"}],"log_driver":"json-file","log_opts":null,"logs":false,"max_retry_count":0,"memory":0,"memory_swap":0,"mounts":[],"must_run":true,"name":"hn_honeypot_ldap_directory","network_data":[{"gateway":"","global_ipv6_address":"","global_ipv6_prefix_length":0,"ip_address":"172.27.0.3","ip_prefix_length":16,"ipv6_gateway":"","mac_address":"76:26:00:f0:ea:eb","network_name":"corporate_email_infrastructure_internal_zone"}],"network_mode":"bridge","networks_advanced":[{"aliases":["honeypot_ldap_directory"],"ipv4_address":"","ipv6_address":"","name":"corporate_email_infrastructure_internal_zone"}],"pid_mode":"","ports":[],"privileged":false,"publish_all_ports":false,"read_only":false,"remove_volumes":true,"restart":"no","rm":false,"runtime":"runc","security_opts":[],"shm_size":64,"start":true,"stdin_open":false,"stop_signal":"","stop_timeout":1,"storage_opts":null,"sysctls":null,"tmpfs":null,"tty":false,"ulimit":[],"upload":[],"user":"","userns_mode":"","volumes":[],"wait":false,"wait_timeout":60,"working_dir":""},"sensitive_attributes":[],"private":"eyJzY2hlbWFfdmVyc2lvbiI6IjIifQ==","dependencies":["docker_image.hn_honeypot_ldap_directory","docker_network.corporate_email_infrastructure_internal_zone"]}]},{"mode":"managed","type":"docker_container","name":"hn_ldap_directory","provider":"provider[\"registry.terraform.io/kreuzwerker/docker\"]","instances":[{"schema_version":2,"attributes":{"attach":false,"bridge":"","capabilities":[],"cgroup_parent":null,"cgroupns_mode":null,"command":[],"container_logs":null,"container_read_refresh_timeout_milliseconds":15000,"cpu_period":null,"cpu_quota":null,"cpu_set":"","cpu_shares":0,"cpus":null,"destroy_grace_seconds":null,"devices":[],"dns":null,"dns_opts":null,"dns_search":null,"domainname":"","entrypoint":["/container/tool/run"],"env":[],"exit_code":null,"gpus":null,"group_add":null,"healthcheck":[{"interval":"30s","retries":3,"start_interval":"0s","start_period":"30s","test":["CMD-SHELL","nc -z localhost 389 || (echo \u003e /dev/tcp/localhost/389) 2\u003e/dev/null || true"],"timeout":"10s"}],"host":[],"hostname":"ldap.internal.corporate_email_infrastructure.com","id":"ab694c86aeaec3bfe509baf637f42cc9bbec52a5d74e12c63f2ee25e1b8a2f96","image":"sha256:18742e9c449c9c1afe129d3f2f3ee15fb34cc43e5f940a20f3399728f41d7c28","init":false,"ipc_mode":"private","labels":[{"label":"honeynet.managed","value":"true"},{"label":"honeynet.project","value":"corporate_email_infrastructure"}],"log_driver":"json-file","log_opts":null,"logs":false,"max_retry_count":0,"memory":0,"memory_swap":0,"mounts":[],"must_run":true,"name":"hn_ldap_directory","network_data":[{"gateway":"","global_ipv6_address":"","global_ipv6_prefix_length":0,"ip_address":"172.27.0.2","ip_prefix_length":16,"ipv6_gateway":"","mac_address":"fa:d2:b0:e0:c0:08","network_name":"corporate_email_infrastructure_internal_zone"}],"network_mode":"bridge","networks_advanced":[{"aliases":["ldap_directory"],"ipv4_address":"","ipv6_address":"","name":"corporate_email_infrastructure_internal_zone"}],"pid_mode":"","ports":[],"privileged":false,"publish_all_ports":false,"read_only":false,"remove_volumes":true,"restart":"no","rm":false,"runtime":"runc","security_opts":[],"shm_size":64,"start":true,"stdin_open":false,"stop_signal":"","stop_timeout":1,"storage_opts":null,"sysctls":null,"tmpfs":null,"tty":false,"ulimit":[],"upload":[],"user":"","userns_mode":"","volumes":[],"wait":false,"wait_timeout":60,"working_dir":""},"sensitive_attributes":[],"private":"eyJzY2hlbWFfdmVyc2lvbiI6IjIifQ==","dependencies":["docker_image.hn_ldap_directory","docker_network.corporate_email_infrastructure_internal_zone"]}]},{"mode":"managed","type":"docker_container","name":"hn_load_balancer","provider":"provider[\"registry.terraform.io/kreuzwerker/docker\"]","instances":[{"schema_version":2,"attributes":{"attach":false,"bridge":"","capabilities":[],"cgroup_parent":null,"cgroupns_mode":null,"command":["nginx","-g","daemon off;"],"container_logs":null,"container_read_refresh_timeout_milliseconds":15000,"cpu_period":null,"cpu_quota":null,"cpu_set":"","cpu_shares":0,"cpus":null,"destroy_grace_seconds":null,"devices":[],"dns":null,"dns_opts":null,"dns_search":null,"domainname":"","entrypoint":["/docker-entrypoint.sh"],"env":[],"exit_code":null,"gpus":null,"group_add":null,"healthcheck":[{"interval":"30s","retries":3,"start_interval":"0s","start_period":"30s","test":["CMD-SHELL","curl -sf http://localhost/ || wget -qO- http://localhost/ || true"],"timeout":"10s"}],"host":[],"hostname":"lb.dmz.corporate_email_infrastructure.com","id":"496f1ae93fb9a5daa2966ef0685343249d130d35bcf4837b59bf470689e7419a","image":"sha256:516475cc129da42866742567714ddc681e5eed7b9ee0b9e9c015e464b4221a00","init":false,"ipc_mode":"private","labels":[{"label":"honeynet.managed","value":"true"},{"label":"honeynet.project","value":"corporate_email_infrastructure"}],"log_driver":"json-file","log_opts":null,"logs":false,"max_retry_count":0,"memory":0,"memory_swap":0,"mounts":[],"must_run":true,"name":"hn_load_balancer","network_data":[{"gateway":"172.24.0.1","global_ipv6_address":"","global_ipv6_prefix_length":0,"ip_address":"172.24.0.4","ip_prefix_length":16,"ipv6_gateway":"","mac_address":"32:98:74:bc:99:32","network_name":"corporate_email_infrastructure_dmz_zone"}],"network_mode":"bridge","networks_advanced":[{"aliases":["load_balancer"],"ipv4_address":"","ipv6_address":"","name":"corporate_email_infrastructure_dmz_zone"}],"pid_mode":"","ports":[{"external":1026,"internal":80,"ip":"0.0.0.0","protocol":"tcp"}],"privileged":false,"publish_all_ports":false,"read_only":false,"remove_volumes":true,"restart":"no","rm":false,"runtime":"runc","security_opts":[],"shm_size":64,"start":true,"stdin_open":false,"stop_signal":"SIGQUIT","stop_timeout":1,"storage_opts":null,"sysctls":null,"tmpfs":null,"tty":false,"ulimit":[],"upload":[],"user":"","userns_mode":"","volumes":[],"wait":false,"wait_timeout":60,"working_dir":""},"sensitive_attributes":[],"private":"eyJzY2hlbWFfdmVyc2lvbiI6IjIifQ==","dependencies":["docker_container.hn_file_storage","docker_container.hn_ldap_directory","docker_container.hn_mail_server","docker_container.hn_reverse_proxy","docker_container.hn_webmail_portal","docker_image.hn_file_storage","docker_image.hn_ldap_directory","docker_image.hn_load_balancer","docker_image.hn_mail_server","docker_image.hn_reverse_proxy","docker_image.hn_webmail_portal","docker_network.corporate_email_infrastructure_dmz_zone","docker_network.corporate_email_infrastructure_internal_zone","docker_network.corporate_email_infrastructure_public_zone"]}]},{"mode":"managed","type":"docker_container","name":"hn_logging_service","provider":"provider[\"registry.terraform.io/kreuzwerker/docker\"]","instances":[{"schema_version":2,"attributes":{"attach":false,"bridge":"","capabilities":[],"cgroup_parent":null,"cgroupns_mode":null,"command":[],"container_logs":null,"container_read_refresh_timeout_milliseconds":15000,"cpu_period":null,"cpu_quota":null,"cpu_set":"","cpu_shares":0,"cpus":null,"destroy_grace_seconds":null,"devices":[],"dns":null,"dns_opts":null,"dns_search":null,"domainname":"","entrypoint":["/entrypoint.sh"],"env":["CLICKHOUSE_PASSWORD=weakpassword"],"exit_code":null,"gpus":null,"group_add":null,"healthcheck":[{"interval":"30s","retries":3,"start_interval":"0s","start_period":"30s","test":["CMD-SHELL","clickhouse-client --query 'SELECT 1'"],"timeout":"10s"}],"host":[],"hostname":"logs.internal.corporate_email_infrastructure.com","id":"97687ca8a4931a036ae9b551012972b8cb0c269cb6ec1d911a4dd1b09e04d0d1","image":"sha256:5d0802b64c09f6d2c6e28123ec4d37226a254e77503bc8b12943dc11722996a5","init":false,"ipc_mode":"private","labels":[{"label":"honeynet.managed","value":"true"},{"label":"honeynet.project","value":"corporate_email_infrastructure"}],"log_driver":"json-file","log_opts":null,"logs":false,"max_retry_count":0,"memory":0,"memory_swap":0,"mounts":[],"must_run":true,"name":"hn_logging_service","network_data":[{"gateway":"","global_ipv6_address":"","global_ipv6_prefix_length":0,"ip_address":"172.27.0.13","ip_prefix_length":16,"ipv6_gateway":"","mac_address":"12:29:32:66:b8:7a","network_name":"corporate_email_infrastructure_internal_zone"},{"gateway":"172.25.0.1","global_ipv6_address":"","global_ipv6_prefix_length":0,"ip_address":"172.25.0.7","ip_prefix_length":16,"ipv6_gateway":"","mac_address":"4e:da:26:22:25:d8","network_name":"corporate_email_infrastructure_public_zone"}],"network_mode":"bridge","networks_advanced":[{"aliases":["logging_service"],"ipv4_address":"","ipv6_address":"","name":"corporate_email_infrastructure_internal_zone"},{"aliases":["logging_service"],"ipv4_address":"","ipv6_address":"","name":"corporate_email_infrastructure_public_zone"}],"pid_mode":"","ports":[],"privileged":false,"publish_all_ports":false,"read_only":false,"remove_volumes":true,"restart":"no","rm":false,"runtime":"runc","security_opts":[],"shm_size":64,"start":true,"stdin_open":false,"stop_signal":"","stop_timeout":1,"storage_opts":null,"sysctls":null,"tmpfs":null,"tty":false,"ulimit":[],"upload":[],"user":"","userns_mode":"","volumes":[],"wait":false,"wait_timeout":60,"working_dir":""},"sensitive_attributes":[],"private":"eyJzY2hlbWFfdmVyc2lvbiI6IjIifQ==","dependencies":["docker_container.hn_file_storage","docker_container.hn_ldap_directory","docker_container.hn_mail_server","docker_container.hn_webmail_portal","docker_image.hn_file_storage","docker_image.hn_ldap_directory","docker_image.hn_logging_service","docker_image.hn_mail_server","docker_image.hn_webmail_portal","docker_network.corporate_email_infrastructure_internal_zone","docker_network.corporate_email_infrastructure_public_zone"]}]},{"mode":"managed","type":"docker_container","name":"hn_mail_server","provider":"provider[\"registry.terraform.io/kreuzwerker/docker\"]","instances":[{"schema_version":2,"attributes":{"attach":false,"bridge":"","capabilities":[],"cgroup_parent":null,"cgroupns_mode":null,"command":[],"container_logs":null,"container_read_refresh_timeout_milliseconds":15000,"cpu_period":null,"cpu_quota":null,"cpu_set":"","cpu_shares":0,"cpus":null,"destroy_grace_seconds":null,"devices":[],"dns":null,"dns_opts":null,"dns_search":null,"domainname":"","entrypoint":["/container/tool/run"],"env":[],"exit_code":null,"gpus":null,"group_add":null,"healthcheck":[{"interval":"30s","retries":3,"start_interval":"0s","start_period":"30s","test":["CMD-SHELL","nc -z localhost 389 || (echo \u003e /dev/tcp/localhost/389) 2\u003e/dev/null || true"],"timeout":"10s"}],"host":[],"hostname":"mail.internal.corporate_email_infrastructure.com","id":"141c4b5bc64d92b973577fc69541a10598ee25c4b348173be3e6e1e61970e25e","image":"sha256:18742e9c449c9c1afe129d3f2f3ee15fb34cc43e5f940a20f3399728f41d7c28","init":false,"ipc_mode":"private","labels":[{"label":"honeynet.managed","value":"true"},{"label":"honeynet.project","value":"corporate_email_infrastructure"}],"log_driver":"json-file","log_opts":null,"logs":false,"max_retry_count":0,"memory":0,"memory_swap":0,"mounts":[],"must_run":true,"name":"hn_mail_server","network_data":[{"gateway":"","global_ipv6_address":"","global_ipv6_prefix_length":0,"ip_address":"172.27.0.8","ip_prefix_length":16,"ipv6_gateway":"","mac_address":"de:9c:df:a2:b3:45","network_name":"corporate_email_infrastructure_internal_zone"}],"network_mode":"bridge","networks_advanced":[{"aliases":["mail_server"],"ipv4_address":"","ipv6_address":"","name":"corporate_email_infrastructure_internal_zone"}],"pid_mode":"","ports":[],"privileged":false,"publish_all_ports":false,"read_only":false,"remove_volumes":true,"restart":"no","rm":false,"runtime":"runc","security_opts":[],"shm_size":64,"start":true,"stdin_open":false,"stop_signal":"","stop_timeout":1,"storage_opts":null,"sysctls":null,"tmpfs":null,"tty":false,"ulimit":[],"upload":[],"user":"","userns_mode":"","volumes":[],"wait":false,"wait_timeout":60,"working_dir":""},"sensitive_attributes":[],"private":"eyJzY2hlbWFfdmVyc2lvbiI6IjIifQ==","dependencies":["docker_container.hn_file_storage","docker_container.hn_ldap_directory","docker_image.hn_file_storage","docker_image.hn_ldap_directory","docker_image.hn_mail_server","docker_network.corporate_email_infrastructure_internal_zone"]}]},{"mode":"managed","type":"docker_container","name":"hn_monitoring_service","provider":"provider[\"registry.terraform.io/kreuzwerker/docker\"]","instances":[{"schema_version":2,"attributes":{"attach":false,"bridge":"","capabilities":[],"cgroup_parent":null,"cgroupns_mode":null,"command":["/start.sh"],"container_logs":null,"container_read_refresh_timeout_milliseconds":15000,"cpu_period":null,"cpu_quota":null,"cpu_set":"","cpu_shares":0,"cpus":null,"destroy_grace_seconds":null,"devices":[],"dns":null,"dns_opts":null,"dns_search":null,"domainname":"","entrypoint":[],"env":["I_REALLY_WANT_VOLATILE_STORAGE=true"],"exit_code":null,"gpus":null,"group_add":null,"healthcheck":[{"interval":"30s","retries":3,"start_interval":"0s","start_period":"30s","test":["CMD-SHELL","curl -sf http://localhost:80 || wget -qO- http://localhost:80 || true"],"timeout":"10s"}],"host":[],"hostname":"monitor.internal.corporate_email_infrastructure.com","id":"050ea13c49ec7e8f73f7fbd2db9a652a0deb9c6417d28109ebf3d4871aa1c503","image":"sha256:43498a94b22f9563f2a94b53760ab3e710eefc0d0cac2efda4b12b9eb8690664","init":false,"ipc_mode":"private","labels":[{"label":"honeynet.managed","value":"true"},{"label":"honeynet.project","value":"corporate_email_infrastructure"}],"log_driver":"json-file","log_opts":null,"logs":false,"max_retry_count":0,"memory":0,"memory_swap":0,"mounts":[],"must_run":true,"name":"hn_monitoring_service","network_data":[{"gateway":"","global_ipv6_address":"","global_ipv6_prefix_length":0,"ip_address":"172.27.0.14","ip_prefix_length":16,"ipv6_gateway":"","mac_address":"f6:a5:5a:84:40:3a","network_name":"corporate_email_infrastructure_internal_zone"},{"gateway":"172.25.0.1","global_ipv6_address":"","global_ipv6_prefix_length":0,"ip_address":"172.25.0.5","ip_prefix_length":16,"ipv6_gateway":"","mac_address":"f6:54:5c:86:fa:4e","network_name":"corporate_email_infrastructure_public_zone"}],"network_mode":"bridge","networks_advanced":[{"aliases":["monitoring_service"],"ipv4_address":"","ipv6_address":"","name":"corporate_email_infrastructure_internal_zone"},{"aliases":["monitoring_service"],"ipv4_address":"","ipv6_address":"","name":"corporate_email_infrastructure_public_zone"}],"pid_mode":"","ports":[],"privileged":false,"publish_all_ports":false,"read_only":false,"remove_volumes":true,"restart":"no","rm":false,"runtime":"runc","security_opts":[],"shm_size":64,"start":true,"stdin_open":false,"stop_signal":"","stop_timeout":1,"storage_opts":null,"sysctls":null,"tmpfs":null,"tty":false,"ulimit":[],"upload":[],"user":"","userns_mode":"","volumes":[],"wait":false,"wait_timeout":60,"working_dir":"/"},"sensitive_attributes":[],"private":"eyJzY2hlbWFfdmVyc2lvbiI6IjIifQ==","dependencies":["docker_container.hn_file_storage","docker_container.hn_ldap_directory","docker_container.hn_mail_server","docker_container.hn_webmail_portal","docker_image.hn_file_storage","docker_image.hn_ldap_directory","docker_image.hn_mail_server","docker_image.hn_monitoring_service","docker_image.hn_webmail_portal","docker_network.corporate_email_infrastructure_internal_zone","docker_network.corporate_email_infrastructure_public_zone"]}]},{"mode":"managed","type":"docker_container","name":"hn_pgadmin","provider":"provider[\"registry.terraform.io/kreuzwerker/docker\"]","instances":[{"schema_version":2,"attributes":{"attach":false,"bridge":"","capabilities":[],"cgroup_parent":null,"cgroupns_mode":null,"command":[],"container_logs":null,"container_read_refresh_timeout_milliseconds":15000,"cpu_period":null,"cpu_quota":null,"cpu_set":"","cpu_shares":0,"cpus":null,"destroy_grace_seconds":null,"devices":[],"dns":null,"dns_opts":null,"dns_search":null,"domainname":"","entrypoint":["/entrypoint.sh"],"env":["PGADMIN_DEFAULT_EMAIL=admin@corporate.com","PGADMIN_DEFAULT_PASSWORD=pgadmin123"],"exit_code":null,"gpus":null,"group_add":null,"healthcheck":[{"interval":"30s","retries":3,"start_interval":"0s","start_period":"30s","test":["CMD-SHELL","true"],"timeout":"10s"}],"host":[],"hostname":"pgadmin.internal.corporate_email_infrastructure.com","id":"e37b06c7489dd203ff3f94ab7d5638740bea54cf388ca52cf3d5b99cdf34f4e0","image":"sha256:d243a4bcc02d2ee6b447c601692813531d2d0fbca18b583d9f7f9658da835d81","init":false,"ipc_mode":"private","labels":[{"label":"honeynet.managed","value":"true"},{"label":"honeynet.project","value":"corporate_email_infrastructure"}],"log_driver":"json-file","log_opts":null,"logs":false,"max_retry_count":0,"memory":0,"memory_swap":0,"mounts":[],"must_run":true,"name":"hn_pgadmin","network_data":[{"gateway":"","global_ipv6_address":"","global_ipv6_prefix_length":0,"ip_address":"172.27.0.7","ip_prefix_length":16,"ipv6_gateway":"","mac_address":"26:13:28:54:e0:20","network_name":"corporate_email_infrastructure_internal_zone"}],"network_mode":"bridge","networks_advanced":[{"aliases":["pgadmin"],"ipv4_address":"","ipv6_address":"","name":"corporate_email_infrastructure_internal_zone"}],"pid_mode":"","ports":[],"privileged":false,"publish_all_ports":false,"read_only":false,"remove_volumes":true,"restart":"no","rm":false,"runtime":"runc","security_opts":[],"shm_size":64,"start":true,"stdin_open":false,"stop_signal":"","stop_timeout":1,"storage_opts":null,"sysctls":null,"tmpfs":null,"tty":false,"ulimit":[],"upload":[],"user":"5050","userns_mode":"","volumes":[],"wait":false,"wait_timeout":60,"working_dir":"/pgadmin4"},"sensitive_attributes":[],"private":"eyJzY2hlbWFfdmVyc2lvbiI6IjIifQ==","dependencies":["docker_container.hn_file_storage","docker_image.hn_file_storage","docker_image.hn_pgadmin","docker_network.corporate_email_infrastructure_internal_zone"]}]},{"mode":"managed","type":"docker_container","name":"hn_reverse_proxy","provider":"provider[\"registry.terraform.io/kreuzwerker/docker\"]","instances":[{"schema_version":2,"attributes":{"attach":false,"bridge":"","capabilities":[],"cgroup_parent":null,"cgroupns_mode":null,"command":["nginx","-g","daemon off;"],"container_logs":null,"container_read_refresh_timeout_milliseconds":15000,"cpu_period":null,"cpu_quota":null,"cpu_set":"","cpu_shares":0,"cpus":null,"destroy_grace_seconds":null,"devices":[],"dns":null,"dns_opts":null,"dns_search":null,"domainname":"","entrypoint":["/docker-entrypoint.sh"],"env":[],"exit_code":null,"gpus":null,"group_add":null,"healthcheck":[{"interval":"30s","retries":3,"start_interval":"0s","start_period":"30s","test":["CMD-SHELL","curl -sf http://localhost:80 || wget -qO- http://localhost:80 || true"],"timeout":"10s"}],"host":[],"hostname":"proxy.dmz.corporate_email_infrastructure.com","id":"1481f04750733584fbcf526d07b02805333fad0919644de78a5e8ed0cab7d572","image":"sha256:516475cc129da42866742567714ddc681e5eed7b9ee0b9e9c015e464b4221a00","init":false,"ipc_mode":"private","labels":[{"label":"honeynet.managed","value":"true"},{"label":"honeynet.project","value":"corporate_email_infrastructure"}],"log_driver":"json-file","log_opts":null,"logs":false,"max_retry_count":0,"memory":0,"memory_swap":0,"mounts":[],"must_run":true,"name":"hn_reverse_proxy","network_data":[{"gateway":"172.24.0.1","global_ipv6_address":"","global_ipv6_prefix_length":0,"ip_address":"172.24.0.3","ip_prefix_length":16,"ipv6_gateway":"","mac_address":"66:69:72:f7:e7:c2","network_name":"corporate_email_infrastructure_dmz_zone"},{"gateway":"172.25.0.1","global_ipv6_address":"","global_ipv6_prefix_length":0,"ip_address":"172.25.0.6","ip_prefix_length":16,"ipv6_gateway":"","mac_address":"f2:e4:bd:de:d5:43","network_name":"corporate_email_infrastructure_public_zone"}],"network_mode":"bridge","networks_advanced":[{"aliases":["reverse_proxy"],"ipv4_address":"","ipv6_address":"","name":"corporate_email_infrastructure_dmz_zone"},{"aliases":["reverse_proxy"],"ipv4_address":"","ipv6_address":"","name":"corporate_email_infrastructure_public_zone"}],"pid_mode":"","ports":[{"external":1025,"internal":80,"ip":"0.0.0.0","protocol":"tcp"}],"privileged":false,"publish_all_ports":false,"read_only":false,"remove_volumes":true,"restart":"no","rm":false,"runtime":"runc","security_opts":[],"shm_size":64,"start":true,"stdin_open":false,"stop_signal":"SIGQUIT","stop_timeout":1,"storage_opts":null,"sysctls":null,"tmpfs":null,"tty":false,"ulimit":[],"upload":[],"user":"","userns_mode":"","volumes":[],"wait":false,"wait_timeout":60,"working_dir":""},"sensitive_attributes":[],"private":"eyJzY2hlbWFfdmVyc2lvbiI6IjIifQ==","dependencies":["docker_container.hn_file_storage","docker_container.hn_ldap_directory","docker_container.hn_mail_server","docker_container.hn_webmail_portal","docker_image.hn_file_storage","docker_image.hn_ldap_directory","docker_image.hn_mail_server","docker_image.hn_reverse_proxy","docker_image.hn_webmail_portal","docker_network.corporate_email_infrastructure_dmz_zone","docker_network.corporate_email_infrastructure_internal_zone","docker_network.corporate_email_infrastructure_public_zone"]}]},{"mode":"managed","type":"docker_container","name":"hn_webmail_portal","provider":"provider[\"registry.terraform.io/kreuzwerker/docker\"]","instances":[{"schema_version":2,"attributes":{"attach":false,"bridge":"","capabilities":[],"cgroup_parent":null,"cgroupns_mode":null,"command":["nginx","-g","daemon off;"],"container_logs":null,"container_read_refresh_timeout_milliseconds":15000,"cpu_period":null,"cpu_quota":null,"cpu_set":"","cpu_shares":0,"cpus":null,"destroy_grace_seconds":null,"devices":[],"dns":null,"dns_opts":null,"dns_search":null,"domainname":"","entrypoint":["/docker-entrypoint.sh"],"env":[],"exit_code":null,"gpus":null,"group_add":null,"healthcheck":[{"interval":"30s","retries":3,"start_interval":"0s","start_period":"30s","test":["CMD-SHELL","curl -sf http://localhost/ || wget -qO- http://localhost/ || true"],"timeout":"10s"}],"host":[],"hostname":"webmail.corporate_email_infrastructure.com","id":"5f9ee957cd30115b0d1afa4b257b773fa2f3c836b980182aa8be33921bd56efd","image":"sha256:516475cc129da42866742567714ddc681e5eed7b9ee0b9e9c015e464b4221a00","init":false,"ipc_mode":"private","labels":[{"label":"honeynet.managed","value":"true"},{"label":"honeynet.project","value":"corporate_email_infrastructure"}],"log_driver":"json-file","log_opts":null,"logs":false,"max_retry_count":0,"memory":0,"memory_swap":0,"mounts":[],"must_run":true,"name":"hn_webmail_portal","network_data":[{"gateway":"172.25.0.1","global_ipv6_address":"","global_ipv6_prefix_length":0,"ip_address":"172.25.0.4","ip_prefix_length":16,"ipv6_gateway":"","mac_address":"a2:89:f9:31:6b:07","network_name":"corporate_email_infrastructure_public_zone"},{"gateway":"","global_ipv6_address":"","global_ipv6_prefix_length":0,"ip_address":"172.27.0.11","ip_prefix_length":16,"ipv6_gateway":"","mac_address":"32:30:b9:49:2a:bf","network_name":"corporate_email_infrastructure_internal_zone"}],"network_mode":"bridge","networks_advanced":[{"aliases":["webmail_portal"],"ipv4_address":"","ipv6_address":"","name":"corporate_email_infrastructure_internal_zone"},{"aliases":["webmail_portal"],"ipv4_address":"","ipv6_address":"","name":"corporate_email_infrastructure_public_zone"}],"pid_mode":"","ports":[{"external":1024,"internal":80,"ip":"0.0.0.0","protocol":"tcp"}],"privileged":false,"publish_all_ports":false,"read_only":false,"remove_volumes":true,"restart":"no","rm":false,"runtime":"runc","security_opts":[],"shm_size":64,"start":true,"stdin_open":false,"stop_signal":"SIGQUIT","stop_timeout":1,"storage_opts":null,"sysctls":null,"tmpfs":null,"tty":false,"ulimit":[],"upload":[],"user":"","userns_mode":"","volumes":[],"wait":false,"wait_timeout":60,"working_dir":""},"sensitive_attributes":[],"private":"eyJzY2hlbWFfdmVyc2lvbiI6IjIifQ==","dependencies":["docker_container.hn_file_storage","docker_container.hn_ldap_directory","docker_container.hn_mail_server","docker_image.hn_file_storage","docker_image.hn_ldap_directory","docker_image.hn_mail_server","docker_image.hn_webmail_portal","docker_network.corporate_email_infrastructure_internal_zone","docker_network.corporate_email_infrastructure_public_zone"]}]},{"mode":"managed","type":"docker_image","name":"hn_admin_panel","provider":"provider[\"registry.terraform.io/kreuzwerker/docker\"]","instances":[{"schema_version":0,"attributes":{"build":[],"force_remove":null,"id":"sha256:516475cc129da42866742567714ddc681e5eed7b9ee0b9e9c015e464b4221a00nginx@sha256:516475cc129da42866742567714ddc681e5eed7b9ee0b9e9c015e464b4221a00","image_id":"sha256:516475cc129da42866742567714ddc681e5eed7b9ee0b9e9c015e464b4221a00","keep_locally":true,"name":"nginx@sha256:516475cc129da42866742567714ddc681e5eed7b9ee0b9e9c015e464b4221a00","platform":null,"pull_triggers":null,"repo_digest":"nginx@sha256:516475cc129da42866742567714ddc681e5eed7b9ee0b9e9c015e464b4221a00","timeouts":null,"triggers":null},"sensitive_attributes":[],"private":"eyJlMmJmYjczMC1lY2FhLTExZTYtOGY4OC0zNDM2M2JjN2M0YzAiOnsiY3JlYXRlIjoxMjAwMDAwMDAwMDAwLCJkZWxldGUiOjEyMDAwMDAwMDAwMDAsInVwZGF0ZSI6MTIwMDAwMDAwMDAwMH19"}]},{"mode":"managed","type":"docker_image","name":"hn_antispam_filter","provider":"provider[\"registry.terraform.io/kreuzwerker/docker\"]","instances":[{"schema_version":0,"attributes":{"build":[],"force_remove":null,"id":"sha256:5d0802b64c09f6d2c6e28123ec4d37226a254e77503bc8b12943dc11722996a5clickhouse/clickhouse-server@sha256:5d0802b64c09f6d2c6e28123ec4d37226a254e77503bc8b12943dc11722996a5","image_id":"sha256:5d0802b64c09f6d2c6e28123ec4d37226a254e77503bc8b12943dc11722996a5","keep_locally":true,"name":"clickhouse/clickhouse-server@sha256:5d0802b64c09f6d2c6e28123ec4d37226a254e77503bc8b12943dc11722996a5","platform":null,"pull_triggers":null,"repo_digest":"clickhouse/clickhouse-server@sha256:5d0802b64c09f6d2c6e28123ec4d37226a254e77503bc8b12943dc11722996a5","timeouts":null,"triggers":null},"sensitive_attributes":[],"private":"eyJlMmJmYjczMC1lY2FhLTExZTYtOGY4OC0zNDM2M2JjN2M0YzAiOnsiY3JlYXRlIjoxMjAwMDAwMDAwMDAwLCJkZWxldGUiOjEyMDAwMDAwMDAwMDAsInVwZGF0ZSI6MTIwMDAwMDAwMDAwMH19"}]},{"mode":"managed","type":"docker_image","name":"hn_api_gateway","provider":"provider[\"registry.terraform.io/kreuzwerker/docker\"]","instances":[{"schema_version":0,"attributes":{"build":[],"force_remove":null,"id":"sha256:6341b98aec5ec8969b99e9730f4c5b22cca3103d42b6bbe4b7a3c910758fe565traefik@sha256:6341b98aec5ec8969b99e9730f4c5b22cca3103d42b6bbe4b7a3c910758fe565","image_id":"sha256:6341b98aec5ec8969b99e9730f4c5b22cca3103d42b6bbe4b7a3c910758fe565","keep_locally":true,"name":"traefik@sha256:6341b98aec5ec8969b99e9730f4c5b22cca3103d42b6bbe4b7a3c910758fe565","platform":null,"pull_triggers":null,"repo_digest":"traefik@sha256:6341b98aec5ec8969b99e9730f4c5b22cca3103d42b6bbe4b7a3c910758fe565","timeouts":null,"triggers":null},"sensitive_attributes":[],"private":"eyJlMmJmYjczMC1lY2FhLTExZTYtOGY4OC0zNDM2M2JjN2M0YzAiOnsiY3JlYXRlIjoxMjAwMDAwMDAwMDAwLCJkZWxldGUiOjEyMDAwMDAwMDAwMDAsInVwZGF0ZSI6MTIwMDAwMDAwMDAwMH19"}]},{"mode":"managed","type":"docker_image","name":"hn_calendar_service","provider":"provider[\"registry.terraform.io/kreuzwerker/docker\"]","instances":[{"schema_version":0,"attributes":{"build":[],"force_remove":null,"id":"sha256:18742e9c449c9c1afe129d3f2f3ee15fb34cc43e5f940a20f3399728f41d7c28osixia/openldap@sha256:18742e9c449c9c1afe129d3f2f3ee15fb34cc43e5f940a20f3399728f41d7c28","image_id":"sha256:18742e9c449c9c1afe129d3f2f3ee15fb34cc43e5f940a20f3399728f41d7c28","keep_locally":true,"name":"osixia/openldap@sha256:18742e9c449c9c1afe129d3f2f3ee15fb34cc43e5f940a20f3399728f41d7c28","platform":null,"pull_triggers":null,"repo_digest":"osixia/openldap@sha256:18742e9c449c9c1afe129d3f2f3ee15fb34cc43e5f940a20f3399728f41d7c28","timeouts":null,"triggers":null},"sensitive_attributes":[],"private":"eyJlMmJmYjczMC1lY2FhLTExZTYtOGY4OC0zNDM2M2JjN2M0YzAiOnsiY3JlYXRlIjoxMjAwMDAwMDAwMDAwLCJkZWxldGUiOjEyMDAwMDAwMDAwMDAsInVwZGF0ZSI6MTIwMDAwMDAwMDAwMH19"}]},{"mode":"managed","type":"docker_image","name":"hn_file_storage","provider":"provider[\"registry.terraform.io/kreuzwerker/docker\"]","instances":[{"schema_version":0,"attributes":{"build":[],"force_remove":null,"id":"sha256:5d0802b64c09f6d2c6e28123ec4d37226a254e77503bc8b12943dc11722996a5clickhouse/clickhouse-server@sha256:5d0802b64c09f6d2c6e28123ec4d37226a254e77503bc8b12943dc11722996a5","image_id":"sha256:5d0802b64c09f6d2c6e28123ec4d37226a254e77503bc8b12943dc11722996a5","keep_locally":true,"name":"clickhouse/clickhouse-server@sha256:5d0802b64c09f6d2c6e28123ec4d37226a254e77503bc8b12943dc11722996a5","platform":null,"pull_triggers":null,"repo_digest":"clickhouse/clickhouse-server@sha256:5d0802b64c09f6d2c6e28123ec4d37226a254e77503bc8b12943dc11722996a5","timeouts":null,"triggers":null},"sensitive_attributes":[],"private":"eyJlMmJmYjczMC1lY2FhLTExZTYtOGY4OC0zNDM2M2JjN2M0YzAiOnsiY3JlYXRlIjoxMjAwMDAwMDAwMDAwLCJkZWxldGUiOjEyMDAwMDAwMDAwMDAsInVwZGF0ZSI6MTIwMDAwMDAwMDAwMH19"}]},{"mode":"managed","type":"docker_image","name":"hn_grafana","provider":"provider[\"registry.terraform.io/kreuzwerker/docker\"]","instances":[{"schema_version":0,"attributes":{"build":[],"force_remove":null,"id":"sha256:e932bd6ed0e026595b08483cd0141e5103e1ab7ff8604839ff899b8dc54cabcbgrafana/grafana@sha256:e932bd6ed0e026595b08483cd0141e5103e1ab7ff8604839ff899b8dc54cabcb","image_id":"sha256:e932bd6ed0e026595b08483cd0141e5103e1ab7ff8604839ff899b8dc54cabcb","keep_locally":true,"name":"grafana/grafana@sha256:e932bd6ed0e026595b08483cd0141e5103e1ab7ff8604839ff899b8dc54cabcb","platform":null,"pull_triggers":null,"repo_digest":"grafana/grafana@sha256:e932bd6ed0e026595b08483cd0141e5103e1ab7ff8604839ff899b8dc54cabcb","timeouts":null,"triggers":null},"sensitive_attributes":[],"private":"eyJlMmJmYjczMC1lY2FhLTExZTYtOGY4OC0zNDM2M2JjN2M0YzAiOnsiY3JlYXRlIjoxMjAwMDAwMDAwMDAwLCJkZWxldGUiOjEyMDAwMDAwMDAwMDAsInVwZGF0ZSI6MTIwMDAwMDAwMDAwMH19"}]},{"mode":"managed","type":"docker_image","name":"hn_honeypot_admin_panel","provider":"provider[\"registry.terraform.io/kreuzwerker/docker\"]","instances":[{"schema_version":0,"attributes":{"build":[],"force_remove":null,"id":"sha256:516475cc129da42866742567714ddc681e5eed7b9ee0b9e9c015e464b4221a00nginx@sha256:516475cc129da42866742567714ddc681e5eed7b9ee0b9e9c015e464b4221a00","image_id":"sha256:516475cc129da42866742567714ddc681e5eed7b9ee0b9e9c015e464b4221a00","keep_locally":true,"name":"nginx@sha256:516475cc129da42866742567714ddc681e5eed7b9ee0b9e9c015e464b4221a00","platform":null,"pull_triggers":null,"repo_digest":"nginx@sha256:516475cc129da42866742567714ddc681e5eed7b9ee0b9e9c015e464b4221a00","timeouts":null,"triggers":null},"sensitive_attributes":[],"private":"eyJlMmJmYjczMC1lY2FhLTExZTYtOGY4OC0zNDM2M2JjN2M0YzAiOnsiY3JlYXRlIjoxMjAwMDAwMDAwMDAwLCJkZWxldGUiOjEyMDAwMDAwMDAwMDAsInVwZGF0ZSI6MTIwMDAwMDAwMDAwMH19"}]},{"mode":"managed","type":"docker_image","name":"hn_honeypot_file_storage","provider":"provider[\"registry.terraform.io/kreuzwerker/docker\"]","instances":[{"schema_version":0,"attributes":{"build":[],"force_remove":null,"id":"sha256:1ae8e65d50ca5498cb2c33e617495a1e3ef245b0d2392b4a44c70ae09b822891portainer/portainer-ce@sha256:1ae8e65d50ca5498cb2c33e617495a1e3ef245b0d2392b4a44c70ae09b822891","image_id":"sha256:1ae8e65d50ca5498cb2c33e617495a1e3ef245b0d2392b4a44c70ae09b822891","keep_locally":true,"name":"portainer/portainer-ce@sha256:1ae8e65d50ca5498cb2c33e617495a1e3ef245b0d2392b4a44c70ae09b822891","platform":null,"pull_triggers":null,"repo_digest":"portainer/portainer-ce@sha256:1ae8e65d50ca5498cb2c33e617495a1e3ef245b0d2392b4a44c70ae09b822891","timeouts":null,"triggers":null},"sensitive_attributes":[],"private":"eyJlMmJmYjczMC1lY2FhLTExZTYtOGY4OC0zNDM2M2JjN2M0YzAiOnsiY3JlYXRlIjoxMjAwMDAwMDAwMDAwLCJkZWxldGUiOjEyMDAwMDAwMDAwMDAsInVwZGF0ZSI6MTIwMDAwMDAwMDAwMH19"}]},{"mode":"managed","type":"docker_image","name":"hn_honeypot_ldap_directory","provider":"provider[\"registry.terraform.io/kreuzwerker/docker\"]","instances":[{"schema_version":0,"attributes":{"build":[],"force_remove":null,"id":"sha256:18742e9c449c9c1afe129d3f2f3ee15fb34cc43e5f940a20f3399728f41d7c28osixia/openldap@sha256:18742e9c449c9c1afe129d3f2f3ee15fb34cc43e5f940a20f3399728f41d7c28","image_id":"sha256:18742e9c449c9c1afe129d3f2f3ee15fb34cc43e5f940a20f3399728f41d7c28","keep_locally":true,"name":"osixia/openldap@sha256:18742e9c449c9c1afe129d3f2f3ee15fb34cc43e5f940a20f3399728f41d7c28","platform":null,"pull_triggers":null,"repo_digest":"osixia/openldap@sha256:18742e9c449c9c1afe129d3f2f3ee15fb34cc43e5f940a20f3399728f41d7c28","timeouts":null,"triggers":null},"sensitive_attributes":[],"private":"eyJlMmJmYjczMC1lY2FhLTExZTYtOGY4OC0zNDM2M2JjN2M0YzAiOnsiY3JlYXRlIjoxMjAwMDAwMDAwMDAwLCJkZWxldGUiOjEyMDAwMDAwMDAwMDAsInVwZGF0ZSI6MTIwMDAwMDAwMDAwMH19"}]},{"mode":"managed","type":"docker_image","name":"hn_ldap_directory","provider":"provider[\"registry.terraform.io/kreuzwerker/docker\"]","instances":[{"schema_version":0,"attributes":{"build":[],"force_remove":null,"id":"sha256:18742e9c449c9c1afe129d3f2f3ee15fb34cc43e5f940a20f3399728f41d7c28osixia/openldap@sha256:18742e9c449c9c1afe129d3f2f3ee15fb34cc43e5f940a20f3399728f41d7c28","image_id":"sha256:18742e9c449c9c1afe129d3f2f3ee15fb34cc43e5f940a20f3399728f41d7c28","keep_locally":true,"name":"osixia/openldap@sha256:18742e9c449c9c1afe129d3f2f3ee15fb34cc43e5f940a20f3399728f41d7c28","platform":null,"pull_triggers":null,"repo_digest":"osixia/openldap@sha256:18742e9c449c9c1afe129d3f2f3ee15fb34cc43e5f940a20f3399728f41d7c28","timeouts":null,"triggers":null},"sensitive_attributes":[],"private":"eyJlMmJmYjczMC1lY2FhLTExZTYtOGY4OC0zNDM2M2JjN2M0YzAiOnsiY3JlYXRlIjoxMjAwMDAwMDAwMDAwLCJkZWxldGUiOjEyMDAwMDAwMDAwMDAsInVwZGF0ZSI6MTIwMDAwMDAwMDAwMH19"}]},{"mode":"managed","type":"docker_image","name":"hn_load_balancer","provider":"provider[\"registry.terraform.io/kreuzwerker/docker\"]","instances":[{"schema_version":0,"attributes":{"build":[],"force_remove":null,"id":"sha256:516475cc129da42866742567714ddc681e5eed7b9ee0b9e9c015e464b4221a00nginx@sha256:516475cc129da42866742567714ddc681e5eed7b9ee0b9e9c015e464b4221a00","image_id":"sha256:516475cc129da42866742567714ddc681e5eed7b9ee0b9e9c015e464b4221a00","keep_locally":true,"name":"nginx@sha256:516475cc129da42866742567714ddc681e5eed7b9ee0b9e9c015e464b4221a00","platform":null,"pull_triggers":null,"repo_digest":"nginx@sha256:516475cc129da42866742567714ddc681e5eed7b9ee0b9e9c015e464b4221a00","timeouts":null,"triggers":null},"sensitive_attributes":[],"private":"eyJlMmJmYjczMC1lY2FhLTExZTYtOGY4OC0zNDM2M2JjN2M0YzAiOnsiY3JlYXRlIjoxMjAwMDAwMDAwMDAwLCJkZWxldGUiOjEyMDAwMDAwMDAwMDAsInVwZGF0ZSI6MTIwMDAwMDAwMDAwMH19"}]},{"mode":"managed","type":"docker_image","name":"hn_logging_service","provider":"provider[\"registry.terraform.io/kreuzwerker/docker\"]","instances":[{"schema_version":0,"attributes":{"build":[],"force_remove":null,"id":"sha256:5d0802b64c09f6d2c6e28123ec4d37226a254e77503bc8b12943dc11722996a5clickhouse/clickhouse-server@sha256:5d0802b64c09f6d2c6e28123ec4d37226a254e77503bc8b12943dc11722996a5","image_id":"sha256:5d0802b64c09f6d2c6e28123ec4d37226a254e77503bc8b12943dc11722996a5","keep_locally":true,"name":"clickhouse/clickhouse-server@sha256:5d0802b64c09f6d2c6e28123ec4d37226a254e77503bc8b12943dc11722996a5","platform":null,"pull_triggers":null,"repo_digest":"clickhouse/clickhouse-server@sha256:5d0802b64c09f6d2c6e28123ec4d37226a254e77503bc8b12943dc11722996a5","timeouts":null,"triggers":null},"sensitive_attributes":[],"private":"eyJlMmJmYjczMC1lY2FhLTExZTYtOGY4OC0zNDM2M2JjN2M0YzAiOnsiY3JlYXRlIjoxMjAwMDAwMDAwMDAwLCJkZWxldGUiOjEyMDAwMDAwMDAwMDAsInVwZGF0ZSI6MTIwMDAwMDAwMDAwMH19"}]},{"mode":"managed","type":"docker_image","name":"hn_mail_server","provider":"provider[\"registry.terraform.io/kreuzwerker/docker\"]","instances":[{"schema_version":0,"attributes":{"build":[],"force_remove":null,"id":"sha256:18742e9c449c9c1afe129d3f2f3ee15fb34cc43e5f940a20f3399728f41d7c28osixia/openldap@sha256:18742e9c449c9c1afe129d3f2f3ee15fb34cc43e5f940a20f3399728f41d7c28","image_id":"sha256:18742e9c449c9c1afe129d3f2f3ee15fb34cc43e5f940a20f3399728f41d7c28","keep_locally":true,"name":"osixia/openldap@sha256:18742e9c449c9c1afe129d3f2f3ee15fb34cc43e5f940a20f3399728f41d7c28","platform":null,"pull_triggers":null,"repo_digest":"osixia/openldap@sha256:18742e9c449c9c1afe129d3f2f3ee15fb34cc43e5f940a20f3399728f41d7c28","timeouts":null,"triggers":null},"sensitive_attributes":[],"private":"eyJlMmJmYjczMC1lY2FhLTExZTYtOGY4OC0zNDM2M2JjN2M0YzAiOnsiY3JlYXRlIjoxMjAwMDAwMDAwMDAwLCJkZWxldGUiOjEyMDAwMDAwMDAwMDAsInVwZGF0ZSI6MTIwMDAwMDAwMDAwMH19"}]},{"mode":"managed","type":"docker_image","name":"hn_monitoring_service","provider":"provider[\"registry.terraform.io/kreuzwerker/docker\"]","instances":[{"schema_version":0,"attributes":{"build":[],"force_remove":null,"id":"sha256:43498a94b22f9563f2a94b53760ab3e710eefc0d0cac2efda4b12b9eb8690664vaultwarden/server@sha256:43498a94b22f9563f2a94b53760ab3e710eefc0d0cac2efda4b12b9eb8690664","image_id":"sha256:43498a94b22f9563f2a94b53760ab3e710eefc0d0cac2efda4b12b9eb8690664","keep_locally":true,"name":"vaultwarden/server@sha256:43498a94b22f9563f2a94b53760ab3e710eefc0d0cac2efda4b12b9eb8690664","platform":null,"pull_triggers":null,"repo_digest":"vaultwarden/server@sha256:43498a94b22f9563f2a94b53760ab3e710eefc0d0cac2efda4b12b9eb8690664","timeouts":null,"triggers":null},"sensitive_attributes":[],"private":"eyJlMmJmYjczMC1lY2FhLTExZTYtOGY4OC0zNDM2M2JjN2M0YzAiOnsiY3JlYXRlIjoxMjAwMDAwMDAwMDAwLCJkZWxldGUiOjEyMDAwMDAwMDAwMDAsInVwZGF0ZSI6MTIwMDAwMDAwMDAwMH19"}]},{"mode":"managed","type":"docker_image","name":"hn_pgadmin","provider":"provider[\"registry.terraform.io/kreuzwerker/docker\"]","instances":[{"schema_version":0,"attributes":{"build":[],"force_remove":null,"id":"sha256:d243a4bcc02d2ee6b447c601692813531d2d0fbca18b583d9f7f9658da835d81dpage/pgadmin4@sha256:d243a4bcc02d2ee6b447c601692813531d2d0fbca18b583d9f7f9658da835d81","image_id":"sha256:d243a4bcc02d2ee6b447c601692813531d2d0fbca18b583d9f7f9658da835d81","keep_locally":true,"name":"dpage/pgadmin4@sha256:d243a4bcc02d2ee6b447c601692813531d2d0fbca18b583d9f7f9658da835d81","platform":null,"pull_triggers":null,"repo_digest":"dpage/pgadmin4@sha256:d243a4bcc02d2ee6b447c601692813531d2d0fbca18b583d9f7f9658da835d81","timeouts":null,"triggers":null},"sensitive_attributes":[],"private":"eyJlMmJmYjczMC1lY2FhLTExZTYtOGY4OC0zNDM2M2JjN2M0YzAiOnsiY3JlYXRlIjoxMjAwMDAwMDAwMDAwLCJkZWxldGUiOjEyMDAwMDAwMDAwMDAsInVwZGF0ZSI6MTIwMDAwMDAwMDAwMH19"}]},{"mode":"managed","type":"docker_image","name":"hn_reverse_proxy","provider":"provider[\"registry.terraform.io/kreuzwerker/docker\"]","instances":[{"schema_version":0,"attributes":{"build":[],"force_remove":null,"id":"sha256:516475cc129da42866742567714ddc681e5eed7b9ee0b9e9c015e464b4221a00nginx@sha256:516475cc129da42866742567714ddc681e5eed7b9ee0b9e9c015e464b4221a00","image_id":"sha256:516475cc129da42866742567714ddc681e5eed7b9ee0b9e9c015e464b4221a00","keep_locally":true,"name":"nginx@sha256:516475cc129da42866742567714ddc681e5eed7b9ee0b9e9c015e464b4221a00","platform":null,"pull_triggers":null,"repo_digest":"nginx@sha256:516475cc129da42866742567714ddc681e5eed7b9ee0b9e9c015e464b4221a00","timeouts":null,"triggers":null},"sensitive_attributes":[],"private":"eyJlMmJmYjczMC1lY2FhLTExZTYtOGY4OC0zNDM2M2JjN2M0YzAiOnsiY3JlYXRlIjoxMjAwMDAwMDAwMDAwLCJkZWxldGUiOjEyMDAwMDAwMDAwMDAsInVwZGF0ZSI6MTIwMDAwMDAwMDAwMH19"}]},{"mode":"managed","type":"docker_image","name":"hn_webmail_portal","provider":"provider[\"registry.terraform.io/kreuzwerker/docker\"]","instances":[{"schema_version":0,"attributes":{"build":[],"force_remove":null,"id":"sha256:516475cc129da42866742567714ddc681e5eed7b9ee0b9e9c015e464b4221a00nginx@sha256:516475cc129da42866742567714ddc681e5eed7b9ee0b9e9c015e464b4221a00","image_id":"sha256:516475cc129da42866742567714ddc681e5eed7b9ee0b9e9c015e464b4221a00","keep_locally":true,"name":"nginx@sha256:516475cc129da42866742567714ddc681e5eed7b9ee0b9e9c015e464b4221a00","platform":null,"pull_triggers":null,"repo_digest":"nginx@sha256:516475cc129da42866742567714ddc681e5eed7b9ee0b9e9c015e464b4221a00","timeouts":null,"triggers":null},"sensitive_attributes":[],"private":"eyJlMmJmYjczMC1lY2FhLTExZTYtOGY4OC0zNDM2M2JjN2M0YzAiOnsiY3JlYXRlIjoxMjAwMDAwMDAwMDAwLCJkZWxldGUiOjEyMDAwMDAwMDAwMDAsInVwZGF0ZSI6MTIwMDAwMDAwMDAwMH19"}]},{"mode":"managed","type":"docker_network","name":"corporate_email_infrastructure_dmz_zone","provider":"provider[\"registry.terraform.io/kreuzwerker/docker\"]","instances":[{"schema_version":1,"attributes":{"attachable":false,"check_duplicate":null,"driver":"bridge","id":"aedccc0b1c9577ef763a116855ed8abb761286618cc4f47db758b322efff3e10","ingress":false,"internal":false,"ipam_config":[{"aux_address":{},"gateway":"172.24.0.1","ip_range":"","subnet":"172.24.0.0/16"}],"ipam_driver":"default","ipam_options":null,"ipv6":false,"labels":[],"name":"corporate_email_infrastructure_dmz_zone","options":{"com.docker.network.enable_ipv4":"true","com.docker.network.enable_ipv6":"false"},"scope":"local"},"sensitive_attributes":[],"private":"eyJzY2hlbWFfdmVyc2lvbiI6IjEifQ=="}]},{"mode":"managed","type":"docker_network","name":"corporate_email_infrastructure_honeynet_backbone","provider":"provider[\"registry.terraform.io/kreuzwerker/docker\"]","instances":[{"schema_version":1,"attributes":{"attachable":false,"check_duplicate":null,"driver":"bridge","id":"87682d6ad320bd06f7c5bfa242551f89555cacebebb248e607f2f21f70d2c429","ingress":false,"internal":false,"ipam_config":[{"aux_address":{},"gateway":"172.26.0.1","ip_range":"","subnet":"172.26.0.0/16"}],"ipam_driver":"default","ipam_options":null,"ipv6":false,"labels":[],"name":"corporate_email_infrastructure_honeynet_backbone","options":{"com.docker.network.enable_ipv4":"true","com.docker.network.enable_ipv6":"false"},"scope":"local"},"sensitive_attributes":[],"private":"eyJzY2hlbWFfdmVyc2lvbiI6IjEifQ=="}]},{"mode":"managed","type":"docker_network","name":"corporate_email_infrastructure_internal_zone","provider":"provider[\"registry.terraform.io/kreuzwerker/docker\"]","instances":[{"schema_version":1,"attributes":{"attachable":false,"check_duplicate":null,"driver":"bridge","id":"f0fed5c3078dddb29ebe527e20a2f12f3c667e354ab91a0e42cdcd387ed18790","ingress":false,"internal":true,"ipam_config":[{"aux_address":{},"gateway":"172.27.0.1","ip_range":"","subnet":"172.27.0.0/16"}],"ipam_driver":"default","ipam_options":null,"ipv6":false,"labels":[],"name":"corporate_email_infrastructure_internal_zone","options":{"com.docker.network.enable_ipv4":"true","com.docker.network.enable_ipv6":"false"},"scope":"local"},"sensitive_attributes":[],"private":"eyJzY2hlbWFfdmVyc2lvbiI6IjEifQ=="}]},{"mode":"managed","type":"docker_network","name":"corporate_email_infrastructure_public_zone","provider":"provider[\"registry.terraform.io/kreuzwerker/docker\"]","instances":[{"schema_version":1,"attributes":{"attachable":false,"check_duplicate":null,"driver":"bridge","id":"2d54be1b59597dcbc1b06bc6c3af0a192f79c7f33e0219d30df2d63059accc2b","ingress":false,"internal":false,"ipam_config":[{"aux_address":{},"gateway":"172.25.0.1","ip_range":"","subnet":"172.25.0.0/16"}],"ipam_driver":"default","ipam_options":null,"ipv6":false,"labels":[],"name":"corporate_email_infrastructure_public_zone","options":{"com.docker.network.enable_ipv4":"true","com.docker.network.enable_ipv6":"false"},"scope":"local"},"sensitive_attributes":[],"private":"eyJzY2hlbWFfdmVyc2lvbiI6IjEifQ=="}]}],"check_results":null}
